{
  "version": 4,
  "terraform_version": "1.1.3",
  "serial": 71,
  "lineage": "b64d8a57-b00c-3a44-0b08-84468fd475dd",
  "outputs": {},
  "resources": [
    {
      "module": "module.codepipeline.module.codepipeline",
      "mode": "data",
      "type": "aws_region",
      "name": "current",
      "provider": "provider[\"registry.terraform.io/hashicorp/aws\"].code",
      "instances": [
        {
          "schema_version": 0,
          "attributes": {
            "description": "US East (N. Virginia)",
            "endpoint": "ec2.us-east-1.amazonaws.com",
            "id": "us-east-1",
            "name": "us-east-1"
          },
          "sensitive_attributes": []
        }
      ]
    },
    {
      "module": "module.codepipeline.module.codepipeline",
      "mode": "managed",
      "type": "aws_codebuild_project",
      "name": "build",
      "provider": "provider[\"registry.terraform.io/hashicorp/aws\"].code",
      "instances": [
        {
          "schema_version": 0,
          "attributes": {
            "arn": "arn:aws:codebuild:us-east-1:522857095635:project/aue1c1z1cbdoidhbuildoidhd1",
            "artifacts": [
              {
                "artifact_identifier": "",
                "bucket_owner_access": "",
                "encryption_disabled": false,
                "location": "",
                "name": "aue1c1z1cbdoidhbuildoidhd1",
                "namespace_type": "",
                "override_artifact_name": false,
                "packaging": "NONE",
                "path": "",
                "type": "CODEPIPELINE"
              }
            ],
            "badge_enabled": false,
            "badge_url": "",
            "build_batch_config": [],
            "build_timeout": 120,
            "cache": [
              {
                "location": "aue1c1z1s3boidhoidh",
                "modes": [],
                "type": "S3"
              }
            ],
            "concurrent_build_limit": 0,
            "description": "aue1c1z1cbdoidhbuildoidhd1",
            "encryption_key": "arn:aws:kms:us-east-1:522857095635:alias/aws/s3",
            "environment": [
              {
                "certificate": "",
                "compute_type": "BUILD_GENERAL1_MEDIUM",
                "environment_variable": [
                  {
                    "name": "GITHUB_BRANCH",
                    "type": "PLAINTEXT",
                    "value": "dev"
                  },
                  {
                    "name": "SITE",
                    "type": "PLAINTEXT",
                    "value": "aue1"
                  },
                  {
                    "name": "ENVIRONMENT_DEVOPS",
                    "type": "PLAINTEXT",
                    "value": "c1"
                  },
                  {
                    "name": "JFROG_REPOSITORY_NAME",
                    "type": "PLAINTEXT",
                    "value": ""
                  }
                ],
                "image": "aws/codebuild/standard:5.0",
                "image_pull_credentials_type": "CODEBUILD",
                "privileged_mode": false,
                "registry_credential": [],
                "type": "LINUX_CONTAINER"
              }
            ],
            "file_system_locations": [],
            "id": "arn:aws:codebuild:us-east-1:522857095635:project/aue1c1z1cbdoidhbuildoidhd1",
            "logs_config": [
              {
                "cloudwatch_logs": [
                  {
                    "group_name": "/aws/codebuild/build/aue1c1z1cbdoidhbuildoidhd1",
                    "status": "ENABLED",
                    "stream_name": "aue1c1z1cbdoidhbuildoidhd1"
                  }
                ],
                "s3_logs": [
                  {
                    "bucket_owner_access": "",
                    "encryption_disabled": false,
                    "location": "",
                    "status": "DISABLED"
                  }
                ]
              }
            ],
            "name": "aue1c1z1cbdoidhbuildoidhd1",
            "project_visibility": "PRIVATE",
            "public_project_alias": "",
            "queued_timeout": 480,
            "resource_access_role": "",
            "secondary_artifacts": [],
            "secondary_source_version": [],
            "secondary_sources": [],
            "service_role": "arn:aws:iam::522857095635:role/aue1c1z1irooidhcbdassumeoidh",
            "source": [
              {
                "auth": [],
                "build_status_config": [],
                "buildspec": "buildspec/buildspec.yml",
                "git_clone_depth": 0,
                "git_submodules_config": [],
                "insecure_ssl": false,
                "location": "",
                "report_build_status": false,
                "type": "CODEPIPELINE"
              }
            ],
            "source_version": "",
            "tags": {
              "Name": "aue1c1z1cbdoidhbuildoidhd1",
              "app": "oidh",
              "creation_app": "terraform",
              "env": "c1",
              "ledger": "",
              "purpose": "buildoidhd1",
              "site": "aue1",
              "tier": "oidh",
              "zone": "z1"
            },
            "tags_all": {
              "Name": "aue1c1z1cbdoidhbuildoidhd1",
              "app": "oidh",
              "creation_app": "terraform",
              "env": "c1",
              "ledger": "",
              "purpose": "buildoidhd1",
              "site": "aue1",
              "tier": "oidh",
              "zone": "z1"
            },
            "vpc_config": []
          },
          "sensitive_attributes": [],
          "private": "bnVsbA==",
          "dependencies": [
            "module.codepipeline.module.iam_roles.aws_iam_role.cbd_build",
            "module.codepipeline.module.iam_roles.data.aws_iam_policy_document.assume_cbd_role",
            "module.codepipeline.module.s3_bucket.aws_s3_bucket.output"
          ]
        }
      ]
    },
    {
      "module": "module.codepipeline.module.codepipeline",
      "mode": "managed",
      "type": "aws_codebuild_project",
      "name": "provision",
      "provider": "provider[\"registry.terraform.io/hashicorp/aws\"].code",
      "instances": [
        {
          "schema_version": 0,
          "attributes": {
            "arn": "arn:aws:codebuild:us-east-1:522857095635:project/aue1c1z1cbdoidhprovisionoidhd1",
            "artifacts": [
              {
                "artifact_identifier": "",
                "bucket_owner_access": "",
                "encryption_disabled": false,
                "location": "",
                "name": "aue1c1z1cbdoidhprovisionoidhd1",
                "namespace_type": "",
                "override_artifact_name": false,
                "packaging": "NONE",
                "path": "",
                "type": "CODEPIPELINE"
              }
            ],
            "badge_enabled": false,
            "badge_url": "",
            "build_batch_config": [],
            "build_timeout": 60,
            "cache": [
              {
                "location": "aue1c1z1s3boidhoidh",
                "modes": [],
                "type": "S3"
              }
            ],
            "concurrent_build_limit": 0,
            "description": "aue1c1z1cbdoidhprovisionoidhd1",
            "encryption_key": "arn:aws:kms:us-east-1:522857095635:alias/aws/s3",
            "environment": [
              {
                "certificate": "",
                "compute_type": "BUILD_GENERAL1_MEDIUM",
                "environment_variable": [
                  {
                    "name": "S3_FOR_TERRAFORM_STATE",
                    "type": "PLAINTEXT",
                    "value": "s3://aue1c1z1s3boidhoidh/d1/terraform_state"
                  },
                  {
                    "name": "S3_FOR_TERRAFORM_PLAN",
                    "type": "PLAINTEXT",
                    "value": "s3://aue1c1z1s3boidhoidh/d1/terraform_plan"
                  },
                  {
                    "name": "TERRAFORM_DEPLOYMENT_ROLE",
                    "type": "PLAINTEXT",
                    "value": "arn:aws:iam::497607366324:role/aue1d1z1irooidhdeploymentoidh"
                  },
                  {
                    "name": "TERRAFORM_WORKSPACE",
                    "type": "PLAINTEXT",
                    "value": "d1"
                  },
                  {
                    "name": "S3_FOR_TERRAFORM_LOCK",
                    "type": "PLAINTEXT",
                    "value": "s3://aue1c1z1s3boidhoidh/terraform_state/terraform.tfstate.d/d1/"
                  },
                  {
                    "name": "SOURCE_BRANCH",
                    "type": "PLAINTEXT",
                    "value": "dev"
                  },
                  {
                    "name": "bucket_backend",
                    "type": "PLAINTEXT",
                    "value": "aue1c1z1s3boidhoidh"
                  },
                  {
                    "name": "TF_VAR_role_arn",
                    "type": "PLAINTEXT",
                    "value": "arn:aws:iam::497607366324:role/aue1d1z1irooidhdeploymentoidh"
                  },
                  {
                    "name": "TF_VAR_environment",
                    "type": "PLAINTEXT",
                    "value": "d1"
                  },
                  {
                    "name": "TF_VAR_site",
                    "type": "PLAINTEXT",
                    "value": "aue1"
                  },
                  {
                    "name": "SITE",
                    "type": "PLAINTEXT",
                    "value": "aue1"
                  },
                  {
                    "name": "ENV_ACCOUNT_NUMBER",
                    "type": "PLAINTEXT",
                    "value": "497607366324"
                  },
                  {
                    "name": "ENVIRONMENT",
                    "type": "PLAINTEXT",
                    "value": "d1"
                  },
                  {
                    "name": "ENVIRONMENT_DEVOPS",
                    "type": "PLAINTEXT",
                    "value": "c1"
                  }
                ],
                "image": "aws/codebuild/standard:5.0",
                "image_pull_credentials_type": "CODEBUILD",
                "privileged_mode": false,
                "registry_credential": [],
                "type": "LINUX_CONTAINER"
              }
            ],
            "file_system_locations": [],
            "id": "arn:aws:codebuild:us-east-1:522857095635:project/aue1c1z1cbdoidhprovisionoidhd1",
            "logs_config": [
              {
                "cloudwatch_logs": [
                  {
                    "group_name": "/aws/codebuild/provisioning/aue1c1z1cbdoidhprovisionoidhd1",
                    "status": "ENABLED",
                    "stream_name": "aue1c1z1cbdoidhprovisionoidhd1"
                  }
                ],
                "s3_logs": [
                  {
                    "bucket_owner_access": "",
                    "encryption_disabled": false,
                    "location": "",
                    "status": "DISABLED"
                  }
                ]
              }
            ],
            "name": "aue1c1z1cbdoidhprovisionoidhd1",
            "project_visibility": "PRIVATE",
            "public_project_alias": "",
            "queued_timeout": 480,
            "resource_access_role": "",
            "secondary_artifacts": [],
            "secondary_source_version": [],
            "secondary_sources": [],
            "service_role": "arn:aws:iam::522857095635:role/aue1c1z1irooidhcbdprovisionoidh",
            "source": [
              {
                "auth": [],
                "build_status_config": [],
                "buildspec": "buildspec/buildspecTerraform.yml",
                "git_clone_depth": 0,
                "git_submodules_config": [],
                "insecure_ssl": false,
                "location": "",
                "report_build_status": false,
                "type": "CODEPIPELINE"
              }
            ],
            "source_version": "",
            "tags": {
              "Name": "aue1c1z1cbdoidhprovisionoidhd1",
              "app": "oidh",
              "creation_app": "terraform",
              "env": "c1",
              "ledger": "",
              "purpose": "provisionoidhd1",
              "site": "aue1",
              "tier": "oidh",
              "zone": "z1"
            },
            "tags_all": {
              "Name": "aue1c1z1cbdoidhprovisionoidhd1",
              "app": "oidh",
              "creation_app": "terraform",
              "env": "c1",
              "ledger": "",
              "purpose": "provisionoidhd1",
              "site": "aue1",
              "tier": "oidh",
              "zone": "z1"
            },
            "vpc_config": []
          },
          "sensitive_attributes": [],
          "private": "bnVsbA==",
          "dependencies": [
            "module.provision_roles.data.aws_iam_policy_document.assume_dev_deploy",
            "module.codepipeline.module.iam_roles.aws_iam_role.cbd_provision",
            "module.codepipeline.module.iam_roles.data.aws_iam_policy_document.assume_cbd_role",
            "module.codepipeline.module.s3_bucket.aws_s3_bucket.output",
            "module.provision_roles.aws_iam_role.dev_deployment"
          ]
        }
      ]
    },
    {
      "module": "module.codepipeline.module.codepipeline",
      "mode": "managed",
      "type": "aws_codepipeline",
      "name": "codepipeline",
      "provider": "provider[\"registry.terraform.io/hashicorp/aws\"].code",
      "instances": [
        {
          "schema_version": 0,
          "attributes": {
            "arn": "arn:aws:codepipeline:us-east-1:522857095635:aue1c1z1cploidhoidhd1",
            "artifact_store": [
              {
                "encryption_key": [],
                "location": "aue1c1z1s3boidhoidh",
                "region": "",
                "type": "S3"
              }
            ],
            "id": "aue1c1z1cploidhoidhd1",
            "name": "aue1c1z1cploidhoidhd1",
            "role_arn": "arn:aws:iam::522857095635:role/aue1c1z1irooidhcploidh",
            "stage": [
              {
                "action": [
                  {
                    "category": "Source",
                    "configuration": {
                      "BranchName": "dev",
                      "ConnectionArn": "arn:aws:codestar-connections:us-east-1:522857095635:connection/27115013-e5c8-40ab-a75d-06ac874306b2",
                      "FullRepositoryId": "BrightMLS/bdmp-oidh",
                      "OutputArtifactFormat": "CODE_ZIP"
                    },
                    "input_artifacts": [],
                    "name": "Source",
                    "namespace": "",
                    "output_artifacts": [
                      "sourceOutput"
                    ],
                    "owner": "AWS",
                    "provider": "CodeStarSourceConnection",
                    "region": "",
                    "role_arn": "",
                    "run_order": 1,
                    "version": "1"
                  }
                ],
                "name": "Source"
              },
              {
                "action": [
                  {
                    "category": "Build",
                    "configuration": {
                      "ProjectName": "aue1c1z1cbdoidhbuildoidhd1"
                    },
                    "input_artifacts": [
                      "sourceOutput"
                    ],
                    "name": "Build",
                    "namespace": "BuildVariables",
                    "output_artifacts": [
                      "buildOutput"
                    ],
                    "owner": "AWS",
                    "provider": "CodeBuild",
                    "region": "",
                    "role_arn": "",
                    "run_order": 1,
                    "version": "1"
                  }
                ],
                "name": "Build"
              },
              {
                "action": [
                  {
                    "category": "Build",
                    "configuration": {
                      "EnvironmentVariables": "[{\"name\":\"TF_ACTION\",\"value\":\"plan\"}]",
                      "ProjectName": "aue1c1z1cbdoidhprovisionoidhd1"
                    },
                    "input_artifacts": [
                      "sourceOutput"
                    ],
                    "name": "Provision",
                    "namespace": "",
                    "output_artifacts": [],
                    "owner": "AWS",
                    "provider": "CodeBuild",
                    "region": "",
                    "role_arn": "",
                    "run_order": 1,
                    "version": "1"
                  }
                ],
                "name": "TerraformPlan"
              },
              {
                "action": [
                  {
                    "category": "Build",
                    "configuration": {
                      "EnvironmentVariables": "[{\"name\":\"TF_ACTION\",\"value\":\"deploy\"}]",
                      "ProjectName": "aue1c1z1cbdoidhprovisionoidhd1"
                    },
                    "input_artifacts": [
                      "sourceOutput"
                    ],
                    "name": "Provision",
                    "namespace": "",
                    "output_artifacts": [],
                    "owner": "AWS",
                    "provider": "CodeBuild",
                    "region": "",
                    "role_arn": "",
                    "run_order": 1,
                    "version": "1"
                  }
                ],
                "name": "Deploy"
              }
            ],
            "tags": {
              "Name": "aue1c1z1cploidhoidhd1",
              "app": "oidh",
              "creation_app": "terraform",
              "env": "c1",
              "ledger": "",
              "purpose": "oidhd1",
              "site": "aue1",
              "tier": "oidh",
              "zone": "z1"
            },
            "tags_all": {
              "Name": "aue1c1z1cploidhoidhd1",
              "app": "oidh",
              "creation_app": "terraform",
              "env": "c1",
              "ledger": "",
              "purpose": "oidhd1",
              "site": "aue1",
              "tier": "oidh",
              "zone": "z1"
            }
          },
          "sensitive_attributes": [],
          "private": "bnVsbA==",
          "dependencies": [
            "module.codepipeline.module.iam_roles.aws_iam_role.cbd_build",
            "module.codepipeline.module.iam_roles.aws_iam_role.cpl_role",
            "module.codepipeline.module.iam_roles.data.aws_iam_policy_document.assume_cbd_role",
            "module.provision_roles.aws_iam_role.dev_deployment",
            "module.provision_roles.data.aws_iam_policy_document.assume_dev_deploy",
            "module.codepipeline.module.codepipeline.aws_codebuild_project.build",
            "module.codepipeline.module.codepipeline.aws_codebuild_project.provision",
            "module.codepipeline.module.iam_roles.aws_iam_role.cbd_provision",
            "module.codepipeline.module.iam_roles.data.aws_iam_policy_document.assume_cpl_role",
            "module.codepipeline.module.s3_bucket.aws_s3_bucket.output"
          ]
        }
      ]
    },
    {
      "module": "module.codepipeline.module.iam_roles",
      "mode": "data",
      "type": "aws_iam_policy_document",
      "name": "assume_cbd_role",
      "provider": "provider[\"registry.terraform.io/hashicorp/aws\"].code",
      "instances": [
        {
          "schema_version": 0,
          "attributes": {
            "id": "442947395",
            "json": "{\n  \"Version\": \"2012-10-17\",\n  \"Statement\": [\n    {\n      \"Sid\": \"\",\n      \"Effect\": \"Allow\",\n      \"Action\": \"sts:AssumeRole\",\n      \"Principal\": {\n        \"Service\": \"codebuild.amazonaws.com\"\n      }\n    }\n  ]\n}",
            "override_json": null,
            "override_policy_documents": null,
            "policy_id": null,
            "source_json": null,
            "source_policy_documents": null,
            "statement": [
              {
                "actions": [
                  "sts:AssumeRole"
                ],
                "condition": [],
                "effect": "Allow",
                "not_actions": [],
                "not_principals": [],
                "not_resources": [],
                "principals": [
                  {
                    "identifiers": [
                      "codebuild.amazonaws.com"
                    ],
                    "type": "Service"
                  }
                ],
                "resources": [],
                "sid": ""
              }
            ],
            "version": "2012-10-17"
          },
          "sensitive_attributes": []
        }
      ]
    },
    {
      "module": "module.codepipeline.module.iam_roles",
      "mode": "data",
      "type": "aws_iam_policy_document",
      "name": "assume_cpl_role",
      "provider": "provider[\"registry.terraform.io/hashicorp/aws\"].code",
      "instances": [
        {
          "schema_version": 0,
          "attributes": {
            "id": "382154967",
            "json": "{\n  \"Version\": \"2012-10-17\",\n  \"Statement\": [\n    {\n      \"Sid\": \"\",\n      \"Effect\": \"Allow\",\n      \"Action\": \"sts:AssumeRole\",\n      \"Principal\": {\n        \"Service\": \"codepipeline.amazonaws.com\"\n      }\n    }\n  ]\n}",
            "override_json": null,
            "override_policy_documents": null,
            "policy_id": null,
            "source_json": null,
            "source_policy_documents": null,
            "statement": [
              {
                "actions": [
                  "sts:AssumeRole"
                ],
                "condition": [],
                "effect": "Allow",
                "not_actions": [],
                "not_principals": [],
                "not_resources": [],
                "principals": [
                  {
                    "identifiers": [
                      "codepipeline.amazonaws.com"
                    ],
                    "type": "Service"
                  }
                ],
                "resources": [],
                "sid": ""
              }
            ],
            "version": "2012-10-17"
          },
          "sensitive_attributes": []
        }
      ]
    },
    {
      "module": "module.codepipeline.module.iam_roles",
      "mode": "data",
      "type": "aws_iam_policy_document",
      "name": "cbd_build",
      "provider": "provider[\"registry.terraform.io/hashicorp/aws\"].code",
      "instances": [
        {
          "schema_version": 0,
          "attributes": {
            "id": "2477908887",
            "json": "{\n  \"Version\": \"2012-10-17\",\n  \"Statement\": [\n    {\n      \"Sid\": \"\",\n      \"Effect\": \"Allow\",\n      \"Action\": [\n        \"logs:PutLogEvents\",\n        \"logs:DescribeLogGroups\",\n        \"logs:CreateLogStream\",\n        \"logs:CreateLogGroup\"\n      ],\n      \"Resource\": \"*\"\n    },\n    {\n      \"Sid\": \"\",\n      \"Effect\": \"Allow\",\n      \"Action\": \"s3:*\",\n      \"Resource\": [\n        \"arn:aws:s3:::aue1c1z1s3boidhoidh/env*\",\n        \"arn:aws:s3:::aue1c1z1s3boidhoidh/*\",\n        \"arn:aws:s3:::aue1c1z1s3boidhoidh\"\n      ]\n    },\n    {\n      \"Sid\": \"\",\n      \"Effect\": \"Allow\",\n      \"Action\": [\n        \"ssm:GetParametersByPath\",\n        \"ssm:GetParameters\",\n        \"ssm:GetParameter\"\n      ],\n      \"Resource\": [\n        \"arn:aws:ssm:*:522857095635:parameter/secure/aue1/c1/codebuild/*\",\n        \"arn:aws:ssm:*:522857095635:parameter/parameter/aue1/c1/datapipeline_cicd_oidh/*\",\n        \"arn:aws:ssm:*:522857095635:parameter/parameter/aue1/c1/codebuild/*\"\n      ]\n    },\n    {\n      \"Sid\": \"\",\n      \"Effect\": \"Allow\",\n      \"Action\": [\n        \"dynamodb:PutItem\",\n        \"dynamodb:GetItem\",\n        \"dynamodb:DeleteItem\"\n      ],\n      \"Resource\": \"arn:aws:dynamodb:*:522857095635:table/terraform-*\"\n    },\n    {\n      \"Sid\": \"\",\n      \"Effect\": \"Allow\",\n      \"Action\": \"sns:Publish\",\n      \"Resource\": \"arn:aws:sns:us-east-1:522857095635:aue1c1z1snrbcompipelinenotification\"\n    }\n  ]\n}",
            "override_json": null,
            "override_policy_documents": null,
            "policy_id": null,
            "source_json": null,
            "source_policy_documents": null,
            "statement": [
              {
                "actions": [
                  "logs:CreateLogGroup",
                  "logs:CreateLogStream",
                  "logs:DescribeLogGroups",
                  "logs:PutLogEvents"
                ],
                "condition": [],
                "effect": "Allow",
                "not_actions": [],
                "not_principals": [],
                "not_resources": [],
                "principals": [],
                "resources": [
                  "*"
                ],
                "sid": ""
              },
              {
                "actions": [
                  "s3:*"
                ],
                "condition": [],
                "effect": "Allow",
                "not_actions": [],
                "not_principals": [],
                "not_resources": [],
                "principals": [],
                "resources": [
                  "arn:aws:s3:::aue1c1z1s3boidhoidh",
                  "arn:aws:s3:::aue1c1z1s3boidhoidh/*",
                  "arn:aws:s3:::aue1c1z1s3boidhoidh/env*"
                ],
                "sid": ""
              },
              {
                "actions": [
                  "ssm:GetParameter",
                  "ssm:GetParameters",
                  "ssm:GetParametersByPath"
                ],
                "condition": [],
                "effect": "Allow",
                "not_actions": [],
                "not_principals": [],
                "not_resources": [],
                "principals": [],
                "resources": [
                  "arn:aws:ssm:*:522857095635:parameter/parameter/aue1/c1/codebuild/*",
                  "arn:aws:ssm:*:522857095635:parameter/parameter/aue1/c1/datapipeline_cicd_oidh/*",
                  "arn:aws:ssm:*:522857095635:parameter/secure/aue1/c1/codebuild/*"
                ],
                "sid": ""
              },
              {
                "actions": [
                  "dynamodb:DeleteItem",
                  "dynamodb:GetItem",
                  "dynamodb:PutItem"
                ],
                "condition": [],
                "effect": "Allow",
                "not_actions": [],
                "not_principals": [],
                "not_resources": [],
                "principals": [],
                "resources": [
                  "arn:aws:dynamodb:*:522857095635:table/terraform-*"
                ],
                "sid": ""
              },
              {
                "actions": [
                  "sns:Publish"
                ],
                "condition": [],
                "effect": "Allow",
                "not_actions": [],
                "not_principals": [],
                "not_resources": [],
                "principals": [],
                "resources": [
                  "arn:aws:sns:us-east-1:522857095635:aue1c1z1snrbcompipelinenotification"
                ],
                "sid": ""
              }
            ],
            "version": "2012-10-17"
          },
          "sensitive_attributes": []
        }
      ]
    },
    {
      "module": "module.codepipeline.module.iam_roles",
      "mode": "data",
      "type": "aws_iam_policy_document",
      "name": "cpl_access",
      "provider": "provider[\"registry.terraform.io/hashicorp/aws\"].code",
      "instances": [
        {
          "schema_version": 0,
          "attributes": {
            "id": "3702804434",
            "json": "{\n  \"Version\": \"2012-10-17\",\n  \"Statement\": [\n    {\n      \"Sid\": \"\",\n      \"Effect\": \"Allow\",\n      \"Action\": [\n        \"codestar-connections:UseConnection\",\n        \"codestar-connections:List*\",\n        \"codestar-connections:Get*\"\n      ],\n      \"Resource\": \"arn:aws:codestar-connections:us-east-1:522857095635:connection/27115013-e5c8-40ab-a75d-06ac874306b2\"\n    }\n  ]\n}",
            "override_json": null,
            "override_policy_documents": null,
            "policy_id": null,
            "source_json": null,
            "source_policy_documents": null,
            "statement": [
              {
                "actions": [
                  "codestar-connections:Get*",
                  "codestar-connections:List*",
                  "codestar-connections:UseConnection"
                ],
                "condition": [],
                "effect": "Allow",
                "not_actions": [],
                "not_principals": [],
                "not_resources": [],
                "principals": [],
                "resources": [
                  "arn:aws:codestar-connections:us-east-1:522857095635:connection/27115013-e5c8-40ab-a75d-06ac874306b2"
                ],
                "sid": ""
              }
            ],
            "version": "2012-10-17"
          },
          "sensitive_attributes": []
        }
      ]
    },
    {
      "module": "module.codepipeline.module.iam_roles",
      "mode": "managed",
      "type": "aws_iam_policy",
      "name": "cbd_build",
      "provider": "provider[\"registry.terraform.io/hashicorp/aws\"].code",
      "instances": [
        {
          "schema_version": 0,
          "attributes": {
            "arn": "arn:aws:iam::522857095635:policy/aue1c1z1irpoidhcbdbuildoidh",
            "description": "Standard Build Access policy for aue1c1z1irpoidhcbdbuildoidh",
            "id": "arn:aws:iam::522857095635:policy/aue1c1z1irpoidhcbdbuildoidh",
            "name": "aue1c1z1irpoidhcbdbuildoidh",
            "name_prefix": null,
            "path": "/",
            "policy": "{\"Statement\":[{\"Action\":[\"logs:PutLogEvents\",\"logs:DescribeLogGroups\",\"logs:CreateLogStream\",\"logs:CreateLogGroup\"],\"Effect\":\"Allow\",\"Resource\":\"*\",\"Sid\":\"\"},{\"Action\":\"s3:*\",\"Effect\":\"Allow\",\"Resource\":[\"arn:aws:s3:::aue1c1z1s3boidhoidh/env*\",\"arn:aws:s3:::aue1c1z1s3boidhoidh/*\",\"arn:aws:s3:::aue1c1z1s3boidhoidh\"],\"Sid\":\"\"},{\"Action\":[\"ssm:GetParametersByPath\",\"ssm:GetParameters\",\"ssm:GetParameter\"],\"Effect\":\"Allow\",\"Resource\":[\"arn:aws:ssm:*:522857095635:parameter/secure/aue1/c1/codebuild/*\",\"arn:aws:ssm:*:522857095635:parameter/parameter/aue1/c1/datapipeline_cicd_oidh/*\",\"arn:aws:ssm:*:522857095635:parameter/parameter/aue1/c1/codebuild/*\"],\"Sid\":\"\"},{\"Action\":[\"dynamodb:PutItem\",\"dynamodb:GetItem\",\"dynamodb:DeleteItem\"],\"Effect\":\"Allow\",\"Resource\":\"arn:aws:dynamodb:*:522857095635:table/terraform-*\",\"Sid\":\"\"},{\"Action\":\"sns:Publish\",\"Effect\":\"Allow\",\"Resource\":\"arn:aws:sns:us-east-1:522857095635:aue1c1z1snrbcompipelinenotification\",\"Sid\":\"\"}],\"Version\":\"2012-10-17\"}",
            "policy_id": "ANPAXTPFWEHJY3CGCBXPP",
            "tags": {},
            "tags_all": {}
          },
          "sensitive_attributes": [],
          "private": "bnVsbA==",
          "dependencies": [
            "module.codepipeline.module.iam_roles.data.aws_iam_policy_document.cbd_build",
            "module.codepipeline.module.s3_bucket.aws_s3_bucket.output"
          ]
        }
      ]
    },
    {
      "module": "module.codepipeline.module.iam_roles",
      "mode": "managed",
      "type": "aws_iam_policy",
      "name": "cpl_access",
      "provider": "provider[\"registry.terraform.io/hashicorp/aws\"].code",
      "instances": [
        {
          "schema_version": 0,
          "attributes": {
            "arn": "arn:aws:iam::522857095635:policy/aue1c1z1iploidhcplaccessoidh",
            "description": "",
            "id": "arn:aws:iam::522857095635:policy/aue1c1z1iploidhcplaccessoidh",
            "name": "aue1c1z1iploidhcplaccessoidh",
            "name_prefix": null,
            "path": "/",
            "policy": "{\"Statement\":[{\"Action\":[\"codestar-connections:UseConnection\",\"codestar-connections:List*\",\"codestar-connections:Get*\"],\"Effect\":\"Allow\",\"Resource\":\"arn:aws:codestar-connections:us-east-1:522857095635:connection/27115013-e5c8-40ab-a75d-06ac874306b2\",\"Sid\":\"\"}],\"Version\":\"2012-10-17\"}",
            "policy_id": "ANPAXTPFWEHJZBDFOTDFX",
            "tags": {},
            "tags_all": {}
          },
          "sensitive_attributes": [],
          "private": "bnVsbA==",
          "dependencies": [
            "module.codepipeline.module.iam_roles.data.aws_iam_policy_document.cpl_access"
          ]
        }
      ]
    },
    {
      "module": "module.codepipeline.module.iam_roles",
      "mode": "managed",
      "type": "aws_iam_role",
      "name": "cbd_build",
      "provider": "provider[\"registry.terraform.io/hashicorp/aws\"].code",
      "instances": [
        {
          "schema_version": 0,
          "attributes": {
            "arn": "arn:aws:iam::522857095635:role/aue1c1z1irooidhcbdassumeoidh",
            "assume_role_policy": "{\"Version\":\"2012-10-17\",\"Statement\":[{\"Sid\":\"\",\"Effect\":\"Allow\",\"Principal\":{\"Service\":\"codebuild.amazonaws.com\"},\"Action\":\"sts:AssumeRole\"}]}",
            "create_date": "2023-08-15T03:45:28Z",
            "description": "",
            "force_detach_policies": false,
            "id": "aue1c1z1irooidhcbdassumeoidh",
            "inline_policy": [
              {
                "name": "",
                "policy": ""
              }
            ],
            "managed_policy_arns": [
              "arn:aws:iam::522857095635:policy/aue1c1z1irpoidhcbdbuildoidh",
              "arn:aws:iam::522857095635:policy/aue1c1z1irpoidhcbdbuildoidh-reports-d1"
            ],
            "max_session_duration": 3600,
            "name": "aue1c1z1irooidhcbdassumeoidh",
            "name_prefix": "",
            "path": "/",
            "permissions_boundary": null,
            "tags": {
              "Name": "aue1c1z1irooidhcbdassumeoidh",
              "app": "oidh",
              "creation_app": "terraform",
              "env": "c1",
              "ledger": "",
              "purpose": "cbdassumeoidh",
              "site": "aue1",
              "tier": "oidh",
              "zone": "z1"
            },
            "tags_all": {
              "Name": "aue1c1z1irooidhcbdassumeoidh",
              "app": "oidh",
              "creation_app": "terraform",
              "env": "c1",
              "ledger": "",
              "purpose": "cbdassumeoidh",
              "site": "aue1",
              "tier": "oidh",
              "zone": "z1"
            },
            "unique_id": "AROAXTPFWEHJX2KVG4YTK"
          },
          "sensitive_attributes": [],
          "private": "bnVsbA==",
          "dependencies": [
            "module.codepipeline.module.iam_roles.data.aws_iam_policy_document.assume_cbd_role"
          ]
        }
      ]
    },
    {
      "module": "module.codepipeline.module.iam_roles",
      "mode": "managed",
      "type": "aws_iam_role",
      "name": "cbd_provision",
      "provider": "provider[\"registry.terraform.io/hashicorp/aws\"].code",
      "instances": [
        {
          "schema_version": 0,
          "attributes": {
            "arn": "arn:aws:iam::522857095635:role/aue1c1z1irooidhcbdprovisionoidh",
            "assume_role_policy": "{\"Version\":\"2012-10-17\",\"Statement\":[{\"Sid\":\"\",\"Effect\":\"Allow\",\"Principal\":{\"Service\":\"codebuild.amazonaws.com\"},\"Action\":\"sts:AssumeRole\"}]}",
            "create_date": "2023-08-15T03:45:28Z",
            "description": "",
            "force_detach_policies": false,
            "id": "aue1c1z1irooidhcbdprovisionoidh",
            "inline_policy": [
              {
                "name": "",
                "policy": ""
              }
            ],
            "managed_policy_arns": [
              "arn:aws:iam::522857095635:policy/aue1c1z1iploidhcplaccessoidh",
              "arn:aws:iam::522857095635:policy/aue1c1z1iploidhcplaccessoidh-cross-account-d1",
              "arn:aws:iam::522857095635:policy/aue1c1z1irpoidhcbdbuildoidh"
            ],
            "max_session_duration": 3600,
            "name": "aue1c1z1irooidhcbdprovisionoidh",
            "name_prefix": "",
            "path": "/",
            "permissions_boundary": null,
            "tags": {
              "Name": "aue1c1z1irooidhcbdprovisionoidh",
              "app": "oidh",
              "creation_app": "terraform",
              "env": "c1",
              "ledger": "",
              "purpose": "cbdprovisionoidh",
              "site": "aue1",
              "tier": "oidh",
              "zone": "z1"
            },
            "tags_all": {
              "Name": "aue1c1z1irooidhcbdprovisionoidh",
              "app": "oidh",
              "creation_app": "terraform",
              "env": "c1",
              "ledger": "",
              "purpose": "cbdprovisionoidh",
              "site": "aue1",
              "tier": "oidh",
              "zone": "z1"
            },
            "unique_id": "AROAXTPFWEHJZPOWM77UF"
          },
          "sensitive_attributes": [],
          "private": "bnVsbA==",
          "dependencies": [
            "module.codepipeline.module.iam_roles.data.aws_iam_policy_document.assume_cbd_role"
          ]
        }
      ]
    },
    {
      "module": "module.codepipeline.module.iam_roles",
      "mode": "managed",
      "type": "aws_iam_role",
      "name": "cpl_role",
      "provider": "provider[\"registry.terraform.io/hashicorp/aws\"].code",
      "instances": [
        {
          "schema_version": 0,
          "attributes": {
            "arn": "arn:aws:iam::522857095635:role/aue1c1z1irooidhcploidh",
            "assume_role_policy": "{\"Version\":\"2012-10-17\",\"Statement\":[{\"Sid\":\"\",\"Effect\":\"Allow\",\"Principal\":{\"Service\":\"codepipeline.amazonaws.com\"},\"Action\":\"sts:AssumeRole\"}]}",
            "create_date": "2023-08-15T03:45:28Z",
            "description": "",
            "force_detach_policies": false,
            "id": "aue1c1z1irooidhcploidh",
            "inline_policy": [
              {
                "name": "",
                "policy": ""
              }
            ],
            "managed_policy_arns": [
              "arn:aws:iam::522857095635:policy/aue1c1z1iploidhcplaccessoidh",
              "arn:aws:iam::522857095635:policy/aue1c1z1iploidhcplaccessoidh-cross-account-d1",
              "arn:aws:iam::522857095635:policy/aue1c1z1irpoidhcbdbuildoidh"
            ],
            "max_session_duration": 3600,
            "name": "aue1c1z1irooidhcploidh",
            "name_prefix": "",
            "path": "/",
            "permissions_boundary": null,
            "tags": {
              "Name": "aue1c1z1irooidhcploidh",
              "app": "oidh",
              "creation_app": "terraform",
              "env": "c1",
              "ledger": "",
              "purpose": "cploidh",
              "site": "aue1",
              "tier": "oidh",
              "zone": "z1"
            },
            "tags_all": {
              "Name": "aue1c1z1irooidhcploidh",
              "app": "oidh",
              "creation_app": "terraform",
              "env": "c1",
              "ledger": "",
              "purpose": "cploidh",
              "site": "aue1",
              "tier": "oidh",
              "zone": "z1"
            },
            "unique_id": "AROAXTPFWEHJWUAXAP7L3"
          },
          "sensitive_attributes": [],
          "private": "bnVsbA==",
          "dependencies": [
            "module.codepipeline.module.iam_roles.data.aws_iam_policy_document.assume_cpl_role"
          ]
        }
      ]
    },
    {
      "module": "module.codepipeline.module.iam_roles",
      "mode": "managed",
      "type": "aws_iam_role_policy_attachment",
      "name": "cdb_build_access",
      "provider": "provider[\"registry.terraform.io/hashicorp/aws\"].code",
      "instances": [
        {
          "schema_version": 0,
          "attributes": {
            "id": "aue1c1z1irooidhcbdassumeoidh-20230815034720750800000002",
            "policy_arn": "arn:aws:iam::522857095635:policy/aue1c1z1irpoidhcbdbuildoidh",
            "role": "aue1c1z1irooidhcbdassumeoidh"
          },
          "sensitive_attributes": [],
          "private": "bnVsbA==",
          "dependencies": [
            "module.codepipeline.module.iam_roles.aws_iam_policy.cbd_build",
            "module.codepipeline.module.iam_roles.aws_iam_role.cbd_build",
            "module.codepipeline.module.iam_roles.data.aws_iam_policy_document.assume_cbd_role",
            "module.codepipeline.module.iam_roles.data.aws_iam_policy_document.cbd_build",
            "module.codepipeline.module.s3_bucket.aws_s3_bucket.output"
          ]
        }
      ]
    },
    {
      "module": "module.codepipeline.module.iam_roles",
      "mode": "managed",
      "type": "aws_iam_role_policy_attachment",
      "name": "cdb_cpl_access",
      "provider": "provider[\"registry.terraform.io/hashicorp/aws\"].code",
      "instances": [
        {
          "schema_version": 0,
          "attributes": {
            "id": "aue1c1z1irooidhcbdprovisionoidh-20230815034551994100000001",
            "policy_arn": "arn:aws:iam::522857095635:policy/aue1c1z1iploidhcplaccessoidh",
            "role": "aue1c1z1irooidhcbdprovisionoidh"
          },
          "sensitive_attributes": [],
          "private": "bnVsbA==",
          "dependencies": [
            "module.codepipeline.module.iam_roles.aws_iam_policy.cpl_access",
            "module.codepipeline.module.iam_roles.aws_iam_role.cbd_provision",
            "module.codepipeline.module.iam_roles.data.aws_iam_policy_document.assume_cbd_role",
            "module.codepipeline.module.iam_roles.data.aws_iam_policy_document.cpl_access"
          ]
        }
      ]
    },
    {
      "module": "module.codepipeline.module.iam_roles",
      "mode": "managed",
      "type": "aws_iam_role_policy_attachment",
      "name": "cdb_provision_access",
      "provider": "provider[\"registry.terraform.io/hashicorp/aws\"].code",
      "instances": [
        {
          "schema_version": 0,
          "attributes": {
            "id": "aue1c1z1irooidhcbdprovisionoidh-20230815034720762000000003",
            "policy_arn": "arn:aws:iam::522857095635:policy/aue1c1z1irpoidhcbdbuildoidh",
            "role": "aue1c1z1irooidhcbdprovisionoidh"
          },
          "sensitive_attributes": [],
          "private": "bnVsbA==",
          "dependencies": [
            "module.codepipeline.module.iam_roles.data.aws_iam_policy_document.assume_cbd_role",
            "module.codepipeline.module.iam_roles.data.aws_iam_policy_document.cbd_build",
            "module.codepipeline.module.s3_bucket.aws_s3_bucket.output",
            "module.codepipeline.module.iam_roles.aws_iam_policy.cbd_build",
            "module.codepipeline.module.iam_roles.aws_iam_role.cbd_provision"
          ]
        }
      ]
    },
    {
      "module": "module.codepipeline.module.iam_roles",
      "mode": "managed",
      "type": "aws_iam_role_policy_attachment",
      "name": "cpl_access",
      "provider": "provider[\"registry.terraform.io/hashicorp/aws\"].code",
      "instances": [
        {
          "schema_version": 0,
          "attributes": {
            "id": "aue1c1z1irooidhcploidh-20230815034552034900000002",
            "policy_arn": "arn:aws:iam::522857095635:policy/aue1c1z1iploidhcplaccessoidh",
            "role": "aue1c1z1irooidhcploidh"
          },
          "sensitive_attributes": [],
          "private": "bnVsbA==",
          "dependencies": [
            "module.codepipeline.module.iam_roles.aws_iam_policy.cpl_access",
            "module.codepipeline.module.iam_roles.aws_iam_role.cpl_role",
            "module.codepipeline.module.iam_roles.data.aws_iam_policy_document.assume_cpl_role",
            "module.codepipeline.module.iam_roles.data.aws_iam_policy_document.cpl_access"
          ]
        }
      ]
    },
    {
      "module": "module.codepipeline.module.iam_roles",
      "mode": "managed",
      "type": "aws_iam_role_policy_attachment",
      "name": "cpl_build_access",
      "provider": "provider[\"registry.terraform.io/hashicorp/aws\"].code",
      "instances": [
        {
          "schema_version": 0,
          "attributes": {
            "id": "aue1c1z1irooidhcploidh-20230815034720717700000001",
            "policy_arn": "arn:aws:iam::522857095635:policy/aue1c1z1irpoidhcbdbuildoidh",
            "role": "aue1c1z1irooidhcploidh"
          },
          "sensitive_attributes": [],
          "private": "bnVsbA==",
          "dependencies": [
            "module.codepipeline.module.s3_bucket.aws_s3_bucket.output",
            "module.codepipeline.module.iam_roles.aws_iam_policy.cbd_build",
            "module.codepipeline.module.iam_roles.aws_iam_role.cpl_role",
            "module.codepipeline.module.iam_roles.data.aws_iam_policy_document.assume_cpl_role",
            "module.codepipeline.module.iam_roles.data.aws_iam_policy_document.cbd_build"
          ]
        }
      ]
    },
    {
      "module": "module.codepipeline.module.post_creation_privileges",
      "mode": "data",
      "type": "aws_iam_policy_document",
      "name": "cbd_build",
      "provider": "provider[\"registry.terraform.io/hashicorp/aws\"].code",
      "instances": [
        {
          "schema_version": 0,
          "attributes": {
            "id": "975358000",
            "json": "{\n  \"Version\": \"2012-10-17\",\n  \"Statement\": [\n    {\n      \"Sid\": \"\",\n      \"Effect\": \"Allow\",\n      \"Action\": [\n        \"codebuild:UpdateReport\",\n        \"codebuild:CreateReportGroup\",\n        \"codebuild:CreateReport\",\n        \"codebuild:BatchPutTestCases\"\n      ],\n      \"Resource\": \"arn:aws:codebuild:*:522857095635:report-group/aue1c1z1cbdoidhbuildoidhd1*\"\n    }\n  ]\n}",
            "override_json": null,
            "override_policy_documents": null,
            "policy_id": null,
            "source_json": null,
            "source_policy_documents": null,
            "statement": [
              {
                "actions": [
                  "codebuild:BatchPutTestCases",
                  "codebuild:CreateReport",
                  "codebuild:CreateReportGroup",
                  "codebuild:UpdateReport"
                ],
                "condition": [],
                "effect": "Allow",
                "not_actions": [],
                "not_principals": [],
                "not_resources": [],
                "principals": [],
                "resources": [
                  "arn:aws:codebuild:*:522857095635:report-group/aue1c1z1cbdoidhbuildoidhd1*"
                ],
                "sid": ""
              }
            ],
            "version": "2012-10-17"
          },
          "sensitive_attributes": []
        }
      ]
    },
    {
      "module": "module.codepipeline.module.post_creation_privileges",
      "mode": "data",
      "type": "aws_iam_policy_document",
      "name": "cpl_access",
      "provider": "provider[\"registry.terraform.io/hashicorp/aws\"].code",
      "instances": [
        {
          "schema_version": 0,
          "attributes": {
            "id": "2044824909",
            "json": "{\n  \"Version\": \"2012-10-17\",\n  \"Statement\": [\n    {\n      \"Sid\": \"\",\n      \"Effect\": \"Allow\",\n      \"Action\": [\n        \"codebuild:StartBuild\",\n        \"codebuild:BatchGetBuilds\"\n      ],\n      \"Resource\": [\n        \"arn:aws:codebuild:us-east-1:522857095635:project/aue1c1z1cbdoidhprovisionoidhd1\",\n        \"arn:aws:codebuild:us-east-1:522857095635:project/aue1c1z1cbdoidhbuildoidhd1\"\n      ]\n    },\n    {\n      \"Sid\": \"\",\n      \"Effect\": \"Allow\",\n      \"Action\": \"sts:AssumeRole\",\n      \"Resource\": \"arn:aws:iam::497607366324:role/aue1d1z1irooidhdeploymentoidh\"\n    }\n  ]\n}",
            "override_json": null,
            "override_policy_documents": null,
            "policy_id": null,
            "source_json": null,
            "source_policy_documents": null,
            "statement": [
              {
                "actions": [
                  "codebuild:BatchGetBuilds",
                  "codebuild:StartBuild"
                ],
                "condition": [],
                "effect": "Allow",
                "not_actions": [],
                "not_principals": [],
                "not_resources": [],
                "principals": [],
                "resources": [
                  "arn:aws:codebuild:us-east-1:522857095635:project/aue1c1z1cbdoidhbuildoidhd1",
                  "arn:aws:codebuild:us-east-1:522857095635:project/aue1c1z1cbdoidhprovisionoidhd1"
                ],
                "sid": ""
              },
              {
                "actions": [
                  "sts:AssumeRole"
                ],
                "condition": [],
                "effect": "Allow",
                "not_actions": [],
                "not_principals": [],
                "not_resources": [],
                "principals": [],
                "resources": [
                  "arn:aws:iam::497607366324:role/aue1d1z1irooidhdeploymentoidh"
                ],
                "sid": ""
              }
            ],
            "version": "2012-10-17"
          },
          "sensitive_attributes": []
        }
      ]
    },
    {
      "module": "module.codepipeline.module.post_creation_privileges",
      "mode": "managed",
      "type": "aws_iam_policy",
      "name": "cbd_build",
      "provider": "provider[\"registry.terraform.io/hashicorp/aws\"].code",
      "instances": [
        {
          "schema_version": 0,
          "attributes": {
            "arn": "arn:aws:iam::522857095635:policy/aue1c1z1irpoidhcbdbuildoidh-reports-d1",
            "description": "Standard Build Access policy for aue1c1z1irpoidhcbdbuildoidh-reports-d1",
            "id": "arn:aws:iam::522857095635:policy/aue1c1z1irpoidhcbdbuildoidh-reports-d1",
            "name": "aue1c1z1irpoidhcbdbuildoidh-reports-d1",
            "name_prefix": null,
            "path": "/",
            "policy": "{\"Statement\":[{\"Action\":[\"codebuild:UpdateReport\",\"codebuild:CreateReportGroup\",\"codebuild:CreateReport\",\"codebuild:BatchPutTestCases\"],\"Effect\":\"Allow\",\"Resource\":\"arn:aws:codebuild:*:522857095635:report-group/aue1c1z1cbdoidhbuildoidhd1*\",\"Sid\":\"\"}],\"Version\":\"2012-10-17\"}",
            "policy_id": "ANPAXTPFWEHJ3WIM5SH3R",
            "tags": {},
            "tags_all": {}
          },
          "sensitive_attributes": [],
          "private": "bnVsbA==",
          "dependencies": [
            "module.codepipeline.module.post_creation_privileges.data.aws_iam_policy_document.cbd_build"
          ]
        }
      ]
    },
    {
      "module": "module.codepipeline.module.post_creation_privileges",
      "mode": "managed",
      "type": "aws_iam_policy",
      "name": "cpl_access",
      "provider": "provider[\"registry.terraform.io/hashicorp/aws\"].code",
      "instances": [
        {
          "schema_version": 0,
          "attributes": {
            "arn": "arn:aws:iam::522857095635:policy/aue1c1z1iploidhcplaccessoidh-cross-account-d1",
            "description": "",
            "id": "arn:aws:iam::522857095635:policy/aue1c1z1iploidhcplaccessoidh-cross-account-d1",
            "name": "aue1c1z1iploidhcplaccessoidh-cross-account-d1",
            "name_prefix": null,
            "path": "/",
            "policy": "{\"Statement\":[{\"Action\":[\"codebuild:StartBuild\",\"codebuild:BatchGetBuilds\"],\"Effect\":\"Allow\",\"Resource\":[\"arn:aws:codebuild:us-east-1:522857095635:project/aue1c1z1cbdoidhprovisionoidhd1\",\"arn:aws:codebuild:us-east-1:522857095635:project/aue1c1z1cbdoidhbuildoidhd1\"],\"Sid\":\"\"},{\"Action\":\"sts:AssumeRole\",\"Effect\":\"Allow\",\"Resource\":\"arn:aws:iam::497607366324:role/aue1d1z1irooidhdeploymentoidh\",\"Sid\":\"\"}],\"Version\":\"2012-10-17\"}",
            "policy_id": "ANPAXTPFWEHJVVLAIYTQS",
            "tags": {},
            "tags_all": {}
          },
          "sensitive_attributes": [],
          "private": "bnVsbA==",
          "dependencies": [
            "module.codepipeline.module.iam_roles.aws_iam_role.cbd_provision",
            "module.codepipeline.module.iam_roles.data.aws_iam_policy_document.assume_cbd_role",
            "module.provision_roles.data.aws_iam_policy_document.assume_dev_deploy",
            "module.codepipeline.module.codepipeline.aws_codebuild_project.build",
            "module.codepipeline.module.codepipeline.aws_codebuild_project.provision",
            "module.codepipeline.module.iam_roles.aws_iam_role.cbd_build",
            "module.codepipeline.module.post_creation_privileges.data.aws_iam_policy_document.cpl_access",
            "module.codepipeline.module.s3_bucket.aws_s3_bucket.output",
            "module.provision_roles.aws_iam_role.dev_deployment"
          ]
        }
      ]
    },
    {
      "module": "module.codepipeline.module.post_creation_privileges",
      "mode": "managed",
      "type": "aws_iam_role_policy_attachment",
      "name": "cdb_build_access",
      "provider": "provider[\"registry.terraform.io/hashicorp/aws\"].code",
      "instances": [
        {
          "schema_version": 0,
          "attributes": {
            "id": "aue1c1z1irooidhcbdassumeoidh-20230815034552062100000003",
            "policy_arn": "arn:aws:iam::522857095635:policy/aue1c1z1irpoidhcbdbuildoidh-reports-d1",
            "role": "aue1c1z1irooidhcbdassumeoidh"
          },
          "sensitive_attributes": [],
          "private": "bnVsbA==",
          "dependencies": [
            "module.codepipeline.module.post_creation_privileges.data.aws_iam_policy_document.cbd_build",
            "module.codepipeline.module.iam_roles.aws_iam_role.cbd_build",
            "module.codepipeline.module.iam_roles.data.aws_iam_policy_document.assume_cbd_role",
            "module.codepipeline.module.post_creation_privileges.aws_iam_policy.cbd_build"
          ]
        }
      ]
    },
    {
      "module": "module.codepipeline.module.post_creation_privileges",
      "mode": "managed",
      "type": "aws_iam_role_policy_attachment",
      "name": "cdb_cpl_access",
      "provider": "provider[\"registry.terraform.io/hashicorp/aws\"].code",
      "instances": [
        {
          "schema_version": 0,
          "attributes": {
            "id": "aue1c1z1irooidhcbdprovisionoidh-20230815034721860000000004",
            "policy_arn": "arn:aws:iam::522857095635:policy/aue1c1z1iploidhcplaccessoidh-cross-account-d1",
            "role": "aue1c1z1irooidhcbdprovisionoidh"
          },
          "sensitive_attributes": [],
          "private": "bnVsbA==",
          "dependencies": [
            "module.codepipeline.module.iam_roles.aws_iam_role.cbd_build",
            "module.codepipeline.module.iam_roles.aws_iam_role.cbd_provision",
            "module.codepipeline.module.s3_bucket.aws_s3_bucket.output",
            "module.codepipeline.module.codepipeline.aws_codebuild_project.build",
            "module.codepipeline.module.codepipeline.aws_codebuild_project.provision",
            "module.codepipeline.module.post_creation_privileges.data.aws_iam_policy_document.cpl_access",
            "module.provision_roles.aws_iam_role.dev_deployment",
            "module.provision_roles.data.aws_iam_policy_document.assume_dev_deploy",
            "module.codepipeline.module.iam_roles.data.aws_iam_policy_document.assume_cbd_role",
            "module.codepipeline.module.post_creation_privileges.aws_iam_policy.cpl_access"
          ]
        }
      ]
    },
    {
      "module": "module.codepipeline.module.post_creation_privileges",
      "mode": "managed",
      "type": "aws_iam_role_policy_attachment",
      "name": "cpl_access",
      "provider": "provider[\"registry.terraform.io/hashicorp/aws\"].code",
      "instances": [
        {
          "schema_version": 0,
          "attributes": {
            "id": "aue1c1z1irooidhcploidh-20230815034721865100000005",
            "policy_arn": "arn:aws:iam::522857095635:policy/aue1c1z1iploidhcplaccessoidh-cross-account-d1",
            "role": "aue1c1z1irooidhcploidh"
          },
          "sensitive_attributes": [],
          "private": "bnVsbA==",
          "dependencies": [
            "module.codepipeline.module.codepipeline.aws_codebuild_project.provision",
            "module.codepipeline.module.iam_roles.aws_iam_role.cbd_provision",
            "module.codepipeline.module.post_creation_privileges.aws_iam_policy.cpl_access",
            "module.codepipeline.module.post_creation_privileges.data.aws_iam_policy_document.cpl_access",
            "module.provision_roles.aws_iam_role.dev_deployment",
            "module.provision_roles.data.aws_iam_policy_document.assume_dev_deploy",
            "module.codepipeline.module.codepipeline.aws_codebuild_project.build",
            "module.codepipeline.module.iam_roles.aws_iam_role.cbd_build",
            "module.codepipeline.module.iam_roles.aws_iam_role.cpl_role",
            "module.codepipeline.module.iam_roles.data.aws_iam_policy_document.assume_cbd_role",
            "module.codepipeline.module.iam_roles.data.aws_iam_policy_document.assume_cpl_role",
            "module.codepipeline.module.s3_bucket.aws_s3_bucket.output"
          ]
        }
      ]
    },
    {
      "module": "module.codepipeline.module.s3_bucket",
      "mode": "managed",
      "type": "aws_s3_bucket",
      "name": "output",
      "provider": "provider[\"registry.terraform.io/hashicorp/aws\"].code",
      "instances": [
        {
          "schema_version": 0,
          "attributes": {
            "acceleration_status": "",
            "acl": "private",
            "arn": "arn:aws:s3:::aue1c1z1s3boidhoidh",
            "bucket": "aue1c1z1s3boidhoidh",
            "bucket_domain_name": "aue1c1z1s3boidhoidh.s3.amazonaws.com",
            "bucket_prefix": null,
            "bucket_regional_domain_name": "aue1c1z1s3boidhoidh.s3.amazonaws.com",
            "cors_rule": [],
            "force_destroy": false,
            "grant": [],
            "hosted_zone_id": "Z3AQBSTGFYJSTF",
            "id": "aue1c1z1s3boidhoidh",
            "lifecycle_rule": [],
            "logging": [],
            "object_lock_configuration": [],
            "object_lock_enabled": false,
            "policy": null,
            "region": "us-east-1",
            "replication_configuration": [],
            "request_payer": "BucketOwner",
            "server_side_encryption_configuration": [
              {
                "rule": [
                  {
                    "apply_server_side_encryption_by_default": [
                      {
                        "kms_master_key_id": "",
                        "sse_algorithm": "AES256"
                      }
                    ],
                    "bucket_key_enabled": false
                  }
                ]
              }
            ],
            "tags": {
              "Name": "aue1c1z1s3boidhoidh",
              "app": "oidh",
              "creation_app": "terraform",
              "env": "c1",
              "purpose": "oidh",
              "site": "aue1",
              "tier": "oidh",
              "zone": "z1"
            },
            "tags_all": {
              "Name": "aue1c1z1s3boidhoidh",
              "app": "oidh",
              "creation_app": "terraform",
              "env": "c1",
              "purpose": "oidh",
              "site": "aue1",
              "tier": "oidh",
              "zone": "z1"
            },
            "versioning": [
              {
                "enabled": false,
                "mfa_delete": false
              }
            ],
            "website": [],
            "website_domain": null,
            "website_endpoint": null
          },
          "sensitive_attributes": [],
          "private": "bnVsbA=="
        }
      ]
    },
    {
      "module": "module.provision_roles",
      "mode": "data",
      "type": "aws_iam_policy_document",
      "name": "assume_dev_deploy",
      "provider": "provider[\"registry.terraform.io/hashicorp/aws\"].dev",
      "instances": [
        {
          "schema_version": 0,
          "attributes": {
            "id": "456920193",
            "json": "{\n  \"Version\": \"2012-10-17\",\n  \"Statement\": [\n    {\n      \"Sid\": \"\",\n      \"Effect\": \"Allow\",\n      \"Action\": \"sts:AssumeRole\",\n      \"Principal\": {\n        \"AWS\": \"arn:aws:iam::522857095635:root\"\n      }\n    }\n  ]\n}",
            "override_json": null,
            "override_policy_documents": null,
            "policy_id": null,
            "source_json": null,
            "source_policy_documents": null,
            "statement": [
              {
                "actions": [
                  "sts:AssumeRole"
                ],
                "condition": [],
                "effect": "Allow",
                "not_actions": [],
                "not_principals": [],
                "not_resources": [],
                "principals": [
                  {
                    "identifiers": [
                      "arn:aws:iam::522857095635:root"
                    ],
                    "type": "AWS"
                  }
                ],
                "resources": [],
                "sid": ""
              }
            ],
            "version": "2012-10-17"
          },
          "sensitive_attributes": []
        }
      ]
    },
    {
      "module": "module.provision_roles",
      "mode": "data",
      "type": "aws_iam_policy_document",
      "name": "dev_deploy",
      "provider": "provider[\"registry.terraform.io/hashicorp/aws\"].dev",
      "instances": [
        {
          "schema_version": 0,
          "attributes": {
            "id": "3673119899",
            "json": "{\n  \"Version\": \"2012-10-17\",\n  \"Statement\": [\n    {\n      \"Sid\": \"\",\n      \"Effect\": \"Allow\",\n      \"Action\": \"lambda:*\",\n      \"Resource\": \"*\"\n    },\n    {\n      \"Sid\": \"\",\n      \"Effect\": \"Allow\",\n      \"Action\": \"logs:DescribeLogGroups\",\n      \"Resource\": \"arn:aws:logs:us-east-1:497607366324:log-group::log-stream:*\"\n    },\n    {\n      \"Sid\": \"\",\n      \"Effect\": \"Allow\",\n      \"Action\": [\n        \"ssm:PutParameter\",\n        \"ssm:ListTagsForResource\",\n        \"ssm:GetParameters\",\n        \"ssm:GetParameter\",\n        \"ssm:DescribeParameters\",\n        \"ssm:DeleteParameter\",\n        \"ssm:AddTagsToResource\"\n      ],\n      \"Resource\": \"*\"\n    },\n    {\n      \"Sid\": \"\",\n      \"Effect\": \"Allow\",\n      \"Action\": \"lambda:*\",\n      \"Resource\": \"*\"\n    }\n  ]\n}",
            "override_json": null,
            "override_policy_documents": null,
            "policy_id": null,
            "source_json": null,
            "source_policy_documents": null,
            "statement": [
              {
                "actions": [
                  "lambda:*"
                ],
                "condition": [],
                "effect": "Allow",
                "not_actions": [],
                "not_principals": [],
                "not_resources": [],
                "principals": [],
                "resources": [
                  "*"
                ],
                "sid": ""
              },
              {
                "actions": [
                  "logs:DescribeLogGroups"
                ],
                "condition": [],
                "effect": "Allow",
                "not_actions": [],
                "not_principals": [],
                "not_resources": [],
                "principals": [],
                "resources": [
                  "arn:aws:logs:us-east-1:497607366324:log-group::log-stream:*"
                ],
                "sid": ""
              },
              {
                "actions": [
                  "ssm:AddTagsToResource",
                  "ssm:DeleteParameter",
                  "ssm:DescribeParameters",
                  "ssm:GetParameter",
                  "ssm:GetParameters",
                  "ssm:ListTagsForResource",
                  "ssm:PutParameter"
                ],
                "condition": [],
                "effect": "Allow",
                "not_actions": [],
                "not_principals": [],
                "not_resources": [],
                "principals": [],
                "resources": [
                  "*"
                ],
                "sid": ""
              },
              {
                "actions": [
                  "lambda:*"
                ],
                "condition": [],
                "effect": "Allow",
                "not_actions": [],
                "not_principals": [],
                "not_resources": [],
                "principals": [],
                "resources": [
                  "*"
                ],
                "sid": ""
              }
            ],
            "version": "2012-10-17"
          },
          "sensitive_attributes": []
        }
      ]
    },
    {
      "module": "module.provision_roles",
      "mode": "managed",
      "type": "aws_iam_policy",
      "name": "dev_deployment",
      "provider": "provider[\"registry.terraform.io/hashicorp/aws\"].dev",
      "instances": [
        {
          "schema_version": 0,
          "attributes": {
            "arn": "arn:aws:iam::497607366324:policy/aue1d1z1irpoidhdeploymentoidh",
            "description": "",
            "id": "arn:aws:iam::497607366324:policy/aue1d1z1irpoidhdeploymentoidh",
            "name": "aue1d1z1irpoidhdeploymentoidh",
            "name_prefix": null,
            "path": "/",
            "policy": "{\"Statement\":[{\"Action\":\"lambda:*\",\"Effect\":\"Allow\",\"Resource\":\"*\",\"Sid\":\"\"},{\"Action\":\"logs:DescribeLogGroups\",\"Effect\":\"Allow\",\"Resource\":\"arn:aws:logs:us-east-1:497607366324:log-group::log-stream:*\",\"Sid\":\"\"},{\"Action\":[\"ssm:PutParameter\",\"ssm:ListTagsForResource\",\"ssm:GetParameters\",\"ssm:GetParameter\",\"ssm:DescribeParameters\",\"ssm:DeleteParameter\",\"ssm:AddTagsToResource\"],\"Effect\":\"Allow\",\"Resource\":\"*\",\"Sid\":\"\"},{\"Action\":\"lambda:*\",\"Effect\":\"Allow\",\"Resource\":\"*\",\"Sid\":\"\"}],\"Version\":\"2012-10-17\"}",
            "policy_id": "ANPAXHW5V222L7HBZZOQF",
            "tags": {},
            "tags_all": {}
          },
          "sensitive_attributes": [],
          "private": "bnVsbA==",
          "dependencies": [
            "module.provision_roles.data.aws_iam_policy_document.dev_deploy"
          ]
        }
      ]
    },
    {
      "module": "module.provision_roles",
      "mode": "managed",
      "type": "aws_iam_role",
      "name": "dev_deployment",
      "provider": "provider[\"registry.terraform.io/hashicorp/aws\"].dev",
      "instances": [
        {
          "schema_version": 0,
          "attributes": {
            "arn": "arn:aws:iam::497607366324:role/aue1d1z1irooidhdeploymentoidh",
            "assume_role_policy": "{\"Version\":\"2012-10-17\",\"Statement\":[{\"Sid\":\"\",\"Effect\":\"Allow\",\"Principal\":{\"AWS\":\"arn:aws:iam::522857095635:root\"},\"Action\":\"sts:AssumeRole\"}]}",
            "create_date": "2023-08-14T20:14:59Z",
            "description": "",
            "force_detach_policies": false,
            "id": "aue1d1z1irooidhdeploymentoidh",
            "inline_policy": [
              {
                "name": "",
                "policy": ""
              }
            ],
            "managed_policy_arns": [
              "arn:aws:iam::497607366324:policy/aue1d1z1irpoidhdeploymentoidh"
            ],
            "max_session_duration": 3600,
            "name": "aue1d1z1irooidhdeploymentoidh",
            "name_prefix": "",
            "path": "/",
            "permissions_boundary": null,
            "tags": {
              "Name": "aue1d1z1irooidhdeploymentoidh",
              "app": "oidh",
              "creation_app": "terraform",
              "env": "d1",
              "ledger": "",
              "purpose": "deploymentoidh",
              "site": "aue1",
              "tier": "oidh",
              "zone": "z1"
            },
            "tags_all": {
              "Name": "aue1d1z1irooidhdeploymentoidh",
              "app": "oidh",
              "creation_app": "terraform",
              "env": "d1",
              "ledger": "",
              "purpose": "deploymentoidh",
              "site": "aue1",
              "tier": "oidh",
              "zone": "z1"
            },
            "unique_id": "AROAXHW5V222G5PBOO4X4"
          },
          "sensitive_attributes": [],
          "private": "bnVsbA==",
          "dependencies": [
            "module.provision_roles.data.aws_iam_policy_document.assume_dev_deploy"
          ]
        }
      ]
    },
    {
      "module": "module.provision_roles",
      "mode": "managed",
      "type": "aws_iam_role_policy_attachment",
      "name": "dev_deployment",
      "provider": "provider[\"registry.terraform.io/hashicorp/aws\"].dev",
      "instances": [
        {
          "schema_version": 0,
          "attributes": {
            "id": "aue1d1z1irooidhdeploymentoidh-20230814201522252800000001",
            "policy_arn": "arn:aws:iam::497607366324:policy/aue1d1z1irpoidhdeploymentoidh",
            "role": "aue1d1z1irooidhdeploymentoidh"
          },
          "sensitive_attributes": [],
          "private": "bnVsbA==",
          "dependencies": [
            "module.provision_roles.data.aws_iam_policy_document.dev_deploy",
            "module.provision_roles.aws_iam_policy.dev_deployment",
            "module.provision_roles.aws_iam_role.dev_deployment",
            "module.provision_roles.data.aws_iam_policy_document.assume_dev_deploy"
          ]
        }
      ]
    }
  ]
}
