{
  "version": 4,
  "terraform_version": "1.5.4",
  "serial": 214,
  "lineage": "e10be028-bc44-b5cc-edc2-23247c251d5a",
  "outputs": {},
  "resources": [
    {
      "mode": "data",
      "type": "archive_file",
      "name": "lambda_config_loader_script",
      "provider": "provider[\"registry.terraform.io/hashicorp/archive\"]",
      "instances": [
        {
          "schema_version": 0,
          "attributes": {
            "exclude_symlink_directories": null,
            "excludes": null,
            "id": "f31ac9a5176be0306de5c5ca559917261df4f2dc",
            "output_base64sha256": "pBw7t2GviJibkhHttm46FgldUSOsyfO9I5eOUHGUON0=",
            "output_base64sha512": "dJMUbV/IDEa7ECuTg4CpsQh4yTK9gUGM7rg7ucU5gXdF3yVEuUBah6ovOfQTPba0kuh/v1arpnY9aMGx6oDLqg==",
            "output_file_mode": null,
            "output_md5": "cf2e97d5dc804d90a82c398293f33d35",
            "output_path": "../src/lambda/config-loader/lambda_function.zip",
            "output_sha": "f31ac9a5176be0306de5c5ca559917261df4f2dc",
            "output_sha256": "a41c3bb761af88989b9211edb66e3a16095d5123acc9f3bd23978e50719438dd",
            "output_sha512": "7493146d5fc80c46bb102b938380a9b10878c932bd81418ceeb83bb9c539817745df2544b9405a87aa2f39f4133db6b492e87fbf56aba6763d68c1b1ea80cbaa",
            "output_size": 785,
            "source": [],
            "source_content": null,
            "source_content_filename": null,
            "source_dir": null,
            "source_file": "../src/lambda/config-loader/lambda_function.py",
            "type": "zip"
          },
          "sensitive_attributes": []
        }
      ]
    },
    {
      "mode": "data",
      "type": "aws_caller_identity",
      "name": "current",
      "provider": "provider[\"registry.terraform.io/hashicorp/aws\"]",
      "instances": [
        {
          "schema_version": 0,
          "attributes": {
            "account_id": "847258583865",
            "arn": "arn:aws:iam::847258583865:user/admin2",
            "id": "847258583865",
            "user_id": "AIDA4KREMAM4YVGA4T5YW"
          },
          "sensitive_attributes": []
        }
      ]
    },
    {
      "mode": "data",
      "type": "aws_iam_policy_document",
      "name": "cron_trigger_policy",
      "provider": "provider[\"registry.terraform.io/hashicorp/aws\"]",
      "instances": [
        {
          "schema_version": 0,
          "attributes": {
            "id": "3144248855",
            "json": "{\n  \"Version\": \"2012-10-17\",\n  \"Statement\": [\n    {\n      \"Sid\": \"stfexecaccess\",\n      \"Effect\": \"Allow\",\n      \"Action\": \"states:StartExecution\",\n      \"Resource\": \"arn:aws:states:us-east-1:847258583865:stateMachine:aue1d1z1stmoidhoidh-etlsfn\"\n    }\n  ]\n}",
            "override_policy_documents": null,
            "policy_id": null,
            "source_policy_documents": null,
            "statement": [
              {
                "actions": [
                  "states:StartExecution"
                ],
                "condition": [],
                "effect": "Allow",
                "not_actions": [],
                "not_principals": [],
                "not_resources": [],
                "principals": [],
                "resources": [
                  "arn:aws:states:us-east-1:847258583865:stateMachine:aue1d1z1stmoidhoidh-etlsfn"
                ],
                "sid": "stfexecaccess"
              }
            ],
            "version": "2012-10-17"
          },
          "sensitive_attributes": []
        }
      ]
    },
    {
      "mode": "data",
      "type": "aws_iam_policy_document",
      "name": "etl_sfn_policy",
      "provider": "provider[\"registry.terraform.io/hashicorp/aws\"]",
      "instances": [
        {
          "schema_version": 0,
          "attributes": {
            "id": "2537062085",
            "json": "{\n  \"Version\": \"2012-10-17\",\n  \"Statement\": [\n    {\n      \"Sid\": \"lambdaexec\",\n      \"Effect\": \"Allow\",\n      \"Action\": \"lambda:InvokeFunction\",\n      \"Resource\": [\n        \"arn:aws:lambda:us-east-1:847258583865:function:aue1d1z1lmboidhoidh-lambdaconfigloader:*\",\n        \"arn:aws:lambda:us-east-1:847258583865:function:aue1d1z1lmboidhoidh-lambdaconfigloader\"\n      ]\n    },\n    {\n      \"Sid\": \"glueexec\",\n      \"Effect\": \"Allow\",\n      \"Action\": [\n        \"glue:StartJobRun\",\n        \"glue:GetJobRuns\",\n        \"glue:GetJobRun\",\n        \"glue:BatchStopJobRun\"\n      ],\n      \"Resource\": \"arn:aws:glue:us-east-1:847258583865:job/aue1d1z1gljoidhoidh-ingestjob\"\n    }\n  ]\n}",
            "override_policy_documents": null,
            "policy_id": null,
            "source_policy_documents": null,
            "statement": [
              {
                "actions": [
                  "lambda:InvokeFunction"
                ],
                "condition": [],
                "effect": "Allow",
                "not_actions": [],
                "not_principals": [],
                "not_resources": [],
                "principals": [],
                "resources": [
                  "arn:aws:lambda:us-east-1:847258583865:function:aue1d1z1lmboidhoidh-lambdaconfigloader",
                  "arn:aws:lambda:us-east-1:847258583865:function:aue1d1z1lmboidhoidh-lambdaconfigloader:*"
                ],
                "sid": "lambdaexec"
              },
              {
                "actions": [
                  "glue:BatchStopJobRun",
                  "glue:GetJobRun",
                  "glue:GetJobRuns",
                  "glue:StartJobRun"
                ],
                "condition": [],
                "effect": "Allow",
                "not_actions": [],
                "not_principals": [],
                "not_resources": [],
                "principals": [],
                "resources": [
                  "arn:aws:glue:us-east-1:847258583865:job/aue1d1z1gljoidhoidh-ingestjob"
                ],
                "sid": "glueexec"
              }
            ],
            "version": "2012-10-17"
          },
          "sensitive_attributes": []
        }
      ]
    },
    {
      "mode": "data",
      "type": "aws_iam_policy_document",
      "name": "glue_ingest_job_policy",
      "provider": "provider[\"registry.terraform.io/hashicorp/aws\"]",
      "instances": [
        {
          "schema_version": 0,
          "attributes": {
            "id": "3562022328",
            "json": "{\n  \"Version\": \"2012-10-17\",\n  \"Statement\": [\n    {\n      \"Sid\": \"s3readandwrite\",\n      \"Effect\": \"Allow\",\n      \"Action\": [\n        \"s3:PutObjectVersionTagging\",\n        \"s3:PutObjectTagging\",\n        \"s3:PutObjectRetention\",\n        \"s3:PutObjectLegalHold\",\n        \"s3:PutObject\",\n        \"s3:List*\",\n        \"s3:GetObject*\",\n        \"s3:GetBucket*\",\n        \"s3:DeleteObject*\",\n        \"s3:Abort*\"\n      ],\n      \"Resource\": [\n        \"arn:aws:s3:::aue1d1z1s3boidhoidh-glueartifacts/*\",\n        \"arn:aws:s3:::aue1d1z1s3boidhoidh-glueartifacts\",\n        \"arn:aws:s3:::aue1d1z1s3boidhoidh-datastorage/*\",\n        \"arn:aws:s3:::aue1d1z1s3boidhoidh-datastorage\"\n      ]\n    },\n    {\n      \"Sid\": \"loggroupmanagement\",\n      \"Effect\": \"Allow\",\n      \"Action\": \"logs:AssociateKmsKey\",\n      \"Resource\": \"arn:aws:logs:us-east-1:847258583865:log-group:/aws-glue/jobs/*\"\n    }\n  ]\n}",
            "override_policy_documents": null,
            "policy_id": null,
            "source_policy_documents": null,
            "statement": [
              {
                "actions": [
                  "s3:Abort*",
                  "s3:DeleteObject*",
                  "s3:GetBucket*",
                  "s3:GetObject*",
                  "s3:List*",
                  "s3:PutObject",
                  "s3:PutObjectLegalHold",
                  "s3:PutObjectRetention",
                  "s3:PutObjectTagging",
                  "s3:PutObjectVersionTagging"
                ],
                "condition": [],
                "effect": "Allow",
                "not_actions": [],
                "not_principals": [],
                "not_resources": [],
                "principals": [],
                "resources": [
                  "arn:aws:s3:::aue1d1z1s3boidhoidh-datastorage",
                  "arn:aws:s3:::aue1d1z1s3boidhoidh-datastorage/*",
                  "arn:aws:s3:::aue1d1z1s3boidhoidh-glueartifacts",
                  "arn:aws:s3:::aue1d1z1s3boidhoidh-glueartifacts/*"
                ],
                "sid": "s3readandwrite"
              },
              {
                "actions": [
                  "logs:AssociateKmsKey"
                ],
                "condition": [],
                "effect": "Allow",
                "not_actions": [],
                "not_principals": [],
                "not_resources": [],
                "principals": [],
                "resources": [
                  "arn:aws:logs:us-east-1:847258583865:log-group:/aws-glue/jobs/*"
                ],
                "sid": "loggroupmanagement"
              }
            ],
            "version": "2012-10-17"
          },
          "sensitive_attributes": []
        }
      ]
    },
    {
      "mode": "data",
      "type": "aws_iam_policy_document",
      "name": "lambda_config_loader_policy",
      "provider": "provider[\"registry.terraform.io/hashicorp/aws\"]",
      "instances": [
        {
          "schema_version": 0,
          "attributes": {
            "id": "79630614",
            "json": "{\n  \"Version\": \"2012-10-17\",\n  \"Statement\": [\n    {\n      \"Sid\": \"s3readandwrite\",\n      \"Effect\": \"Allow\",\n      \"Action\": [\n        \"s3:List*\",\n        \"s3:GetObject*\",\n        \"s3:GetBucket*\"\n      ],\n      \"Resource\": [\n        \"arn:aws:s3:::aue1d1z1s3boidhoidh-artifacts/*\",\n        \"arn:aws:s3:::aue1d1z1s3boidhoidh-artifacts\"\n      ]\n    }\n  ]\n}",
            "override_policy_documents": null,
            "policy_id": null,
            "source_policy_documents": null,
            "statement": [
              {
                "actions": [
                  "s3:GetBucket*",
                  "s3:GetObject*",
                  "s3:List*"
                ],
                "condition": [],
                "effect": "Allow",
                "not_actions": [],
                "not_principals": [],
                "not_resources": [],
                "principals": [],
                "resources": [
                  "arn:aws:s3:::aue1d1z1s3boidhoidh-artifacts",
                  "arn:aws:s3:::aue1d1z1s3boidhoidh-artifacts/*"
                ],
                "sid": "s3readandwrite"
              }
            ],
            "version": "2012-10-17"
          },
          "sensitive_attributes": []
        }
      ]
    },
    {
      "mode": "data",
      "type": "aws_ssm_parameters_by_path",
      "name": "redshift_credentials",
      "provider": "provider[\"registry.terraform.io/hashicorp/aws\"]",
      "instances": [
        {
          "schema_version": 0,
          "attributes": {
            "arns": [
              "arn:aws:ssm:us-east-1:847258583865:parameter/secure/aue1/d1/oidh/redshift/jdbc_url",
              "arn:aws:ssm:us-east-1:847258583865:parameter/secure/aue1/d1/oidh/redshift/password",
              "arn:aws:ssm:us-east-1:847258583865:parameter/secure/aue1/d1/oidh/redshift/username"
            ],
            "id": "/secure/aue1/d1/oidh/redshift",
            "names": [
              "/secure/aue1/d1/oidh/redshift/jdbc_url",
              "/secure/aue1/d1/oidh/redshift/password",
              "/secure/aue1/d1/oidh/redshift/username"
            ],
            "path": "/secure/aue1/d1/oidh/redshift",
            "recursive": false,
            "types": [
              "SecureString",
              "SecureString",
              "SecureString"
            ],
            "values": [
              "jdbc:redshift://test-bmls.c97pimp69vg6.us-east-1.redshift.amazonaws.com:5439/dev",
              "Demo12132143215",
              "awsuser"
            ],
            "with_decryption": true
          },
          "sensitive_attributes": []
        }
      ]
    },
    {
      "mode": "data",
      "type": "aws_subnet",
      "name": "connection_subnet",
      "provider": "provider[\"registry.terraform.io/hashicorp/aws\"]",
      "instances": [
        {
          "schema_version": 0,
          "attributes": {
            "arn": "arn:aws:ec2:us-east-1:847258583865:subnet/subnet-030575fa3635d0a07",
            "assign_ipv6_address_on_creation": false,
            "availability_zone": "us-east-1a",
            "availability_zone_id": "use1-az2",
            "available_ip_address_count": 4091,
            "cidr_block": "10.128.128.0/20",
            "customer_owned_ipv4_pool": "",
            "default_for_az": false,
            "enable_dns64": false,
            "enable_lni_at_device_index": 0,
            "enable_resource_name_dns_a_record_on_launch": false,
            "enable_resource_name_dns_aaaa_record_on_launch": false,
            "filter": null,
            "id": "subnet-030575fa3635d0a07",
            "ipv6_cidr_block": "",
            "ipv6_cidr_block_association_id": "",
            "ipv6_native": false,
            "map_customer_owned_ip_on_launch": false,
            "map_public_ip_on_launch": false,
            "outpost_arn": "",
            "owner_id": "847258583865",
            "private_dns_hostname_type_on_launch": "ip-name",
            "state": "available",
            "tags": {
              "Name": "redshift-subnet-private1-us-east-1a"
            },
            "timeouts": null,
            "vpc_id": "vpc-00a119bbdcae88c8c"
          },
          "sensitive_attributes": []
        }
      ]
    },
    {
      "mode": "managed",
      "type": "aws_cloudwatch_event_rule",
      "name": "cron_trigger",
      "provider": "provider[\"registry.terraform.io/hashicorp/aws\"]",
      "instances": [
        {
          "schema_version": 0,
          "attributes": {
            "arn": "arn:aws:events:us-east-1:847258583865:rule/aue1d1z1cwroidhoidh-crontrigger",
            "description": "",
            "event_bus_name": "default",
            "event_pattern": null,
            "id": "aue1d1z1cwroidhoidh-crontrigger",
            "is_enabled": true,
            "name": "aue1d1z1cwroidhoidh-crontrigger",
            "name_prefix": "",
            "role_arn": "",
            "schedule_expression": "cron(0 23 * * ? *)",
            "tags": {
              "Name": "aue1d1z1cwroidhoidh-crontrigger",
              "app": "oidh",
              "creation_app": "terraform",
              "env": "d1",
              "ledger": " ",
              "purpose": "oidh-crontrigger",
              "site": "aue1",
              "tier": "oidh",
              "zone": "z1"
            },
            "tags_all": {
              "Name": "aue1d1z1cwroidhoidh-crontrigger",
              "app": "oidh",
              "creation_app": "terraform",
              "env": "d1",
              "ledger": " ",
              "purpose": "oidh-crontrigger",
              "site": "aue1",
              "tier": "oidh",
              "zone": "z1"
            }
          },
          "sensitive_attributes": [],
          "private": "bnVsbA=="
        }
      ]
    },
    {
      "mode": "managed",
      "type": "aws_cloudwatch_event_target",
      "name": "etl_sfn",
      "provider": "provider[\"registry.terraform.io/hashicorp/aws\"]",
      "instances": [
        {
          "schema_version": 1,
          "attributes": {
            "arn": "arn:aws:states:us-east-1:847258583865:stateMachine:aue1d1z1stmoidhoidh-etlsfn",
            "batch_target": [],
            "dead_letter_config": [],
            "ecs_target": [],
            "event_bus_name": "default",
            "http_target": [],
            "id": "aue1d1z1cwroidhoidh-crontrigger-StartStateMachine",
            "input": "",
            "input_path": "",
            "input_transformer": [],
            "kinesis_target": [],
            "redshift_target": [],
            "retry_policy": [],
            "role_arn": "arn:aws:iam::847258583865:role/aue1d1z1irooidhoidh-crontrigger",
            "rule": "aue1d1z1cwroidhoidh-crontrigger",
            "run_command_targets": [],
            "sagemaker_pipeline_target": [],
            "sqs_target": [],
            "target_id": "StartStateMachine"
          },
          "sensitive_attributes": [],
          "private": "eyJzY2hlbWFfdmVyc2lvbiI6IjEifQ==",
          "dependencies": [
            "aws_cloudwatch_event_rule.cron_trigger",
            "aws_glue_connection.redshift_connection",
            "aws_glue_job.ingest_job",
            "aws_glue_security_configuration.glue_security_config",
            "aws_iam_role.crontrigger_role",
            "aws_iam_role.ingest_glue_job_role",
            "aws_iam_role.lambda_config_loader_role",
            "aws_iam_role.sfn_role",
            "aws_lambda_function.lambda_config_loader",
            "aws_s3_object.glue_artifacts",
            "aws_security_group.glue_connection_sg",
            "aws_sfn_state_machine.sfn_state_machine",
            "data.archive_file.lambda_config_loader_script",
            "data.aws_ssm_parameters_by_path.redshift_credentials",
            "data.aws_subnet.connection_subnet",
            "module.glue_enc_key.aws_kms_key.kms_key",
            "module.glue_enc_key.data.aws_iam_policy_document.key_policy",
            "module.s3_artifacts_bucket.aws_s3_bucket.s3_bucket",
            "module.s3_glue_artifacts_bucket.aws_s3_bucket.s3_bucket"
          ]
        }
      ]
    },
    {
      "mode": "managed",
      "type": "aws_glue_catalog_database",
      "name": "dedup_process_glue_db",
      "provider": "provider[\"registry.terraform.io/hashicorp/aws\"]",
      "instances": [
        {
          "schema_version": 0,
          "attributes": {
            "arn": "arn:aws:glue:us-east-1:847258583865:database/aue1d1z1gldoidhoidh_gluedb",
            "catalog_id": "847258583865",
            "create_table_default_permission": [
              {
                "permissions": [
                  "ALL"
                ],
                "principal": [
                  {
                    "data_lake_principal_identifier": "IAM_ALLOWED_PRINCIPALS"
                  }
                ]
              }
            ],
            "description": "",
            "id": "847258583865:aue1d1z1gldoidhoidh_gluedb",
            "location_uri": "s3://aue1d1z1s3boidhoidh-datastorage/",
            "name": "aue1d1z1gldoidhoidh_gluedb",
            "parameters": null,
            "tags": {
              "Name": "aue1d1z1gldoidhoidh_gluedb",
              "app": "oidh",
              "creation_app": "terraform",
              "env": "d1",
              "ledger": " ",
              "purpose": "oidh_gluedb",
              "site": "aue1",
              "tier": "oidh",
              "zone": "z1"
            },
            "tags_all": {
              "Name": "aue1d1z1gldoidhoidh_gluedb",
              "app": "oidh",
              "creation_app": "terraform",
              "env": "d1",
              "ledger": " ",
              "purpose": "oidh_gluedb",
              "site": "aue1",
              "tier": "oidh",
              "zone": "z1"
            },
            "target_database": []
          },
          "sensitive_attributes": [],
          "private": "bnVsbA==",
          "dependencies": [
            "module.s3_data_bucket.aws_s3_bucket.s3_bucket"
          ]
        }
      ]
    },
    {
      "mode": "managed",
      "type": "aws_glue_connection",
      "name": "redshift_connection",
      "provider": "provider[\"registry.terraform.io/hashicorp/aws\"]",
      "instances": [
        {
          "schema_version": 0,
          "attributes": {
            "arn": "arn:aws:glue:us-east-1:847258583865:connection/aue1d1z1glxoidhoidh-ingestjobconnection",
            "catalog_id": "847258583865",
            "connection_properties": {
              "JDBC_CONNECTION_URL": "jdbc:redshift://test-bmls.c97pimp69vg6.us-east-1.redshift.amazonaws.com:5439/dev",
              "PASSWORD": "Demo12132143215",
              "USERNAME": "awsuser"
            },
            "connection_type": "JDBC",
            "description": "",
            "id": "847258583865:aue1d1z1glxoidhoidh-ingestjobconnection",
            "match_criteria": null,
            "name": "aue1d1z1glxoidhoidh-ingestjobconnection",
            "physical_connection_requirements": [
              {
                "availability_zone": "us-east-1a",
                "security_group_id_list": [
                  "sg-05b62ce9bb1035819"
                ],
                "subnet_id": "subnet-030575fa3635d0a07"
              }
            ],
            "tags": {
              "Name": "aue1d1z1glxoidhoidh-ingestjobconnection",
              "app": "oidh",
              "creation_app": "terraform",
              "env": "d1",
              "ledger": " ",
              "purpose": "oidh-ingestjobconnection",
              "site": "aue1",
              "tier": "oidh",
              "zone": "z1"
            },
            "tags_all": {
              "Name": "aue1d1z1glxoidhoidh-ingestjobconnection",
              "app": "oidh",
              "creation_app": "terraform",
              "env": "d1",
              "ledger": " ",
              "purpose": "oidh-ingestjobconnection",
              "site": "aue1",
              "tier": "oidh",
              "zone": "z1"
            }
          },
          "sensitive_attributes": [
            [
              {
                "type": "get_attr",
                "value": "connection_properties"
              },
              {
                "type": "index",
                "value": {
                  "value": "JDBC_CONNECTION_URL",
                  "type": "string"
                }
              }
            ],
            [
              {
                "type": "get_attr",
                "value": "connection_properties"
              },
              {
                "type": "index",
                "value": {
                  "value": "PASSWORD",
                  "type": "string"
                }
              }
            ],
            [
              {
                "type": "get_attr",
                "value": "connection_properties"
              },
              {
                "type": "index",
                "value": {
                  "value": "USERNAME",
                  "type": "string"
                }
              }
            ]
          ],
          "private": "bnVsbA==",
          "dependencies": [
            "aws_security_group.glue_connection_sg",
            "data.aws_ssm_parameters_by_path.redshift_credentials",
            "data.aws_subnet.connection_subnet"
          ]
        }
      ]
    },
    {
      "mode": "managed",
      "type": "aws_glue_job",
      "name": "ingest_job",
      "provider": "provider[\"registry.terraform.io/hashicorp/aws\"]",
      "instances": [
        {
          "schema_version": 0,
          "attributes": {
            "arn": "arn:aws:glue:us-east-1:847258583865:job/aue1d1z1gljoidhoidh-ingestjob",
            "command": [
              {
                "name": "glueetl",
                "python_version": "3",
                "runtime": "",
                "script_location": "s3://aue1d1z1s3boidhoidh-glueartifacts/scripts/ingest_job.py"
              }
            ],
            "connections": [
              "aue1d1z1glxoidhoidh-ingestjobconnection"
            ],
            "default_arguments": {
              "--class": "GlueApp",
              "--conf": "spark.sql.extensions=io.delta.sql.DeltaSparkSessionExtension --conf spark.sql.catalog.spark_catalog=org.apache.spark.sql.delta.catalog.DeltaCatalog",
              "--enable-auto-scaling": "true",
              "--enable-continuous-cloudwatch-log": "true",
              "--enable-glue-datacatalog": "true",
              "--enable-job-insights": "true",
              "--enable-metrics": "true",
              "--extra-jars": "s3://aue1d1z1s3boidhoidh-glueartifacts/jars/delta-core_2.12-2.3.0.jar,s3://aue1d1z1s3boidhoidh-glueartifacts/jars/delta-storage-2.3.0.jar",
              "--extra-py-files": "s3://aue1d1z1s3boidhoidh-glueartifacts/jars/delta-core_2.12-2.3.0.jar",
              "--job-bookmark-option": "job-bookmark-disable"
            },
            "description": "",
            "execution_class": "",
            "execution_property": [
              {
                "max_concurrent_runs": 4
              }
            ],
            "glue_version": "4.0",
            "id": "aue1d1z1gljoidhoidh-ingestjob",
            "max_capacity": 10,
            "max_retries": 0,
            "name": "aue1d1z1gljoidhoidh-ingestjob",
            "non_overridable_arguments": null,
            "notification_property": [],
            "number_of_workers": 10,
            "role_arn": "arn:aws:iam::847258583865:role/aue1d1z1irooidhoidh-ingestjobrole",
            "security_configuration": "aue1d1z1glsoidhoidh-gluesecurityconfig",
            "tags": {
              "Name": "aue1d1z1gljoidhoidh-ingestjob",
              "app": "oidh",
              "creation_app": "terraform",
              "env": "d1",
              "ledger": " ",
              "purpose": "oidh-ingestjob",
              "site": "aue1",
              "tier": "oidh",
              "zone": "z1"
            },
            "tags_all": {
              "Name": "aue1d1z1gljoidhoidh-ingestjob",
              "app": "oidh",
              "creation_app": "terraform",
              "env": "d1",
              "ledger": " ",
              "purpose": "oidh-ingestjob",
              "site": "aue1",
              "tier": "oidh",
              "zone": "z1"
            },
            "timeout": 60,
            "worker_type": "G.1X"
          },
          "sensitive_attributes": [],
          "private": "bnVsbA==",
          "dependencies": [
            "aws_glue_connection.redshift_connection",
            "aws_glue_security_configuration.glue_security_config",
            "aws_iam_role.ingest_glue_job_role",
            "aws_s3_object.glue_artifacts",
            "aws_security_group.glue_connection_sg",
            "data.aws_ssm_parameters_by_path.redshift_credentials",
            "data.aws_subnet.connection_subnet",
            "module.glue_enc_key.aws_kms_key.kms_key",
            "module.glue_enc_key.data.aws_iam_policy_document.key_policy",
            "module.s3_glue_artifacts_bucket.aws_s3_bucket.s3_bucket"
          ]
        }
      ]
    },
    {
      "mode": "managed",
      "type": "aws_glue_security_configuration",
      "name": "glue_security_config",
      "provider": "provider[\"registry.terraform.io/hashicorp/aws\"]",
      "instances": [
        {
          "schema_version": 0,
          "attributes": {
            "encryption_configuration": [
              {
                "cloudwatch_encryption": [
                  {
                    "cloudwatch_encryption_mode": "SSE-KMS",
                    "kms_key_arn": "arn:aws:kms:us-east-1:847258583865:key/84c87c40-0e7e-4ca8-abca-084dae172a17"
                  }
                ],
                "job_bookmarks_encryption": [
                  {
                    "job_bookmarks_encryption_mode": "CSE-KMS",
                    "kms_key_arn": "arn:aws:kms:us-east-1:847258583865:key/84c87c40-0e7e-4ca8-abca-084dae172a17"
                  }
                ],
                "s3_encryption": [
                  {
                    "kms_key_arn": "",
                    "s3_encryption_mode": "SSE-S3"
                  }
                ]
              }
            ],
            "id": "aue1d1z1glsoidhoidh-gluesecurityconfig",
            "name": "aue1d1z1glsoidhoidh-gluesecurityconfig"
          },
          "sensitive_attributes": [],
          "private": "bnVsbA==",
          "dependencies": [
            "module.glue_enc_key.aws_kms_key.kms_key",
            "module.glue_enc_key.data.aws_iam_policy_document.key_policy"
          ]
        }
      ]
    },
    {
      "mode": "managed",
      "type": "aws_iam_policy",
      "name": "cron_trigger_policy",
      "provider": "provider[\"registry.terraform.io/hashicorp/aws\"]",
      "instances": [
        {
          "schema_version": 0,
          "attributes": {
            "arn": "arn:aws:iam::847258583865:policy/aue1d1z1iploidhoidh-crontriggerpolicy",
            "description": "IAM Policy for the EventBridge cron trigger of the dedupe process etl",
            "id": "arn:aws:iam::847258583865:policy/aue1d1z1iploidhoidh-crontriggerpolicy",
            "name": "aue1d1z1iploidhoidh-crontriggerpolicy",
            "name_prefix": "",
            "path": "/",
            "policy": "{\"Statement\":[{\"Action\":\"states:StartExecution\",\"Effect\":\"Allow\",\"Resource\":\"arn:aws:states:us-east-1:847258583865:stateMachine:aue1d1z1stmoidhoidh-etlsfn\",\"Sid\":\"stfexecaccess\"}],\"Version\":\"2012-10-17\"}",
            "policy_id": "ANPA4KREMAM45AIKYVW73",
            "tags": {
              "Name": "aue1d1z1iploidhoidh-crontriggerpolicy",
              "app": "oidh",
              "creation_app": "terraform",
              "env": "d1",
              "ledger": " ",
              "purpose": "oidh-crontriggerpolicy",
              "site": "aue1",
              "tier": "oidh",
              "zone": "z1"
            },
            "tags_all": {
              "Name": "aue1d1z1iploidhoidh-crontriggerpolicy",
              "app": "oidh",
              "creation_app": "terraform",
              "env": "d1",
              "ledger": " ",
              "purpose": "oidh-crontriggerpolicy",
              "site": "aue1",
              "tier": "oidh",
              "zone": "z1"
            }
          },
          "sensitive_attributes": [],
          "private": "bnVsbA==",
          "dependencies": [
            "aws_glue_connection.redshift_connection",
            "aws_glue_job.ingest_job",
            "aws_glue_security_configuration.glue_security_config",
            "aws_iam_role.ingest_glue_job_role",
            "aws_iam_role.lambda_config_loader_role",
            "aws_iam_role.sfn_role",
            "aws_lambda_function.lambda_config_loader",
            "aws_s3_object.glue_artifacts",
            "aws_security_group.glue_connection_sg",
            "aws_sfn_state_machine.sfn_state_machine",
            "data.archive_file.lambda_config_loader_script",
            "data.aws_iam_policy_document.cron_trigger_policy",
            "data.aws_ssm_parameters_by_path.redshift_credentials",
            "data.aws_subnet.connection_subnet",
            "module.glue_enc_key.aws_kms_key.kms_key",
            "module.glue_enc_key.data.aws_iam_policy_document.key_policy",
            "module.s3_artifacts_bucket.aws_s3_bucket.s3_bucket",
            "module.s3_glue_artifacts_bucket.aws_s3_bucket.s3_bucket"
          ]
        }
      ]
    },
    {
      "mode": "managed",
      "type": "aws_iam_policy",
      "name": "etl_sfn_policy",
      "provider": "provider[\"registry.terraform.io/hashicorp/aws\"]",
      "instances": [
        {
          "schema_version": 0,
          "attributes": {
            "arn": "arn:aws:iam::847258583865:policy/aue1d1z1iploidhoidh-etlsfnpolicy",
            "description": "IAM Policy for the orchestration Step Function",
            "id": "arn:aws:iam::847258583865:policy/aue1d1z1iploidhoidh-etlsfnpolicy",
            "name": "aue1d1z1iploidhoidh-etlsfnpolicy",
            "name_prefix": "",
            "path": "/",
            "policy": "{\"Statement\":[{\"Action\":\"lambda:InvokeFunction\",\"Effect\":\"Allow\",\"Resource\":[\"arn:aws:lambda:us-east-1:847258583865:function:aue1d1z1lmboidhoidh-lambdaconfigloader:*\",\"arn:aws:lambda:us-east-1:847258583865:function:aue1d1z1lmboidhoidh-lambdaconfigloader\"],\"Sid\":\"lambdaexec\"},{\"Action\":[\"glue:StartJobRun\",\"glue:GetJobRuns\",\"glue:GetJobRun\",\"glue:BatchStopJobRun\"],\"Effect\":\"Allow\",\"Resource\":\"arn:aws:glue:us-east-1:847258583865:job/aue1d1z1gljoidhoidh-ingestjob\",\"Sid\":\"glueexec\"}],\"Version\":\"2012-10-17\"}",
            "policy_id": "ANPA4KREMAM4VQ72OEA4J",
            "tags": {
              "Name": "aue1d1z1iploidhoidh-etlsfnpolicy",
              "app": "oidh",
              "creation_app": "terraform",
              "env": "d1",
              "ledger": " ",
              "purpose": "oidh-etlsfnpolicy",
              "site": "aue1",
              "tier": "oidh",
              "zone": "z1"
            },
            "tags_all": {
              "Name": "aue1d1z1iploidhoidh-etlsfnpolicy",
              "app": "oidh",
              "creation_app": "terraform",
              "env": "d1",
              "ledger": " ",
              "purpose": "oidh-etlsfnpolicy",
              "site": "aue1",
              "tier": "oidh",
              "zone": "z1"
            }
          },
          "sensitive_attributes": [],
          "private": "bnVsbA==",
          "dependencies": [
            "aws_glue_connection.redshift_connection",
            "aws_glue_job.ingest_job",
            "aws_glue_security_configuration.glue_security_config",
            "aws_iam_role.ingest_glue_job_role",
            "aws_iam_role.lambda_config_loader_role",
            "aws_lambda_function.lambda_config_loader",
            "aws_s3_object.glue_artifacts",
            "aws_security_group.glue_connection_sg",
            "data.archive_file.lambda_config_loader_script",
            "data.aws_iam_policy_document.etl_sfn_policy",
            "data.aws_ssm_parameters_by_path.redshift_credentials",
            "data.aws_subnet.connection_subnet",
            "module.glue_enc_key.aws_kms_key.kms_key",
            "module.glue_enc_key.data.aws_iam_policy_document.key_policy",
            "module.s3_artifacts_bucket.aws_s3_bucket.s3_bucket",
            "module.s3_glue_artifacts_bucket.aws_s3_bucket.s3_bucket"
          ]
        }
      ]
    },
    {
      "mode": "managed",
      "type": "aws_iam_policy",
      "name": "glue_ingest_policy",
      "provider": "provider[\"registry.terraform.io/hashicorp/aws\"]",
      "instances": [
        {
          "schema_version": 0,
          "attributes": {
            "arn": "arn:aws:iam::847258583865:policy/aue1d1z1iploidhoidh-glueingestpolicy",
            "description": "IAM Policy for the Glue ingest job",
            "id": "arn:aws:iam::847258583865:policy/aue1d1z1iploidhoidh-glueingestpolicy",
            "name": "aue1d1z1iploidhoidh-glueingestpolicy",
            "name_prefix": "",
            "path": "/",
            "policy": "{\"Statement\":[{\"Action\":[\"s3:PutObjectVersionTagging\",\"s3:PutObjectTagging\",\"s3:PutObjectRetention\",\"s3:PutObjectLegalHold\",\"s3:PutObject\",\"s3:List*\",\"s3:GetObject*\",\"s3:GetBucket*\",\"s3:DeleteObject*\",\"s3:Abort*\"],\"Effect\":\"Allow\",\"Resource\":[\"arn:aws:s3:::aue1d1z1s3boidhoidh-glueartifacts/*\",\"arn:aws:s3:::aue1d1z1s3boidhoidh-glueartifacts\",\"arn:aws:s3:::aue1d1z1s3boidhoidh-datastorage/*\",\"arn:aws:s3:::aue1d1z1s3boidhoidh-datastorage\"],\"Sid\":\"s3readandwrite\"},{\"Action\":\"logs:AssociateKmsKey\",\"Effect\":\"Allow\",\"Resource\":\"arn:aws:logs:us-east-1:847258583865:log-group:/aws-glue/jobs/*\",\"Sid\":\"loggroupmanagement\"}],\"Version\":\"2012-10-17\"}",
            "policy_id": "ANPA4KREMAM4R2HYNGC7J",
            "tags": {
              "Name": "aue1d1z1iploidhoidh-glueingestpolicy",
              "app": "oidh",
              "creation_app": "terraform",
              "env": "d1",
              "ledger": " ",
              "purpose": "oidh-glueingestpolicy",
              "site": "aue1",
              "tier": "oidh",
              "zone": "z1"
            },
            "tags_all": {
              "Name": "aue1d1z1iploidhoidh-glueingestpolicy",
              "app": "oidh",
              "creation_app": "terraform",
              "env": "d1",
              "ledger": " ",
              "purpose": "oidh-glueingestpolicy",
              "site": "aue1",
              "tier": "oidh",
              "zone": "z1"
            }
          },
          "sensitive_attributes": [],
          "private": "bnVsbA==",
          "dependencies": [
            "data.aws_caller_identity.current",
            "data.aws_iam_policy_document.glue_ingest_job_policy",
            "module.s3_data_bucket.aws_s3_bucket.s3_bucket",
            "module.s3_glue_artifacts_bucket.aws_s3_bucket.s3_bucket"
          ]
        }
      ]
    },
    {
      "mode": "managed",
      "type": "aws_iam_policy",
      "name": "lambda_config_loader_policy",
      "provider": "provider[\"registry.terraform.io/hashicorp/aws\"]",
      "instances": [
        {
          "schema_version": 0,
          "attributes": {
            "arn": "arn:aws:iam::847258583865:policy/aue1d1z1iploidhoidh-lambdaconfigloaderpolicy",
            "description": "IAM Policy for the Lambda configuration loader function",
            "id": "arn:aws:iam::847258583865:policy/aue1d1z1iploidhoidh-lambdaconfigloaderpolicy",
            "name": "aue1d1z1iploidhoidh-lambdaconfigloaderpolicy",
            "name_prefix": "",
            "path": "/",
            "policy": "{\"Statement\":[{\"Action\":[\"s3:List*\",\"s3:GetObject*\",\"s3:GetBucket*\"],\"Effect\":\"Allow\",\"Resource\":[\"arn:aws:s3:::aue1d1z1s3boidhoidh-artifacts/*\",\"arn:aws:s3:::aue1d1z1s3boidhoidh-artifacts\"],\"Sid\":\"s3readandwrite\"}],\"Version\":\"2012-10-17\"}",
            "policy_id": "ANPA4KREMAM4XK5KX3S7F",
            "tags": {
              "Name": "aue1d1z1iploidhoidh-lambdaconfigloaderpolicy",
              "app": "oidh",
              "creation_app": "terraform",
              "env": "d1",
              "ledger": " ",
              "purpose": "oidh-lambdaconfigloaderpolicy",
              "site": "aue1",
              "tier": "oidh",
              "zone": "z1"
            },
            "tags_all": {
              "Name": "aue1d1z1iploidhoidh-lambdaconfigloaderpolicy",
              "app": "oidh",
              "creation_app": "terraform",
              "env": "d1",
              "ledger": " ",
              "purpose": "oidh-lambdaconfigloaderpolicy",
              "site": "aue1",
              "tier": "oidh",
              "zone": "z1"
            }
          },
          "sensitive_attributes": [],
          "private": "bnVsbA==",
          "dependencies": [
            "data.aws_iam_policy_document.lambda_config_loader_policy",
            "module.s3_artifacts_bucket.aws_s3_bucket.s3_bucket"
          ]
        }
      ]
    },
    {
      "mode": "managed",
      "type": "aws_iam_role",
      "name": "crontrigger_role",
      "provider": "provider[\"registry.terraform.io/hashicorp/aws\"]",
      "instances": [
        {
          "schema_version": 0,
          "attributes": {
            "arn": "arn:aws:iam::847258583865:role/aue1d1z1irooidhoidh-crontrigger",
            "assume_role_policy": "{\"Statement\":[{\"Action\":[\"sts:AssumeRole\"],\"Effect\":\"Allow\",\"Principal\":{\"Service\":\"events.amazonaws.com\"},\"Sid\":\"CronTriggerAssumeRole\"}],\"Version\":\"2012-10-17\"}",
            "create_date": "2023-08-16T16:12:15Z",
            "description": "",
            "force_detach_policies": false,
            "id": "aue1d1z1irooidhoidh-crontrigger",
            "inline_policy": [],
            "managed_policy_arns": [],
            "max_session_duration": 3600,
            "name": "aue1d1z1irooidhoidh-crontrigger",
            "name_prefix": "",
            "path": "/",
            "permissions_boundary": null,
            "tags": {
              "Name": "aue1d1z1irooidhoidh-crontrigger",
              "app": "oidh",
              "creation_app": "terraform",
              "env": "d1",
              "ledger": " ",
              "purpose": "oidh-crontrigger",
              "site": "aue1",
              "tier": "oidh",
              "zone": "z1"
            },
            "tags_all": {
              "Name": "aue1d1z1irooidhoidh-crontrigger",
              "app": "oidh",
              "creation_app": "terraform",
              "env": "d1",
              "ledger": " ",
              "purpose": "oidh-crontrigger",
              "site": "aue1",
              "tier": "oidh",
              "zone": "z1"
            },
            "unique_id": "AROA4KREMAM424KCUQVZE"
          },
          "sensitive_attributes": [],
          "private": "bnVsbA=="
        }
      ]
    },
    {
      "mode": "managed",
      "type": "aws_iam_role",
      "name": "ingest_glue_job_role",
      "provider": "provider[\"registry.terraform.io/hashicorp/aws\"]",
      "instances": [
        {
          "schema_version": 0,
          "attributes": {
            "arn": "arn:aws:iam::847258583865:role/aue1d1z1irooidhoidh-ingestjobrole",
            "assume_role_policy": "{\"Statement\":[{\"Action\":[\"sts:AssumeRole\"],\"Effect\":\"Allow\",\"Principal\":{\"Service\":\"glue.amazonaws.com\"},\"Sid\":\"GlueAssumeRole\"}],\"Version\":\"2012-10-17\"}",
            "create_date": "2023-08-16T16:12:15Z",
            "description": "",
            "force_detach_policies": false,
            "id": "aue1d1z1irooidhoidh-ingestjobrole",
            "inline_policy": [],
            "managed_policy_arns": [],
            "max_session_duration": 3600,
            "name": "aue1d1z1irooidhoidh-ingestjobrole",
            "name_prefix": "",
            "path": "/",
            "permissions_boundary": null,
            "tags": {
              "Name": "aue1d1z1irooidhoidh-ingestjobrole",
              "app": "oidh",
              "creation_app": "terraform",
              "env": "d1",
              "ledger": " ",
              "purpose": "oidh-ingestjobrole",
              "site": "aue1",
              "tier": "oidh",
              "zone": "z1"
            },
            "tags_all": {
              "Name": "aue1d1z1irooidhoidh-ingestjobrole",
              "app": "oidh",
              "creation_app": "terraform",
              "env": "d1",
              "ledger": " ",
              "purpose": "oidh-ingestjobrole",
              "site": "aue1",
              "tier": "oidh",
              "zone": "z1"
            },
            "unique_id": "AROA4KREMAM45DQJIZBHC"
          },
          "sensitive_attributes": [],
          "private": "bnVsbA=="
        }
      ]
    },
    {
      "mode": "managed",
      "type": "aws_iam_role",
      "name": "lambda_config_loader_role",
      "provider": "provider[\"registry.terraform.io/hashicorp/aws\"]",
      "instances": [
        {
          "schema_version": 0,
          "attributes": {
            "arn": "arn:aws:iam::847258583865:role/aue1d1z1irooidhoidh-lambdaconfigloader",
            "assume_role_policy": "{\"Statement\":[{\"Action\":[\"sts:AssumeRole\"],\"Effect\":\"Allow\",\"Principal\":{\"Service\":\"lambda.amazonaws.com\"},\"Sid\":\"LambdaAssumeRole\"}],\"Version\":\"2012-10-17\"}",
            "create_date": "2023-08-16T16:12:15Z",
            "description": "",
            "force_detach_policies": false,
            "id": "aue1d1z1irooidhoidh-lambdaconfigloader",
            "inline_policy": [],
            "managed_policy_arns": [],
            "max_session_duration": 3600,
            "name": "aue1d1z1irooidhoidh-lambdaconfigloader",
            "name_prefix": "",
            "path": "/",
            "permissions_boundary": null,
            "tags": {
              "Name": "aue1d1z1irooidhoidh-lambdaconfigloader",
              "app": "oidh",
              "creation_app": "terraform",
              "env": "d1",
              "ledger": " ",
              "purpose": "oidh-lambdaconfigloader",
              "site": "aue1",
              "tier": "oidh",
              "zone": "z1"
            },
            "tags_all": {
              "Name": "aue1d1z1irooidhoidh-lambdaconfigloader",
              "app": "oidh",
              "creation_app": "terraform",
              "env": "d1",
              "ledger": " ",
              "purpose": "oidh-lambdaconfigloader",
              "site": "aue1",
              "tier": "oidh",
              "zone": "z1"
            },
            "unique_id": "AROA4KREMAM4YLGMVUJBC"
          },
          "sensitive_attributes": [],
          "private": "bnVsbA=="
        }
      ]
    },
    {
      "mode": "managed",
      "type": "aws_iam_role",
      "name": "sfn_role",
      "provider": "provider[\"registry.terraform.io/hashicorp/aws\"]",
      "instances": [
        {
          "schema_version": 0,
          "attributes": {
            "arn": "arn:aws:iam::847258583865:role/aue1d1z1irooidhoidh-etlsfn",
            "assume_role_policy": "{\"Statement\":[{\"Action\":[\"sts:AssumeRole\"],\"Effect\":\"Allow\",\"Principal\":{\"Service\":\"states.amazonaws.com\"},\"Sid\":\"SfnAssumeRole\"}],\"Version\":\"2012-10-17\"}",
            "create_date": "2023-08-16T16:12:15Z",
            "description": "",
            "force_detach_policies": false,
            "id": "aue1d1z1irooidhoidh-etlsfn",
            "inline_policy": [],
            "managed_policy_arns": [],
            "max_session_duration": 3600,
            "name": "aue1d1z1irooidhoidh-etlsfn",
            "name_prefix": "",
            "path": "/",
            "permissions_boundary": null,
            "tags": {
              "Name": "aue1d1z1irooidhoidh-etlsfn",
              "app": "oidh",
              "creation_app": "terraform",
              "env": "d1",
              "ledger": " ",
              "purpose": "oidh-etlsfn",
              "site": "aue1",
              "tier": "oidh",
              "zone": "z1"
            },
            "tags_all": {
              "Name": "aue1d1z1irooidhoidh-etlsfn",
              "app": "oidh",
              "creation_app": "terraform",
              "env": "d1",
              "ledger": " ",
              "purpose": "oidh-etlsfn",
              "site": "aue1",
              "tier": "oidh",
              "zone": "z1"
            },
            "unique_id": "AROA4KREMAM4S46YVAMXN"
          },
          "sensitive_attributes": [],
          "private": "bnVsbA=="
        }
      ]
    },
    {
      "mode": "managed",
      "type": "aws_iam_role_policy_attachment",
      "name": "cron_trigger_policy_attachement",
      "provider": "provider[\"registry.terraform.io/hashicorp/aws\"]",
      "instances": [
        {
          "schema_version": 0,
          "attributes": {
            "id": "aue1d1z1irooidhoidh-crontrigger-20230816161304577500000006",
            "policy_arn": "arn:aws:iam::847258583865:policy/aue1d1z1iploidhoidh-crontriggerpolicy",
            "role": "aue1d1z1irooidhoidh-crontrigger"
          },
          "sensitive_attributes": [],
          "private": "bnVsbA==",
          "dependencies": [
            "aws_glue_connection.redshift_connection",
            "aws_glue_job.ingest_job",
            "aws_glue_security_configuration.glue_security_config",
            "aws_iam_policy.cron_trigger_policy",
            "aws_iam_role.crontrigger_role",
            "aws_iam_role.ingest_glue_job_role",
            "aws_iam_role.lambda_config_loader_role",
            "aws_iam_role.sfn_role",
            "aws_lambda_function.lambda_config_loader",
            "aws_s3_object.glue_artifacts",
            "aws_security_group.glue_connection_sg",
            "aws_sfn_state_machine.sfn_state_machine",
            "data.archive_file.lambda_config_loader_script",
            "data.aws_iam_policy_document.cron_trigger_policy",
            "data.aws_ssm_parameters_by_path.redshift_credentials",
            "data.aws_subnet.connection_subnet",
            "module.glue_enc_key.aws_kms_key.kms_key",
            "module.glue_enc_key.data.aws_iam_policy_document.key_policy",
            "module.s3_artifacts_bucket.aws_s3_bucket.s3_bucket",
            "module.s3_glue_artifacts_bucket.aws_s3_bucket.s3_bucket"
          ]
        }
      ]
    },
    {
      "mode": "managed",
      "type": "aws_iam_role_policy_attachment",
      "name": "etl_sfn_policy_attachement",
      "provider": "provider[\"registry.terraform.io/hashicorp/aws\"]",
      "instances": [
        {
          "schema_version": 0,
          "attributes": {
            "id": "aue1d1z1irooidhoidh-etlsfn-20230816161303648800000005",
            "policy_arn": "arn:aws:iam::847258583865:policy/aue1d1z1iploidhoidh-etlsfnpolicy",
            "role": "aue1d1z1irooidhoidh-etlsfn"
          },
          "sensitive_attributes": [],
          "private": "bnVsbA==",
          "dependencies": [
            "aws_glue_connection.redshift_connection",
            "aws_glue_job.ingest_job",
            "aws_glue_security_configuration.glue_security_config",
            "aws_iam_policy.etl_sfn_policy",
            "aws_iam_role.ingest_glue_job_role",
            "aws_iam_role.lambda_config_loader_role",
            "aws_iam_role.sfn_role",
            "aws_lambda_function.lambda_config_loader",
            "aws_s3_object.glue_artifacts",
            "aws_security_group.glue_connection_sg",
            "data.archive_file.lambda_config_loader_script",
            "data.aws_iam_policy_document.etl_sfn_policy",
            "data.aws_ssm_parameters_by_path.redshift_credentials",
            "data.aws_subnet.connection_subnet",
            "module.glue_enc_key.aws_kms_key.kms_key",
            "module.glue_enc_key.data.aws_iam_policy_document.key_policy",
            "module.s3_artifacts_bucket.aws_s3_bucket.s3_bucket",
            "module.s3_glue_artifacts_bucket.aws_s3_bucket.s3_bucket"
          ]
        }
      ]
    },
    {
      "mode": "managed",
      "type": "aws_iam_role_policy_attachment",
      "name": "glue_policy_attachement",
      "provider": "provider[\"registry.terraform.io/hashicorp/aws\"]",
      "instances": [
        {
          "schema_version": 0,
          "attributes": {
            "id": "aue1d1z1irooidhoidh-ingestjobrole-20230816161251883100000004",
            "policy_arn": "arn:aws:iam::847258583865:policy/aue1d1z1iploidhoidh-glueingestpolicy",
            "role": "aue1d1z1irooidhoidh-ingestjobrole"
          },
          "sensitive_attributes": [],
          "private": "bnVsbA==",
          "dependencies": [
            "aws_iam_policy.glue_ingest_policy",
            "aws_iam_role.ingest_glue_job_role",
            "data.aws_caller_identity.current",
            "data.aws_iam_policy_document.glue_ingest_job_policy",
            "module.s3_data_bucket.aws_s3_bucket.s3_bucket",
            "module.s3_glue_artifacts_bucket.aws_s3_bucket.s3_bucket"
          ]
        }
      ]
    },
    {
      "mode": "managed",
      "type": "aws_iam_role_policy_attachment",
      "name": "glue_service_policy_attachement",
      "provider": "provider[\"registry.terraform.io/hashicorp/aws\"]",
      "instances": [
        {
          "schema_version": 0,
          "attributes": {
            "id": "aue1d1z1irooidhoidh-ingestjobrole-20230816161247709600000002",
            "policy_arn": "arn:aws:iam::aws:policy/service-role/AWSGlueServiceRole",
            "role": "aue1d1z1irooidhoidh-ingestjobrole"
          },
          "sensitive_attributes": [],
          "private": "bnVsbA==",
          "dependencies": [
            "aws_iam_role.ingest_glue_job_role"
          ]
        }
      ]
    },
    {
      "mode": "managed",
      "type": "aws_iam_role_policy_attachment",
      "name": "lambda_basic_exec_policy_attachement",
      "provider": "provider[\"registry.terraform.io/hashicorp/aws\"]",
      "instances": [
        {
          "schema_version": 0,
          "attributes": {
            "id": "aue1d1z1irooidhoidh-lambdaconfigloader-20230816161247698200000001",
            "policy_arn": "arn:aws:iam::aws:policy/service-role/AWSLambdaBasicExecutionRole",
            "role": "aue1d1z1irooidhoidh-lambdaconfigloader"
          },
          "sensitive_attributes": [],
          "private": "bnVsbA==",
          "dependencies": [
            "aws_iam_role.lambda_config_loader_role"
          ]
        }
      ]
    },
    {
      "mode": "managed",
      "type": "aws_iam_role_policy_attachment",
      "name": "lambda_config_loader_policy_attachement",
      "provider": "provider[\"registry.terraform.io/hashicorp/aws\"]",
      "instances": [
        {
          "schema_version": 0,
          "attributes": {
            "id": "aue1d1z1irooidhoidh-lambdaconfigloader-20230816161251465600000003",
            "policy_arn": "arn:aws:iam::847258583865:policy/aue1d1z1iploidhoidh-lambdaconfigloaderpolicy",
            "role": "aue1d1z1irooidhoidh-lambdaconfigloader"
          },
          "sensitive_attributes": [],
          "private": "bnVsbA==",
          "dependencies": [
            "aws_iam_policy.lambda_config_loader_policy",
            "aws_iam_role.lambda_config_loader_role",
            "data.aws_iam_policy_document.lambda_config_loader_policy",
            "module.s3_artifacts_bucket.aws_s3_bucket.s3_bucket"
          ]
        }
      ]
    },
    {
      "mode": "managed",
      "type": "aws_kms_grant",
      "name": "grant_read_data",
      "provider": "provider[\"registry.terraform.io/hashicorp/aws\"]",
      "instances": [
        {
          "schema_version": 0,
          "attributes": {
            "constraints": [],
            "grant_creation_tokens": null,
            "grant_id": "7f195e94d715845c2b68b56f3ba2eba91807103809fb79a5e2df559885036025",
            "grant_token": "AQpAZTZmYjE0NTAzZTA4MzE1ZmY0NGJjYWE2MTM0M2RjY2ZhNjAyYjc1OGRkZGQ0MjhhMTdmZWQyMTdkNjBiODQyNyKMAgEBAgB45vsUUD4IMV_0S8qmE0Pcz6YCt1jd3UKKF_7SF9YLhCcAAADjMIHgBgkqhkiG9w0BBwaggdIwgc8CAQAwgckGCSqGSIb3DQEHATAeBglghkgBZQMEAS4wEQQM9ekRNkB3gm8u3C-LAgEQgIGb9lLCaLqzPSQ5ZDV81xRS4XWyBhSBNKk1oZTFuuTQZe2ry1QchGLuaF5ObDoD9zFR9tzs61KTFaVqyK_aHez_gsWATJHn8WeLGEFfVzLsVXrRgUJNXE-68d0f5KmpbTgoJNhbCJIsJR2q5Vaif6JRlkpvGc0Rcc5MzXBDMCectNaICy_3D1O6LenCNCiuvDfJ4lAD4ekSXWxdu5UqIH8ZXpTXFYRcK2i1bzui66kYBxA4Cft5peLfVZiFA2Al",
            "grantee_principal": "arn:aws:iam::847258583865:role/aue1d1z1irooidhoidh-ingestjobrole",
            "id": "c8682d4e-c701-48ec-9e59-8f2818d50448:7f195e94d715845c2b68b56f3ba2eba91807103809fb79a5e2df559885036025",
            "key_id": "c8682d4e-c701-48ec-9e59-8f2818d50448",
            "name": null,
            "operations": [
              "Decrypt",
              "Encrypt",
              "GenerateDataKey"
            ],
            "retire_on_delete": false,
            "retiring_principal": null
          },
          "sensitive_attributes": [],
          "private": "bnVsbA==",
          "dependencies": [
            "aws_iam_role.ingest_glue_job_role",
            "module.data_key.aws_kms_key.kms_key",
            "module.data_key.data.aws_iam_policy_document.key_policy"
          ]
        }
      ]
    },
    {
      "mode": "managed",
      "type": "aws_kms_grant",
      "name": "grant_read_data_ingest",
      "provider": "provider[\"registry.terraform.io/hashicorp/aws\"]",
      "instances": [
        {
          "schema_version": 0,
          "attributes": {
            "constraints": [],
            "grant_creation_tokens": null,
            "grant_id": "6d311ff22f09b548dd4c31a0717c15782809029f18973ee5e9d361b8d3e72dec",
            "grant_token": "AQpAZTZmYjE0NTAzZTA4MzE1ZmY0NGJjYWE2MTM0M2RjY2ZhNjAyYjc1OGRkZGQ0MjhhMTdmZWQyMTdkNjBiODQyNyKIAgEBAgB45vsUUD4IMV_0S8qmE0Pcz6YCt1jd3UKKF_7SF9YLhCcAAADfMIHcBgkqhkiG9w0BBwaggc4wgcsCAQAwgcUGCSqGSIb3DQEHATAeBglghkgBZQMEAS4wEQQMJDaTl1lK0mW014XQAgEQgIGX49zDkxN-BNmwOqRPQI8Ks2s8sFeamCbY-2xGgxkSD6b-xUdKfzEOwBuEk8UWlfE_92m6oJJmZRpVtH3sGkGUt5vT4OqAL5j0n9mQFfvyZ91JGL1r_wF4UkSpB1S1CYpu2-5KS_onRNdiWjsJEWJdhwmCRSja1OvnzGpXjZpQyBCNBEigtTQGzUBT5YwHPB7LbdE4iL1HdCogbTEf8i8JtUjdTDGgcXwVeCgJAp8Ylz7l6dNhuNPnLew",
            "grantee_principal": "arn:aws:iam::847258583865:role/aue1d1z1irooidhoidh-lambdaconfigloader",
            "id": "c8682d4e-c701-48ec-9e59-8f2818d50448:6d311ff22f09b548dd4c31a0717c15782809029f18973ee5e9d361b8d3e72dec",
            "key_id": "c8682d4e-c701-48ec-9e59-8f2818d50448",
            "name": null,
            "operations": [
              "Decrypt"
            ],
            "retire_on_delete": false,
            "retiring_principal": null
          },
          "sensitive_attributes": [],
          "private": "bnVsbA==",
          "dependencies": [
            "aws_iam_role.lambda_config_loader_role",
            "module.data_key.aws_kms_key.kms_key",
            "module.data_key.data.aws_iam_policy_document.key_policy"
          ]
        }
      ]
    },
    {
      "mode": "managed",
      "type": "aws_kms_grant",
      "name": "grant_read_glue_artifacts",
      "provider": "provider[\"registry.terraform.io/hashicorp/aws\"]",
      "instances": [
        {
          "schema_version": 0,
          "attributes": {
            "constraints": [],
            "grant_creation_tokens": null,
            "grant_id": "e424fb333c2f06cf40807ff127dce682824a14564702771bd2f61bfec92d0bb1",
            "grant_token": "AQpAZTZmYjE0NTAzZTA4MzE1ZmY0NGJjYWE2MTM0M2RjY2ZhNjAyYjc1OGRkZGQ0MjhhMTdmZWQyMTdkNjBiODQyNyKMAgEBAgB45vsUUD4IMV_0S8qmE0Pcz6YCt1jd3UKKF_7SF9YLhCcAAADjMIHgBgkqhkiG9w0BBwaggdIwgc8CAQAwgckGCSqGSIb3DQEHATAeBglghkgBZQMEAS4wEQQMUTDKrtgWJwravd5OAgEQgIGbtbd_qQXHd9eQzVO38XISdeIdkIW29oFHTorVfSYTQFRveGQcIKnHOCSmWQWdoycUL4aBRzceBiH6V0HoQUIf8aBefkeeOX6holi22Sse_CX3wpJ5O422A077NNWsSGWjEwbW9HlFmtBuq9VkTv0XVlyYxeEZqS8_e3wY1pinc0FcXs9KIjMFlMH37TtyU_BmHz5A-E4P_Zbuh8gqIOQk-zM8LwbPQIB_8Sfc5oKCShRWRwJ3G9L2G_7JLQux",
            "grantee_principal": "arn:aws:iam::847258583865:role/aue1d1z1irooidhoidh-ingestjobrole",
            "id": "84c87c40-0e7e-4ca8-abca-084dae172a17:e424fb333c2f06cf40807ff127dce682824a14564702771bd2f61bfec92d0bb1",
            "key_id": "84c87c40-0e7e-4ca8-abca-084dae172a17",
            "name": null,
            "operations": [
              "Decrypt",
              "Encrypt",
              "GenerateDataKey"
            ],
            "retire_on_delete": false,
            "retiring_principal": null
          },
          "sensitive_attributes": [],
          "private": "bnVsbA==",
          "dependencies": [
            "aws_iam_role.ingest_glue_job_role",
            "module.glue_enc_key.aws_kms_key.kms_key",
            "module.glue_enc_key.data.aws_iam_policy_document.key_policy"
          ]
        }
      ]
    },
    {
      "mode": "managed",
      "type": "aws_lambda_function",
      "name": "lambda_config_loader",
      "provider": "provider[\"registry.terraform.io/hashicorp/aws\"]",
      "instances": [
        {
          "schema_version": 0,
          "attributes": {
            "architectures": [
              "x86_64"
            ],
            "arn": "arn:aws:lambda:us-east-1:847258583865:function:aue1d1z1lmboidhoidh-lambdaconfigloader",
            "code_signing_config_arn": "",
            "dead_letter_config": [],
            "description": "Configuration loader for the OIDH dedup process",
            "environment": [
              {
                "variables": {
                  "ARTIFACTS_BUCKET": "aue1d1z1s3boidhoidh-artifacts",
                  "ETL_CONFIG_KEY": "config/ingest_config.json"
                }
              }
            ],
            "ephemeral_storage": [
              {
                "size": 512
              }
            ],
            "file_system_config": [],
            "filename": "../src/lambda/config-loader/lambda_function.zip",
            "function_name": "aue1d1z1lmboidhoidh-lambdaconfigloader",
            "handler": "lambda_function.lambda_handler",
            "id": "aue1d1z1lmboidhoidh-lambdaconfigloader",
            "image_config": [],
            "image_uri": "",
            "invoke_arn": "arn:aws:apigateway:us-east-1:lambda:path/2015-03-31/functions/arn:aws:lambda:us-east-1:847258583865:function:aue1d1z1lmboidhoidh-lambdaconfigloader/invocations",
            "kms_key_arn": "",
            "last_modified": "2023-08-16T16:12:23.321+0000",
            "layers": null,
            "memory_size": 256,
            "package_type": "Zip",
            "publish": false,
            "qualified_arn": "arn:aws:lambda:us-east-1:847258583865:function:aue1d1z1lmboidhoidh-lambdaconfigloader:$LATEST",
            "qualified_invoke_arn": "arn:aws:apigateway:us-east-1:lambda:path/2015-03-31/functions/arn:aws:lambda:us-east-1:847258583865:function:aue1d1z1lmboidhoidh-lambdaconfigloader:$LATEST/invocations",
            "replace_security_groups_on_destroy": null,
            "replacement_security_group_ids": null,
            "reserved_concurrent_executions": 10,
            "role": "arn:aws:iam::847258583865:role/aue1d1z1irooidhoidh-lambdaconfigloader",
            "runtime": "python3.9",
            "s3_bucket": null,
            "s3_key": null,
            "s3_object_version": null,
            "signing_job_arn": "",
            "signing_profile_version_arn": "",
            "skip_destroy": false,
            "snap_start": [],
            "source_code_hash": "pBw7t2GviJibkhHttm46FgldUSOsyfO9I5eOUHGUON0=",
            "source_code_size": 785,
            "tags": {
              "Name": "aue1d1z1lmboidhoidh-lambdaconfigloader",
              "app": "oidh",
              "creation_app": "terraform",
              "env": "d1",
              "ledger": " ",
              "purpose": "oidh-lambdaconfigloader",
              "site": "aue1",
              "tier": "oidh",
              "zone": "z1"
            },
            "tags_all": {
              "Name": "aue1d1z1lmboidhoidh-lambdaconfigloader",
              "app": "oidh",
              "creation_app": "terraform",
              "env": "d1",
              "ledger": " ",
              "purpose": "oidh-lambdaconfigloader",
              "site": "aue1",
              "tier": "oidh",
              "zone": "z1"
            },
            "timeout": 300,
            "timeouts": null,
            "tracing_config": [
              {
                "mode": "PassThrough"
              }
            ],
            "version": "$LATEST",
            "vpc_config": []
          },
          "sensitive_attributes": [],
          "private": "eyJlMmJmYjczMC1lY2FhLTExZTYtOGY4OC0zNDM2M2JjN2M0YzAiOnsiY3JlYXRlIjo2MDAwMDAwMDAwMDAsImRlbGV0ZSI6NjAwMDAwMDAwMDAwLCJ1cGRhdGUiOjYwMDAwMDAwMDAwMH19",
          "dependencies": [
            "aws_iam_role.lambda_config_loader_role",
            "data.archive_file.lambda_config_loader_script",
            "module.s3_artifacts_bucket.aws_s3_bucket.s3_bucket"
          ]
        }
      ]
    },
    {
      "mode": "managed",
      "type": "aws_s3_object",
      "name": "artifacts",
      "provider": "provider[\"registry.terraform.io/hashicorp/aws\"]",
      "instances": [
        {
          "index_key": "config/ingest_config.json",
          "schema_version": 0,
          "attributes": {
            "acl": null,
            "bucket": "aue1d1z1s3boidhoidh-artifacts",
            "bucket_key_enabled": true,
            "cache_control": "",
            "content": null,
            "content_base64": null,
            "content_disposition": "",
            "content_encoding": "",
            "content_language": "",
            "content_type": "binary/octet-stream",
            "etag": "f7b37f5b7e16d37a5d13d21cd8940944",
            "force_destroy": false,
            "id": "config/ingest_config.json",
            "key": "config/ingest_config.json",
            "kms_key_id": null,
            "metadata": null,
            "object_lock_legal_hold_status": "",
            "object_lock_mode": "",
            "object_lock_retain_until_date": "",
            "server_side_encryption": "aws:kms",
            "source": "../src/artifacts/config/ingest_config.json",
            "source_hash": null,
            "storage_class": "STANDARD",
            "tags": null,
            "tags_all": {},
            "version_id": "4K9jeGqu9gPZReSgEY5n4E6aBltARa8u",
            "website_redirect": ""
          },
          "sensitive_attributes": [],
          "private": "bnVsbA==",
          "dependencies": [
            "module.s3_artifacts_bucket.aws_s3_bucket.s3_bucket"
          ]
        }
      ]
    },
    {
      "mode": "managed",
      "type": "aws_s3_object",
      "name": "glue_artifacts",
      "provider": "provider[\"registry.terraform.io/hashicorp/aws\"]",
      "instances": [
        {
          "index_key": "jars/delta-core_2.12-2.3.0.jar",
          "schema_version": 0,
          "attributes": {
            "acl": null,
            "bucket": "aue1d1z1s3boidhoidh-glueartifacts",
            "bucket_key_enabled": true,
            "cache_control": "",
            "content": null,
            "content_base64": null,
            "content_disposition": "",
            "content_encoding": "",
            "content_language": "",
            "content_type": "binary/octet-stream",
            "etag": "b14d791a98be62ed4c10be416dd50d3a",
            "force_destroy": false,
            "id": "jars/delta-core_2.12-2.3.0.jar",
            "key": "jars/delta-core_2.12-2.3.0.jar",
            "kms_key_id": null,
            "metadata": null,
            "object_lock_legal_hold_status": "",
            "object_lock_mode": "",
            "object_lock_retain_until_date": "",
            "server_side_encryption": "aws:kms",
            "source": "../src/glue/jars/delta-core_2.12-2.3.0.jar",
            "source_hash": null,
            "storage_class": "STANDARD",
            "tags": null,
            "tags_all": {},
            "version_id": "ODOEbsCD8V6VoqyLjR7Uz5H9V.K1y5Du",
            "website_redirect": ""
          },
          "sensitive_attributes": [],
          "private": "bnVsbA==",
          "dependencies": [
            "module.s3_glue_artifacts_bucket.aws_s3_bucket.s3_bucket"
          ]
        },
        {
          "index_key": "jars/delta-storage-2.3.0.jar",
          "schema_version": 0,
          "attributes": {
            "acl": null,
            "bucket": "aue1d1z1s3boidhoidh-glueartifacts",
            "bucket_key_enabled": true,
            "cache_control": "",
            "content": null,
            "content_base64": null,
            "content_disposition": "",
            "content_encoding": "",
            "content_language": "",
            "content_type": "binary/octet-stream",
            "etag": "97a25249c1e7c0bb2aca408bde8ecff6",
            "force_destroy": false,
            "id": "jars/delta-storage-2.3.0.jar",
            "key": "jars/delta-storage-2.3.0.jar",
            "kms_key_id": null,
            "metadata": null,
            "object_lock_legal_hold_status": "",
            "object_lock_mode": "",
            "object_lock_retain_until_date": "",
            "server_side_encryption": "aws:kms",
            "source": "../src/glue/jars/delta-storage-2.3.0.jar",
            "source_hash": null,
            "storage_class": "STANDARD",
            "tags": null,
            "tags_all": {},
            "version_id": "ivKAiGCbA6Elw_PPigfrqdea4TnQHeFU",
            "website_redirect": ""
          },
          "sensitive_attributes": [],
          "private": "bnVsbA==",
          "dependencies": [
            "module.s3_glue_artifacts_bucket.aws_s3_bucket.s3_bucket"
          ]
        },
        {
          "index_key": "scripts/ingest_job.py",
          "schema_version": 0,
          "attributes": {
            "acl": null,
            "bucket": "aue1d1z1s3boidhoidh-glueartifacts",
            "bucket_key_enabled": true,
            "cache_control": "",
            "content": null,
            "content_base64": null,
            "content_disposition": "",
            "content_encoding": "",
            "content_language": "",
            "content_type": "binary/octet-stream",
            "etag": "14479841ba553915018417a5ea7367a9",
            "force_destroy": false,
            "id": "scripts/ingest_job.py",
            "key": "scripts/ingest_job.py",
            "kms_key_id": null,
            "metadata": null,
            "object_lock_legal_hold_status": "",
            "object_lock_mode": "",
            "object_lock_retain_until_date": "",
            "server_side_encryption": "aws:kms",
            "source": "../src/glue/scripts/ingest_job.py",
            "source_hash": null,
            "storage_class": "STANDARD",
            "tags": null,
            "tags_all": {},
            "version_id": "",
            "website_redirect": ""
          },
          "sensitive_attributes": [],
          "private": "bnVsbA==",
          "dependencies": [
            "module.s3_glue_artifacts_bucket.aws_s3_bucket.s3_bucket"
          ]
        }
      ]
    },
    {
      "mode": "managed",
      "type": "aws_security_group",
      "name": "glue_connection_sg",
      "provider": "provider[\"registry.terraform.io/hashicorp/aws\"]",
      "instances": [
        {
          "schema_version": 1,
          "attributes": {
            "arn": "arn:aws:ec2:us-east-1:847258583865:security-group/sg-05b62ce9bb1035819",
            "description": "Security group used by the OIDH dedup process glue connection",
            "egress": [
              {
                "cidr_blocks": [
                  "0.0.0.0/0"
                ],
                "description": "",
                "from_port": 0,
                "ipv6_cidr_blocks": [
                  "::/0"
                ],
                "prefix_list_ids": [],
                "protocol": "-1",
                "security_groups": [],
                "self": false,
                "to_port": 0
              }
            ],
            "id": "sg-05b62ce9bb1035819",
            "ingress": [
              {
                "cidr_blocks": [],
                "description": "Self-referencing all tcp",
                "from_port": 0,
                "ipv6_cidr_blocks": [],
                "prefix_list_ids": [],
                "protocol": "tcp",
                "security_groups": [],
                "self": true,
                "to_port": 65535
              }
            ],
            "name": "aue1d1z1sgpoidhoidh-ingestjobconnectionsg",
            "name_prefix": "",
            "owner_id": "847258583865",
            "revoke_rules_on_delete": false,
            "tags": {
              "Name": "aue1d1z1sgpoidhoidh-ingestjobconnectionsg",
              "app": "oidh",
              "creation_app": "terraform",
              "env": "d1",
              "ledger": "",
              "purpose": "oidh-ingestjobconnectionsg",
              "site": "aue1",
              "tier": "oidh",
              "zone": "z1"
            },
            "tags_all": {
              "Name": "aue1d1z1sgpoidhoidh-ingestjobconnectionsg",
              "app": "oidh",
              "creation_app": "terraform",
              "env": "d1",
              "ledger": "",
              "purpose": "oidh-ingestjobconnectionsg",
              "site": "aue1",
              "tier": "oidh",
              "zone": "z1"
            },
            "timeouts": null,
            "vpc_id": "vpc-00a119bbdcae88c8c"
          },
          "sensitive_attributes": [],
          "private": "eyJlMmJmYjczMC1lY2FhLTExZTYtOGY4OC0zNDM2M2JjN2M0YzAiOnsiY3JlYXRlIjo2MDAwMDAwMDAwMDAsImRlbGV0ZSI6OTAwMDAwMDAwMDAwfSwic2NoZW1hX3ZlcnNpb24iOiIxIn0=",
          "dependencies": [
            "data.aws_subnet.connection_subnet"
          ]
        }
      ]
    },
    {
      "mode": "managed",
      "type": "aws_sfn_state_machine",
      "name": "sfn_state_machine",
      "provider": "provider[\"registry.terraform.io/hashicorp/aws\"]",
      "instances": [
        {
          "schema_version": 0,
          "attributes": {
            "arn": "arn:aws:states:us-east-1:847258583865:stateMachine:aue1d1z1stmoidhoidh-etlsfn",
            "creation_date": "2023-08-16T16:12:31Z",
            "definition": "{\n  \"StartAt\": \"load-ingest-conf\",\n  \"States\": {\n    \"load-ingest-conf\": {\n      \"Next\": \"ingest-job-mapping\",\n      \"Retry\": [\n        {\n          \"ErrorEquals\": [\n            \"Lambda.ClientExecutionTimeoutException\",\n            \"Lambda.ServiceException\",\n            \"Lambda.AWSLambdaException\",\n            \"Lambda.SdkClientException\"\n          ],\n          \"IntervalSeconds\": 1,\n          \"MaxAttempts\": 3,\n          \"BackoffRate\": 2\n        }\n      ],\n      \"Type\": \"Task\",\n      \"OutputPath\": \"$.Payload\",\n      \"Resource\": \"arn:aws:states:::lambda:invoke\",\n      \"Parameters\": {\n        \"FunctionName\": \"arn:aws:lambda:us-east-1:847258583865:function:aue1d1z1lmboidhoidh-lambdaconfigloader\",\n        \"Payload.$\": \"$\"\n      }\n    },\n    \"ingest-job-mapping\": {\n      \"Type\": \"Map\",\n      \"ResultPath\": null,\n      \"End\": true,\n      \"Iterator\": {\n        \"StartAt\": \"ingest-job\",\n        \"States\": {\n          \"ingest-job\": {\n            \"End\": true,\n            \"Retry\": [\n              {\n                \"ErrorEquals\": [\n                  \"States.ALL\"\n                ],\n                \"IntervalSeconds\": 2,\n                \"MaxAttempts\": 3,\n                \"BackoffRate\": 2\n              }\n            ],\n            \"Type\": \"Task\",\n            \"Resource\": \"arn:aws:states:::glue:startJobRun.sync\",\n            \"Parameters\": {\n              \"JobName\": \"aue1d1z1gljoidhoidh-ingestjob\",\n              \"Arguments\": {\n                \"--target.$\": \"$.target\",\n                \"--target_prefixes.$\": \"$.target_prefixes\",\n                \"--catalog_table.$\": \"$.catalog_table\",\n                \"--catalog_database.$\": \"$.catalog_database\",\n                \"--connection_type.$\": \"$.connection_type\",\n                \"--options.$\": \"$.options\"\n              },\n              \"Timeout\": 60,\n              \"NotificationProperty\": {\n                \"NotifyDelayAfter\": 5\n              }\n            }\n          }\n        }\n      },\n      \"ItemsPath\": \"$.tables\",\n      \"MaxConcurrency\": 4\n    }\n  }\n}\n",
            "description": "",
            "id": "arn:aws:states:us-east-1:847258583865:stateMachine:aue1d1z1stmoidhoidh-etlsfn",
            "logging_configuration": [
              {
                "include_execution_data": false,
                "level": "OFF",
                "log_destination": ""
              }
            ],
            "name": "aue1d1z1stmoidhoidh-etlsfn",
            "name_prefix": "",
            "publish": false,
            "revision_id": "",
            "role_arn": "arn:aws:iam::847258583865:role/aue1d1z1irooidhoidh-etlsfn",
            "state_machine_version_arn": "",
            "status": "ACTIVE",
            "tags": {
              "Name": "aue1d1z1stmoidhoidh-etlsfn",
              "app": "oidh",
              "creation_app": "terraform",
              "env": "d1",
              "ledger": " ",
              "purpose": "oidh-etlsfn",
              "site": "aue1",
              "tier": "oidh",
              "zone": "z1"
            },
            "tags_all": {
              "Name": "aue1d1z1stmoidhoidh-etlsfn",
              "app": "oidh",
              "creation_app": "terraform",
              "env": "d1",
              "ledger": " ",
              "purpose": "oidh-etlsfn",
              "site": "aue1",
              "tier": "oidh",
              "zone": "z1"
            },
            "timeouts": null,
            "tracing_configuration": [
              {
                "enabled": false
              }
            ],
            "type": "STANDARD",
            "version_description": null
          },
          "sensitive_attributes": [],
          "private": "eyJlMmJmYjczMC1lY2FhLTExZTYtOGY4OC0zNDM2M2JjN2M0YzAiOnsiY3JlYXRlIjozMDAwMDAwMDAwMDAsImRlbGV0ZSI6MzAwMDAwMDAwMDAwLCJ1cGRhdGUiOjYwMDAwMDAwMDAwfX0=",
          "dependencies": [
            "aws_glue_connection.redshift_connection",
            "aws_glue_job.ingest_job",
            "aws_glue_security_configuration.glue_security_config",
            "aws_iam_role.ingest_glue_job_role",
            "aws_iam_role.lambda_config_loader_role",
            "aws_iam_role.sfn_role",
            "aws_lambda_function.lambda_config_loader",
            "aws_s3_object.glue_artifacts",
            "aws_security_group.glue_connection_sg",
            "data.archive_file.lambda_config_loader_script",
            "data.aws_ssm_parameters_by_path.redshift_credentials",
            "data.aws_subnet.connection_subnet",
            "module.glue_enc_key.aws_kms_key.kms_key",
            "module.glue_enc_key.data.aws_iam_policy_document.key_policy",
            "module.s3_artifacts_bucket.aws_s3_bucket.s3_bucket",
            "module.s3_glue_artifacts_bucket.aws_s3_bucket.s3_bucket"
          ]
        }
      ]
    },
    {
      "module": "module.data_key",
      "mode": "data",
      "type": "aws_iam_policy_document",
      "name": "key_policy",
      "provider": "provider[\"registry.terraform.io/hashicorp/aws\"]",
      "instances": [
        {
          "schema_version": 0,
          "attributes": {
            "id": "4152594846",
            "json": "{\n  \"Version\": \"2012-10-17\",\n  \"Statement\": [\n    {\n      \"Sid\": \"rooutaccount\",\n      \"Effect\": \"Allow\",\n      \"Action\": \"kms:*\",\n      \"Resource\": \"*\",\n      \"Principal\": {\n        \"AWS\": \"arn:aws:iam::847258583865:root\"\n      }\n    },\n    {\n      \"Sid\": \"services\",\n      \"Effect\": \"Allow\",\n      \"Action\": [\n        \"kms:ReEncrypt*\",\n        \"kms:GenerateDataKey*\",\n        \"kms:Encrypt\",\n        \"kms:Describe*\",\n        \"kms:Decrypt\"\n      ],\n      \"Resource\": \"*\",\n      \"Principal\": {\n        \"Service\": [\n          \"logs.amazonaws.com\",\n          \"lambda.amazonaws.com\",\n          \"glue.amazonaws.com\",\n          \"athena.amazonaws.com\"\n        ]\n      }\n    },\n    {\n      \"Sid\": \"s3\",\n      \"Effect\": \"Allow\",\n      \"Action\": [\n        \"kms:ReEncrypt*\",\n        \"kms:GenerateDataKey*\",\n        \"kms:Encrypt\"\n      ],\n      \"Resource\": \"*\",\n      \"Principal\": {\n        \"Service\": \"s3.amazonaws.com\"\n      }\n    }\n  ]\n}",
            "override_policy_documents": null,
            "policy_id": null,
            "source_policy_documents": null,
            "statement": [
              {
                "actions": [
                  "kms:*"
                ],
                "condition": [],
                "effect": "Allow",
                "not_actions": [],
                "not_principals": [],
                "not_resources": [],
                "principals": [
                  {
                    "identifiers": [
                      "arn:aws:iam::847258583865:root"
                    ],
                    "type": "AWS"
                  }
                ],
                "resources": [
                  "*"
                ],
                "sid": "rooutaccount"
              },
              {
                "actions": [
                  "kms:Decrypt",
                  "kms:Describe*",
                  "kms:Encrypt",
                  "kms:GenerateDataKey*",
                  "kms:ReEncrypt*"
                ],
                "condition": [],
                "effect": "Allow",
                "not_actions": [],
                "not_principals": [],
                "not_resources": [],
                "principals": [
                  {
                    "identifiers": [
                      "athena.amazonaws.com",
                      "glue.amazonaws.com",
                      "lambda.amazonaws.com",
                      "logs.amazonaws.com"
                    ],
                    "type": "Service"
                  }
                ],
                "resources": [
                  "*"
                ],
                "sid": "services"
              },
              {
                "actions": [
                  "kms:Encrypt",
                  "kms:GenerateDataKey*",
                  "kms:ReEncrypt*"
                ],
                "condition": [],
                "effect": "Allow",
                "not_actions": [],
                "not_principals": [],
                "not_resources": [],
                "principals": [
                  {
                    "identifiers": [
                      "s3.amazonaws.com"
                    ],
                    "type": "Service"
                  }
                ],
                "resources": [
                  "*"
                ],
                "sid": "s3"
              }
            ],
            "version": "2012-10-17"
          },
          "sensitive_attributes": []
        }
      ]
    },
    {
      "module": "module.data_key",
      "mode": "managed",
      "type": "aws_kms_alias",
      "name": "key_alias",
      "provider": "provider[\"registry.terraform.io/hashicorp/aws\"]",
      "instances": [
        {
          "schema_version": 0,
          "attributes": {
            "arn": "arn:aws:kms:us-east-1:847258583865:alias/aue1d1z1kmkoidhoidh-datakey",
            "id": "alias/aue1d1z1kmkoidhoidh-datakey",
            "name": "alias/aue1d1z1kmkoidhoidh-datakey",
            "name_prefix": "",
            "target_key_arn": "arn:aws:kms:us-east-1:847258583865:key/c8682d4e-c701-48ec-9e59-8f2818d50448",
            "target_key_id": "c8682d4e-c701-48ec-9e59-8f2818d50448"
          },
          "sensitive_attributes": [],
          "private": "bnVsbA==",
          "dependencies": [
            "module.data_key.aws_kms_key.kms_key",
            "module.data_key.data.aws_iam_policy_document.key_policy"
          ]
        }
      ]
    },
    {
      "module": "module.data_key",
      "mode": "managed",
      "type": "aws_kms_key",
      "name": "kms_key",
      "provider": "provider[\"registry.terraform.io/hashicorp/aws\"]",
      "instances": [
        {
          "schema_version": 0,
          "attributes": {
            "arn": "arn:aws:kms:us-east-1:847258583865:key/c8682d4e-c701-48ec-9e59-8f2818d50448",
            "bypass_policy_lockout_safety_check": false,
            "custom_key_store_id": "",
            "customer_master_key_spec": "SYMMETRIC_DEFAULT",
            "deletion_window_in_days": null,
            "description": "KMS key used for data encryption of all the data in the datahub-dedup process",
            "enable_key_rotation": true,
            "id": "c8682d4e-c701-48ec-9e59-8f2818d50448",
            "is_enabled": true,
            "key_id": "c8682d4e-c701-48ec-9e59-8f2818d50448",
            "key_usage": "ENCRYPT_DECRYPT",
            "multi_region": false,
            "policy": "{\"Statement\":[{\"Action\":\"kms:*\",\"Effect\":\"Allow\",\"Principal\":{\"AWS\":\"arn:aws:iam::847258583865:root\"},\"Resource\":\"*\",\"Sid\":\"rooutaccount\"},{\"Action\":[\"kms:ReEncrypt*\",\"kms:GenerateDataKey*\",\"kms:Encrypt\",\"kms:Describe*\",\"kms:Decrypt\"],\"Effect\":\"Allow\",\"Principal\":{\"Service\":[\"logs.amazonaws.com\",\"lambda.amazonaws.com\",\"glue.amazonaws.com\",\"athena.amazonaws.com\"]},\"Resource\":\"*\",\"Sid\":\"services\"},{\"Action\":[\"kms:ReEncrypt*\",\"kms:GenerateDataKey*\",\"kms:Encrypt\"],\"Effect\":\"Allow\",\"Principal\":{\"Service\":\"s3.amazonaws.com\"},\"Resource\":\"*\",\"Sid\":\"s3\"}],\"Version\":\"2012-10-17\"}",
            "tags": {
              "Name": "aue1d1z1kmkoidhoidh-datakey",
              "app": "oidh",
              "creation_app": "terraform",
              "env": "d1",
              "ledger": " ",
              "purpose": "oidh-datakey",
              "site": "aue1",
              "tier": "oidh",
              "zone": "z1"
            },
            "tags_all": {
              "Name": "aue1d1z1kmkoidhoidh-datakey",
              "app": "oidh",
              "creation_app": "terraform",
              "env": "d1",
              "ledger": " ",
              "purpose": "oidh-datakey",
              "site": "aue1",
              "tier": "oidh",
              "zone": "z1"
            }
          },
          "sensitive_attributes": [],
          "private": "bnVsbA==",
          "dependencies": [
            "module.data_key.data.aws_iam_policy_document.key_policy"
          ]
        }
      ]
    },
    {
      "module": "module.glue_enc_key",
      "mode": "data",
      "type": "aws_iam_policy_document",
      "name": "key_policy",
      "provider": "provider[\"registry.terraform.io/hashicorp/aws\"]",
      "instances": [
        {
          "schema_version": 0,
          "attributes": {
            "id": "4152594846",
            "json": "{\n  \"Version\": \"2012-10-17\",\n  \"Statement\": [\n    {\n      \"Sid\": \"rooutaccount\",\n      \"Effect\": \"Allow\",\n      \"Action\": \"kms:*\",\n      \"Resource\": \"*\",\n      \"Principal\": {\n        \"AWS\": \"arn:aws:iam::847258583865:root\"\n      }\n    },\n    {\n      \"Sid\": \"services\",\n      \"Effect\": \"Allow\",\n      \"Action\": [\n        \"kms:ReEncrypt*\",\n        \"kms:GenerateDataKey*\",\n        \"kms:Encrypt\",\n        \"kms:Describe*\",\n        \"kms:Decrypt\"\n      ],\n      \"Resource\": \"*\",\n      \"Principal\": {\n        \"Service\": [\n          \"logs.amazonaws.com\",\n          \"lambda.amazonaws.com\",\n          \"glue.amazonaws.com\",\n          \"athena.amazonaws.com\"\n        ]\n      }\n    },\n    {\n      \"Sid\": \"s3\",\n      \"Effect\": \"Allow\",\n      \"Action\": [\n        \"kms:ReEncrypt*\",\n        \"kms:GenerateDataKey*\",\n        \"kms:Encrypt\"\n      ],\n      \"Resource\": \"*\",\n      \"Principal\": {\n        \"Service\": \"s3.amazonaws.com\"\n      }\n    }\n  ]\n}",
            "override_policy_documents": null,
            "policy_id": null,
            "source_policy_documents": null,
            "statement": [
              {
                "actions": [
                  "kms:*"
                ],
                "condition": [],
                "effect": "Allow",
                "not_actions": [],
                "not_principals": [],
                "not_resources": [],
                "principals": [
                  {
                    "identifiers": [
                      "arn:aws:iam::847258583865:root"
                    ],
                    "type": "AWS"
                  }
                ],
                "resources": [
                  "*"
                ],
                "sid": "rooutaccount"
              },
              {
                "actions": [
                  "kms:Decrypt",
                  "kms:Describe*",
                  "kms:Encrypt",
                  "kms:GenerateDataKey*",
                  "kms:ReEncrypt*"
                ],
                "condition": [],
                "effect": "Allow",
                "not_actions": [],
                "not_principals": [],
                "not_resources": [],
                "principals": [
                  {
                    "identifiers": [
                      "athena.amazonaws.com",
                      "glue.amazonaws.com",
                      "lambda.amazonaws.com",
                      "logs.amazonaws.com"
                    ],
                    "type": "Service"
                  }
                ],
                "resources": [
                  "*"
                ],
                "sid": "services"
              },
              {
                "actions": [
                  "kms:Encrypt",
                  "kms:GenerateDataKey*",
                  "kms:ReEncrypt*"
                ],
                "condition": [],
                "effect": "Allow",
                "not_actions": [],
                "not_principals": [],
                "not_resources": [],
                "principals": [
                  {
                    "identifiers": [
                      "s3.amazonaws.com"
                    ],
                    "type": "Service"
                  }
                ],
                "resources": [
                  "*"
                ],
                "sid": "s3"
              }
            ],
            "version": "2012-10-17"
          },
          "sensitive_attributes": []
        }
      ]
    },
    {
      "module": "module.glue_enc_key",
      "mode": "managed",
      "type": "aws_kms_alias",
      "name": "key_alias",
      "provider": "provider[\"registry.terraform.io/hashicorp/aws\"]",
      "instances": [
        {
          "schema_version": 0,
          "attributes": {
            "arn": "arn:aws:kms:us-east-1:847258583865:alias/aue1d1z1kmkoidhoidh-glueenckey",
            "id": "alias/aue1d1z1kmkoidhoidh-glueenckey",
            "name": "alias/aue1d1z1kmkoidhoidh-glueenckey",
            "name_prefix": "",
            "target_key_arn": "arn:aws:kms:us-east-1:847258583865:key/84c87c40-0e7e-4ca8-abca-084dae172a17",
            "target_key_id": "84c87c40-0e7e-4ca8-abca-084dae172a17"
          },
          "sensitive_attributes": [],
          "private": "bnVsbA==",
          "dependencies": [
            "module.glue_enc_key.aws_kms_key.kms_key",
            "module.glue_enc_key.data.aws_iam_policy_document.key_policy"
          ]
        }
      ]
    },
    {
      "module": "module.glue_enc_key",
      "mode": "managed",
      "type": "aws_kms_key",
      "name": "kms_key",
      "provider": "provider[\"registry.terraform.io/hashicorp/aws\"]",
      "instances": [
        {
          "schema_version": 0,
          "attributes": {
            "arn": "arn:aws:kms:us-east-1:847258583865:key/84c87c40-0e7e-4ca8-abca-084dae172a17",
            "bypass_policy_lockout_safety_check": false,
            "custom_key_store_id": "",
            "customer_master_key_spec": "SYMMETRIC_DEFAULT",
            "deletion_window_in_days": null,
            "description": "KMS key used for data encryption of all the glue resources used in the datahub-dedup process",
            "enable_key_rotation": true,
            "id": "84c87c40-0e7e-4ca8-abca-084dae172a17",
            "is_enabled": true,
            "key_id": "84c87c40-0e7e-4ca8-abca-084dae172a17",
            "key_usage": "ENCRYPT_DECRYPT",
            "multi_region": false,
            "policy": "{\"Statement\":[{\"Action\":\"kms:*\",\"Effect\":\"Allow\",\"Principal\":{\"AWS\":\"arn:aws:iam::847258583865:root\"},\"Resource\":\"*\",\"Sid\":\"rooutaccount\"},{\"Action\":[\"kms:ReEncrypt*\",\"kms:GenerateDataKey*\",\"kms:Encrypt\",\"kms:Describe*\",\"kms:Decrypt\"],\"Effect\":\"Allow\",\"Principal\":{\"Service\":[\"logs.amazonaws.com\",\"lambda.amazonaws.com\",\"glue.amazonaws.com\",\"athena.amazonaws.com\"]},\"Resource\":\"*\",\"Sid\":\"services\"},{\"Action\":[\"kms:ReEncrypt*\",\"kms:GenerateDataKey*\",\"kms:Encrypt\"],\"Effect\":\"Allow\",\"Principal\":{\"Service\":\"s3.amazonaws.com\"},\"Resource\":\"*\",\"Sid\":\"s3\"}],\"Version\":\"2012-10-17\"}",
            "tags": {
              "Name": "aue1d1z1kmkoidhoidh-glueenckey",
              "app": "oidh",
              "creation_app": "terraform",
              "env": "d1",
              "ledger": " ",
              "purpose": "oidh-glueenckey",
              "site": "aue1",
              "tier": "oidh",
              "zone": "z1"
            },
            "tags_all": {
              "Name": "aue1d1z1kmkoidhoidh-glueenckey",
              "app": "oidh",
              "creation_app": "terraform",
              "env": "d1",
              "ledger": " ",
              "purpose": "oidh-glueenckey",
              "site": "aue1",
              "tier": "oidh",
              "zone": "z1"
            }
          },
          "sensitive_attributes": [],
          "private": "bnVsbA==",
          "dependencies": [
            "module.glue_enc_key.data.aws_iam_policy_document.key_policy"
          ]
        }
      ]
    },
    {
      "module": "module.s3_artifacts_bucket",
      "mode": "data",
      "type": "aws_iam_policy_document",
      "name": "security_policy",
      "provider": "provider[\"registry.terraform.io/hashicorp/aws\"]",
      "instances": [
        {
          "schema_version": 0,
          "attributes": {
            "id": "907234203",
            "json": "{\n  \"Version\": \"2012-10-17\",\n  \"Statement\": [\n    {\n      \"Effect\": \"Deny\",\n      \"Action\": \"s3:PutObject\",\n      \"Resource\": \"arn:aws:s3:::aue1d1z1s3boidhoidh-artifacts/*\",\n      \"Principal\": \"*\",\n      \"Condition\": {\n        \"ForAnyValue:StringNotLikeIfExists\": {\n          \"s3:x-amz-server-side-encryption-aws-kms-key-id\": \"arn:aws:kms:us-east-1:847258583865:key/c8682d4e-c701-48ec-9e59-8f2818d50448\"\n        }\n      }\n    },\n    {\n      \"Effect\": \"Deny\",\n      \"Action\": \"s3:*\",\n      \"Resource\": [\n        \"arn:aws:s3:::aue1d1z1s3boidhoidh-artifacts/*\",\n        \"arn:aws:s3:::aue1d1z1s3boidhoidh-artifacts\"\n      ],\n      \"Principal\": \"*\",\n      \"Condition\": {\n        \"Bool\": {\n          \"aws:SecureTransport\": \"false\"\n        }\n      }\n    }\n  ]\n}",
            "override_policy_documents": null,
            "policy_id": null,
            "source_policy_documents": null,
            "statement": [
              {
                "actions": [
                  "s3:PutObject"
                ],
                "condition": [
                  {
                    "test": "ForAnyValue:StringNotLikeIfExists",
                    "values": [
                      "arn:aws:kms:us-east-1:847258583865:key/c8682d4e-c701-48ec-9e59-8f2818d50448"
                    ],
                    "variable": "s3:x-amz-server-side-encryption-aws-kms-key-id"
                  }
                ],
                "effect": "Deny",
                "not_actions": [],
                "not_principals": [],
                "not_resources": [],
                "principals": [
                  {
                    "identifiers": [
                      "*"
                    ],
                    "type": "*"
                  }
                ],
                "resources": [
                  "arn:aws:s3:::aue1d1z1s3boidhoidh-artifacts/*"
                ],
                "sid": ""
              },
              {
                "actions": [
                  "s3:*"
                ],
                "condition": [
                  {
                    "test": "Bool",
                    "values": [
                      "false"
                    ],
                    "variable": "aws:SecureTransport"
                  }
                ],
                "effect": "Deny",
                "not_actions": [],
                "not_principals": [],
                "not_resources": [],
                "principals": [
                  {
                    "identifiers": [
                      "*"
                    ],
                    "type": "*"
                  }
                ],
                "resources": [
                  "arn:aws:s3:::aue1d1z1s3boidhoidh-artifacts",
                  "arn:aws:s3:::aue1d1z1s3boidhoidh-artifacts/*"
                ],
                "sid": ""
              }
            ],
            "version": "2012-10-17"
          },
          "sensitive_attributes": []
        }
      ]
    },
    {
      "module": "module.s3_artifacts_bucket",
      "mode": "managed",
      "type": "aws_s3_bucket",
      "name": "s3_bucket",
      "provider": "provider[\"registry.terraform.io/hashicorp/aws\"]",
      "instances": [
        {
          "schema_version": 0,
          "attributes": {
            "acceleration_status": "",
            "acl": null,
            "arn": "arn:aws:s3:::aue1d1z1s3boidhoidh-artifacts",
            "bucket": "aue1d1z1s3boidhoidh-artifacts",
            "bucket_domain_name": "aue1d1z1s3boidhoidh-artifacts.s3.amazonaws.com",
            "bucket_prefix": "",
            "bucket_regional_domain_name": "aue1d1z1s3boidhoidh-artifacts.s3.us-east-1.amazonaws.com",
            "cors_rule": [],
            "force_destroy": false,
            "grant": [
              {
                "id": "d4b4aad151945f9540d5f18edbd469724b18dd37a20eea4f54e5b0cb8e776d3c",
                "permissions": [
                  "FULL_CONTROL"
                ],
                "type": "CanonicalUser",
                "uri": ""
              }
            ],
            "hosted_zone_id": "Z3AQBSTGFYJSTF",
            "id": "aue1d1z1s3boidhoidh-artifacts",
            "lifecycle_rule": [],
            "logging": [],
            "object_lock_configuration": [],
            "object_lock_enabled": false,
            "policy": "",
            "region": "us-east-1",
            "replication_configuration": [],
            "request_payer": "BucketOwner",
            "server_side_encryption_configuration": [
              {
                "rule": [
                  {
                    "apply_server_side_encryption_by_default": [
                      {
                        "kms_master_key_id": "",
                        "sse_algorithm": "AES256"
                      }
                    ],
                    "bucket_key_enabled": false
                  }
                ]
              }
            ],
            "tags": {
              "Name": "aue1d1z1s3boidhoidh-artifacts",
              "app": "oidh",
              "creation_app": "terraform",
              "env": "d1",
              "ledger": " ",
              "purpose": "oidh-artifacts",
              "site": "aue1",
              "tier": "oidh",
              "zone": "z1"
            },
            "tags_all": {
              "Name": "aue1d1z1s3boidhoidh-artifacts",
              "app": "oidh",
              "creation_app": "terraform",
              "env": "d1",
              "ledger": " ",
              "purpose": "oidh-artifacts",
              "site": "aue1",
              "tier": "oidh",
              "zone": "z1"
            },
            "timeouts": null,
            "versioning": [
              {
                "enabled": false,
                "mfa_delete": false
              }
            ],
            "website": [],
            "website_domain": null,
            "website_endpoint": null
          },
          "sensitive_attributes": [],
          "private": "eyJlMmJmYjczMC1lY2FhLTExZTYtOGY4OC0zNDM2M2JjN2M0YzAiOnsiY3JlYXRlIjoxMjAwMDAwMDAwMDAwLCJkZWxldGUiOjM2MDAwMDAwMDAwMDAsInJlYWQiOjEyMDAwMDAwMDAwMDAsInVwZGF0ZSI6MTIwMDAwMDAwMDAwMH19"
        }
      ]
    },
    {
      "module": "module.s3_artifacts_bucket",
      "mode": "managed",
      "type": "aws_s3_bucket_acl",
      "name": "private_acl",
      "provider": "provider[\"registry.terraform.io/hashicorp/aws\"]",
      "instances": [
        {
          "schema_version": 0,
          "attributes": {
            "access_control_policy": [
              {
                "grant": [
                  {
                    "grantee": [
                      {
                        "display_name": "bbrayato+qa",
                        "email_address": "",
                        "id": "d4b4aad151945f9540d5f18edbd469724b18dd37a20eea4f54e5b0cb8e776d3c",
                        "type": "CanonicalUser",
                        "uri": ""
                      }
                    ],
                    "permission": "FULL_CONTROL"
                  }
                ],
                "owner": [
                  {
                    "display_name": "bbrayato+qa",
                    "id": "d4b4aad151945f9540d5f18edbd469724b18dd37a20eea4f54e5b0cb8e776d3c"
                  }
                ]
              }
            ],
            "acl": "private",
            "bucket": "aue1d1z1s3boidhoidh-artifacts",
            "expected_bucket_owner": "",
            "id": "aue1d1z1s3boidhoidh-artifacts,private"
          },
          "sensitive_attributes": [],
          "private": "bnVsbA==",
          "dependencies": [
            "module.s3_artifacts_bucket.aws_s3_bucket.s3_bucket",
            "module.s3_artifacts_bucket.aws_s3_bucket_ownership_controls.s3_ownership"
          ]
        }
      ]
    },
    {
      "module": "module.s3_artifacts_bucket",
      "mode": "managed",
      "type": "aws_s3_bucket_lifecycle_configuration",
      "name": "bucket_lifecycle",
      "provider": "provider[\"registry.terraform.io/hashicorp/aws\"]",
      "instances": [
        {
          "schema_version": 0,
          "attributes": {
            "bucket": "aue1d1z1s3boidhoidh-artifacts",
            "expected_bucket_owner": "",
            "id": "aue1d1z1s3boidhoidh-artifacts",
            "rule": [
              {
                "abort_incomplete_multipart_upload": [],
                "expiration": [
                  {
                    "date": "",
                    "days": 180,
                    "expired_object_delete_marker": false
                  }
                ],
                "filter": [
                  {
                    "and": [],
                    "object_size_greater_than": null,
                    "object_size_less_than": null,
                    "prefix": null,
                    "tag": []
                  }
                ],
                "id": "bucket_lifecycle",
                "noncurrent_version_expiration": [],
                "noncurrent_version_transition": [],
                "prefix": "",
                "status": "Enabled",
                "transition": [
                  {
                    "date": "",
                    "days": 30,
                    "storage_class": "INTELLIGENT_TIERING"
                  }
                ]
              },
              {
                "abort_incomplete_multipart_upload": [],
                "expiration": [
                  {
                    "date": "",
                    "days": 15,
                    "expired_object_delete_marker": false
                  }
                ],
                "filter": [
                  {
                    "and": [],
                    "object_size_greater_than": "",
                    "object_size_less_than": "",
                    "prefix": "tmp/",
                    "tag": []
                  }
                ],
                "id": "tmp",
                "noncurrent_version_expiration": [],
                "noncurrent_version_transition": [],
                "prefix": "",
                "status": "Enabled",
                "transition": []
              },
              {
                "abort_incomplete_multipart_upload": [],
                "expiration": [],
                "filter": [
                  {
                    "and": [],
                    "object_size_greater_than": null,
                    "object_size_less_than": null,
                    "prefix": null,
                    "tag": []
                  }
                ],
                "id": "versions_config",
                "noncurrent_version_expiration": [
                  {
                    "newer_noncurrent_versions": "",
                    "noncurrent_days": 90
                  }
                ],
                "noncurrent_version_transition": [
                  {
                    "newer_noncurrent_versions": "",
                    "noncurrent_days": 30,
                    "storage_class": "STANDARD_IA"
                  },
                  {
                    "newer_noncurrent_versions": "",
                    "noncurrent_days": 60,
                    "storage_class": "GLACIER"
                  }
                ],
                "prefix": "",
                "status": "Enabled",
                "transition": []
              },
              {
                "abort_incomplete_multipart_upload": [],
                "expiration": [],
                "filter": [
                  {
                    "and": [],
                    "object_size_greater_than": "",
                    "object_size_less_than": "",
                    "prefix": "tmp/",
                    "tag": []
                  }
                ],
                "id": "tmp_versions",
                "noncurrent_version_expiration": [
                  {
                    "newer_noncurrent_versions": "",
                    "noncurrent_days": 15
                  }
                ],
                "noncurrent_version_transition": [],
                "prefix": "",
                "status": "Enabled",
                "transition": []
              }
            ]
          },
          "sensitive_attributes": [],
          "private": "bnVsbA==",
          "dependencies": [
            "module.s3_artifacts_bucket.aws_s3_bucket.s3_bucket",
            "module.s3_artifacts_bucket.aws_s3_bucket_versioning.s3_bucket_versioning"
          ]
        }
      ]
    },
    {
      "module": "module.s3_artifacts_bucket",
      "mode": "managed",
      "type": "aws_s3_bucket_ownership_controls",
      "name": "s3_ownership",
      "provider": "provider[\"registry.terraform.io/hashicorp/aws\"]",
      "instances": [
        {
          "schema_version": 0,
          "attributes": {
            "bucket": "aue1d1z1s3boidhoidh-artifacts",
            "id": "aue1d1z1s3boidhoidh-artifacts",
            "rule": [
              {
                "object_ownership": "BucketOwnerPreferred"
              }
            ]
          },
          "sensitive_attributes": [],
          "private": "bnVsbA==",
          "dependencies": [
            "module.s3_artifacts_bucket.aws_s3_bucket.s3_bucket"
          ]
        }
      ]
    },
    {
      "module": "module.s3_artifacts_bucket",
      "mode": "managed",
      "type": "aws_s3_bucket_policy",
      "name": "security_policy",
      "provider": "provider[\"registry.terraform.io/hashicorp/aws\"]",
      "instances": [
        {
          "schema_version": 0,
          "attributes": {
            "bucket": "aue1d1z1s3boidhoidh-artifacts",
            "id": "aue1d1z1s3boidhoidh-artifacts",
            "policy": "{\"Statement\":[{\"Action\":\"s3:PutObject\",\"Condition\":{\"ForAnyValue:StringNotLikeIfExists\":{\"s3:x-amz-server-side-encryption-aws-kms-key-id\":\"arn:aws:kms:us-east-1:847258583865:key/c8682d4e-c701-48ec-9e59-8f2818d50448\"}},\"Effect\":\"Deny\",\"Principal\":\"*\",\"Resource\":\"arn:aws:s3:::aue1d1z1s3boidhoidh-artifacts/*\"},{\"Action\":\"s3:*\",\"Condition\":{\"Bool\":{\"aws:SecureTransport\":\"false\"}},\"Effect\":\"Deny\",\"Principal\":\"*\",\"Resource\":[\"arn:aws:s3:::aue1d1z1s3boidhoidh-artifacts/*\",\"arn:aws:s3:::aue1d1z1s3boidhoidh-artifacts\"]}],\"Version\":\"2012-10-17\"}"
          },
          "sensitive_attributes": [],
          "private": "bnVsbA==",
          "dependencies": [
            "module.data_key.aws_kms_key.kms_key",
            "module.data_key.data.aws_iam_policy_document.key_policy",
            "module.s3_artifacts_bucket.aws_s3_bucket.s3_bucket",
            "module.s3_artifacts_bucket.data.aws_iam_policy_document.security_policy"
          ]
        }
      ]
    },
    {
      "module": "module.s3_artifacts_bucket",
      "mode": "managed",
      "type": "aws_s3_bucket_server_side_encryption_configuration",
      "name": "s3_encryption",
      "provider": "provider[\"registry.terraform.io/hashicorp/aws\"]",
      "instances": [
        {
          "schema_version": 0,
          "attributes": {
            "bucket": "aue1d1z1s3boidhoidh-artifacts",
            "expected_bucket_owner": "",
            "id": "aue1d1z1s3boidhoidh-artifacts",
            "rule": [
              {
                "apply_server_side_encryption_by_default": [
                  {
                    "kms_master_key_id": "c8682d4e-c701-48ec-9e59-8f2818d50448",
                    "sse_algorithm": "aws:kms"
                  }
                ],
                "bucket_key_enabled": true
              }
            ]
          },
          "sensitive_attributes": [],
          "private": "bnVsbA==",
          "dependencies": [
            "module.data_key.aws_kms_key.kms_key",
            "module.data_key.data.aws_iam_policy_document.key_policy",
            "module.s3_artifacts_bucket.aws_s3_bucket.s3_bucket"
          ]
        }
      ]
    },
    {
      "module": "module.s3_artifacts_bucket",
      "mode": "managed",
      "type": "aws_s3_bucket_versioning",
      "name": "s3_bucket_versioning",
      "provider": "provider[\"registry.terraform.io/hashicorp/aws\"]",
      "instances": [
        {
          "schema_version": 0,
          "attributes": {
            "bucket": "aue1d1z1s3boidhoidh-artifacts",
            "expected_bucket_owner": "",
            "id": "aue1d1z1s3boidhoidh-artifacts",
            "mfa": null,
            "versioning_configuration": [
              {
                "mfa_delete": "",
                "status": "Enabled"
              }
            ]
          },
          "sensitive_attributes": [],
          "private": "bnVsbA==",
          "dependencies": [
            "module.s3_artifacts_bucket.aws_s3_bucket.s3_bucket"
          ]
        }
      ]
    },
    {
      "module": "module.s3_data_bucket",
      "mode": "data",
      "type": "aws_iam_policy_document",
      "name": "security_policy",
      "provider": "provider[\"registry.terraform.io/hashicorp/aws\"]",
      "instances": [
        {
          "schema_version": 0,
          "attributes": {
            "id": "1436008324",
            "json": "{\n  \"Version\": \"2012-10-17\",\n  \"Statement\": [\n    {\n      \"Effect\": \"Deny\",\n      \"Action\": \"s3:PutObject\",\n      \"Resource\": \"arn:aws:s3:::aue1d1z1s3boidhoidh-datastorage/*\",\n      \"Principal\": \"*\",\n      \"Condition\": {\n        \"ForAnyValue:StringNotLikeIfExists\": {\n          \"s3:x-amz-server-side-encryption-aws-kms-key-id\": \"arn:aws:kms:us-east-1:847258583865:key/c8682d4e-c701-48ec-9e59-8f2818d50448\"\n        }\n      }\n    },\n    {\n      \"Effect\": \"Deny\",\n      \"Action\": \"s3:*\",\n      \"Resource\": [\n        \"arn:aws:s3:::aue1d1z1s3boidhoidh-datastorage/*\",\n        \"arn:aws:s3:::aue1d1z1s3boidhoidh-datastorage\"\n      ],\n      \"Principal\": \"*\",\n      \"Condition\": {\n        \"Bool\": {\n          \"aws:SecureTransport\": \"false\"\n        }\n      }\n    }\n  ]\n}",
            "override_policy_documents": null,
            "policy_id": null,
            "source_policy_documents": null,
            "statement": [
              {
                "actions": [
                  "s3:PutObject"
                ],
                "condition": [
                  {
                    "test": "ForAnyValue:StringNotLikeIfExists",
                    "values": [
                      "arn:aws:kms:us-east-1:847258583865:key/c8682d4e-c701-48ec-9e59-8f2818d50448"
                    ],
                    "variable": "s3:x-amz-server-side-encryption-aws-kms-key-id"
                  }
                ],
                "effect": "Deny",
                "not_actions": [],
                "not_principals": [],
                "not_resources": [],
                "principals": [
                  {
                    "identifiers": [
                      "*"
                    ],
                    "type": "*"
                  }
                ],
                "resources": [
                  "arn:aws:s3:::aue1d1z1s3boidhoidh-datastorage/*"
                ],
                "sid": ""
              },
              {
                "actions": [
                  "s3:*"
                ],
                "condition": [
                  {
                    "test": "Bool",
                    "values": [
                      "false"
                    ],
                    "variable": "aws:SecureTransport"
                  }
                ],
                "effect": "Deny",
                "not_actions": [],
                "not_principals": [],
                "not_resources": [],
                "principals": [
                  {
                    "identifiers": [
                      "*"
                    ],
                    "type": "*"
                  }
                ],
                "resources": [
                  "arn:aws:s3:::aue1d1z1s3boidhoidh-datastorage",
                  "arn:aws:s3:::aue1d1z1s3boidhoidh-datastorage/*"
                ],
                "sid": ""
              }
            ],
            "version": "2012-10-17"
          },
          "sensitive_attributes": []
        }
      ]
    },
    {
      "module": "module.s3_data_bucket",
      "mode": "managed",
      "type": "aws_s3_bucket",
      "name": "s3_bucket",
      "provider": "provider[\"registry.terraform.io/hashicorp/aws\"]",
      "instances": [
        {
          "schema_version": 0,
          "attributes": {
            "acceleration_status": "",
            "acl": null,
            "arn": "arn:aws:s3:::aue1d1z1s3boidhoidh-datastorage",
            "bucket": "aue1d1z1s3boidhoidh-datastorage",
            "bucket_domain_name": "aue1d1z1s3boidhoidh-datastorage.s3.amazonaws.com",
            "bucket_prefix": "",
            "bucket_regional_domain_name": "aue1d1z1s3boidhoidh-datastorage.s3.us-east-1.amazonaws.com",
            "cors_rule": [],
            "force_destroy": false,
            "grant": [
              {
                "id": "d4b4aad151945f9540d5f18edbd469724b18dd37a20eea4f54e5b0cb8e776d3c",
                "permissions": [
                  "FULL_CONTROL"
                ],
                "type": "CanonicalUser",
                "uri": ""
              }
            ],
            "hosted_zone_id": "Z3AQBSTGFYJSTF",
            "id": "aue1d1z1s3boidhoidh-datastorage",
            "lifecycle_rule": [],
            "logging": [],
            "object_lock_configuration": [],
            "object_lock_enabled": false,
            "policy": "",
            "region": "us-east-1",
            "replication_configuration": [],
            "request_payer": "BucketOwner",
            "server_side_encryption_configuration": [
              {
                "rule": [
                  {
                    "apply_server_side_encryption_by_default": [
                      {
                        "kms_master_key_id": "",
                        "sse_algorithm": "AES256"
                      }
                    ],
                    "bucket_key_enabled": false
                  }
                ]
              }
            ],
            "tags": {
              "Name": "aue1d1z1s3boidhoidh-datastorage",
              "app": "oidh",
              "creation_app": "terraform",
              "env": "d1",
              "ledger": " ",
              "purpose": "oidh-datastorage",
              "site": "aue1",
              "tier": "oidh",
              "zone": "z1"
            },
            "tags_all": {
              "Name": "aue1d1z1s3boidhoidh-datastorage",
              "app": "oidh",
              "creation_app": "terraform",
              "env": "d1",
              "ledger": " ",
              "purpose": "oidh-datastorage",
              "site": "aue1",
              "tier": "oidh",
              "zone": "z1"
            },
            "timeouts": null,
            "versioning": [
              {
                "enabled": false,
                "mfa_delete": false
              }
            ],
            "website": [],
            "website_domain": null,
            "website_endpoint": null
          },
          "sensitive_attributes": [],
          "private": "eyJlMmJmYjczMC1lY2FhLTExZTYtOGY4OC0zNDM2M2JjN2M0YzAiOnsiY3JlYXRlIjoxMjAwMDAwMDAwMDAwLCJkZWxldGUiOjM2MDAwMDAwMDAwMDAsInJlYWQiOjEyMDAwMDAwMDAwMDAsInVwZGF0ZSI6MTIwMDAwMDAwMDAwMH19"
        }
      ]
    },
    {
      "module": "module.s3_data_bucket",
      "mode": "managed",
      "type": "aws_s3_bucket_acl",
      "name": "private_acl",
      "provider": "provider[\"registry.terraform.io/hashicorp/aws\"]",
      "instances": [
        {
          "schema_version": 0,
          "attributes": {
            "access_control_policy": [
              {
                "grant": [
                  {
                    "grantee": [
                      {
                        "display_name": "bbrayato+qa",
                        "email_address": "",
                        "id": "d4b4aad151945f9540d5f18edbd469724b18dd37a20eea4f54e5b0cb8e776d3c",
                        "type": "CanonicalUser",
                        "uri": ""
                      }
                    ],
                    "permission": "FULL_CONTROL"
                  }
                ],
                "owner": [
                  {
                    "display_name": "bbrayato+qa",
                    "id": "d4b4aad151945f9540d5f18edbd469724b18dd37a20eea4f54e5b0cb8e776d3c"
                  }
                ]
              }
            ],
            "acl": "private",
            "bucket": "aue1d1z1s3boidhoidh-datastorage",
            "expected_bucket_owner": "",
            "id": "aue1d1z1s3boidhoidh-datastorage,private"
          },
          "sensitive_attributes": [],
          "private": "bnVsbA==",
          "dependencies": [
            "module.s3_data_bucket.aws_s3_bucket.s3_bucket",
            "module.s3_data_bucket.aws_s3_bucket_ownership_controls.s3_ownership"
          ]
        }
      ]
    },
    {
      "module": "module.s3_data_bucket",
      "mode": "managed",
      "type": "aws_s3_bucket_lifecycle_configuration",
      "name": "bucket_lifecycle",
      "provider": "provider[\"registry.terraform.io/hashicorp/aws\"]",
      "instances": [
        {
          "schema_version": 0,
          "attributes": {
            "bucket": "aue1d1z1s3boidhoidh-datastorage",
            "expected_bucket_owner": "",
            "id": "aue1d1z1s3boidhoidh-datastorage",
            "rule": [
              {
                "abort_incomplete_multipart_upload": [],
                "expiration": [
                  {
                    "date": "",
                    "days": 180,
                    "expired_object_delete_marker": false
                  }
                ],
                "filter": [
                  {
                    "and": [],
                    "object_size_greater_than": null,
                    "object_size_less_than": null,
                    "prefix": null,
                    "tag": []
                  }
                ],
                "id": "bucket_lifecycle",
                "noncurrent_version_expiration": [],
                "noncurrent_version_transition": [],
                "prefix": "",
                "status": "Enabled",
                "transition": [
                  {
                    "date": "",
                    "days": 30,
                    "storage_class": "INTELLIGENT_TIERING"
                  }
                ]
              },
              {
                "abort_incomplete_multipart_upload": [],
                "expiration": [
                  {
                    "date": "",
                    "days": 15,
                    "expired_object_delete_marker": false
                  }
                ],
                "filter": [
                  {
                    "and": [],
                    "object_size_greater_than": "",
                    "object_size_less_than": "",
                    "prefix": "tmp/",
                    "tag": []
                  }
                ],
                "id": "tmp",
                "noncurrent_version_expiration": [],
                "noncurrent_version_transition": [],
                "prefix": "",
                "status": "Enabled",
                "transition": []
              },
              {
                "abort_incomplete_multipart_upload": [],
                "expiration": [],
                "filter": [
                  {
                    "and": [],
                    "object_size_greater_than": null,
                    "object_size_less_than": null,
                    "prefix": null,
                    "tag": []
                  }
                ],
                "id": "versions_config",
                "noncurrent_version_expiration": [
                  {
                    "newer_noncurrent_versions": "",
                    "noncurrent_days": 90
                  }
                ],
                "noncurrent_version_transition": [
                  {
                    "newer_noncurrent_versions": "",
                    "noncurrent_days": 30,
                    "storage_class": "STANDARD_IA"
                  },
                  {
                    "newer_noncurrent_versions": "",
                    "noncurrent_days": 60,
                    "storage_class": "GLACIER"
                  }
                ],
                "prefix": "",
                "status": "Enabled",
                "transition": []
              },
              {
                "abort_incomplete_multipart_upload": [],
                "expiration": [],
                "filter": [
                  {
                    "and": [],
                    "object_size_greater_than": "",
                    "object_size_less_than": "",
                    "prefix": "tmp/",
                    "tag": []
                  }
                ],
                "id": "tmp_versions",
                "noncurrent_version_expiration": [
                  {
                    "newer_noncurrent_versions": "",
                    "noncurrent_days": 15
                  }
                ],
                "noncurrent_version_transition": [],
                "prefix": "",
                "status": "Enabled",
                "transition": []
              }
            ]
          },
          "sensitive_attributes": [],
          "private": "bnVsbA==",
          "dependencies": [
            "module.s3_data_bucket.aws_s3_bucket.s3_bucket",
            "module.s3_data_bucket.aws_s3_bucket_versioning.s3_bucket_versioning"
          ]
        }
      ]
    },
    {
      "module": "module.s3_data_bucket",
      "mode": "managed",
      "type": "aws_s3_bucket_ownership_controls",
      "name": "s3_ownership",
      "provider": "provider[\"registry.terraform.io/hashicorp/aws\"]",
      "instances": [
        {
          "schema_version": 0,
          "attributes": {
            "bucket": "aue1d1z1s3boidhoidh-datastorage",
            "id": "aue1d1z1s3boidhoidh-datastorage",
            "rule": [
              {
                "object_ownership": "BucketOwnerPreferred"
              }
            ]
          },
          "sensitive_attributes": [],
          "private": "bnVsbA==",
          "dependencies": [
            "module.s3_data_bucket.aws_s3_bucket.s3_bucket"
          ]
        }
      ]
    },
    {
      "module": "module.s3_data_bucket",
      "mode": "managed",
      "type": "aws_s3_bucket_policy",
      "name": "security_policy",
      "provider": "provider[\"registry.terraform.io/hashicorp/aws\"]",
      "instances": [
        {
          "schema_version": 0,
          "attributes": {
            "bucket": "aue1d1z1s3boidhoidh-datastorage",
            "id": "aue1d1z1s3boidhoidh-datastorage",
            "policy": "{\"Statement\":[{\"Action\":\"s3:PutObject\",\"Condition\":{\"ForAnyValue:StringNotLikeIfExists\":{\"s3:x-amz-server-side-encryption-aws-kms-key-id\":\"arn:aws:kms:us-east-1:847258583865:key/c8682d4e-c701-48ec-9e59-8f2818d50448\"}},\"Effect\":\"Deny\",\"Principal\":\"*\",\"Resource\":\"arn:aws:s3:::aue1d1z1s3boidhoidh-datastorage/*\"},{\"Action\":\"s3:*\",\"Condition\":{\"Bool\":{\"aws:SecureTransport\":\"false\"}},\"Effect\":\"Deny\",\"Principal\":\"*\",\"Resource\":[\"arn:aws:s3:::aue1d1z1s3boidhoidh-datastorage/*\",\"arn:aws:s3:::aue1d1z1s3boidhoidh-datastorage\"]}],\"Version\":\"2012-10-17\"}"
          },
          "sensitive_attributes": [],
          "private": "bnVsbA==",
          "dependencies": [
            "module.data_key.aws_kms_key.kms_key",
            "module.data_key.data.aws_iam_policy_document.key_policy",
            "module.s3_data_bucket.aws_s3_bucket.s3_bucket",
            "module.s3_data_bucket.data.aws_iam_policy_document.security_policy"
          ]
        }
      ]
    },
    {
      "module": "module.s3_data_bucket",
      "mode": "managed",
      "type": "aws_s3_bucket_server_side_encryption_configuration",
      "name": "s3_encryption",
      "provider": "provider[\"registry.terraform.io/hashicorp/aws\"]",
      "instances": [
        {
          "schema_version": 0,
          "attributes": {
            "bucket": "aue1d1z1s3boidhoidh-datastorage",
            "expected_bucket_owner": "",
            "id": "aue1d1z1s3boidhoidh-datastorage",
            "rule": [
              {
                "apply_server_side_encryption_by_default": [
                  {
                    "kms_master_key_id": "c8682d4e-c701-48ec-9e59-8f2818d50448",
                    "sse_algorithm": "aws:kms"
                  }
                ],
                "bucket_key_enabled": true
              }
            ]
          },
          "sensitive_attributes": [],
          "private": "bnVsbA==",
          "dependencies": [
            "module.data_key.aws_kms_key.kms_key",
            "module.data_key.data.aws_iam_policy_document.key_policy",
            "module.s3_data_bucket.aws_s3_bucket.s3_bucket"
          ]
        }
      ]
    },
    {
      "module": "module.s3_data_bucket",
      "mode": "managed",
      "type": "aws_s3_bucket_versioning",
      "name": "s3_bucket_versioning",
      "provider": "provider[\"registry.terraform.io/hashicorp/aws\"]",
      "instances": [
        {
          "schema_version": 0,
          "attributes": {
            "bucket": "aue1d1z1s3boidhoidh-datastorage",
            "expected_bucket_owner": "",
            "id": "aue1d1z1s3boidhoidh-datastorage",
            "mfa": null,
            "versioning_configuration": [
              {
                "mfa_delete": "",
                "status": "Enabled"
              }
            ]
          },
          "sensitive_attributes": [],
          "private": "bnVsbA==",
          "dependencies": [
            "module.s3_data_bucket.aws_s3_bucket.s3_bucket"
          ]
        }
      ]
    },
    {
      "module": "module.s3_glue_artifacts_bucket",
      "mode": "data",
      "type": "aws_iam_policy_document",
      "name": "security_policy",
      "provider": "provider[\"registry.terraform.io/hashicorp/aws\"]",
      "instances": [
        {
          "schema_version": 0,
          "attributes": {
            "id": "3088540164",
            "json": "{\n  \"Version\": \"2012-10-17\",\n  \"Statement\": [\n    {\n      \"Effect\": \"Deny\",\n      \"Action\": \"s3:PutObject\",\n      \"Resource\": \"arn:aws:s3:::aue1d1z1s3boidhoidh-glueartifacts/*\",\n      \"Principal\": \"*\",\n      \"Condition\": {\n        \"ForAnyValue:StringNotLikeIfExists\": {\n          \"s3:x-amz-server-side-encryption-aws-kms-key-id\": \"arn:aws:kms:us-east-1:847258583865:key/84c87c40-0e7e-4ca8-abca-084dae172a17\"\n        }\n      }\n    },\n    {\n      \"Effect\": \"Deny\",\n      \"Action\": \"s3:*\",\n      \"Resource\": [\n        \"arn:aws:s3:::aue1d1z1s3boidhoidh-glueartifacts/*\",\n        \"arn:aws:s3:::aue1d1z1s3boidhoidh-glueartifacts\"\n      ],\n      \"Principal\": \"*\",\n      \"Condition\": {\n        \"Bool\": {\n          \"aws:SecureTransport\": \"false\"\n        }\n      }\n    }\n  ]\n}",
            "override_policy_documents": null,
            "policy_id": null,
            "source_policy_documents": null,
            "statement": [
              {
                "actions": [
                  "s3:PutObject"
                ],
                "condition": [
                  {
                    "test": "ForAnyValue:StringNotLikeIfExists",
                    "values": [
                      "arn:aws:kms:us-east-1:847258583865:key/84c87c40-0e7e-4ca8-abca-084dae172a17"
                    ],
                    "variable": "s3:x-amz-server-side-encryption-aws-kms-key-id"
                  }
                ],
                "effect": "Deny",
                "not_actions": [],
                "not_principals": [],
                "not_resources": [],
                "principals": [
                  {
                    "identifiers": [
                      "*"
                    ],
                    "type": "*"
                  }
                ],
                "resources": [
                  "arn:aws:s3:::aue1d1z1s3boidhoidh-glueartifacts/*"
                ],
                "sid": ""
              },
              {
                "actions": [
                  "s3:*"
                ],
                "condition": [
                  {
                    "test": "Bool",
                    "values": [
                      "false"
                    ],
                    "variable": "aws:SecureTransport"
                  }
                ],
                "effect": "Deny",
                "not_actions": [],
                "not_principals": [],
                "not_resources": [],
                "principals": [
                  {
                    "identifiers": [
                      "*"
                    ],
                    "type": "*"
                  }
                ],
                "resources": [
                  "arn:aws:s3:::aue1d1z1s3boidhoidh-glueartifacts",
                  "arn:aws:s3:::aue1d1z1s3boidhoidh-glueartifacts/*"
                ],
                "sid": ""
              }
            ],
            "version": "2012-10-17"
          },
          "sensitive_attributes": []
        }
      ]
    },
    {
      "module": "module.s3_glue_artifacts_bucket",
      "mode": "managed",
      "type": "aws_s3_bucket",
      "name": "s3_bucket",
      "provider": "provider[\"registry.terraform.io/hashicorp/aws\"]",
      "instances": [
        {
          "schema_version": 0,
          "attributes": {
            "acceleration_status": "",
            "acl": null,
            "arn": "arn:aws:s3:::aue1d1z1s3boidhoidh-glueartifacts",
            "bucket": "aue1d1z1s3boidhoidh-glueartifacts",
            "bucket_domain_name": "aue1d1z1s3boidhoidh-glueartifacts.s3.amazonaws.com",
            "bucket_prefix": "",
            "bucket_regional_domain_name": "aue1d1z1s3boidhoidh-glueartifacts.s3.us-east-1.amazonaws.com",
            "cors_rule": [],
            "force_destroy": false,
            "grant": [
              {
                "id": "d4b4aad151945f9540d5f18edbd469724b18dd37a20eea4f54e5b0cb8e776d3c",
                "permissions": [
                  "FULL_CONTROL"
                ],
                "type": "CanonicalUser",
                "uri": ""
              }
            ],
            "hosted_zone_id": "Z3AQBSTGFYJSTF",
            "id": "aue1d1z1s3boidhoidh-glueartifacts",
            "lifecycle_rule": [],
            "logging": [],
            "object_lock_configuration": [],
            "object_lock_enabled": false,
            "policy": "",
            "region": "us-east-1",
            "replication_configuration": [],
            "request_payer": "BucketOwner",
            "server_side_encryption_configuration": [
              {
                "rule": [
                  {
                    "apply_server_side_encryption_by_default": [
                      {
                        "kms_master_key_id": "",
                        "sse_algorithm": "AES256"
                      }
                    ],
                    "bucket_key_enabled": false
                  }
                ]
              }
            ],
            "tags": {
              "Name": "aue1d1z1s3boidhoidh-glueartifacts",
              "app": "oidh",
              "creation_app": "terraform",
              "env": "d1",
              "ledger": " ",
              "purpose": "oidh-glueartifacts",
              "site": "aue1",
              "tier": "oidh",
              "zone": "z1"
            },
            "tags_all": {
              "Name": "aue1d1z1s3boidhoidh-glueartifacts",
              "app": "oidh",
              "creation_app": "terraform",
              "env": "d1",
              "ledger": " ",
              "purpose": "oidh-glueartifacts",
              "site": "aue1",
              "tier": "oidh",
              "zone": "z1"
            },
            "timeouts": null,
            "versioning": [
              {
                "enabled": false,
                "mfa_delete": false
              }
            ],
            "website": [],
            "website_domain": null,
            "website_endpoint": null
          },
          "sensitive_attributes": [],
          "private": "eyJlMmJmYjczMC1lY2FhLTExZTYtOGY4OC0zNDM2M2JjN2M0YzAiOnsiY3JlYXRlIjoxMjAwMDAwMDAwMDAwLCJkZWxldGUiOjM2MDAwMDAwMDAwMDAsInJlYWQiOjEyMDAwMDAwMDAwMDAsInVwZGF0ZSI6MTIwMDAwMDAwMDAwMH19"
        }
      ]
    },
    {
      "module": "module.s3_glue_artifacts_bucket",
      "mode": "managed",
      "type": "aws_s3_bucket_acl",
      "name": "private_acl",
      "provider": "provider[\"registry.terraform.io/hashicorp/aws\"]",
      "instances": [
        {
          "schema_version": 0,
          "attributes": {
            "access_control_policy": [
              {
                "grant": [
                  {
                    "grantee": [
                      {
                        "display_name": "bbrayato+qa",
                        "email_address": "",
                        "id": "d4b4aad151945f9540d5f18edbd469724b18dd37a20eea4f54e5b0cb8e776d3c",
                        "type": "CanonicalUser",
                        "uri": ""
                      }
                    ],
                    "permission": "FULL_CONTROL"
                  }
                ],
                "owner": [
                  {
                    "display_name": "bbrayato+qa",
                    "id": "d4b4aad151945f9540d5f18edbd469724b18dd37a20eea4f54e5b0cb8e776d3c"
                  }
                ]
              }
            ],
            "acl": "private",
            "bucket": "aue1d1z1s3boidhoidh-glueartifacts",
            "expected_bucket_owner": "",
            "id": "aue1d1z1s3boidhoidh-glueartifacts,private"
          },
          "sensitive_attributes": [],
          "private": "bnVsbA==",
          "dependencies": [
            "module.s3_glue_artifacts_bucket.aws_s3_bucket.s3_bucket",
            "module.s3_glue_artifacts_bucket.aws_s3_bucket_ownership_controls.s3_ownership"
          ]
        }
      ]
    },
    {
      "module": "module.s3_glue_artifacts_bucket",
      "mode": "managed",
      "type": "aws_s3_bucket_lifecycle_configuration",
      "name": "bucket_lifecycle",
      "provider": "provider[\"registry.terraform.io/hashicorp/aws\"]",
      "instances": [
        {
          "schema_version": 0,
          "attributes": {
            "bucket": "aue1d1z1s3boidhoidh-glueartifacts",
            "expected_bucket_owner": "",
            "id": "aue1d1z1s3boidhoidh-glueartifacts",
            "rule": [
              {
                "abort_incomplete_multipart_upload": [],
                "expiration": [
                  {
                    "date": "",
                    "days": 180,
                    "expired_object_delete_marker": false
                  }
                ],
                "filter": [
                  {
                    "and": [],
                    "object_size_greater_than": null,
                    "object_size_less_than": null,
                    "prefix": null,
                    "tag": []
                  }
                ],
                "id": "bucket_lifecycle",
                "noncurrent_version_expiration": [],
                "noncurrent_version_transition": [],
                "prefix": "",
                "status": "Enabled",
                "transition": [
                  {
                    "date": "",
                    "days": 30,
                    "storage_class": "INTELLIGENT_TIERING"
                  }
                ]
              },
              {
                "abort_incomplete_multipart_upload": [],
                "expiration": [
                  {
                    "date": "",
                    "days": 15,
                    "expired_object_delete_marker": false
                  }
                ],
                "filter": [
                  {
                    "and": [],
                    "object_size_greater_than": "",
                    "object_size_less_than": "",
                    "prefix": "tmp/",
                    "tag": []
                  }
                ],
                "id": "tmp",
                "noncurrent_version_expiration": [],
                "noncurrent_version_transition": [],
                "prefix": "",
                "status": "Enabled",
                "transition": []
              },
              {
                "abort_incomplete_multipart_upload": [],
                "expiration": [],
                "filter": [
                  {
                    "and": [],
                    "object_size_greater_than": null,
                    "object_size_less_than": null,
                    "prefix": null,
                    "tag": []
                  }
                ],
                "id": "versions_config",
                "noncurrent_version_expiration": [
                  {
                    "newer_noncurrent_versions": "",
                    "noncurrent_days": 90
                  }
                ],
                "noncurrent_version_transition": [
                  {
                    "newer_noncurrent_versions": "",
                    "noncurrent_days": 30,
                    "storage_class": "STANDARD_IA"
                  },
                  {
                    "newer_noncurrent_versions": "",
                    "noncurrent_days": 60,
                    "storage_class": "GLACIER"
                  }
                ],
                "prefix": "",
                "status": "Enabled",
                "transition": []
              },
              {
                "abort_incomplete_multipart_upload": [],
                "expiration": [],
                "filter": [
                  {
                    "and": [],
                    "object_size_greater_than": "",
                    "object_size_less_than": "",
                    "prefix": "tmp/",
                    "tag": []
                  }
                ],
                "id": "tmp_versions",
                "noncurrent_version_expiration": [
                  {
                    "newer_noncurrent_versions": "",
                    "noncurrent_days": 15
                  }
                ],
                "noncurrent_version_transition": [],
                "prefix": "",
                "status": "Enabled",
                "transition": []
              }
            ]
          },
          "sensitive_attributes": [],
          "private": "bnVsbA==",
          "dependencies": [
            "module.s3_glue_artifacts_bucket.aws_s3_bucket.s3_bucket",
            "module.s3_glue_artifacts_bucket.aws_s3_bucket_versioning.s3_bucket_versioning"
          ]
        }
      ]
    },
    {
      "module": "module.s3_glue_artifacts_bucket",
      "mode": "managed",
      "type": "aws_s3_bucket_ownership_controls",
      "name": "s3_ownership",
      "provider": "provider[\"registry.terraform.io/hashicorp/aws\"]",
      "instances": [
        {
          "schema_version": 0,
          "attributes": {
            "bucket": "aue1d1z1s3boidhoidh-glueartifacts",
            "id": "aue1d1z1s3boidhoidh-glueartifacts",
            "rule": [
              {
                "object_ownership": "BucketOwnerPreferred"
              }
            ]
          },
          "sensitive_attributes": [],
          "private": "bnVsbA==",
          "dependencies": [
            "module.s3_glue_artifacts_bucket.aws_s3_bucket.s3_bucket"
          ]
        }
      ]
    },
    {
      "module": "module.s3_glue_artifacts_bucket",
      "mode": "managed",
      "type": "aws_s3_bucket_policy",
      "name": "security_policy",
      "provider": "provider[\"registry.terraform.io/hashicorp/aws\"]",
      "instances": [
        {
          "schema_version": 0,
          "attributes": {
            "bucket": "aue1d1z1s3boidhoidh-glueartifacts",
            "id": "aue1d1z1s3boidhoidh-glueartifacts",
            "policy": "{\"Statement\":[{\"Action\":\"s3:PutObject\",\"Condition\":{\"ForAnyValue:StringNotLikeIfExists\":{\"s3:x-amz-server-side-encryption-aws-kms-key-id\":\"arn:aws:kms:us-east-1:847258583865:key/84c87c40-0e7e-4ca8-abca-084dae172a17\"}},\"Effect\":\"Deny\",\"Principal\":\"*\",\"Resource\":\"arn:aws:s3:::aue1d1z1s3boidhoidh-glueartifacts/*\"},{\"Action\":\"s3:*\",\"Condition\":{\"Bool\":{\"aws:SecureTransport\":\"false\"}},\"Effect\":\"Deny\",\"Principal\":\"*\",\"Resource\":[\"arn:aws:s3:::aue1d1z1s3boidhoidh-glueartifacts/*\",\"arn:aws:s3:::aue1d1z1s3boidhoidh-glueartifacts\"]}],\"Version\":\"2012-10-17\"}"
          },
          "sensitive_attributes": [],
          "private": "bnVsbA==",
          "dependencies": [
            "module.glue_enc_key.aws_kms_key.kms_key",
            "module.glue_enc_key.data.aws_iam_policy_document.key_policy",
            "module.s3_glue_artifacts_bucket.aws_s3_bucket.s3_bucket",
            "module.s3_glue_artifacts_bucket.data.aws_iam_policy_document.security_policy"
          ]
        }
      ]
    },
    {
      "module": "module.s3_glue_artifacts_bucket",
      "mode": "managed",
      "type": "aws_s3_bucket_server_side_encryption_configuration",
      "name": "s3_encryption",
      "provider": "provider[\"registry.terraform.io/hashicorp/aws\"]",
      "instances": [
        {
          "schema_version": 0,
          "attributes": {
            "bucket": "aue1d1z1s3boidhoidh-glueartifacts",
            "expected_bucket_owner": "",
            "id": "aue1d1z1s3boidhoidh-glueartifacts",
            "rule": [
              {
                "apply_server_side_encryption_by_default": [
                  {
                    "kms_master_key_id": "84c87c40-0e7e-4ca8-abca-084dae172a17",
                    "sse_algorithm": "aws:kms"
                  }
                ],
                "bucket_key_enabled": true
              }
            ]
          },
          "sensitive_attributes": [],
          "private": "bnVsbA==",
          "dependencies": [
            "module.glue_enc_key.aws_kms_key.kms_key",
            "module.glue_enc_key.data.aws_iam_policy_document.key_policy",
            "module.s3_glue_artifacts_bucket.aws_s3_bucket.s3_bucket"
          ]
        }
      ]
    },
    {
      "module": "module.s3_glue_artifacts_bucket",
      "mode": "managed",
      "type": "aws_s3_bucket_versioning",
      "name": "s3_bucket_versioning",
      "provider": "provider[\"registry.terraform.io/hashicorp/aws\"]",
      "instances": [
        {
          "schema_version": 0,
          "attributes": {
            "bucket": "aue1d1z1s3boidhoidh-glueartifacts",
            "expected_bucket_owner": "",
            "id": "aue1d1z1s3boidhoidh-glueartifacts",
            "mfa": null,
            "versioning_configuration": [
              {
                "mfa_delete": "",
                "status": "Enabled"
              }
            ]
          },
          "sensitive_attributes": [],
          "private": "bnVsbA==",
          "dependencies": [
            "module.s3_glue_artifacts_bucket.aws_s3_bucket.s3_bucket"
          ]
        }
      ]
    }
  ],
  "check_results": null
}
