{
  "version": 4,
  "terraform_version": "1.5.4",
  "serial": 203,
  "lineage": "c942fc94-c6d5-f281-64cd-62993e96f54f",
  "outputs": {},
  "resources": [
    {
      "mode": "data",
      "type": "aws_caller_identity",
      "name": "current",
      "provider": "provider[\"registry.terraform.io/hashicorp/aws\"]",
      "instances": [
        {
          "schema_version": 0,
          "attributes": {
            "account_id": "847258583865",
            "arn": "arn:aws:iam::847258583865:user/admin2",
            "id": "847258583865",
            "user_id": "AIDA4KREMAM4YVGA4T5YW"
          },
          "sensitive_attributes": []
        }
      ]
    },
    {
      "mode": "data",
      "type": "aws_region",
      "name": "current",
      "provider": "provider[\"registry.terraform.io/hashicorp/aws\"]",
      "instances": [
        {
          "schema_version": 0,
          "attributes": {
            "description": "US East (N. Virginia)",
            "endpoint": "ec2.us-east-1.amazonaws.com",
            "id": "us-east-1",
            "name": "us-east-1"
          },
          "sensitive_attributes": []
        }
      ]
    },
    {
      "mode": "managed",
      "type": "aws_s3_object",
      "name": "artifacts",
      "provider": "provider[\"registry.terraform.io/hashicorp/aws\"]",
      "instances": [
        {
          "index_key": "config/ingest_config.json",
          "schema_version": 0,
          "attributes": {
            "acl": null,
            "bucket": "aue1d1z1s3boidhoidhbrtest-artifacts",
            "bucket_key_enabled": false,
            "cache_control": "",
            "content": null,
            "content_base64": null,
            "content_disposition": "",
            "content_encoding": "",
            "content_language": "",
            "content_type": "binary/octet-stream",
            "etag": "f647b6b7b77527f89ab7746cdf24995a",
            "force_destroy": false,
            "id": "config/ingest_config.json",
            "key": "config/ingest_config.json",
            "kms_key_id": null,
            "metadata": {},
            "object_lock_legal_hold_status": "",
            "object_lock_mode": "",
            "object_lock_retain_until_date": "",
            "server_side_encryption": "AES256",
            "source": "../src/artifacts/config/ingest_config.json",
            "source_hash": null,
            "storage_class": "STANDARD",
            "tags": {},
            "tags_all": {},
            "version_id": "Y6u.IpaFqmAeGkKUOAVblOOu6soKclT0",
            "website_redirect": ""
          },
          "sensitive_attributes": [],
          "private": "bnVsbA==",
          "dependencies": [
            "module.s3_artifacts_bucket.aws_s3_bucket.s3_bucket"
          ]
        }
      ]
    },
    {
      "mode": "managed",
      "type": "aws_ssm_parameter",
      "name": "max_records_param",
      "provider": "provider[\"registry.terraform.io/hashicorp/aws\"]",
      "instances": [
        {
          "schema_version": 0,
          "attributes": {
            "allowed_pattern": "",
            "arn": "arn:aws:ssm:us-east-1:847258583865:parameter/parameter/aue1/d1/oidh/alayasync/max_records",
            "data_type": "text",
            "description": "",
            "id": "/parameter/aue1/d1/oidh/alayasync/max_records",
            "insecure_value": null,
            "key_id": "",
            "name": "/parameter/aue1/d1/oidh/alayasync/max_records",
            "overwrite": null,
            "tags": {},
            "tags_all": {},
            "tier": "Standard",
            "type": "String",
            "value": "5000",
            "version": 1
          },
          "sensitive_attributes": [],
          "private": "bnVsbA=="
        }
      ]
    },
    {
      "module": "module.alayasync",
      "mode": "managed",
      "type": "aws_cloudwatch_metric_alarm",
      "name": "sfn",
      "provider": "provider[\"registry.terraform.io/hashicorp/aws\"]",
      "instances": [
        {
          "schema_version": 1,
          "attributes": {
            "actions_enabled": true,
            "alarm_actions": [],
            "alarm_description": "Monitors failed executions for AlayaSync step function",
            "alarm_name": "aue1d1z1cwaoidhoidhbrtest-alayasync",
            "arn": "arn:aws:cloudwatch:us-east-1:847258583865:alarm:aue1d1z1cwaoidhoidhbrtest-alayasync",
            "comparison_operator": "GreaterThanThreshold",
            "datapoints_to_alarm": 0,
            "dimensions": {
              "StateMachineArn": "arn:aws:states:us-east-1:847258583865:stateMachine:aue1d1z1stmoidhoidhbrtest-alayasync"
            },
            "evaluate_low_sample_count_percentiles": "",
            "evaluation_periods": 1,
            "extended_statistic": "",
            "id": "aue1d1z1cwaoidhoidhbrtest-alayasync",
            "insufficient_data_actions": [],
            "metric_name": "ExecutionsFailed",
            "metric_query": [],
            "namespace": "AWS/States",
            "ok_actions": [],
            "period": 60,
            "statistic": "Average",
            "tags": {
              "Name": "aue1d1z1cwaoidhoidhbrtest-alayasync",
              "app": "oidh",
              "creation_app": "terraform",
              "env": "d1",
              "ledger": "oidh",
              "purpose": "oidhbrtest-alayasync",
              "site": "aue1",
              "tier": "oidh",
              "zone": "z1"
            },
            "tags_all": {
              "Name": "aue1d1z1cwaoidhoidhbrtest-alayasync",
              "app": "oidh",
              "creation_app": "terraform",
              "env": "d1",
              "ledger": "oidh",
              "purpose": "oidhbrtest-alayasync",
              "site": "aue1",
              "tier": "oidh",
              "zone": "z1"
            },
            "threshold": 0,
            "threshold_metric_id": "",
            "treat_missing_data": "ignore",
            "unit": ""
          },
          "sensitive_attributes": [],
          "private": "eyJzY2hlbWFfdmVyc2lvbiI6IjEifQ==",
          "dependencies": [
            "data.aws_caller_identity.current",
            "module.alayasync.module.lambdas.data.aws_region.current",
            "module.alayasync.module.lambdas.module.lambda_alaya_sync_ecs_start.aws_iam_role.lambda",
            "module.alayasync.module.lambdas.module.lambda_alaya_sync_ecs_start.aws_lambda_function.executor",
            "module.alayasync.module.lambdas.module.lambda_alaya_sync_ecs_start.data.archive_file.source_code",
            "module.alayasync.module.lambdas.module.lambda_alaya_sync_ecs_start.data.aws_iam_policy_document.assume",
            "module.alayasync.module.lambdas.module.lambda_alaya_sync_ecs_status.aws_iam_role.lambda",
            "module.alayasync.module.lambdas.module.lambda_alaya_sync_ecs_status.aws_lambda_function.executor",
            "module.alayasync.module.lambdas.module.lambda_alaya_sync_ecs_status.data.archive_file.source_code",
            "module.alayasync.module.lambdas.module.lambda_alaya_sync_ecs_status.data.aws_iam_policy_document.assume",
            "module.alayasync.module.lambdas.module.lambda_alaya_sync_reduce.aws_iam_role.lambda",
            "module.alayasync.module.lambdas.module.lambda_alaya_sync_reduce.aws_lambda_function.executor",
            "module.alayasync.module.lambdas.module.lambda_alaya_sync_reduce.data.archive_file.source_code",
            "module.alayasync.module.lambdas.module.lambda_alaya_sync_reduce.data.aws_iam_policy_document.assume",
            "module.alayasync.module.lambdas.module.lambda_alaya_sync_scheduling.aws_iam_role.lambda",
            "module.alayasync.module.lambdas.module.lambda_alaya_sync_scheduling.aws_lambda_function.executor",
            "module.alayasync.module.lambdas.module.lambda_alaya_sync_scheduling.data.archive_file.source_code",
            "module.alayasync.module.lambdas.module.lambda_alaya_sync_scheduling.data.aws_iam_policy_document.assume",
            "module.alayasync.module.lambdas.module.lambda_get_hubids.aws_iam_role.lambda",
            "module.alayasync.module.lambdas.module.lambda_get_hubids.aws_lambda_function.executor",
            "module.alayasync.module.lambdas.module.lambda_get_hubids.data.archive_file.source_code",
            "module.alayasync.module.lambdas.module.lambda_get_hubids.data.aws_iam_policy_document.assume",
            "module.alayasync.module.step_functions.module.alaya_sync_sfn.aws_iam_role.sfn",
            "module.alayasync.module.step_functions.module.alaya_sync_sfn.aws_sfn_state_machine.sfn",
            "module.alayasync.module.step_functions.module.alaya_sync_sfn.data.aws_caller_identity.current",
            "module.alayasync.module.step_functions.module.alaya_sync_sfn.data.aws_iam_policy_document.assume",
            "module.alayasync.module.step_functions.module.alaya_sync_sfn.data.template_file.sfn_definition",
            "module.athena.module.athena_bucket.aws_s3_bucket.main",
            "module.data_key.aws_kms_key.kms_key",
            "module.data_key.data.aws_iam_policy_document.key_policy",
            "module.s3_artifacts_bucket.aws_s3_bucket.s3_bucket",
            "module.s3_data_bucket.aws_s3_bucket.s3_bucket"
          ]
        }
      ]
    },
    {
      "module": "module.alayasync",
      "mode": "managed",
      "type": "aws_lambda_permission",
      "name": "allow_events",
      "provider": "provider[\"registry.terraform.io/hashicorp/aws\"]",
      "instances": [
        {
          "schema_version": 0,
          "attributes": {
            "action": "lambda:InvokeFunction",
            "event_source_token": null,
            "function_name": "arn:aws:lambda:us-east-1:847258583865:function:aue1d1z1lmboidhoidhbrtest-alayasyncexecution",
            "function_url_auth_type": null,
            "id": "AllowExecutionFromS3BucketToLambda",
            "principal": "s3.amazonaws.com",
            "principal_org_id": null,
            "qualifier": "",
            "source_account": null,
            "source_arn": "arn:aws:s3:::aue1d1z1s3boidhoidhbrtest-artifacts",
            "statement_id": "AllowExecutionFromS3BucketToLambda",
            "statement_id_prefix": ""
          },
          "sensitive_attributes": [],
          "private": "bnVsbA==",
          "dependencies": [
            "data.aws_caller_identity.current",
            "module.alayasync.module.lambdas.data.aws_region.current",
            "module.alayasync.module.lambdas.module.lambda_alaya_sync_ecs_start.aws_iam_role.lambda",
            "module.alayasync.module.lambdas.module.lambda_alaya_sync_ecs_start.aws_lambda_function.executor",
            "module.alayasync.module.lambdas.module.lambda_alaya_sync_ecs_start.data.archive_file.source_code",
            "module.alayasync.module.lambdas.module.lambda_alaya_sync_ecs_start.data.aws_iam_policy_document.assume",
            "module.alayasync.module.lambdas.module.lambda_alaya_sync_ecs_status.aws_iam_role.lambda",
            "module.alayasync.module.lambdas.module.lambda_alaya_sync_ecs_status.aws_lambda_function.executor",
            "module.alayasync.module.lambdas.module.lambda_alaya_sync_ecs_status.data.archive_file.source_code",
            "module.alayasync.module.lambdas.module.lambda_alaya_sync_ecs_status.data.aws_iam_policy_document.assume",
            "module.alayasync.module.lambdas.module.lambda_alaya_sync_reduce.aws_iam_role.lambda",
            "module.alayasync.module.lambdas.module.lambda_alaya_sync_reduce.aws_lambda_function.executor",
            "module.alayasync.module.lambdas.module.lambda_alaya_sync_reduce.data.archive_file.source_code",
            "module.alayasync.module.lambdas.module.lambda_alaya_sync_reduce.data.aws_iam_policy_document.assume",
            "module.alayasync.module.lambdas.module.lambda_alaya_sync_scheduling.aws_iam_role.lambda",
            "module.alayasync.module.lambdas.module.lambda_alaya_sync_scheduling.aws_lambda_function.executor",
            "module.alayasync.module.lambdas.module.lambda_alaya_sync_scheduling.data.archive_file.source_code",
            "module.alayasync.module.lambdas.module.lambda_alaya_sync_scheduling.data.aws_iam_policy_document.assume",
            "module.alayasync.module.lambdas.module.lambda_get_hubids.aws_iam_role.lambda",
            "module.alayasync.module.lambdas.module.lambda_get_hubids.aws_lambda_function.executor",
            "module.alayasync.module.lambdas.module.lambda_get_hubids.data.archive_file.source_code",
            "module.alayasync.module.lambdas.module.lambda_get_hubids.data.aws_iam_policy_document.assume",
            "module.alayasync.module.lambdas_execution.module.lambda_alaya_sync_execution.aws_iam_role.lambda",
            "module.alayasync.module.lambdas_execution.module.lambda_alaya_sync_execution.aws_lambda_function.executor",
            "module.alayasync.module.lambdas_execution.module.lambda_alaya_sync_execution.data.archive_file.source_code",
            "module.alayasync.module.lambdas_execution.module.lambda_alaya_sync_execution.data.aws_iam_policy_document.assume",
            "module.alayasync.module.step_functions.module.alaya_sync_sfn.aws_iam_role.sfn",
            "module.alayasync.module.step_functions.module.alaya_sync_sfn.aws_sfn_state_machine.sfn",
            "module.alayasync.module.step_functions.module.alaya_sync_sfn.data.aws_caller_identity.current",
            "module.alayasync.module.step_functions.module.alaya_sync_sfn.data.aws_iam_policy_document.assume",
            "module.alayasync.module.step_functions.module.alaya_sync_sfn.data.template_file.sfn_definition",
            "module.athena.module.athena_bucket.aws_s3_bucket.main",
            "module.data_key.aws_kms_key.kms_key",
            "module.data_key.data.aws_iam_policy_document.key_policy",
            "module.s3_artifacts_bucket.aws_s3_bucket.s3_bucket",
            "module.s3_data_bucket.aws_s3_bucket.s3_bucket"
          ]
        }
      ]
    },
    {
      "module": "module.alayasync",
      "mode": "managed",
      "type": "aws_s3_bucket_notification",
      "name": "register",
      "provider": "provider[\"registry.terraform.io/hashicorp/aws\"]",
      "instances": [
        {
          "schema_version": 0,
          "attributes": {
            "bucket": "aue1d1z1s3boidhoidhbrtest-artifacts",
            "eventbridge": false,
            "id": "aue1d1z1s3boidhoidhbrtest-artifacts",
            "lambda_function": [
              {
                "events": [
                  "s3:ObjectCreated:*"
                ],
                "filter_prefix": "gethubid/start_executions",
                "filter_suffix": ".json",
                "id": "tf-s3-lambda-20231023213202877100000001",
                "lambda_function_arn": "arn:aws:lambda:us-east-1:847258583865:function:aue1d1z1lmboidhoidhbrtest-alayasyncexecution"
              }
            ],
            "queue": [],
            "topic": []
          },
          "sensitive_attributes": [],
          "private": "bnVsbA==",
          "dependencies": [
            "data.aws_caller_identity.current",
            "module.alayasync.module.lambdas.data.aws_region.current",
            "module.alayasync.module.lambdas.module.lambda_alaya_sync_ecs_start.aws_iam_role.lambda",
            "module.alayasync.module.lambdas.module.lambda_alaya_sync_ecs_start.aws_lambda_function.executor",
            "module.alayasync.module.lambdas.module.lambda_alaya_sync_ecs_start.data.archive_file.source_code",
            "module.alayasync.module.lambdas.module.lambda_alaya_sync_ecs_start.data.aws_iam_policy_document.assume",
            "module.alayasync.module.lambdas.module.lambda_alaya_sync_ecs_status.aws_iam_role.lambda",
            "module.alayasync.module.lambdas.module.lambda_alaya_sync_ecs_status.aws_lambda_function.executor",
            "module.alayasync.module.lambdas.module.lambda_alaya_sync_ecs_status.data.archive_file.source_code",
            "module.alayasync.module.lambdas.module.lambda_alaya_sync_ecs_status.data.aws_iam_policy_document.assume",
            "module.alayasync.module.lambdas.module.lambda_alaya_sync_reduce.aws_iam_role.lambda",
            "module.alayasync.module.lambdas.module.lambda_alaya_sync_reduce.aws_lambda_function.executor",
            "module.alayasync.module.lambdas.module.lambda_alaya_sync_reduce.data.archive_file.source_code",
            "module.alayasync.module.lambdas.module.lambda_alaya_sync_reduce.data.aws_iam_policy_document.assume",
            "module.alayasync.module.lambdas.module.lambda_alaya_sync_scheduling.aws_iam_role.lambda",
            "module.alayasync.module.lambdas.module.lambda_alaya_sync_scheduling.aws_lambda_function.executor",
            "module.alayasync.module.lambdas.module.lambda_alaya_sync_scheduling.data.archive_file.source_code",
            "module.alayasync.module.lambdas.module.lambda_alaya_sync_scheduling.data.aws_iam_policy_document.assume",
            "module.alayasync.module.lambdas.module.lambda_get_hubids.aws_iam_role.lambda",
            "module.alayasync.module.lambdas.module.lambda_get_hubids.aws_lambda_function.executor",
            "module.alayasync.module.lambdas.module.lambda_get_hubids.data.archive_file.source_code",
            "module.alayasync.module.lambdas.module.lambda_get_hubids.data.aws_iam_policy_document.assume",
            "module.alayasync.module.lambdas_execution.module.lambda_alaya_sync_execution.aws_iam_role.lambda",
            "module.alayasync.module.lambdas_execution.module.lambda_alaya_sync_execution.aws_lambda_function.executor",
            "module.alayasync.module.lambdas_execution.module.lambda_alaya_sync_execution.data.archive_file.source_code",
            "module.alayasync.module.lambdas_execution.module.lambda_alaya_sync_execution.data.aws_iam_policy_document.assume",
            "module.alayasync.module.step_functions.module.alaya_sync_sfn.aws_iam_role.sfn",
            "module.alayasync.module.step_functions.module.alaya_sync_sfn.aws_sfn_state_machine.sfn",
            "module.alayasync.module.step_functions.module.alaya_sync_sfn.data.aws_caller_identity.current",
            "module.alayasync.module.step_functions.module.alaya_sync_sfn.data.aws_iam_policy_document.assume",
            "module.alayasync.module.step_functions.module.alaya_sync_sfn.data.template_file.sfn_definition",
            "module.athena.module.athena_bucket.aws_s3_bucket.main",
            "module.data_key.aws_kms_key.kms_key",
            "module.data_key.data.aws_iam_policy_document.key_policy",
            "module.s3_artifacts_bucket.aws_s3_bucket.s3_bucket",
            "module.s3_data_bucket.aws_s3_bucket.s3_bucket"
          ]
        }
      ]
    },
    {
      "module": "module.alayasync.module.dynamo",
      "mode": "managed",
      "type": "aws_dynamodb_table",
      "name": "metadata",
      "provider": "provider[\"registry.terraform.io/hashicorp/aws\"]",
      "instances": [
        {
          "schema_version": 1,
          "attributes": {
            "arn": "arn:aws:dynamodb:us-east-1:847258583865:table/aue1d1z1dytoidhoidhbrtest-gethubids",
            "attribute": [
              {
                "name": "batch",
                "type": "S"
              },
              {
                "name": "id",
                "type": "S"
              },
              {
                "name": "status",
                "type": "S"
              }
            ],
            "billing_mode": "PAY_PER_REQUEST",
            "deletion_protection_enabled": false,
            "global_secondary_index": [
              {
                "hash_key": "batch",
                "name": "scheduling-index",
                "non_key_attributes": [],
                "projection_type": "ALL",
                "range_key": "status",
                "read_capacity": 0,
                "write_capacity": 0
              }
            ],
            "hash_key": "id",
            "id": "aue1d1z1dytoidhoidhbrtest-gethubids",
            "local_secondary_index": [],
            "name": "aue1d1z1dytoidhoidhbrtest-gethubids",
            "point_in_time_recovery": [
              {
                "enabled": false
              }
            ],
            "range_key": null,
            "read_capacity": 0,
            "replica": [],
            "restore_date_time": null,
            "restore_source_name": null,
            "restore_to_latest_time": null,
            "server_side_encryption": [
              {
                "enabled": true,
                "kms_key_arn": "arn:aws:kms:us-east-1:847258583865:key/9b2578ee-e83a-4b9c-9600-dfc8a9a19aca"
              }
            ],
            "stream_arn": "arn:aws:dynamodb:us-east-1:847258583865:table/aue1d1z1dytoidhoidhbrtest-gethubids/stream/2023-10-23T20:47:31.477",
            "stream_enabled": true,
            "stream_label": "2023-10-23T20:47:31.477",
            "stream_view_type": "NEW_AND_OLD_IMAGES",
            "table_class": "STANDARD",
            "tags": {
              "Name": "aue1d1z1dytoidhoidhbrtest-gethubids",
              "app": "oidh",
              "creation_app": "terraform",
              "env": "d1",
              "ledger": "oidh",
              "purpose": "oidhbrtest-gethubids",
              "site": "aue1",
              "tier": "oidh",
              "zone": "z1"
            },
            "tags_all": {
              "Name": "aue1d1z1dytoidhoidhbrtest-gethubids",
              "app": "oidh",
              "creation_app": "terraform",
              "env": "d1",
              "ledger": "oidh",
              "purpose": "oidhbrtest-gethubids",
              "site": "aue1",
              "tier": "oidh",
              "zone": "z1"
            },
            "timeouts": null,
            "ttl": [
              {
                "attribute_name": "ttl",
                "enabled": true
              }
            ],
            "write_capacity": 0
          },
          "sensitive_attributes": [],
          "private": "eyJlMmJmYjczMC1lY2FhLTExZTYtOGY4OC0zNDM2M2JjN2M0YzAiOnsiY3JlYXRlIjoxODAwMDAwMDAwMDAwLCJkZWxldGUiOjYwMDAwMDAwMDAwMCwidXBkYXRlIjozNjAwMDAwMDAwMDAwfSwic2NoZW1hX3ZlcnNpb24iOiIxIn0=",
          "dependencies": [
            "data.aws_caller_identity.current",
            "module.athena.module.athena_bucket.aws_s3_bucket.main",
            "module.data_key.aws_kms_key.kms_key",
            "module.data_key.data.aws_iam_policy_document.key_policy",
            "module.s3_artifacts_bucket.aws_s3_bucket.s3_bucket",
            "module.s3_data_bucket.aws_s3_bucket.s3_bucket"
          ]
        }
      ]
    },
    {
      "module": "module.alayasync.module.lambdas",
      "mode": "data",
      "type": "aws_region",
      "name": "current",
      "provider": "provider[\"registry.terraform.io/hashicorp/aws\"]",
      "instances": [
        {
          "schema_version": 0,
          "attributes": {
            "description": "US East (N. Virginia)",
            "endpoint": "ec2.us-east-1.amazonaws.com",
            "id": "us-east-1",
            "name": "us-east-1"
          },
          "sensitive_attributes": []
        }
      ]
    },
    {
      "module": "module.alayasync.module.lambdas.module.lambda_alaya_sync_ecs_start",
      "mode": "data",
      "type": "archive_file",
      "name": "source_code",
      "provider": "provider[\"registry.terraform.io/hashicorp/archive\"]",
      "instances": [
        {
          "schema_version": 0,
          "attributes": {
            "exclude_symlink_directories": null,
            "excludes": null,
            "id": "31b65c0116a6a0f909137765d11f53f00a3bd1b1",
            "output_base64sha256": "EE5DR6JjrNyp9jmW2QEEPHlKkbOFf2UqjM3ZEXJTq8c=",
            "output_base64sha512": "/A4RTLMdwxNeht3fcrD95yU/3PQcPxfJ80YBzn/j8ZXFYc5glSQfITYMGoZPeVH8bez4gZtnvvERvwaFT4+yXA==",
            "output_file_mode": null,
            "output_md5": "2c26457ff82912cdf959b039df62aba5",
            "output_path": "../src/alayasync/lambda/alayasyncecsstart.zip",
            "output_sha": "31b65c0116a6a0f909137765d11f53f00a3bd1b1",
            "output_sha256": "104e4347a263acdca9f63996d901043c794a91b3857f652a8ccdd9117253abc7",
            "output_sha512": "fc0e114cb31dc3135e86dddf72b0fde7253fdcf41c3f17c9f34601ce7fe3f195c561ce6095241f21360c1a864f7951fc6decf8819b67bef111bf06854f8fb25c",
            "output_size": 1006,
            "source": [],
            "source_content": null,
            "source_content_filename": null,
            "source_dir": null,
            "source_file": "../src/alayasync/lambda/alayasyncecsstart/lambda_function.py",
            "type": "zip"
          },
          "sensitive_attributes": []
        }
      ]
    },
    {
      "module": "module.alayasync.module.lambdas.module.lambda_alaya_sync_ecs_start",
      "mode": "data",
      "type": "aws_caller_identity",
      "name": "current",
      "provider": "provider[\"registry.terraform.io/hashicorp/aws\"]",
      "instances": [
        {
          "schema_version": 0,
          "attributes": {
            "account_id": "847258583865",
            "arn": "arn:aws:iam::847258583865:user/admin2",
            "id": "847258583865",
            "user_id": "AIDA4KREMAM4YVGA4T5YW"
          },
          "sensitive_attributes": []
        }
      ]
    },
    {
      "module": "module.alayasync.module.lambdas.module.lambda_alaya_sync_ecs_start",
      "mode": "data",
      "type": "aws_iam_policy_document",
      "name": "assume",
      "provider": "provider[\"registry.terraform.io/hashicorp/aws\"]",
      "instances": [
        {
          "schema_version": 0,
          "attributes": {
            "id": "2690255455",
            "json": "{\n  \"Version\": \"2012-10-17\",\n  \"Statement\": [\n    {\n      \"Effect\": \"Allow\",\n      \"Action\": \"sts:AssumeRole\",\n      \"Principal\": {\n        \"Service\": \"lambda.amazonaws.com\"\n      }\n    }\n  ]\n}",
            "override_policy_documents": null,
            "policy_id": null,
            "source_policy_documents": null,
            "statement": [
              {
                "actions": [
                  "sts:AssumeRole"
                ],
                "condition": [],
                "effect": "Allow",
                "not_actions": [],
                "not_principals": [],
                "not_resources": [],
                "principals": [
                  {
                    "identifiers": [
                      "lambda.amazonaws.com"
                    ],
                    "type": "Service"
                  }
                ],
                "resources": [],
                "sid": ""
              }
            ],
            "version": "2012-10-17"
          },
          "sensitive_attributes": []
        }
      ]
    },
    {
      "module": "module.alayasync.module.lambdas.module.lambda_alaya_sync_ecs_start",
      "mode": "data",
      "type": "aws_region",
      "name": "current",
      "provider": "provider[\"registry.terraform.io/hashicorp/aws\"]",
      "instances": [
        {
          "schema_version": 0,
          "attributes": {
            "description": "US East (N. Virginia)",
            "endpoint": "ec2.us-east-1.amazonaws.com",
            "id": "us-east-1",
            "name": "us-east-1"
          },
          "sensitive_attributes": []
        }
      ]
    },
    {
      "module": "module.alayasync.module.lambdas.module.lambda_alaya_sync_ecs_start",
      "mode": "data",
      "type": "template_file",
      "name": "policy",
      "provider": "provider[\"registry.terraform.io/hashicorp/template\"]",
      "instances": [
        {
          "schema_version": 0,
          "attributes": {
            "filename": null,
            "id": "32de6913e99c7c51824c41b71c632121c64e3f7ff299c6f52881babe8fc3bc3f",
            "rendered": "{\n  \"Version\": \"2012-10-17\",\n  \"Statement\" : [\n    {\n      \"Effect\": \"Allow\",\n      \"Action\" : [\n        \"logs:CreateLogStream\",\n        \"logs:PutLogEvents\"\n      ],\n      \"Resource\" : [\n        \"arn:aws:logs:us-east-1:847258583865:log-group:/aws/lambda/*\"\n      ]\n    },\n    {\n      \"Effect\" : \"Allow\",\n      \"Action\" : [\n        \"dynamodb:BatchGetItem\",\n        \"dynamodb:DescribeTable\",\n        \"dynamodb:GetItem\",\n        \"dynamodb:GetRecords\",\n        \"dynamodb:Query\",\n        \"dynamodb:Scan\",\n        \"dynamodb:BatchWriteItem\",\n        \"dynamodb:DeleteItem\",\n        \"dynamodb:UpdateItem\",\n        \"dynamodb:PutItem\"\n      ],\n      \"Resource\" : [\n        \"arn:aws:dynamodb:us-east-1:847258583865:table/aue1d1z1dytoidhoidhbrtest-gethubids\",\n        \"arn:aws:dynamodb:us-east-1:847258583865:table/aue1d1z1dytoidhoidhbrtest-gethubids/*\"\n      ]\n    },\n    {\n      \"Effect\" : \"Allow\",\n      \"Action\": [\n        \"kms:DescribeKey\",\n        \"kms:Encrypt\",\n        \"kms:Decrypt\",\n        \"kms:ReEncrypt*\",\n        \"kms:GenerateDataKey*\",\n        \"kms:CreateGrant\"\n      ],\n      \"Resource\" : [\n        \"arn:aws:kms:us-east-1:847258583865:key/9b2578ee-e83a-4b9c-9600-dfc8a9a19aca\"\n      ]\n    },\n    {\n      \"Effect\": \"Allow\",\n      \"Action\": [\n        \"s3:GetObject*\",\n        \"s3:PutObject*\",\n        \"s3:DeleteObject*\"\n      ],\n      \"Resource\" : [\n        \"arn:aws:s3:::aue1d1z1s3boidhoidhbrtest-datastorage\",\n        \"arn:aws:s3:::aue1d1z1s3boidhoidhbrtest-datastorage/*\"\n      ]\n    },\n    {\n      \"Effect\": \"Allow\",\n      \"Action\": [\n        \"iam:PassRole\"\n      ],\n      \"Resource\": [\n        \"arn:aws:iam::847258583865:role/*\"\n      ]\n    },\n    {\n      \"Effect\": \"Allow\",\n      \"Action\": [\n        \"lambda:InvokeFunction\"\n      ],\n      \"Resource\": [\n        \"arn:aws:lambda:us-east-1:847258583865:function:aue1d1z1lmboidhoidhbrtest-gethubids\"\n      ]\n    }\n  ]\n}",
            "template": "{\n  \"Version\": \"2012-10-17\",\n  \"Statement\" : [\n    {\n      \"Effect\": \"Allow\",\n      \"Action\" : [\n        \"logs:CreateLogStream\",\n        \"logs:PutLogEvents\"\n      ],\n      \"Resource\" : [\n        \"arn:aws:logs:${region}:${account_id}:log-group:/aws/lambda/*\"\n      ]\n    },\n    {\n      \"Effect\" : \"Allow\",\n      \"Action\" : [\n        \"dynamodb:BatchGetItem\",\n        \"dynamodb:DescribeTable\",\n        \"dynamodb:GetItem\",\n        \"dynamodb:GetRecords\",\n        \"dynamodb:Query\",\n        \"dynamodb:Scan\",\n        \"dynamodb:BatchWriteItem\",\n        \"dynamodb:DeleteItem\",\n        \"dynamodb:UpdateItem\",\n        \"dynamodb:PutItem\"\n      ],\n      \"Resource\" : [\n        \"arn:aws:dynamodb:${region}:${account_id}:table/${dynamo_table_register}\",\n        \"arn:aws:dynamodb:${region}:${account_id}:table/${dynamo_table_register}/*\"\n      ]\n    },\n    {\n      \"Effect\" : \"Allow\",\n      \"Action\": [\n        \"kms:DescribeKey\",\n        \"kms:Encrypt\",\n        \"kms:Decrypt\",\n        \"kms:ReEncrypt*\",\n        \"kms:GenerateDataKey*\",\n        \"kms:CreateGrant\"\n      ],\n      \"Resource\" : [\n        \"${data_key_arn}\"\n      ]\n    },\n    {\n      \"Effect\": \"Allow\",\n      \"Action\": [\n        \"s3:GetObject*\",\n        \"s3:PutObject*\",\n        \"s3:DeleteObject*\"\n      ],\n      \"Resource\" : [\n        \"arn:aws:s3:::${bucket_id}\",\n        \"arn:aws:s3:::${bucket_id}/*\"\n      ]\n    },\n    {\n      \"Effect\": \"Allow\",\n      \"Action\": [\n        \"iam:PassRole\"\n      ],\n      \"Resource\": [\n        \"arn:aws:iam::${account_id}:role/*\"\n      ]\n    },\n    {\n      \"Effect\": \"Allow\",\n      \"Action\": [\n        \"lambda:InvokeFunction\"\n      ],\n      \"Resource\": [\n        \"${gethubids_lambda}\"\n      ]\n    }\n  ]\n}",
            "vars": {
              "account_id": "847258583865",
              "alayasyncdb": "default",
              "alayasyncdb_path": "",
              "artifacts_bucket_arn": "arn:aws:s3:::aue1d1z1s3boidhoidhbrtest-artifacts",
              "artifacts_bucket_id": "aue1d1z1s3boidhoidhbrtest-artifacts",
              "athena_bucket_id": "aue1d1z1s3boidhoidhbrtest-athena",
              "bucket_arn": "arn:aws:s3:::aue1d1z1s3boidhoidhbrtest-datastorage",
              "bucket_id": "aue1d1z1s3boidhoidhbrtest-datastorage",
              "concurrent_tasks": "18",
              "data_key_arn": "arn:aws:kms:us-east-1:847258583865:key/9b2578ee-e83a-4b9c-9600-dfc8a9a19aca",
              "data_key_id": "9b2578ee-e83a-4b9c-9600-dfc8a9a19aca",
              "dynamo_table_register": "aue1d1z1dytoidhoidhbrtest-gethubids",
              "ecs_cluster": "ecs_cluster",
              "ecs_subnets": "subnet-0112c4c44ce9649c2",
              "gethubids_lambda": "arn:aws:lambda:us-east-1:847258583865:function:aue1d1z1lmboidhoidhbrtest-gethubids",
              "individuals": "bdmpindkey",
              "lambda_name": "aue1d1z1lmboidhoidhbrtest-alayasyncecsstart",
              "organizations": "bdmporgkey",
              "payload_trigger_key": "gethubid",
              "region": "us-east-1",
              "task_definition": "ecs_task"
            }
          },
          "sensitive_attributes": []
        }
      ]
    },
    {
      "module": "module.alayasync.module.lambdas.module.lambda_alaya_sync_ecs_start",
      "mode": "managed",
      "type": "aws_cloudwatch_log_group",
      "name": "lambda",
      "provider": "provider[\"registry.terraform.io/hashicorp/aws\"]",
      "instances": [
        {
          "schema_version": 0,
          "attributes": {
            "arn": "arn:aws:logs:us-east-1:847258583865:log-group:/aws/lambda/aue1d1z1lmboidhoidhbrtest-alayasyncecsstart",
            "id": "/aws/lambda/aue1d1z1lmboidhoidhbrtest-alayasyncecsstart",
            "kms_key_id": "",
            "name": "/aws/lambda/aue1d1z1lmboidhoidhbrtest-alayasyncecsstart",
            "name_prefix": "",
            "retention_in_days": 30,
            "skip_destroy": false,
            "tags": {
              "Name": "aue1d1z1cwgoidhoidhbrtest-alayasyncecsstart",
              "app": "oidh",
              "creation_app": "terraform",
              "env": "d1",
              "ledger": "oidh",
              "purpose": "oidhbrtest-alayasyncecsstart",
              "site": "aue1",
              "tier": "oidh",
              "zone": "z1"
            },
            "tags_all": {
              "Name": "aue1d1z1cwgoidhoidhbrtest-alayasyncecsstart",
              "app": "oidh",
              "creation_app": "terraform",
              "env": "d1",
              "ledger": "oidh",
              "purpose": "oidhbrtest-alayasyncecsstart",
              "site": "aue1",
              "tier": "oidh",
              "zone": "z1"
            }
          },
          "sensitive_attributes": [],
          "private": "bnVsbA=="
        }
      ]
    },
    {
      "module": "module.alayasync.module.lambdas.module.lambda_alaya_sync_ecs_start",
      "mode": "managed",
      "type": "aws_iam_policy",
      "name": "policy",
      "provider": "provider[\"registry.terraform.io/hashicorp/aws\"]",
      "instances": [
        {
          "schema_version": 0,
          "attributes": {
            "arn": "arn:aws:iam::847258583865:policy/aue1d1z1iploidhoidhbrtest-alayasyncecsstart",
            "description": "",
            "id": "arn:aws:iam::847258583865:policy/aue1d1z1iploidhoidhbrtest-alayasyncecsstart",
            "name": "aue1d1z1iploidhoidhbrtest-alayasyncecsstart",
            "name_prefix": "",
            "path": "/",
            "policy": "{\"Statement\":[{\"Action\":[\"logs:CreateLogStream\",\"logs:PutLogEvents\"],\"Effect\":\"Allow\",\"Resource\":[\"arn:aws:logs:us-east-1:847258583865:log-group:/aws/lambda/*\"]},{\"Action\":[\"dynamodb:BatchGetItem\",\"dynamodb:DescribeTable\",\"dynamodb:GetItem\",\"dynamodb:GetRecords\",\"dynamodb:Query\",\"dynamodb:Scan\",\"dynamodb:BatchWriteItem\",\"dynamodb:DeleteItem\",\"dynamodb:UpdateItem\",\"dynamodb:PutItem\"],\"Effect\":\"Allow\",\"Resource\":[\"arn:aws:dynamodb:us-east-1:847258583865:table/aue1d1z1dytoidhoidhbrtest-gethubids\",\"arn:aws:dynamodb:us-east-1:847258583865:table/aue1d1z1dytoidhoidhbrtest-gethubids/*\"]},{\"Action\":[\"kms:DescribeKey\",\"kms:Encrypt\",\"kms:Decrypt\",\"kms:ReEncrypt*\",\"kms:GenerateDataKey*\",\"kms:CreateGrant\"],\"Effect\":\"Allow\",\"Resource\":[\"arn:aws:kms:us-east-1:847258583865:key/9b2578ee-e83a-4b9c-9600-dfc8a9a19aca\"]},{\"Action\":[\"s3:GetObject*\",\"s3:PutObject*\",\"s3:DeleteObject*\"],\"Effect\":\"Allow\",\"Resource\":[\"arn:aws:s3:::aue1d1z1s3boidhoidhbrtest-datastorage\",\"arn:aws:s3:::aue1d1z1s3boidhoidhbrtest-datastorage/*\"]},{\"Action\":[\"iam:PassRole\"],\"Effect\":\"Allow\",\"Resource\":[\"arn:aws:iam::847258583865:role/*\"]},{\"Action\":[\"lambda:InvokeFunction\"],\"Effect\":\"Allow\",\"Resource\":[\"arn:aws:lambda:us-east-1:847258583865:function:aue1d1z1lmboidhoidhbrtest-gethubids\"]}],\"Version\":\"2012-10-17\"}",
            "policy_id": "ANPA4KREMAM4QIEOOYVEP",
            "tags": {},
            "tags_all": {}
          },
          "sensitive_attributes": [],
          "private": "bnVsbA==",
          "dependencies": [
            "module.alayasync.module.lambdas.module.lambda_alaya_sync_ecs_start.data.template_file.policy"
          ]
        }
      ]
    },
    {
      "module": "module.alayasync.module.lambdas.module.lambda_alaya_sync_ecs_start",
      "mode": "managed",
      "type": "aws_iam_role",
      "name": "lambda",
      "provider": "provider[\"registry.terraform.io/hashicorp/aws\"]",
      "instances": [
        {
          "schema_version": 0,
          "attributes": {
            "arn": "arn:aws:iam::847258583865:role/aue1d1z1irooidhoidhbrtest-alayasyncecsstart",
            "assume_role_policy": "{\"Statement\":[{\"Action\":\"sts:AssumeRole\",\"Effect\":\"Allow\",\"Principal\":{\"Service\":\"lambda.amazonaws.com\"}}],\"Version\":\"2012-10-17\"}",
            "create_date": "2023-10-11T21:39:28Z",
            "description": "",
            "force_detach_policies": false,
            "id": "aue1d1z1irooidhoidhbrtest-alayasyncecsstart",
            "inline_policy": [],
            "managed_policy_arns": [
              "arn:aws:iam::847258583865:policy/aue1d1z1iploidhoidhbrtest-alayasyncecsstart"
            ],
            "max_session_duration": 3600,
            "name": "aue1d1z1irooidhoidhbrtest-alayasyncecsstart",
            "name_prefix": "",
            "path": "/",
            "permissions_boundary": null,
            "tags": {
              "Name": "aue1d1z1irooidhoidhbrtest-alayasyncecsstart",
              "app": "oidh",
              "creation_app": "terraform",
              "env": "d1",
              "ledger": "oidh",
              "purpose": "oidhbrtest-alayasyncecsstart",
              "site": "aue1",
              "tier": "oidh",
              "zone": "z1"
            },
            "tags_all": {
              "Name": "aue1d1z1irooidhoidhbrtest-alayasyncecsstart",
              "app": "oidh",
              "creation_app": "terraform",
              "env": "d1",
              "ledger": "oidh",
              "purpose": "oidhbrtest-alayasyncecsstart",
              "site": "aue1",
              "tier": "oidh",
              "zone": "z1"
            },
            "unique_id": "AROA4KREMAM4TGNBHRGDP"
          },
          "sensitive_attributes": [],
          "private": "bnVsbA==",
          "dependencies": [
            "module.alayasync.module.lambdas.module.lambda_alaya_sync_ecs_start.data.aws_iam_policy_document.assume"
          ]
        }
      ]
    },
    {
      "module": "module.alayasync.module.lambdas.module.lambda_alaya_sync_ecs_start",
      "mode": "managed",
      "type": "aws_iam_role_policy_attachment",
      "name": "lambda",
      "provider": "provider[\"registry.terraform.io/hashicorp/aws\"]",
      "instances": [
        {
          "schema_version": 0,
          "attributes": {
            "id": "aue1d1z1irooidhoidhbrtest-alayasyncecsstart-20231011214136354000000004",
            "policy_arn": "arn:aws:iam::847258583865:policy/aue1d1z1iploidhoidhbrtest-alayasyncecsstart",
            "role": "aue1d1z1irooidhoidhbrtest-alayasyncecsstart"
          },
          "sensitive_attributes": [],
          "private": "bnVsbA==",
          "dependencies": [
            "data.aws_caller_identity.current",
            "module.alayasync.module.lambdas.module.lambda_alaya_sync_ecs_start.aws_iam_policy.policy",
            "module.alayasync.module.lambdas.module.lambda_alaya_sync_ecs_start.aws_iam_role.lambda",
            "module.alayasync.module.lambdas.module.lambda_alaya_sync_ecs_start.data.aws_caller_identity.current",
            "module.alayasync.module.lambdas.module.lambda_alaya_sync_ecs_start.data.aws_iam_policy_document.assume",
            "module.alayasync.module.lambdas.module.lambda_alaya_sync_ecs_start.data.aws_region.current",
            "module.alayasync.module.lambdas.module.lambda_alaya_sync_ecs_start.data.template_file.policy",
            "module.alayasync.module.lambdas.module.lambda_get_hubids.aws_iam_role.lambda",
            "module.alayasync.module.lambdas.module.lambda_get_hubids.aws_lambda_function.executor",
            "module.alayasync.module.lambdas.module.lambda_get_hubids.data.archive_file.source_code",
            "module.alayasync.module.lambdas.module.lambda_get_hubids.data.aws_iam_policy_document.assume",
            "module.athena.module.athena_bucket.aws_s3_bucket.main",
            "module.data_key.aws_kms_key.kms_key",
            "module.data_key.data.aws_iam_policy_document.key_policy",
            "module.s3_artifacts_bucket.aws_s3_bucket.s3_bucket",
            "module.s3_data_bucket.aws_s3_bucket.s3_bucket"
          ]
        }
      ]
    },
    {
      "module": "module.alayasync.module.lambdas.module.lambda_alaya_sync_ecs_start",
      "mode": "managed",
      "type": "aws_lambda_function",
      "name": "executor",
      "provider": "provider[\"registry.terraform.io/hashicorp/aws\"]",
      "instances": [
        {
          "schema_version": 0,
          "attributes": {
            "architectures": [
              "x86_64"
            ],
            "arn": "arn:aws:lambda:us-east-1:847258583865:function:aue1d1z1lmboidhoidhbrtest-alayasyncecsstart",
            "code_signing_config_arn": "",
            "dead_letter_config": [],
            "description": "alayasyncecsstart",
            "environment": [
              {
                "variables": {
                  "OIDH_TABLE": "aue1d1z1dytoidhoidhbrtest-gethubids",
                  "OIDH_TASK_FUNCTION": "arn:aws:lambda:us-east-1:847258583865:function:aue1d1z1lmboidhoidhbrtest-gethubids"
                }
              }
            ],
            "ephemeral_storage": [
              {
                "size": 512
              }
            ],
            "file_system_config": [],
            "filename": "../src/alayasync/lambda/alayasyncecsstart.zip",
            "function_name": "aue1d1z1lmboidhoidhbrtest-alayasyncecsstart",
            "handler": "lambda_function.lambda_handler",
            "id": "aue1d1z1lmboidhoidhbrtest-alayasyncecsstart",
            "image_config": [],
            "image_uri": "",
            "invoke_arn": "arn:aws:apigateway:us-east-1:lambda:path/2015-03-31/functions/arn:aws:lambda:us-east-1:847258583865:function:aue1d1z1lmboidhoidhbrtest-alayasyncecsstart/invocations",
            "kms_key_arn": "",
            "last_modified": "2023-10-24T15:46:33.000+0000",
            "layers": [],
            "memory_size": 256,
            "package_type": "Zip",
            "publish": false,
            "qualified_arn": "arn:aws:lambda:us-east-1:847258583865:function:aue1d1z1lmboidhoidhbrtest-alayasyncecsstart:$LATEST",
            "qualified_invoke_arn": "arn:aws:apigateway:us-east-1:lambda:path/2015-03-31/functions/arn:aws:lambda:us-east-1:847258583865:function:aue1d1z1lmboidhoidhbrtest-alayasyncecsstart:$LATEST/invocations",
            "replace_security_groups_on_destroy": null,
            "replacement_security_group_ids": null,
            "reserved_concurrent_executions": -1,
            "role": "arn:aws:iam::847258583865:role/aue1d1z1irooidhoidhbrtest-alayasyncecsstart",
            "runtime": "python3.9",
            "s3_bucket": null,
            "s3_key": null,
            "s3_object_version": null,
            "signing_job_arn": "",
            "signing_profile_version_arn": "",
            "skip_destroy": false,
            "snap_start": [],
            "source_code_hash": "EE5DR6JjrNyp9jmW2QEEPHlKkbOFf2UqjM3ZEXJTq8c=",
            "source_code_size": 1006,
            "tags": {
              "Name": "aue1d1z1lmboidhoidhbrtest-alayasyncecsstart",
              "app": "oidh",
              "creation_app": "terraform",
              "env": "d1",
              "ledger": "oidh",
              "purpose": "oidhbrtest-alayasyncecsstart",
              "site": "aue1",
              "tier": "oidh",
              "zone": "z1"
            },
            "tags_all": {
              "Name": "aue1d1z1lmboidhoidhbrtest-alayasyncecsstart",
              "app": "oidh",
              "creation_app": "terraform",
              "env": "d1",
              "ledger": "oidh",
              "purpose": "oidhbrtest-alayasyncecsstart",
              "site": "aue1",
              "tier": "oidh",
              "zone": "z1"
            },
            "timeout": 60,
            "timeouts": null,
            "tracing_config": [
              {
                "mode": "PassThrough"
              }
            ],
            "version": "$LATEST",
            "vpc_config": []
          },
          "sensitive_attributes": [],
          "private": "eyJlMmJmYjczMC1lY2FhLTExZTYtOGY4OC0zNDM2M2JjN2M0YzAiOnsiY3JlYXRlIjo2MDAwMDAwMDAwMDAsImRlbGV0ZSI6NjAwMDAwMDAwMDAwLCJ1cGRhdGUiOjYwMDAwMDAwMDAwMH19",
          "dependencies": [
            "module.alayasync.module.lambdas.module.lambda_alaya_sync_ecs_start.aws_iam_role.lambda",
            "module.alayasync.module.lambdas.module.lambda_alaya_sync_ecs_start.data.archive_file.source_code",
            "module.alayasync.module.lambdas.module.lambda_get_hubids.aws_lambda_function.executor",
            "module.athena.module.athena_bucket.aws_s3_bucket.main",
            "module.data_key.aws_kms_key.kms_key",
            "module.s3_artifacts_bucket.aws_s3_bucket.s3_bucket",
            "module.s3_data_bucket.aws_s3_bucket.s3_bucket"
          ]
        }
      ]
    },
    {
      "module": "module.alayasync.module.lambdas.module.lambda_alaya_sync_ecs_status",
      "mode": "data",
      "type": "archive_file",
      "name": "source_code",
      "provider": "provider[\"registry.terraform.io/hashicorp/archive\"]",
      "instances": [
        {
          "schema_version": 0,
          "attributes": {
            "exclude_symlink_directories": null,
            "excludes": null,
            "id": "fab92ce6aa07e3905d48d8851927569c20ffd26d",
            "output_base64sha256": "Ct1G15lozqTL2DQrQ/OXFj6+kiVa+Z3waOaGk9uoKf8=",
            "output_base64sha512": "0FLJmmk5bKBNE6GaMPL47GeiSCmUtZJB/lM7oms5pUt8I/l+IpqOdUACHOsXaQN0ZOg3c2SkfXQ439qK2tks2g==",
            "output_file_mode": null,
            "output_md5": "9a17c7361a84573c06f8451aa07c83f9",
            "output_path": "../src/alayasync/lambda/alayasyncecsstatus.zip",
            "output_sha": "fab92ce6aa07e3905d48d8851927569c20ffd26d",
            "output_sha256": "0add46d79968cea4cbd8342b43f397163ebe92255af99df068e68693dba829ff",
            "output_sha512": "d052c99a69396ca04d13a19a30f2f8ec67a2482994b59241fe533ba26b39a54b7c23f97e229a8e7540021ceb1769037464e8377364a47d7438dfda8adad92cda",
            "output_size": 784,
            "source": [],
            "source_content": null,
            "source_content_filename": null,
            "source_dir": null,
            "source_file": "../src/alayasync/lambda/alayasyncecsstatus/lambda_function.py",
            "type": "zip"
          },
          "sensitive_attributes": []
        }
      ]
    },
    {
      "module": "module.alayasync.module.lambdas.module.lambda_alaya_sync_ecs_status",
      "mode": "data",
      "type": "aws_caller_identity",
      "name": "current",
      "provider": "provider[\"registry.terraform.io/hashicorp/aws\"]",
      "instances": [
        {
          "schema_version": 0,
          "attributes": {
            "account_id": "847258583865",
            "arn": "arn:aws:iam::847258583865:user/admin2",
            "id": "847258583865",
            "user_id": "AIDA4KREMAM4YVGA4T5YW"
          },
          "sensitive_attributes": []
        }
      ]
    },
    {
      "module": "module.alayasync.module.lambdas.module.lambda_alaya_sync_ecs_status",
      "mode": "data",
      "type": "aws_iam_policy_document",
      "name": "assume",
      "provider": "provider[\"registry.terraform.io/hashicorp/aws\"]",
      "instances": [
        {
          "schema_version": 0,
          "attributes": {
            "id": "2690255455",
            "json": "{\n  \"Version\": \"2012-10-17\",\n  \"Statement\": [\n    {\n      \"Effect\": \"Allow\",\n      \"Action\": \"sts:AssumeRole\",\n      \"Principal\": {\n        \"Service\": \"lambda.amazonaws.com\"\n      }\n    }\n  ]\n}",
            "override_policy_documents": null,
            "policy_id": null,
            "source_policy_documents": null,
            "statement": [
              {
                "actions": [
                  "sts:AssumeRole"
                ],
                "condition": [],
                "effect": "Allow",
                "not_actions": [],
                "not_principals": [],
                "not_resources": [],
                "principals": [
                  {
                    "identifiers": [
                      "lambda.amazonaws.com"
                    ],
                    "type": "Service"
                  }
                ],
                "resources": [],
                "sid": ""
              }
            ],
            "version": "2012-10-17"
          },
          "sensitive_attributes": []
        }
      ]
    },
    {
      "module": "module.alayasync.module.lambdas.module.lambda_alaya_sync_ecs_status",
      "mode": "data",
      "type": "aws_region",
      "name": "current",
      "provider": "provider[\"registry.terraform.io/hashicorp/aws\"]",
      "instances": [
        {
          "schema_version": 0,
          "attributes": {
            "description": "US East (N. Virginia)",
            "endpoint": "ec2.us-east-1.amazonaws.com",
            "id": "us-east-1",
            "name": "us-east-1"
          },
          "sensitive_attributes": []
        }
      ]
    },
    {
      "module": "module.alayasync.module.lambdas.module.lambda_alaya_sync_ecs_status",
      "mode": "data",
      "type": "template_file",
      "name": "policy",
      "provider": "provider[\"registry.terraform.io/hashicorp/template\"]",
      "instances": [
        {
          "schema_version": 0,
          "attributes": {
            "filename": null,
            "id": "3eb72efec9569bcff679a0f2701002cfc419a0c533846bb9527a473fe68da4d8",
            "rendered": "{\n  \"Version\": \"2012-10-17\",\n  \"Statement\" : [\n    {\n      \"Effect\": \"Allow\",\n      \"Action\" : [\n        \"logs:CreateLogStream\",\n        \"logs:PutLogEvents\"\n      ],\n      \"Resource\" : [\n        \"arn:aws:logs:us-east-1:847258583865:log-group:/aws/lambda/*\"\n      ]\n    },\n    {\n      \"Effect\" : \"Allow\",\n      \"Action\" : [\n        \"dynamodb:BatchGetItem\",\n        \"dynamodb:DescribeTable\",\n        \"dynamodb:GetItem\",\n        \"dynamodb:GetRecords\",\n        \"dynamodb:Query\",\n        \"dynamodb:Scan\",\n        \"dynamodb:BatchWriteItem\",\n        \"dynamodb:DeleteItem\",\n        \"dynamodb:UpdateItem\",\n        \"dynamodb:PutItem\"\n      ],\n      \"Resource\" : [\n        \"arn:aws:dynamodb:us-east-1:847258583865:table/aue1d1z1dytoidhoidhbrtest-gethubids\",\n        \"arn:aws:dynamodb:us-east-1:847258583865:table/aue1d1z1dytoidhoidhbrtest-gethubids/*\"\n      ]\n    },\n    {\n      \"Effect\" : \"Allow\",\n      \"Action\": [\n        \"kms:DescribeKey\",\n        \"kms:Encrypt\",\n        \"kms:Decrypt\",\n        \"kms:ReEncrypt*\",\n        \"kms:GenerateDataKey*\",\n        \"kms:CreateGrant\"\n      ],\n      \"Resource\" : [\n        \"arn:aws:kms:us-east-1:847258583865:key/9b2578ee-e83a-4b9c-9600-dfc8a9a19aca\"\n      ]\n    },\n    {\n      \"Effect\" : \"Allow\",\n      \"Action\" : [\n        \"ecs:RunTask\"\n      ],\n      \"Resource\": [\n        \"arn:aws:ecs:us-east-1:847258583865:task-definition/*\"\n      ]\n    },\n    {\n      \"Effect\" : \"Allow\",\n      \"Action\" : [\n        \"ecs:DescribeTasks\"\n      ],\n      \"Resource\": [\n        \"arn:aws:ecs:us-east-1:847258583865:task/*\"\n      ]\n    },\n    {\n      \"Effect\": \"Allow\",\n      \"Action\": [\n        \"s3:GetObject*\",\n        \"s3:PutObject*\",\n        \"s3:DeleteObject*\"\n      ],\n      \"Resource\" : [\n        \"arn:aws:s3:::aue1d1z1s3boidhoidhbrtest-datastorage\",\n        \"arn:aws:s3:::aue1d1z1s3boidhoidhbrtest-datastorage/*\"\n      ]\n    }\n  ]\n}",
            "template": "{\n  \"Version\": \"2012-10-17\",\n  \"Statement\" : [\n    {\n      \"Effect\": \"Allow\",\n      \"Action\" : [\n        \"logs:CreateLogStream\",\n        \"logs:PutLogEvents\"\n      ],\n      \"Resource\" : [\n        \"arn:aws:logs:${region}:${account_id}:log-group:/aws/lambda/*\"\n      ]\n    },\n    {\n      \"Effect\" : \"Allow\",\n      \"Action\" : [\n        \"dynamodb:BatchGetItem\",\n        \"dynamodb:DescribeTable\",\n        \"dynamodb:GetItem\",\n        \"dynamodb:GetRecords\",\n        \"dynamodb:Query\",\n        \"dynamodb:Scan\",\n        \"dynamodb:BatchWriteItem\",\n        \"dynamodb:DeleteItem\",\n        \"dynamodb:UpdateItem\",\n        \"dynamodb:PutItem\"\n      ],\n      \"Resource\" : [\n        \"arn:aws:dynamodb:${region}:${account_id}:table/${dynamo_table_register}\",\n        \"arn:aws:dynamodb:${region}:${account_id}:table/${dynamo_table_register}/*\"\n      ]\n    },\n    {\n      \"Effect\" : \"Allow\",\n      \"Action\": [\n        \"kms:DescribeKey\",\n        \"kms:Encrypt\",\n        \"kms:Decrypt\",\n        \"kms:ReEncrypt*\",\n        \"kms:GenerateDataKey*\",\n        \"kms:CreateGrant\"\n      ],\n      \"Resource\" : [\n        \"${data_key_arn}\"\n      ]\n    },\n    {\n      \"Effect\" : \"Allow\",\n      \"Action\" : [\n        \"ecs:RunTask\"\n      ],\n      \"Resource\": [\n        \"arn:aws:ecs:${region}:${account_id}:task-definition/*\"\n      ]\n    },\n    {\n      \"Effect\" : \"Allow\",\n      \"Action\" : [\n        \"ecs:DescribeTasks\"\n      ],\n      \"Resource\": [\n        \"arn:aws:ecs:${region}:${account_id}:task/*\"\n      ]\n    },\n    {\n      \"Effect\": \"Allow\",\n      \"Action\": [\n        \"s3:GetObject*\",\n        \"s3:PutObject*\",\n        \"s3:DeleteObject*\"\n      ],\n      \"Resource\" : [\n        \"arn:aws:s3:::${bucket_id}\",\n        \"arn:aws:s3:::${bucket_id}/*\"\n      ]\n    }\n  ]\n}",
            "vars": {
              "account_id": "847258583865",
              "alayasyncdb": "default",
              "alayasyncdb_path": "",
              "artifacts_bucket_arn": "arn:aws:s3:::aue1d1z1s3boidhoidhbrtest-artifacts",
              "artifacts_bucket_id": "aue1d1z1s3boidhoidhbrtest-artifacts",
              "athena_bucket_id": "aue1d1z1s3boidhoidhbrtest-athena",
              "bucket_arn": "arn:aws:s3:::aue1d1z1s3boidhoidhbrtest-datastorage",
              "bucket_id": "aue1d1z1s3boidhoidhbrtest-datastorage",
              "concurrent_tasks": "18",
              "data_key_arn": "arn:aws:kms:us-east-1:847258583865:key/9b2578ee-e83a-4b9c-9600-dfc8a9a19aca",
              "data_key_id": "9b2578ee-e83a-4b9c-9600-dfc8a9a19aca",
              "dynamo_table_register": "aue1d1z1dytoidhoidhbrtest-gethubids",
              "ecs_cluster": "ecs_cluster",
              "ecs_subnets": "subnet-0112c4c44ce9649c2",
              "individuals": "bdmpindkey",
              "lambda_name": "aue1d1z1lmboidhoidhbrtest-alayasyncecsstatus",
              "organizations": "bdmporgkey",
              "payload_trigger_key": "gethubid",
              "region": "us-east-1",
              "task_definition": "ecs_task"
            }
          },
          "sensitive_attributes": []
        }
      ]
    },
    {
      "module": "module.alayasync.module.lambdas.module.lambda_alaya_sync_ecs_status",
      "mode": "managed",
      "type": "aws_cloudwatch_log_group",
      "name": "lambda",
      "provider": "provider[\"registry.terraform.io/hashicorp/aws\"]",
      "instances": [
        {
          "schema_version": 0,
          "attributes": {
            "arn": "arn:aws:logs:us-east-1:847258583865:log-group:/aws/lambda/aue1d1z1lmboidhoidhbrtest-alayasyncecsstatus",
            "id": "/aws/lambda/aue1d1z1lmboidhoidhbrtest-alayasyncecsstatus",
            "kms_key_id": "",
            "name": "/aws/lambda/aue1d1z1lmboidhoidhbrtest-alayasyncecsstatus",
            "name_prefix": "",
            "retention_in_days": 30,
            "skip_destroy": false,
            "tags": {
              "Name": "aue1d1z1cwgoidhoidhbrtest-alayasyncecsstatus",
              "app": "oidh",
              "creation_app": "terraform",
              "env": "d1",
              "ledger": "oidh",
              "purpose": "oidhbrtest-alayasyncecsstatus",
              "site": "aue1",
              "tier": "oidh",
              "zone": "z1"
            },
            "tags_all": {
              "Name": "aue1d1z1cwgoidhoidhbrtest-alayasyncecsstatus",
              "app": "oidh",
              "creation_app": "terraform",
              "env": "d1",
              "ledger": "oidh",
              "purpose": "oidhbrtest-alayasyncecsstatus",
              "site": "aue1",
              "tier": "oidh",
              "zone": "z1"
            }
          },
          "sensitive_attributes": [],
          "private": "bnVsbA=="
        }
      ]
    },
    {
      "module": "module.alayasync.module.lambdas.module.lambda_alaya_sync_ecs_status",
      "mode": "managed",
      "type": "aws_iam_policy",
      "name": "policy",
      "provider": "provider[\"registry.terraform.io/hashicorp/aws\"]",
      "instances": [
        {
          "schema_version": 0,
          "attributes": {
            "arn": "arn:aws:iam::847258583865:policy/aue1d1z1iploidhoidhbrtest-alayasyncecsstatus",
            "description": "",
            "id": "arn:aws:iam::847258583865:policy/aue1d1z1iploidhoidhbrtest-alayasyncecsstatus",
            "name": "aue1d1z1iploidhoidhbrtest-alayasyncecsstatus",
            "name_prefix": "",
            "path": "/",
            "policy": "{\"Statement\":[{\"Action\":[\"logs:CreateLogStream\",\"logs:PutLogEvents\"],\"Effect\":\"Allow\",\"Resource\":[\"arn:aws:logs:us-east-1:847258583865:log-group:/aws/lambda/*\"]},{\"Action\":[\"dynamodb:BatchGetItem\",\"dynamodb:DescribeTable\",\"dynamodb:GetItem\",\"dynamodb:GetRecords\",\"dynamodb:Query\",\"dynamodb:Scan\",\"dynamodb:BatchWriteItem\",\"dynamodb:DeleteItem\",\"dynamodb:UpdateItem\",\"dynamodb:PutItem\"],\"Effect\":\"Allow\",\"Resource\":[\"arn:aws:dynamodb:us-east-1:847258583865:table/aue1d1z1dytoidhoidhbrtest-gethubids\",\"arn:aws:dynamodb:us-east-1:847258583865:table/aue1d1z1dytoidhoidhbrtest-gethubids/*\"]},{\"Action\":[\"kms:DescribeKey\",\"kms:Encrypt\",\"kms:Decrypt\",\"kms:ReEncrypt*\",\"kms:GenerateDataKey*\",\"kms:CreateGrant\"],\"Effect\":\"Allow\",\"Resource\":[\"arn:aws:kms:us-east-1:847258583865:key/9b2578ee-e83a-4b9c-9600-dfc8a9a19aca\"]},{\"Action\":[\"ecs:RunTask\"],\"Effect\":\"Allow\",\"Resource\":[\"arn:aws:ecs:us-east-1:847258583865:task-definition/*\"]},{\"Action\":[\"ecs:DescribeTasks\"],\"Effect\":\"Allow\",\"Resource\":[\"arn:aws:ecs:us-east-1:847258583865:task/*\"]},{\"Action\":[\"s3:GetObject*\",\"s3:PutObject*\",\"s3:DeleteObject*\"],\"Effect\":\"Allow\",\"Resource\":[\"arn:aws:s3:::aue1d1z1s3boidhoidhbrtest-datastorage\",\"arn:aws:s3:::aue1d1z1s3boidhoidhbrtest-datastorage/*\"]}],\"Version\":\"2012-10-17\"}",
            "policy_id": "ANPA4KREMAM4YKH37HLXP",
            "tags": {},
            "tags_all": {}
          },
          "sensitive_attributes": [],
          "private": "bnVsbA==",
          "dependencies": [
            "data.aws_caller_identity.current",
            "module.alayasync.module.lambdas.module.lambda_alaya_sync_ecs_status.data.aws_caller_identity.current",
            "module.alayasync.module.lambdas.module.lambda_alaya_sync_ecs_status.data.aws_region.current",
            "module.alayasync.module.lambdas.module.lambda_alaya_sync_ecs_status.data.template_file.policy",
            "module.athena.module.athena_bucket.aws_s3_bucket.main",
            "module.data_key.aws_kms_key.kms_key",
            "module.data_key.data.aws_iam_policy_document.key_policy",
            "module.s3_artifacts_bucket.aws_s3_bucket.s3_bucket",
            "module.s3_data_bucket.aws_s3_bucket.s3_bucket"
          ]
        }
      ]
    },
    {
      "module": "module.alayasync.module.lambdas.module.lambda_alaya_sync_ecs_status",
      "mode": "managed",
      "type": "aws_iam_role",
      "name": "lambda",
      "provider": "provider[\"registry.terraform.io/hashicorp/aws\"]",
      "instances": [
        {
          "schema_version": 0,
          "attributes": {
            "arn": "arn:aws:iam::847258583865:role/aue1d1z1irooidhoidhbrtest-alayasyncecsstatus",
            "assume_role_policy": "{\"Statement\":[{\"Action\":\"sts:AssumeRole\",\"Effect\":\"Allow\",\"Principal\":{\"Service\":\"lambda.amazonaws.com\"}}],\"Version\":\"2012-10-17\"}",
            "create_date": "2023-10-11T21:39:28Z",
            "description": "",
            "force_detach_policies": false,
            "id": "aue1d1z1irooidhoidhbrtest-alayasyncecsstatus",
            "inline_policy": [],
            "managed_policy_arns": [
              "arn:aws:iam::847258583865:policy/aue1d1z1iploidhoidhbrtest-alayasyncecsstatus"
            ],
            "max_session_duration": 3600,
            "name": "aue1d1z1irooidhoidhbrtest-alayasyncecsstatus",
            "name_prefix": "",
            "path": "/",
            "permissions_boundary": null,
            "tags": {
              "Name": "aue1d1z1irooidhoidhbrtest-alayasyncecsstatus",
              "app": "oidh",
              "creation_app": "terraform",
              "env": "d1",
              "ledger": "oidh",
              "purpose": "oidhbrtest-alayasyncecsstatus",
              "site": "aue1",
              "tier": "oidh",
              "zone": "z1"
            },
            "tags_all": {
              "Name": "aue1d1z1irooidhoidhbrtest-alayasyncecsstatus",
              "app": "oidh",
              "creation_app": "terraform",
              "env": "d1",
              "ledger": "oidh",
              "purpose": "oidhbrtest-alayasyncecsstatus",
              "site": "aue1",
              "tier": "oidh",
              "zone": "z1"
            },
            "unique_id": "AROA4KREMAM47O6VL22DD"
          },
          "sensitive_attributes": [],
          "private": "bnVsbA==",
          "dependencies": [
            "module.alayasync.module.lambdas.module.lambda_alaya_sync_ecs_status.data.aws_iam_policy_document.assume"
          ]
        }
      ]
    },
    {
      "module": "module.alayasync.module.lambdas.module.lambda_alaya_sync_ecs_status",
      "mode": "managed",
      "type": "aws_iam_role_policy_attachment",
      "name": "lambda",
      "provider": "provider[\"registry.terraform.io/hashicorp/aws\"]",
      "instances": [
        {
          "schema_version": 0,
          "attributes": {
            "id": "aue1d1z1irooidhoidhbrtest-alayasyncecsstatus-20231011214135543800000001",
            "policy_arn": "arn:aws:iam::847258583865:policy/aue1d1z1iploidhoidhbrtest-alayasyncecsstatus",
            "role": "aue1d1z1irooidhoidhbrtest-alayasyncecsstatus"
          },
          "sensitive_attributes": [],
          "private": "bnVsbA==",
          "dependencies": [
            "data.aws_caller_identity.current",
            "module.alayasync.module.lambdas.module.lambda_alaya_sync_ecs_status.aws_iam_policy.policy",
            "module.alayasync.module.lambdas.module.lambda_alaya_sync_ecs_status.aws_iam_role.lambda",
            "module.alayasync.module.lambdas.module.lambda_alaya_sync_ecs_status.data.aws_caller_identity.current",
            "module.alayasync.module.lambdas.module.lambda_alaya_sync_ecs_status.data.aws_iam_policy_document.assume",
            "module.alayasync.module.lambdas.module.lambda_alaya_sync_ecs_status.data.aws_region.current",
            "module.alayasync.module.lambdas.module.lambda_alaya_sync_ecs_status.data.template_file.policy",
            "module.athena.module.athena_bucket.aws_s3_bucket.main",
            "module.data_key.aws_kms_key.kms_key",
            "module.data_key.data.aws_iam_policy_document.key_policy",
            "module.s3_artifacts_bucket.aws_s3_bucket.s3_bucket",
            "module.s3_data_bucket.aws_s3_bucket.s3_bucket"
          ]
        }
      ]
    },
    {
      "module": "module.alayasync.module.lambdas.module.lambda_alaya_sync_ecs_status",
      "mode": "managed",
      "type": "aws_lambda_function",
      "name": "executor",
      "provider": "provider[\"registry.terraform.io/hashicorp/aws\"]",
      "instances": [
        {
          "schema_version": 0,
          "attributes": {
            "architectures": [
              "x86_64"
            ],
            "arn": "arn:aws:lambda:us-east-1:847258583865:function:aue1d1z1lmboidhoidhbrtest-alayasyncecsstatus",
            "code_signing_config_arn": "",
            "dead_letter_config": [],
            "description": "alayasyncecsstatus",
            "environment": [
              {
                "variables": {
                  "ECS_CLUSTER": "ecs_cluster",
                  "OIDH_TABLE": "aue1d1z1dytoidhoidhbrtest-gethubids"
                }
              }
            ],
            "ephemeral_storage": [
              {
                "size": 512
              }
            ],
            "file_system_config": [],
            "filename": "../src/alayasync/lambda/alayasyncecsstatus.zip",
            "function_name": "aue1d1z1lmboidhoidhbrtest-alayasyncecsstatus",
            "handler": "lambda_function.lambda_handler",
            "id": "aue1d1z1lmboidhoidhbrtest-alayasyncecsstatus",
            "image_config": [],
            "image_uri": "",
            "invoke_arn": "arn:aws:apigateway:us-east-1:lambda:path/2015-03-31/functions/arn:aws:lambda:us-east-1:847258583865:function:aue1d1z1lmboidhoidhbrtest-alayasyncecsstatus/invocations",
            "kms_key_arn": "",
            "last_modified": "2023-10-24T15:46:33.000+0000",
            "layers": [],
            "memory_size": 256,
            "package_type": "Zip",
            "publish": false,
            "qualified_arn": "arn:aws:lambda:us-east-1:847258583865:function:aue1d1z1lmboidhoidhbrtest-alayasyncecsstatus:$LATEST",
            "qualified_invoke_arn": "arn:aws:apigateway:us-east-1:lambda:path/2015-03-31/functions/arn:aws:lambda:us-east-1:847258583865:function:aue1d1z1lmboidhoidhbrtest-alayasyncecsstatus:$LATEST/invocations",
            "replace_security_groups_on_destroy": null,
            "replacement_security_group_ids": null,
            "reserved_concurrent_executions": -1,
            "role": "arn:aws:iam::847258583865:role/aue1d1z1irooidhoidhbrtest-alayasyncecsstatus",
            "runtime": "python3.9",
            "s3_bucket": null,
            "s3_key": null,
            "s3_object_version": null,
            "signing_job_arn": "",
            "signing_profile_version_arn": "",
            "skip_destroy": false,
            "snap_start": [],
            "source_code_hash": "Ct1G15lozqTL2DQrQ/OXFj6+kiVa+Z3waOaGk9uoKf8=",
            "source_code_size": 784,
            "tags": {
              "Name": "aue1d1z1lmboidhoidhbrtest-alayasyncecsstatus",
              "app": "oidh",
              "creation_app": "terraform",
              "env": "d1",
              "ledger": "oidh",
              "purpose": "oidhbrtest-alayasyncecsstatus",
              "site": "aue1",
              "tier": "oidh",
              "zone": "z1"
            },
            "tags_all": {
              "Name": "aue1d1z1lmboidhoidhbrtest-alayasyncecsstatus",
              "app": "oidh",
              "creation_app": "terraform",
              "env": "d1",
              "ledger": "oidh",
              "purpose": "oidhbrtest-alayasyncecsstatus",
              "site": "aue1",
              "tier": "oidh",
              "zone": "z1"
            },
            "timeout": 60,
            "timeouts": null,
            "tracing_config": [
              {
                "mode": "PassThrough"
              }
            ],
            "version": "$LATEST",
            "vpc_config": []
          },
          "sensitive_attributes": [],
          "private": "eyJlMmJmYjczMC1lY2FhLTExZTYtOGY4OC0zNDM2M2JjN2M0YzAiOnsiY3JlYXRlIjo2MDAwMDAwMDAwMDAsImRlbGV0ZSI6NjAwMDAwMDAwMDAwLCJ1cGRhdGUiOjYwMDAwMDAwMDAwMH19",
          "dependencies": [
            "module.alayasync.module.lambdas.module.lambda_alaya_sync_ecs_status.aws_iam_role.lambda",
            "module.alayasync.module.lambdas.module.lambda_alaya_sync_ecs_status.data.archive_file.source_code",
            "module.athena.module.athena_bucket.aws_s3_bucket.main",
            "module.data_key.aws_kms_key.kms_key",
            "module.s3_artifacts_bucket.aws_s3_bucket.s3_bucket",
            "module.s3_data_bucket.aws_s3_bucket.s3_bucket"
          ]
        }
      ]
    },
    {
      "module": "module.alayasync.module.lambdas.module.lambda_alaya_sync_reduce",
      "mode": "data",
      "type": "archive_file",
      "name": "source_code",
      "provider": "provider[\"registry.terraform.io/hashicorp/archive\"]",
      "instances": [
        {
          "schema_version": 0,
          "attributes": {
            "exclude_symlink_directories": null,
            "excludes": null,
            "id": "b0a569951d9d095669262ca1368b19be5efa4946",
            "output_base64sha256": "6uWYw1Hh0NW90TkTcFalrYVzzETPPAtp9I3k/p80Iy0=",
            "output_base64sha512": "YUAg+Ldo2IBsksQKlR3NcoXx01a25f3sNCE6s5s0G34eV8+/n6M54LzdbPSDZcG7K0EGkvmstnIdynvTdFDsmA==",
            "output_file_mode": null,
            "output_md5": "78dc5d8d336f8b38048578ac9d6746ce",
            "output_path": "../src/alayasync/lambda/alayasyncreduce.zip",
            "output_sha": "b0a569951d9d095669262ca1368b19be5efa4946",
            "output_sha256": "eae598c351e1d0d5bdd139137056a5ad8573cc44cf3c0b69f48de4fe9f34232d",
            "output_sha512": "614020f8b768d8806c92c40a951dcd7285f1d356b6e5fdec34213ab39b341b7e1e57cfbf9fa339e0bcdd6cf48365c1bb2b410692f9acb6721dca7bd37450ec98",
            "output_size": 1278,
            "source": [],
            "source_content": null,
            "source_content_filename": null,
            "source_dir": null,
            "source_file": "../src/alayasync/lambda/alayasyncreduce/lambda_function.py",
            "type": "zip"
          },
          "sensitive_attributes": []
        }
      ]
    },
    {
      "module": "module.alayasync.module.lambdas.module.lambda_alaya_sync_reduce",
      "mode": "data",
      "type": "aws_caller_identity",
      "name": "current",
      "provider": "provider[\"registry.terraform.io/hashicorp/aws\"]",
      "instances": [
        {
          "schema_version": 0,
          "attributes": {
            "account_id": "847258583865",
            "arn": "arn:aws:iam::847258583865:user/admin2",
            "id": "847258583865",
            "user_id": "AIDA4KREMAM4YVGA4T5YW"
          },
          "sensitive_attributes": []
        }
      ]
    },
    {
      "module": "module.alayasync.module.lambdas.module.lambda_alaya_sync_reduce",
      "mode": "data",
      "type": "aws_iam_policy_document",
      "name": "assume",
      "provider": "provider[\"registry.terraform.io/hashicorp/aws\"]",
      "instances": [
        {
          "schema_version": 0,
          "attributes": {
            "id": "2690255455",
            "json": "{\n  \"Version\": \"2012-10-17\",\n  \"Statement\": [\n    {\n      \"Effect\": \"Allow\",\n      \"Action\": \"sts:AssumeRole\",\n      \"Principal\": {\n        \"Service\": \"lambda.amazonaws.com\"\n      }\n    }\n  ]\n}",
            "override_policy_documents": null,
            "policy_id": null,
            "source_policy_documents": null,
            "statement": [
              {
                "actions": [
                  "sts:AssumeRole"
                ],
                "condition": [],
                "effect": "Allow",
                "not_actions": [],
                "not_principals": [],
                "not_resources": [],
                "principals": [
                  {
                    "identifiers": [
                      "lambda.amazonaws.com"
                    ],
                    "type": "Service"
                  }
                ],
                "resources": [],
                "sid": ""
              }
            ],
            "version": "2012-10-17"
          },
          "sensitive_attributes": []
        }
      ]
    },
    {
      "module": "module.alayasync.module.lambdas.module.lambda_alaya_sync_reduce",
      "mode": "data",
      "type": "aws_region",
      "name": "current",
      "provider": "provider[\"registry.terraform.io/hashicorp/aws\"]",
      "instances": [
        {
          "schema_version": 0,
          "attributes": {
            "description": "US East (N. Virginia)",
            "endpoint": "ec2.us-east-1.amazonaws.com",
            "id": "us-east-1",
            "name": "us-east-1"
          },
          "sensitive_attributes": []
        }
      ]
    },
    {
      "module": "module.alayasync.module.lambdas.module.lambda_alaya_sync_reduce",
      "mode": "data",
      "type": "template_file",
      "name": "policy",
      "provider": "provider[\"registry.terraform.io/hashicorp/template\"]",
      "instances": [
        {
          "schema_version": 0,
          "attributes": {
            "filename": null,
            "id": "5ab4f6b8568c4d4427f65cb993c7d457421c55fd61ff9e1919f12f581f3c377f",
            "rendered": "{\n  \"Version\": \"2012-10-17\",\n  \"Statement\" : [\n    {\n      \"Effect\": \"Allow\",\n      \"Action\" : [\n        \"logs:CreateLogStream\",\n        \"logs:PutLogEvents\"\n      ],\n      \"Resource\" : [\n        \"arn:aws:logs:us-east-1:847258583865:log-group:/aws/lambda/*\"\n      ]\n    },\n    {\n      \"Effect\" : \"Allow\",\n      \"Action\" : [\n        \"sqs:DeleteMessage\",\n        \"sqs:DeleteMessageBatch\",\n        \"sqs:GetQueueAttributes\",\n        \"sqs:GetQueueUrl\",\n        \"sqs:ListQueues\",\n        \"sqs:ListDeadLetterSourceQueues\",\n        \"sqs:ListQueueTags\",\n        \"sqs:ReceiveMessage\",\n        \"sqs:SendMessage\",\n        \"sqs:SendMessageBatch\"\n      ],\n      \"Resource\" : [\n        \"arn:aws:sqs:us-east-1:847258583865:*\"\n      ]\n    },\n    {\n      \"Effect\" : \"Allow\",\n      \"Action\" : [\n        \"dynamodb:BatchGetItem\",\n        \"dynamodb:DescribeTable\",\n        \"dynamodb:GetItem\",\n        \"dynamodb:GetRecords\",\n        \"dynamodb:Query\",\n        \"dynamodb:Scan\",\n        \"dynamodb:BatchWriteItem\",\n        \"dynamodb:DeleteItem\",\n        \"dynamodb:UpdateItem\",\n        \"dynamodb:PutItem\"\n      ],\n      \"Resource\" : [\n        \"arn:aws:dynamodb:us-east-1:847258583865:table/aue1d1z1dytoidhoidhbrtest-gethubids\",\n        \"arn:aws:dynamodb:us-east-1:847258583865:table/aue1d1z1dytoidhoidhbrtest-gethubids/*\"\n      ]\n    },\n    {\n      \"Effect\" : \"Allow\",\n      \"Action\": [\n        \"kms:DescribeKey\",\n        \"kms:Encrypt\",\n        \"kms:Decrypt\",\n        \"kms:ReEncrypt*\",\n        \"kms:GenerateDataKey*\",\n        \"kms:CreateGrant\"\n      ],\n      \"Resource\" : [\n        \"arn:aws:kms:us-east-1:847258583865:key/9b2578ee-e83a-4b9c-9600-dfc8a9a19aca\"\n      ]\n    },\n    {\n      \"Effect\" : \"Allow\",\n      \"Action\" : [\n        \"ecs:RunTask\"\n      ],\n      \"Resource\": [\n        \"arn:aws:ecs:us-east-1:847258583865:task-definition/*\"\n      ]\n    },\n    {\n      \"Effect\" : \"Allow\",\n      \"Action\" : [\n        \"ecs:DescribeTasks\"\n      ],\n      \"Resource\": [\n        \"arn:aws:ecs:us-east-1:847258583865:task/*\"\n      ]\n    },\n    {\n      \"Effect\": \"Allow\",\n      \"Action\": [\n        \"s3:GetObject*\",\n        \"s3:PutObject*\",\n        \"s3:DeleteObject*\"\n      ],\n      \"Resource\" : [\n        \"arn:aws:s3:::aue1d1z1s3boidhoidhbrtest-datastorage\",\n        \"arn:aws:s3:::aue1d1z1s3boidhoidhbrtest-datastorage/*\"\n      ]\n    }\n  ]\n}",
            "template": "{\n  \"Version\": \"2012-10-17\",\n  \"Statement\" : [\n    {\n      \"Effect\": \"Allow\",\n      \"Action\" : [\n        \"logs:CreateLogStream\",\n        \"logs:PutLogEvents\"\n      ],\n      \"Resource\" : [\n        \"arn:aws:logs:${region}:${account_id}:log-group:/aws/lambda/*\"\n      ]\n    },\n    {\n      \"Effect\" : \"Allow\",\n      \"Action\" : [\n        \"sqs:DeleteMessage\",\n        \"sqs:DeleteMessageBatch\",\n        \"sqs:GetQueueAttributes\",\n        \"sqs:GetQueueUrl\",\n        \"sqs:ListQueues\",\n        \"sqs:ListDeadLetterSourceQueues\",\n        \"sqs:ListQueueTags\",\n        \"sqs:ReceiveMessage\",\n        \"sqs:SendMessage\",\n        \"sqs:SendMessageBatch\"\n      ],\n      \"Resource\" : [\n        \"arn:aws:sqs:${region}:${account_id}:*\"\n      ]\n    },\n    {\n      \"Effect\" : \"Allow\",\n      \"Action\" : [\n        \"dynamodb:BatchGetItem\",\n        \"dynamodb:DescribeTable\",\n        \"dynamodb:GetItem\",\n        \"dynamodb:GetRecords\",\n        \"dynamodb:Query\",\n        \"dynamodb:Scan\",\n        \"dynamodb:BatchWriteItem\",\n        \"dynamodb:DeleteItem\",\n        \"dynamodb:UpdateItem\",\n        \"dynamodb:PutItem\"\n      ],\n      \"Resource\" : [\n        \"arn:aws:dynamodb:${region}:${account_id}:table/${dynamo_table_register}\",\n        \"arn:aws:dynamodb:${region}:${account_id}:table/${dynamo_table_register}/*\"\n      ]\n    },\n    {\n      \"Effect\" : \"Allow\",\n      \"Action\": [\n        \"kms:DescribeKey\",\n        \"kms:Encrypt\",\n        \"kms:Decrypt\",\n        \"kms:ReEncrypt*\",\n        \"kms:GenerateDataKey*\",\n        \"kms:CreateGrant\"\n      ],\n      \"Resource\" : [\n        \"${data_key_arn}\"\n      ]\n    },\n    {\n      \"Effect\" : \"Allow\",\n      \"Action\" : [\n        \"ecs:RunTask\"\n      ],\n      \"Resource\": [\n        \"arn:aws:ecs:${region}:${account_id}:task-definition/*\"\n      ]\n    },\n    {\n      \"Effect\" : \"Allow\",\n      \"Action\" : [\n        \"ecs:DescribeTasks\"\n      ],\n      \"Resource\": [\n        \"arn:aws:ecs:${region}:${account_id}:task/*\"\n      ]\n    },\n    {\n      \"Effect\": \"Allow\",\n      \"Action\": [\n        \"s3:GetObject*\",\n        \"s3:PutObject*\",\n        \"s3:DeleteObject*\"\n      ],\n      \"Resource\" : [\n        \"arn:aws:s3:::${bucket_id}\",\n        \"arn:aws:s3:::${bucket_id}/*\"\n      ]\n    }\n  ]\n}",
            "vars": {
              "account_id": "847258583865",
              "alayasyncdb": "default",
              "alayasyncdb_path": "",
              "artifacts_bucket_arn": "arn:aws:s3:::aue1d1z1s3boidhoidhbrtest-artifacts",
              "artifacts_bucket_id": "aue1d1z1s3boidhoidhbrtest-artifacts",
              "athena_bucket_id": "aue1d1z1s3boidhoidhbrtest-athena",
              "bucket_arn": "arn:aws:s3:::aue1d1z1s3boidhoidhbrtest-datastorage",
              "bucket_id": "aue1d1z1s3boidhoidhbrtest-datastorage",
              "concurrent_tasks": "18",
              "data_key_arn": "arn:aws:kms:us-east-1:847258583865:key/9b2578ee-e83a-4b9c-9600-dfc8a9a19aca",
              "data_key_id": "9b2578ee-e83a-4b9c-9600-dfc8a9a19aca",
              "dynamo_table_register": "aue1d1z1dytoidhoidhbrtest-gethubids",
              "ecs_cluster": "ecs_cluster",
              "ecs_subnets": "subnet-0112c4c44ce9649c2",
              "individuals": "bdmpindkey",
              "lambda_name": "aue1d1z1lmboidhoidhbrtest-alayasyncreduce",
              "organizations": "bdmporgkey",
              "payload_trigger_key": "gethubid",
              "region": "us-east-1",
              "task_definition": "ecs_task"
            }
          },
          "sensitive_attributes": []
        }
      ]
    },
    {
      "module": "module.alayasync.module.lambdas.module.lambda_alaya_sync_reduce",
      "mode": "managed",
      "type": "aws_cloudwatch_log_group",
      "name": "lambda",
      "provider": "provider[\"registry.terraform.io/hashicorp/aws\"]",
      "instances": [
        {
          "schema_version": 0,
          "attributes": {
            "arn": "arn:aws:logs:us-east-1:847258583865:log-group:/aws/lambda/aue1d1z1lmboidhoidhbrtest-alayasyncreduce",
            "id": "/aws/lambda/aue1d1z1lmboidhoidhbrtest-alayasyncreduce",
            "kms_key_id": "",
            "name": "/aws/lambda/aue1d1z1lmboidhoidhbrtest-alayasyncreduce",
            "name_prefix": "",
            "retention_in_days": 30,
            "skip_destroy": false,
            "tags": {
              "Name": "aue1d1z1cwgoidhoidhbrtest-alayasyncreduce",
              "app": "oidh",
              "creation_app": "terraform",
              "env": "d1",
              "ledger": "oidh",
              "purpose": "oidhbrtest-alayasyncreduce",
              "site": "aue1",
              "tier": "oidh",
              "zone": "z1"
            },
            "tags_all": {
              "Name": "aue1d1z1cwgoidhoidhbrtest-alayasyncreduce",
              "app": "oidh",
              "creation_app": "terraform",
              "env": "d1",
              "ledger": "oidh",
              "purpose": "oidhbrtest-alayasyncreduce",
              "site": "aue1",
              "tier": "oidh",
              "zone": "z1"
            }
          },
          "sensitive_attributes": [],
          "private": "bnVsbA=="
        }
      ]
    },
    {
      "module": "module.alayasync.module.lambdas.module.lambda_alaya_sync_reduce",
      "mode": "managed",
      "type": "aws_iam_policy",
      "name": "policy",
      "provider": "provider[\"registry.terraform.io/hashicorp/aws\"]",
      "instances": [
        {
          "schema_version": 0,
          "attributes": {
            "arn": "arn:aws:iam::847258583865:policy/aue1d1z1iploidhoidhbrtest-alayasyncreduce",
            "description": "",
            "id": "arn:aws:iam::847258583865:policy/aue1d1z1iploidhoidhbrtest-alayasyncreduce",
            "name": "aue1d1z1iploidhoidhbrtest-alayasyncreduce",
            "name_prefix": "",
            "path": "/",
            "policy": "{\"Statement\":[{\"Action\":[\"logs:CreateLogStream\",\"logs:PutLogEvents\"],\"Effect\":\"Allow\",\"Resource\":[\"arn:aws:logs:us-east-1:847258583865:log-group:/aws/lambda/*\"]},{\"Action\":[\"sqs:DeleteMessage\",\"sqs:DeleteMessageBatch\",\"sqs:GetQueueAttributes\",\"sqs:GetQueueUrl\",\"sqs:ListQueues\",\"sqs:ListDeadLetterSourceQueues\",\"sqs:ListQueueTags\",\"sqs:ReceiveMessage\",\"sqs:SendMessage\",\"sqs:SendMessageBatch\"],\"Effect\":\"Allow\",\"Resource\":[\"arn:aws:sqs:us-east-1:847258583865:*\"]},{\"Action\":[\"dynamodb:BatchGetItem\",\"dynamodb:DescribeTable\",\"dynamodb:GetItem\",\"dynamodb:GetRecords\",\"dynamodb:Query\",\"dynamodb:Scan\",\"dynamodb:BatchWriteItem\",\"dynamodb:DeleteItem\",\"dynamodb:UpdateItem\",\"dynamodb:PutItem\"],\"Effect\":\"Allow\",\"Resource\":[\"arn:aws:dynamodb:us-east-1:847258583865:table/aue1d1z1dytoidhoidhbrtest-gethubids\",\"arn:aws:dynamodb:us-east-1:847258583865:table/aue1d1z1dytoidhoidhbrtest-gethubids/*\"]},{\"Action\":[\"kms:DescribeKey\",\"kms:Encrypt\",\"kms:Decrypt\",\"kms:ReEncrypt*\",\"kms:GenerateDataKey*\",\"kms:CreateGrant\"],\"Effect\":\"Allow\",\"Resource\":[\"arn:aws:kms:us-east-1:847258583865:key/9b2578ee-e83a-4b9c-9600-dfc8a9a19aca\"]},{\"Action\":[\"ecs:RunTask\"],\"Effect\":\"Allow\",\"Resource\":[\"arn:aws:ecs:us-east-1:847258583865:task-definition/*\"]},{\"Action\":[\"ecs:DescribeTasks\"],\"Effect\":\"Allow\",\"Resource\":[\"arn:aws:ecs:us-east-1:847258583865:task/*\"]},{\"Action\":[\"s3:GetObject*\",\"s3:PutObject*\",\"s3:DeleteObject*\"],\"Effect\":\"Allow\",\"Resource\":[\"arn:aws:s3:::aue1d1z1s3boidhoidhbrtest-datastorage\",\"arn:aws:s3:::aue1d1z1s3boidhoidhbrtest-datastorage/*\"]}],\"Version\":\"2012-10-17\"}",
            "policy_id": "ANPA4KREMAM45JOANSHZW",
            "tags": {},
            "tags_all": {}
          },
          "sensitive_attributes": [],
          "private": "bnVsbA==",
          "dependencies": [
            "data.aws_caller_identity.current",
            "module.alayasync.module.lambdas.module.lambda_alaya_sync_reduce.data.aws_caller_identity.current",
            "module.alayasync.module.lambdas.module.lambda_alaya_sync_reduce.data.aws_region.current",
            "module.alayasync.module.lambdas.module.lambda_alaya_sync_reduce.data.template_file.policy",
            "module.athena.module.athena_bucket.aws_s3_bucket.main",
            "module.data_key.aws_kms_key.kms_key",
            "module.data_key.data.aws_iam_policy_document.key_policy",
            "module.s3_artifacts_bucket.aws_s3_bucket.s3_bucket",
            "module.s3_data_bucket.aws_s3_bucket.s3_bucket"
          ]
        }
      ]
    },
    {
      "module": "module.alayasync.module.lambdas.module.lambda_alaya_sync_reduce",
      "mode": "managed",
      "type": "aws_iam_role",
      "name": "lambda",
      "provider": "provider[\"registry.terraform.io/hashicorp/aws\"]",
      "instances": [
        {
          "schema_version": 0,
          "attributes": {
            "arn": "arn:aws:iam::847258583865:role/aue1d1z1irooidhoidhbrtest-alayasyncreduce",
            "assume_role_policy": "{\"Statement\":[{\"Action\":\"sts:AssumeRole\",\"Effect\":\"Allow\",\"Principal\":{\"Service\":\"lambda.amazonaws.com\"}}],\"Version\":\"2012-10-17\"}",
            "create_date": "2023-10-11T21:39:29Z",
            "description": "",
            "force_detach_policies": false,
            "id": "aue1d1z1irooidhoidhbrtest-alayasyncreduce",
            "inline_policy": [],
            "managed_policy_arns": [
              "arn:aws:iam::847258583865:policy/aue1d1z1iploidhoidhbrtest-alayasyncreduce"
            ],
            "max_session_duration": 3600,
            "name": "aue1d1z1irooidhoidhbrtest-alayasyncreduce",
            "name_prefix": "",
            "path": "/",
            "permissions_boundary": null,
            "tags": {
              "Name": "aue1d1z1irooidhoidhbrtest-alayasyncreduce",
              "app": "oidh",
              "creation_app": "terraform",
              "env": "d1",
              "ledger": "oidh",
              "purpose": "oidhbrtest-alayasyncreduce",
              "site": "aue1",
              "tier": "oidh",
              "zone": "z1"
            },
            "tags_all": {
              "Name": "aue1d1z1irooidhoidhbrtest-alayasyncreduce",
              "app": "oidh",
              "creation_app": "terraform",
              "env": "d1",
              "ledger": "oidh",
              "purpose": "oidhbrtest-alayasyncreduce",
              "site": "aue1",
              "tier": "oidh",
              "zone": "z1"
            },
            "unique_id": "AROA4KREMAM4UXKO5OZ3I"
          },
          "sensitive_attributes": [],
          "private": "bnVsbA==",
          "dependencies": [
            "module.alayasync.module.lambdas.module.lambda_alaya_sync_reduce.data.aws_iam_policy_document.assume"
          ]
        }
      ]
    },
    {
      "module": "module.alayasync.module.lambdas.module.lambda_alaya_sync_reduce",
      "mode": "managed",
      "type": "aws_iam_role_policy_attachment",
      "name": "lambda",
      "provider": "provider[\"registry.terraform.io/hashicorp/aws\"]",
      "instances": [
        {
          "schema_version": 0,
          "attributes": {
            "id": "aue1d1z1irooidhoidhbrtest-alayasyncreduce-20231011214136081400000003",
            "policy_arn": "arn:aws:iam::847258583865:policy/aue1d1z1iploidhoidhbrtest-alayasyncreduce",
            "role": "aue1d1z1irooidhoidhbrtest-alayasyncreduce"
          },
          "sensitive_attributes": [],
          "private": "bnVsbA==",
          "dependencies": [
            "data.aws_caller_identity.current",
            "module.alayasync.module.lambdas.module.lambda_alaya_sync_reduce.aws_iam_policy.policy",
            "module.alayasync.module.lambdas.module.lambda_alaya_sync_reduce.aws_iam_role.lambda",
            "module.alayasync.module.lambdas.module.lambda_alaya_sync_reduce.data.aws_caller_identity.current",
            "module.alayasync.module.lambdas.module.lambda_alaya_sync_reduce.data.aws_iam_policy_document.assume",
            "module.alayasync.module.lambdas.module.lambda_alaya_sync_reduce.data.aws_region.current",
            "module.alayasync.module.lambdas.module.lambda_alaya_sync_reduce.data.template_file.policy",
            "module.athena.module.athena_bucket.aws_s3_bucket.main",
            "module.data_key.aws_kms_key.kms_key",
            "module.data_key.data.aws_iam_policy_document.key_policy",
            "module.s3_artifacts_bucket.aws_s3_bucket.s3_bucket",
            "module.s3_data_bucket.aws_s3_bucket.s3_bucket"
          ]
        }
      ]
    },
    {
      "module": "module.alayasync.module.lambdas.module.lambda_alaya_sync_reduce",
      "mode": "managed",
      "type": "aws_lambda_function",
      "name": "executor",
      "provider": "provider[\"registry.terraform.io/hashicorp/aws\"]",
      "instances": [
        {
          "schema_version": 0,
          "attributes": {
            "architectures": [
              "x86_64"
            ],
            "arn": "arn:aws:lambda:us-east-1:847258583865:function:aue1d1z1lmboidhoidhbrtest-alayasyncreduce",
            "code_signing_config_arn": "",
            "dead_letter_config": [],
            "description": "alayasyncreduce",
            "environment": [
              {
                "variables": {
                  "OIDH_TABLE": "aue1d1z1dytoidhoidhbrtest-gethubids"
                }
              }
            ],
            "ephemeral_storage": [
              {
                "size": 512
              }
            ],
            "file_system_config": [],
            "filename": "../src/alayasync/lambda/alayasyncreduce.zip",
            "function_name": "aue1d1z1lmboidhoidhbrtest-alayasyncreduce",
            "handler": "lambda_function.lambda_handler",
            "id": "aue1d1z1lmboidhoidhbrtest-alayasyncreduce",
            "image_config": [],
            "image_uri": "",
            "invoke_arn": "arn:aws:apigateway:us-east-1:lambda:path/2015-03-31/functions/arn:aws:lambda:us-east-1:847258583865:function:aue1d1z1lmboidhoidhbrtest-alayasyncreduce/invocations",
            "kms_key_arn": "",
            "last_modified": "2023-10-23T20:46:57.000+0000",
            "layers": [],
            "memory_size": 256,
            "package_type": "Zip",
            "publish": false,
            "qualified_arn": "arn:aws:lambda:us-east-1:847258583865:function:aue1d1z1lmboidhoidhbrtest-alayasyncreduce:$LATEST",
            "qualified_invoke_arn": "arn:aws:apigateway:us-east-1:lambda:path/2015-03-31/functions/arn:aws:lambda:us-east-1:847258583865:function:aue1d1z1lmboidhoidhbrtest-alayasyncreduce:$LATEST/invocations",
            "replace_security_groups_on_destroy": null,
            "replacement_security_group_ids": null,
            "reserved_concurrent_executions": -1,
            "role": "arn:aws:iam::847258583865:role/aue1d1z1irooidhoidhbrtest-alayasyncreduce",
            "runtime": "python3.9",
            "s3_bucket": null,
            "s3_key": null,
            "s3_object_version": null,
            "signing_job_arn": "",
            "signing_profile_version_arn": "",
            "skip_destroy": false,
            "snap_start": [],
            "source_code_hash": "6uWYw1Hh0NW90TkTcFalrYVzzETPPAtp9I3k/p80Iy0=",
            "source_code_size": 1278,
            "tags": {
              "Name": "aue1d1z1lmboidhoidhbrtest-alayasyncreduce",
              "app": "oidh",
              "creation_app": "terraform",
              "env": "d1",
              "ledger": "oidh",
              "purpose": "oidhbrtest-alayasyncreduce",
              "site": "aue1",
              "tier": "oidh",
              "zone": "z1"
            },
            "tags_all": {
              "Name": "aue1d1z1lmboidhoidhbrtest-alayasyncreduce",
              "app": "oidh",
              "creation_app": "terraform",
              "env": "d1",
              "ledger": "oidh",
              "purpose": "oidhbrtest-alayasyncreduce",
              "site": "aue1",
              "tier": "oidh",
              "zone": "z1"
            },
            "timeout": 60,
            "timeouts": null,
            "tracing_config": [
              {
                "mode": "PassThrough"
              }
            ],
            "version": "$LATEST",
            "vpc_config": []
          },
          "sensitive_attributes": [],
          "private": "eyJlMmJmYjczMC1lY2FhLTExZTYtOGY4OC0zNDM2M2JjN2M0YzAiOnsiY3JlYXRlIjo2MDAwMDAwMDAwMDAsImRlbGV0ZSI6NjAwMDAwMDAwMDAwLCJ1cGRhdGUiOjYwMDAwMDAwMDAwMH19",
          "dependencies": [
            "data.aws_caller_identity.current",
            "module.alayasync.module.lambdas.module.lambda_alaya_sync_reduce.aws_iam_role.lambda",
            "module.alayasync.module.lambdas.module.lambda_alaya_sync_reduce.data.archive_file.source_code",
            "module.alayasync.module.lambdas.module.lambda_alaya_sync_reduce.data.aws_iam_policy_document.assume",
            "module.athena.module.athena_bucket.aws_s3_bucket.main",
            "module.data_key.aws_kms_key.kms_key",
            "module.data_key.data.aws_iam_policy_document.key_policy",
            "module.s3_artifacts_bucket.aws_s3_bucket.s3_bucket",
            "module.s3_data_bucket.aws_s3_bucket.s3_bucket"
          ]
        }
      ]
    },
    {
      "module": "module.alayasync.module.lambdas.module.lambda_alaya_sync_scheduling",
      "mode": "data",
      "type": "archive_file",
      "name": "source_code",
      "provider": "provider[\"registry.terraform.io/hashicorp/archive\"]",
      "instances": [
        {
          "schema_version": 0,
          "attributes": {
            "exclude_symlink_directories": null,
            "excludes": null,
            "id": "66c4df1996c6ca3f4fad636660f8e4f5dc783879",
            "output_base64sha256": "IKlzO8SgnXN+mFaQJHLaMJwxuh93s03X1J+eWKRGvAg=",
            "output_base64sha512": "ha6tOYraUgXYiLlXBykkNtt/lXxFKkhyclvhTCqXaR7GXwLNfImGVQMtwhczFhnqW4DABs6pWuwkVECSIRV4CA==",
            "output_file_mode": null,
            "output_md5": "e71bbd515f9aea08e8ab2576c4c1d1f9",
            "output_path": "../src/alayasync/lambda/alayasyncschedule.zip",
            "output_sha": "66c4df1996c6ca3f4fad636660f8e4f5dc783879",
            "output_sha256": "20a9733bc4a09d737e9856902472da309c31ba1f77b34dd7d49f9e58a446bc08",
            "output_sha512": "85aead398ada5205d888b95707292436db7f957c452a4872725be14c2a97691ec65f02cd7c898655032dc217331619ea5b80c006cea95aec2454409221157808",
            "output_size": 1048,
            "source": [],
            "source_content": null,
            "source_content_filename": null,
            "source_dir": null,
            "source_file": "../src/alayasync/lambda/alayasyncschedule/lambda_function.py",
            "type": "zip"
          },
          "sensitive_attributes": []
        }
      ]
    },
    {
      "module": "module.alayasync.module.lambdas.module.lambda_alaya_sync_scheduling",
      "mode": "data",
      "type": "aws_caller_identity",
      "name": "current",
      "provider": "provider[\"registry.terraform.io/hashicorp/aws\"]",
      "instances": [
        {
          "schema_version": 0,
          "attributes": {
            "account_id": "847258583865",
            "arn": "arn:aws:iam::847258583865:user/admin2",
            "id": "847258583865",
            "user_id": "AIDA4KREMAM4YVGA4T5YW"
          },
          "sensitive_attributes": []
        }
      ]
    },
    {
      "module": "module.alayasync.module.lambdas.module.lambda_alaya_sync_scheduling",
      "mode": "data",
      "type": "aws_iam_policy_document",
      "name": "assume",
      "provider": "provider[\"registry.terraform.io/hashicorp/aws\"]",
      "instances": [
        {
          "schema_version": 0,
          "attributes": {
            "id": "2690255455",
            "json": "{\n  \"Version\": \"2012-10-17\",\n  \"Statement\": [\n    {\n      \"Effect\": \"Allow\",\n      \"Action\": \"sts:AssumeRole\",\n      \"Principal\": {\n        \"Service\": \"lambda.amazonaws.com\"\n      }\n    }\n  ]\n}",
            "override_policy_documents": null,
            "policy_id": null,
            "source_policy_documents": null,
            "statement": [
              {
                "actions": [
                  "sts:AssumeRole"
                ],
                "condition": [],
                "effect": "Allow",
                "not_actions": [],
                "not_principals": [],
                "not_resources": [],
                "principals": [
                  {
                    "identifiers": [
                      "lambda.amazonaws.com"
                    ],
                    "type": "Service"
                  }
                ],
                "resources": [],
                "sid": ""
              }
            ],
            "version": "2012-10-17"
          },
          "sensitive_attributes": []
        }
      ]
    },
    {
      "module": "module.alayasync.module.lambdas.module.lambda_alaya_sync_scheduling",
      "mode": "data",
      "type": "aws_region",
      "name": "current",
      "provider": "provider[\"registry.terraform.io/hashicorp/aws\"]",
      "instances": [
        {
          "schema_version": 0,
          "attributes": {
            "description": "US East (N. Virginia)",
            "endpoint": "ec2.us-east-1.amazonaws.com",
            "id": "us-east-1",
            "name": "us-east-1"
          },
          "sensitive_attributes": []
        }
      ]
    },
    {
      "module": "module.alayasync.module.lambdas.module.lambda_alaya_sync_scheduling",
      "mode": "data",
      "type": "template_file",
      "name": "policy",
      "provider": "provider[\"registry.terraform.io/hashicorp/template\"]",
      "instances": [
        {
          "schema_version": 0,
          "attributes": {
            "filename": null,
            "id": "906a392dae66b92bdadff6d8e35d2a60a91d4e0ad734ed0aa7d642fcc5d72361",
            "rendered": "{\n  \"Version\": \"2012-10-17\",\n  \"Statement\" : [\n    {\n      \"Effect\": \"Allow\",\n      \"Action\" : [\n        \"logs:CreateLogStream\",\n        \"logs:PutLogEvents\"\n      ],\n      \"Resource\" : [\n        \"arn:aws:logs:us-east-1:847258583865:log-group:/aws/lambda/*\"\n      ]\n    },\n    {\n      \"Effect\" : \"Allow\",\n      \"Action\" : [\n        \"dynamodb:BatchGetItem\",\n        \"dynamodb:DescribeTable\",\n        \"dynamodb:GetItem\",\n        \"dynamodb:GetRecords\",\n        \"dynamodb:Query\",\n        \"dynamodb:Scan\",\n        \"dynamodb:BatchWriteItem\",\n        \"dynamodb:DeleteItem\",\n        \"dynamodb:UpdateItem\",\n        \"dynamodb:PutItem\"\n      ],\n      \"Resource\" : [\n        \"arn:aws:dynamodb:us-east-1:847258583865:table/aue1d1z1dytoidhoidhbrtest-gethubids\",\n        \"arn:aws:dynamodb:us-east-1:847258583865:table/aue1d1z1dytoidhoidhbrtest-gethubids/*\"\n      ]\n    },\n    {\n      \"Effect\" : \"Allow\",\n      \"Action\": [\n        \"kms:DescribeKey\",\n        \"kms:Encrypt\",\n        \"kms:Decrypt\",\n        \"kms:ReEncrypt*\",\n        \"kms:GenerateDataKey*\",\n        \"kms:CreateGrant\"\n      ],\n      \"Resource\" : [\n        \"arn:aws:kms:us-east-1:847258583865:key/9b2578ee-e83a-4b9c-9600-dfc8a9a19aca\"\n      ]\n    },\n    {\n      \"Effect\": \"Allow\",\n      \"Action\": [\n        \"s3:GetObject\",\n        \"s3:GetBucketAcl\",\n        \"s3:ListBucket\",\n        \"s3:PutObject\",\n        \"s3:PutObjectAcl\",\n        \"s3:DeleteObject\"\n      ],\n      \"Resource\" : [\n        \"arn:aws:s3:::aue1d1z1s3boidhoidhbrtest-datastorage\",\n        \"arn:aws:s3:::aue1d1z1s3boidhoidhbrtest-datastorage/*\",\n        \"arn:aws:s3:::aue1d1z1s3boidhoidhbrtest-artifacts\",\n        \"arn:aws:s3:::aue1d1z1s3boidhoidhbrtest-artifacts/*\",\n        \"arn:aws:s3:::aue1d1z1s3boidhoidhbrtest-athena/*\",\n        \"arn:aws:s3:::aue1d1z1s3boidhoidhbrtest-athena\"\n      ]\n    },\n    {\n      \"Effect\": \"Allow\",\n      \"Action\": [\n        \"athena:StartQueryExecution\",\n        \"athena:GetQueryExecution\",\n        \"athena:GetQueryResults\",\n        \"athena:GetQueryResultsStream\"\n      ],\n      \"Resource\" : [\n        \"arn:aws:athena:us-east-1:847258583865:workgroup/*\"\n      ]\n    },\n    {\n      \"Effect\": \"Allow\",\n      \"Action\": [\n        \"s3:GetBucketLocation\"\n      ],\n      \"Resource\": [\n        \"arn:aws:s3:::*\"\n      ]\n    },\n    {\n      \"Effect\": \"Allow\",\n      \"Action\": [\n        \"glue:GetTable\",\n        \"glue:BatchCreatePartition\",\n        \"glue:UpdateTable\",\n        \"glue:CreateTable\",\n        \"glue:GetPartitions\",\n        \"glue:GetPartition\"\n      ],\n      \"Resource\": [\n        \"arn:aws:glue:us-east-1:847258583865:*\"\n      ]\n    }\n  ]\n}",
            "template": "{\n  \"Version\": \"2012-10-17\",\n  \"Statement\" : [\n    {\n      \"Effect\": \"Allow\",\n      \"Action\" : [\n        \"logs:CreateLogStream\",\n        \"logs:PutLogEvents\"\n      ],\n      \"Resource\" : [\n        \"arn:aws:logs:${region}:${account_id}:log-group:/aws/lambda/*\"\n      ]\n    },\n    {\n      \"Effect\" : \"Allow\",\n      \"Action\" : [\n        \"dynamodb:BatchGetItem\",\n        \"dynamodb:DescribeTable\",\n        \"dynamodb:GetItem\",\n        \"dynamodb:GetRecords\",\n        \"dynamodb:Query\",\n        \"dynamodb:Scan\",\n        \"dynamodb:BatchWriteItem\",\n        \"dynamodb:DeleteItem\",\n        \"dynamodb:UpdateItem\",\n        \"dynamodb:PutItem\"\n      ],\n      \"Resource\" : [\n        \"arn:aws:dynamodb:${region}:${account_id}:table/${dynamo_table_register}\",\n        \"arn:aws:dynamodb:${region}:${account_id}:table/${dynamo_table_register}/*\"\n      ]\n    },\n    {\n      \"Effect\" : \"Allow\",\n      \"Action\": [\n        \"kms:DescribeKey\",\n        \"kms:Encrypt\",\n        \"kms:Decrypt\",\n        \"kms:ReEncrypt*\",\n        \"kms:GenerateDataKey*\",\n        \"kms:CreateGrant\"\n      ],\n      \"Resource\" : [\n        \"${data_key_arn}\"\n      ]\n    },\n    {\n      \"Effect\": \"Allow\",\n      \"Action\": [\n        \"s3:GetObject\",\n        \"s3:GetBucketAcl\",\n        \"s3:ListBucket\",\n        \"s3:PutObject\",\n        \"s3:PutObjectAcl\",\n        \"s3:DeleteObject\"\n      ],\n      \"Resource\" : [\n        \"arn:aws:s3:::${bucket_id}\",\n        \"arn:aws:s3:::${bucket_id}/*\",\n        \"arn:aws:s3:::${artifacts_bucket_id}\",\n        \"arn:aws:s3:::${artifacts_bucket_id}/*\",\n        \"arn:aws:s3:::${athena_bucket_id}/*\",\n        \"arn:aws:s3:::${athena_bucket_id}\"\n      ]\n    },\n    {\n      \"Effect\": \"Allow\",\n      \"Action\": [\n        \"athena:StartQueryExecution\",\n        \"athena:GetQueryExecution\",\n        \"athena:GetQueryResults\",\n        \"athena:GetQueryResultsStream\"\n      ],\n      \"Resource\" : [\n        \"arn:aws:athena:${region}:${account_id}:workgroup/*\"\n      ]\n    },\n    {\n      \"Effect\": \"Allow\",\n      \"Action\": [\n        \"s3:GetBucketLocation\"\n      ],\n      \"Resource\": [\n        \"arn:aws:s3:::*\"\n      ]\n    },\n    {\n      \"Effect\": \"Allow\",\n      \"Action\": [\n        \"glue:GetTable\",\n        \"glue:BatchCreatePartition\",\n        \"glue:UpdateTable\",\n        \"glue:CreateTable\",\n        \"glue:GetPartitions\",\n        \"glue:GetPartition\"\n      ],\n      \"Resource\": [\n        \"arn:aws:glue:${region}:${account_id}:*\"\n      ]\n    }\n  ]\n}",
            "vars": {
              "account_id": "847258583865",
              "alayasyncdb": "default",
              "alayasyncdb_path": "",
              "artifacts_bucket_arn": "arn:aws:s3:::aue1d1z1s3boidhoidhbrtest-artifacts",
              "artifacts_bucket_id": "aue1d1z1s3boidhoidhbrtest-artifacts",
              "athena_bucket_id": "aue1d1z1s3boidhoidhbrtest-athena",
              "bucket_arn": "arn:aws:s3:::aue1d1z1s3boidhoidhbrtest-datastorage",
              "bucket_id": "aue1d1z1s3boidhoidhbrtest-datastorage",
              "concurrent_tasks": "18",
              "data_key_arn": "arn:aws:kms:us-east-1:847258583865:key/9b2578ee-e83a-4b9c-9600-dfc8a9a19aca",
              "data_key_id": "9b2578ee-e83a-4b9c-9600-dfc8a9a19aca",
              "dynamo_table_register": "aue1d1z1dytoidhoidhbrtest-gethubids",
              "ecs_cluster": "ecs_cluster",
              "ecs_subnets": "subnet-0112c4c44ce9649c2",
              "individuals": "bdmpindkey",
              "lambda_name": "aue1d1z1lmboidhoidhbrtest-alayasyncschedule",
              "organizations": "bdmporgkey",
              "payload_trigger_key": "gethubid",
              "region": "us-east-1",
              "task_definition": "ecs_task"
            }
          },
          "sensitive_attributes": []
        }
      ]
    },
    {
      "module": "module.alayasync.module.lambdas.module.lambda_alaya_sync_scheduling",
      "mode": "managed",
      "type": "aws_cloudwatch_log_group",
      "name": "lambda",
      "provider": "provider[\"registry.terraform.io/hashicorp/aws\"]",
      "instances": [
        {
          "schema_version": 0,
          "attributes": {
            "arn": "arn:aws:logs:us-east-1:847258583865:log-group:/aws/lambda/aue1d1z1lmboidhoidhbrtest-alayasyncschedule",
            "id": "/aws/lambda/aue1d1z1lmboidhoidhbrtest-alayasyncschedule",
            "kms_key_id": "",
            "name": "/aws/lambda/aue1d1z1lmboidhoidhbrtest-alayasyncschedule",
            "name_prefix": "",
            "retention_in_days": 30,
            "skip_destroy": false,
            "tags": {
              "Name": "aue1d1z1cwgoidhoidhbrtest-alayasyncschedule",
              "app": "oidh",
              "creation_app": "terraform",
              "env": "d1",
              "ledger": "oidh",
              "purpose": "oidhbrtest-alayasyncschedule",
              "site": "aue1",
              "tier": "oidh",
              "zone": "z1"
            },
            "tags_all": {
              "Name": "aue1d1z1cwgoidhoidhbrtest-alayasyncschedule",
              "app": "oidh",
              "creation_app": "terraform",
              "env": "d1",
              "ledger": "oidh",
              "purpose": "oidhbrtest-alayasyncschedule",
              "site": "aue1",
              "tier": "oidh",
              "zone": "z1"
            }
          },
          "sensitive_attributes": [],
          "private": "bnVsbA=="
        }
      ]
    },
    {
      "module": "module.alayasync.module.lambdas.module.lambda_alaya_sync_scheduling",
      "mode": "managed",
      "type": "aws_iam_policy",
      "name": "policy",
      "provider": "provider[\"registry.terraform.io/hashicorp/aws\"]",
      "instances": [
        {
          "schema_version": 0,
          "attributes": {
            "arn": "arn:aws:iam::847258583865:policy/aue1d1z1iploidhoidhbrtest-alayasyncschedule",
            "description": "",
            "id": "arn:aws:iam::847258583865:policy/aue1d1z1iploidhoidhbrtest-alayasyncschedule",
            "name": "aue1d1z1iploidhoidhbrtest-alayasyncschedule",
            "name_prefix": "",
            "path": "/",
            "policy": "{\"Statement\":[{\"Action\":[\"logs:CreateLogStream\",\"logs:PutLogEvents\"],\"Effect\":\"Allow\",\"Resource\":[\"arn:aws:logs:us-east-1:847258583865:log-group:/aws/lambda/*\"]},{\"Action\":[\"dynamodb:BatchGetItem\",\"dynamodb:DescribeTable\",\"dynamodb:GetItem\",\"dynamodb:GetRecords\",\"dynamodb:Query\",\"dynamodb:Scan\",\"dynamodb:BatchWriteItem\",\"dynamodb:DeleteItem\",\"dynamodb:UpdateItem\",\"dynamodb:PutItem\"],\"Effect\":\"Allow\",\"Resource\":[\"arn:aws:dynamodb:us-east-1:847258583865:table/aue1d1z1dytoidhoidhbrtest-gethubids\",\"arn:aws:dynamodb:us-east-1:847258583865:table/aue1d1z1dytoidhoidhbrtest-gethubids/*\"]},{\"Action\":[\"kms:DescribeKey\",\"kms:Encrypt\",\"kms:Decrypt\",\"kms:ReEncrypt*\",\"kms:GenerateDataKey*\",\"kms:CreateGrant\"],\"Effect\":\"Allow\",\"Resource\":[\"arn:aws:kms:us-east-1:847258583865:key/9b2578ee-e83a-4b9c-9600-dfc8a9a19aca\"]},{\"Action\":[\"s3:GetObject\",\"s3:GetBucketAcl\",\"s3:ListBucket\",\"s3:PutObject\",\"s3:PutObjectAcl\",\"s3:DeleteObject\"],\"Effect\":\"Allow\",\"Resource\":[\"arn:aws:s3:::aue1d1z1s3boidhoidhbrtest-datastorage\",\"arn:aws:s3:::aue1d1z1s3boidhoidhbrtest-datastorage/*\",\"arn:aws:s3:::aue1d1z1s3boidhoidhbrtest-artifacts\",\"arn:aws:s3:::aue1d1z1s3boidhoidhbrtest-artifacts/*\",\"arn:aws:s3:::aue1d1z1s3boidhoidhbrtest-athena/*\",\"arn:aws:s3:::aue1d1z1s3boidhoidhbrtest-athena\"]},{\"Action\":[\"athena:StartQueryExecution\",\"athena:GetQueryExecution\",\"athena:GetQueryResults\",\"athena:GetQueryResultsStream\"],\"Effect\":\"Allow\",\"Resource\":[\"arn:aws:athena:us-east-1:847258583865:workgroup/*\"]},{\"Action\":[\"s3:GetBucketLocation\"],\"Effect\":\"Allow\",\"Resource\":[\"arn:aws:s3:::*\"]},{\"Action\":[\"glue:GetTable\",\"glue:BatchCreatePartition\",\"glue:UpdateTable\",\"glue:CreateTable\",\"glue:GetPartitions\",\"glue:GetPartition\"],\"Effect\":\"Allow\",\"Resource\":[\"arn:aws:glue:us-east-1:847258583865:*\"]}],\"Version\":\"2012-10-17\"}",
            "policy_id": "ANPA4KREMAM4U3BUEBSPI",
            "tags": {},
            "tags_all": {}
          },
          "sensitive_attributes": [],
          "private": "bnVsbA==",
          "dependencies": [
            "data.aws_caller_identity.current",
            "module.alayasync.module.lambdas.module.lambda_alaya_sync_scheduling.data.aws_caller_identity.current",
            "module.alayasync.module.lambdas.module.lambda_alaya_sync_scheduling.data.aws_region.current",
            "module.alayasync.module.lambdas.module.lambda_alaya_sync_scheduling.data.template_file.policy",
            "module.athena.module.athena_bucket.aws_s3_bucket.main",
            "module.data_key.aws_kms_key.kms_key",
            "module.data_key.data.aws_iam_policy_document.key_policy",
            "module.s3_artifacts_bucket.aws_s3_bucket.s3_bucket",
            "module.s3_data_bucket.aws_s3_bucket.s3_bucket"
          ]
        }
      ]
    },
    {
      "module": "module.alayasync.module.lambdas.module.lambda_alaya_sync_scheduling",
      "mode": "managed",
      "type": "aws_iam_role",
      "name": "lambda",
      "provider": "provider[\"registry.terraform.io/hashicorp/aws\"]",
      "instances": [
        {
          "schema_version": 0,
          "attributes": {
            "arn": "arn:aws:iam::847258583865:role/aue1d1z1irooidhoidhbrtest-alayasyncschedule",
            "assume_role_policy": "{\"Statement\":[{\"Action\":\"sts:AssumeRole\",\"Effect\":\"Allow\",\"Principal\":{\"Service\":\"lambda.amazonaws.com\"}}],\"Version\":\"2012-10-17\"}",
            "create_date": "2023-10-11T21:39:29Z",
            "description": "",
            "force_detach_policies": false,
            "id": "aue1d1z1irooidhoidhbrtest-alayasyncschedule",
            "inline_policy": [],
            "managed_policy_arns": [
              "arn:aws:iam::847258583865:policy/aue1d1z1iploidhoidhbrtest-alayasyncschedule"
            ],
            "max_session_duration": 3600,
            "name": "aue1d1z1irooidhoidhbrtest-alayasyncschedule",
            "name_prefix": "",
            "path": "/",
            "permissions_boundary": null,
            "tags": {
              "Name": "aue1d1z1irooidhoidhbrtest-alayasyncschedule",
              "app": "oidh",
              "creation_app": "terraform",
              "env": "d1",
              "ledger": "oidh",
              "purpose": "oidhbrtest-alayasyncschedule",
              "site": "aue1",
              "tier": "oidh",
              "zone": "z1"
            },
            "tags_all": {
              "Name": "aue1d1z1irooidhoidhbrtest-alayasyncschedule",
              "app": "oidh",
              "creation_app": "terraform",
              "env": "d1",
              "ledger": "oidh",
              "purpose": "oidhbrtest-alayasyncschedule",
              "site": "aue1",
              "tier": "oidh",
              "zone": "z1"
            },
            "unique_id": "AROA4KREMAM44PHNDMIST"
          },
          "sensitive_attributes": [],
          "private": "bnVsbA==",
          "dependencies": [
            "module.alayasync.module.lambdas.module.lambda_alaya_sync_scheduling.data.aws_iam_policy_document.assume"
          ]
        }
      ]
    },
    {
      "module": "module.alayasync.module.lambdas.module.lambda_alaya_sync_scheduling",
      "mode": "managed",
      "type": "aws_iam_role_policy_attachment",
      "name": "lambda",
      "provider": "provider[\"registry.terraform.io/hashicorp/aws\"]",
      "instances": [
        {
          "schema_version": 0,
          "attributes": {
            "id": "aue1d1z1irooidhoidhbrtest-alayasyncschedule-20231011214135815800000002",
            "policy_arn": "arn:aws:iam::847258583865:policy/aue1d1z1iploidhoidhbrtest-alayasyncschedule",
            "role": "aue1d1z1irooidhoidhbrtest-alayasyncschedule"
          },
          "sensitive_attributes": [],
          "private": "bnVsbA==",
          "dependencies": [
            "data.aws_caller_identity.current",
            "module.alayasync.module.lambdas.module.lambda_alaya_sync_scheduling.aws_iam_policy.policy",
            "module.alayasync.module.lambdas.module.lambda_alaya_sync_scheduling.aws_iam_role.lambda",
            "module.alayasync.module.lambdas.module.lambda_alaya_sync_scheduling.data.aws_caller_identity.current",
            "module.alayasync.module.lambdas.module.lambda_alaya_sync_scheduling.data.aws_iam_policy_document.assume",
            "module.alayasync.module.lambdas.module.lambda_alaya_sync_scheduling.data.aws_region.current",
            "module.alayasync.module.lambdas.module.lambda_alaya_sync_scheduling.data.template_file.policy",
            "module.athena.module.athena_bucket.aws_s3_bucket.main",
            "module.data_key.aws_kms_key.kms_key",
            "module.data_key.data.aws_iam_policy_document.key_policy",
            "module.s3_artifacts_bucket.aws_s3_bucket.s3_bucket",
            "module.s3_data_bucket.aws_s3_bucket.s3_bucket"
          ]
        }
      ]
    },
    {
      "module": "module.alayasync.module.lambdas.module.lambda_alaya_sync_scheduling",
      "mode": "managed",
      "type": "aws_lambda_function",
      "name": "executor",
      "provider": "provider[\"registry.terraform.io/hashicorp/aws\"]",
      "instances": [
        {
          "schema_version": 0,
          "attributes": {
            "architectures": [
              "x86_64"
            ],
            "arn": "arn:aws:lambda:us-east-1:847258583865:function:aue1d1z1lmboidhoidhbrtest-alayasyncschedule",
            "code_signing_config_arn": "",
            "dead_letter_config": [],
            "description": "alayasyncschedule",
            "environment": [
              {
                "variables": {
                  "ATHENA_BUCKET": "aue1d1z1s3boidhoidhbrtest-athena",
                  "OIDH_TABLE": "aue1d1z1dytoidhoidhbrtest-gethubids",
                  "PAYLOAD_BUCKET": "aue1d1z1s3boidhoidhbrtest-artifacts",
                  "PAYLOAD_TRIGGER_KEY": "gethubid/schedule_executions"
                }
              }
            ],
            "ephemeral_storage": [
              {
                "size": 512
              }
            ],
            "file_system_config": [],
            "filename": "../src/alayasync/lambda/alayasyncschedule.zip",
            "function_name": "aue1d1z1lmboidhoidhbrtest-alayasyncschedule",
            "handler": "lambda_function.lambda_handler",
            "id": "aue1d1z1lmboidhoidhbrtest-alayasyncschedule",
            "image_config": [],
            "image_uri": "",
            "invoke_arn": "arn:aws:apigateway:us-east-1:lambda:path/2015-03-31/functions/arn:aws:lambda:us-east-1:847258583865:function:aue1d1z1lmboidhoidhbrtest-alayasyncschedule/invocations",
            "kms_key_arn": "",
            "last_modified": "2023-10-23T21:46:00.000+0000",
            "layers": [
              "arn:aws:lambda:us-east-1:336392948345:layer:AWSSDKPandas-Python310:4"
            ],
            "memory_size": 256,
            "package_type": "Zip",
            "publish": false,
            "qualified_arn": "arn:aws:lambda:us-east-1:847258583865:function:aue1d1z1lmboidhoidhbrtest-alayasyncschedule:$LATEST",
            "qualified_invoke_arn": "arn:aws:apigateway:us-east-1:lambda:path/2015-03-31/functions/arn:aws:lambda:us-east-1:847258583865:function:aue1d1z1lmboidhoidhbrtest-alayasyncschedule:$LATEST/invocations",
            "replace_security_groups_on_destroy": null,
            "replacement_security_group_ids": null,
            "reserved_concurrent_executions": -1,
            "role": "arn:aws:iam::847258583865:role/aue1d1z1irooidhoidhbrtest-alayasyncschedule",
            "runtime": "python3.10",
            "s3_bucket": null,
            "s3_key": null,
            "s3_object_version": null,
            "signing_job_arn": "",
            "signing_profile_version_arn": "",
            "skip_destroy": false,
            "snap_start": [],
            "source_code_hash": "IKlzO8SgnXN+mFaQJHLaMJwxuh93s03X1J+eWKRGvAg=",
            "source_code_size": 1048,
            "tags": {
              "Name": "aue1d1z1lmboidhoidhbrtest-alayasyncschedule",
              "app": "oidh",
              "creation_app": "terraform",
              "env": "d1",
              "ledger": "oidh",
              "purpose": "oidhbrtest-alayasyncschedule",
              "site": "aue1",
              "tier": "oidh",
              "zone": "z1"
            },
            "tags_all": {
              "Name": "aue1d1z1lmboidhoidhbrtest-alayasyncschedule",
              "app": "oidh",
              "creation_app": "terraform",
              "env": "d1",
              "ledger": "oidh",
              "purpose": "oidhbrtest-alayasyncschedule",
              "site": "aue1",
              "tier": "oidh",
              "zone": "z1"
            },
            "timeout": 60,
            "timeouts": null,
            "tracing_config": [
              {
                "mode": "PassThrough"
              }
            ],
            "version": "$LATEST",
            "vpc_config": []
          },
          "sensitive_attributes": [],
          "private": "eyJlMmJmYjczMC1lY2FhLTExZTYtOGY4OC0zNDM2M2JjN2M0YzAiOnsiY3JlYXRlIjo2MDAwMDAwMDAwMDAsImRlbGV0ZSI6NjAwMDAwMDAwMDAwLCJ1cGRhdGUiOjYwMDAwMDAwMDAwMH19",
          "dependencies": [
            "data.aws_caller_identity.current",
            "module.alayasync.module.lambdas.data.aws_region.current",
            "module.alayasync.module.lambdas.module.lambda_alaya_sync_scheduling.aws_iam_role.lambda",
            "module.alayasync.module.lambdas.module.lambda_alaya_sync_scheduling.data.archive_file.source_code",
            "module.alayasync.module.lambdas.module.lambda_alaya_sync_scheduling.data.aws_iam_policy_document.assume",
            "module.athena.module.athena_bucket.aws_s3_bucket.main",
            "module.data_key.aws_kms_key.kms_key",
            "module.data_key.data.aws_iam_policy_document.key_policy",
            "module.s3_artifacts_bucket.aws_s3_bucket.s3_bucket",
            "module.s3_data_bucket.aws_s3_bucket.s3_bucket"
          ]
        }
      ]
    },
    {
      "module": "module.alayasync.module.lambdas.module.lambda_get_hubids",
      "mode": "data",
      "type": "archive_file",
      "name": "source_code",
      "provider": "provider[\"registry.terraform.io/hashicorp/archive\"]",
      "instances": [
        {
          "schema_version": 0,
          "attributes": {
            "exclude_symlink_directories": null,
            "excludes": null,
            "id": "70c4d0516a9ae64bda299b6b16a731cbc2969d08",
            "output_base64sha256": "w7ft/Y7jAVb0lfLa7NUvucQgmqzvP8++r6CWPlvBYlo=",
            "output_base64sha512": "pFLvcAU6GEyzwR8wnSm0HZzxT4E23kLYgJgctIUmkOSo6CgmWw06WuFipp21Ii2gtkYo5Qs7n19MvmPIqQ3NpA==",
            "output_file_mode": null,
            "output_md5": "450a6b7dff94762afcde92d7f86bb8b2",
            "output_path": "../src/alayasync/lambda/gethubids.zip",
            "output_sha": "70c4d0516a9ae64bda299b6b16a731cbc2969d08",
            "output_sha256": "c3b7edfd8ee30156f495f2daecd52fb9c4209aacef3fcfbeafa0963e5bc1625a",
            "output_sha512": "a452ef70053a184cb3c11f309d29b41d9cf14f8136de42d880981cb4852690e4a8e828265b0d3a5ae162a69db5222da0b64628e50b3b9f5f4cbe63c8a90dcda4",
            "output_size": 298,
            "source": [],
            "source_content": null,
            "source_content_filename": null,
            "source_dir": null,
            "source_file": "../src/alayasync/lambda/gethubids/lambda_function.py",
            "type": "zip"
          },
          "sensitive_attributes": []
        }
      ]
    },
    {
      "module": "module.alayasync.module.lambdas.module.lambda_get_hubids",
      "mode": "data",
      "type": "aws_caller_identity",
      "name": "current",
      "provider": "provider[\"registry.terraform.io/hashicorp/aws\"]",
      "instances": [
        {
          "schema_version": 0,
          "attributes": {
            "account_id": "847258583865",
            "arn": "arn:aws:iam::847258583865:user/admin2",
            "id": "847258583865",
            "user_id": "AIDA4KREMAM4YVGA4T5YW"
          },
          "sensitive_attributes": []
        }
      ]
    },
    {
      "module": "module.alayasync.module.lambdas.module.lambda_get_hubids",
      "mode": "data",
      "type": "aws_iam_policy_document",
      "name": "assume",
      "provider": "provider[\"registry.terraform.io/hashicorp/aws\"]",
      "instances": [
        {
          "schema_version": 0,
          "attributes": {
            "id": "2690255455",
            "json": "{\n  \"Version\": \"2012-10-17\",\n  \"Statement\": [\n    {\n      \"Effect\": \"Allow\",\n      \"Action\": \"sts:AssumeRole\",\n      \"Principal\": {\n        \"Service\": \"lambda.amazonaws.com\"\n      }\n    }\n  ]\n}",
            "override_policy_documents": null,
            "policy_id": null,
            "source_policy_documents": null,
            "statement": [
              {
                "actions": [
                  "sts:AssumeRole"
                ],
                "condition": [],
                "effect": "Allow",
                "not_actions": [],
                "not_principals": [],
                "not_resources": [],
                "principals": [
                  {
                    "identifiers": [
                      "lambda.amazonaws.com"
                    ],
                    "type": "Service"
                  }
                ],
                "resources": [],
                "sid": ""
              }
            ],
            "version": "2012-10-17"
          },
          "sensitive_attributes": []
        }
      ]
    },
    {
      "module": "module.alayasync.module.lambdas.module.lambda_get_hubids",
      "mode": "data",
      "type": "aws_region",
      "name": "current",
      "provider": "provider[\"registry.terraform.io/hashicorp/aws\"]",
      "instances": [
        {
          "schema_version": 0,
          "attributes": {
            "description": "US East (N. Virginia)",
            "endpoint": "ec2.us-east-1.amazonaws.com",
            "id": "us-east-1",
            "name": "us-east-1"
          },
          "sensitive_attributes": []
        }
      ]
    },
    {
      "module": "module.alayasync.module.lambdas.module.lambda_get_hubids",
      "mode": "data",
      "type": "template_file",
      "name": "policy",
      "provider": "provider[\"registry.terraform.io/hashicorp/template\"]",
      "instances": [
        {
          "schema_version": 0,
          "attributes": {
            "filename": null,
            "id": "4b9799f088e4e66354cd539763c8f0356de2f090c13164546238748981d2462c",
            "rendered": "{\n  \"Version\": \"2012-10-17\",\n  \"Statement\" : [\n    {\n      \"Effect\": \"Allow\",\n      \"Action\" : [\n        \"logs:CreateLogStream\",\n        \"logs:PutLogEvents\"\n      ],\n      \"Resource\" : [\n        \"arn:aws:logs:us-east-1:847258583865:log-group:/aws/lambda/*\"\n      ]\n    },\n    {\n      \"Effect\" : \"Allow\",\n      \"Action\" : [\n        \"dynamodb:BatchGetItem\",\n        \"dynamodb:DescribeTable\",\n        \"dynamodb:GetItem\",\n        \"dynamodb:GetRecords\",\n        \"dynamodb:Query\",\n        \"dynamodb:Scan\",\n        \"dynamodb:BatchWriteItem\",\n        \"dynamodb:DeleteItem\",\n        \"dynamodb:UpdateItem\",\n        \"dynamodb:PutItem\"\n      ],\n      \"Resource\" : [\n        \"arn:aws:dynamodb:us-east-1:847258583865:table/aue1d1z1dytoidhoidhbrtest-gethubids\",\n        \"arn:aws:dynamodb:us-east-1:847258583865:table/aue1d1z1dytoidhoidhbrtest-gethubids/*\"\n      ]\n    },\n    {\n      \"Effect\" : \"Allow\",\n      \"Action\": [\n        \"kms:DescribeKey\",\n        \"kms:Encrypt\",\n        \"kms:Decrypt\",\n        \"kms:ReEncrypt*\",\n        \"kms:GenerateDataKey*\",\n        \"kms:CreateGrant\"\n      ],\n      \"Resource\" : [\n        \"arn:aws:kms:us-east-1:847258583865:key/9b2578ee-e83a-4b9c-9600-dfc8a9a19aca\"\n      ]\n    },\n    {\n      \"Effect\" : \"Allow\",\n      \"Action\" : [\n        \"ecs:RunTask\"\n      ],\n      \"Resource\": [\n        \"arn:aws:ecs:us-east-1:847258583865:task-definition/*\"\n      ]\n    },\n    {\n      \"Effect\" : \"Allow\",\n      \"Action\" : [\n        \"ecs:DescribeTasks\"\n      ],\n      \"Resource\": [\n        \"arn:aws:ecs:us-east-1:847258583865:task/*\"\n      ]\n    },\n    {\n      \"Effect\": \"Allow\",\n      \"Action\": [\n        \"s3:GetObject*\",\n        \"s3:PutObject*\",\n        \"s3:DeleteObject*\"\n      ],\n      \"Resource\" : [\n        \"arn:aws:s3:::aue1d1z1s3boidhoidhbrtest-datastorage\",\n        \"arn:aws:s3:::aue1d1z1s3boidhoidhbrtest-datastorage/*\"\n      ]\n    },\n    {\n      \"Effect\": \"Allow\",\n      \"Action\": [\n        \"iam:PassRole\"\n      ],\n      \"Resource\": [\n        \"arn:aws:iam::847258583865:role/*\"\n      ]\n    }\n  ]\n}",
            "template": "{\n  \"Version\": \"2012-10-17\",\n  \"Statement\" : [\n    {\n      \"Effect\": \"Allow\",\n      \"Action\" : [\n        \"logs:CreateLogStream\",\n        \"logs:PutLogEvents\"\n      ],\n      \"Resource\" : [\n        \"arn:aws:logs:${region}:${account_id}:log-group:/aws/lambda/*\"\n      ]\n    },\n    {\n      \"Effect\" : \"Allow\",\n      \"Action\" : [\n        \"dynamodb:BatchGetItem\",\n        \"dynamodb:DescribeTable\",\n        \"dynamodb:GetItem\",\n        \"dynamodb:GetRecords\",\n        \"dynamodb:Query\",\n        \"dynamodb:Scan\",\n        \"dynamodb:BatchWriteItem\",\n        \"dynamodb:DeleteItem\",\n        \"dynamodb:UpdateItem\",\n        \"dynamodb:PutItem\"\n      ],\n      \"Resource\" : [\n        \"arn:aws:dynamodb:${region}:${account_id}:table/${dynamo_table_register}\",\n        \"arn:aws:dynamodb:${region}:${account_id}:table/${dynamo_table_register}/*\"\n      ]\n    },\n    {\n      \"Effect\" : \"Allow\",\n      \"Action\": [\n        \"kms:DescribeKey\",\n        \"kms:Encrypt\",\n        \"kms:Decrypt\",\n        \"kms:ReEncrypt*\",\n        \"kms:GenerateDataKey*\",\n        \"kms:CreateGrant\"\n      ],\n      \"Resource\" : [\n        \"${data_key_arn}\"\n      ]\n    },\n    {\n      \"Effect\" : \"Allow\",\n      \"Action\" : [\n        \"ecs:RunTask\"\n      ],\n      \"Resource\": [\n        \"arn:aws:ecs:${region}:${account_id}:task-definition/*\"\n      ]\n    },\n    {\n      \"Effect\" : \"Allow\",\n      \"Action\" : [\n        \"ecs:DescribeTasks\"\n      ],\n      \"Resource\": [\n        \"arn:aws:ecs:${region}:${account_id}:task/*\"\n      ]\n    },\n    {\n      \"Effect\": \"Allow\",\n      \"Action\": [\n        \"s3:GetObject*\",\n        \"s3:PutObject*\",\n        \"s3:DeleteObject*\"\n      ],\n      \"Resource\" : [\n        \"arn:aws:s3:::${bucket_id}\",\n        \"arn:aws:s3:::${bucket_id}/*\"\n      ]\n    },\n    {\n      \"Effect\": \"Allow\",\n      \"Action\": [\n        \"iam:PassRole\"\n      ],\n      \"Resource\": [\n        \"arn:aws:iam::${account_id}:role/*\"\n      ]\n    }\n  ]\n}",
            "vars": {
              "account_id": "847258583865",
              "alayasyncdb": "default",
              "alayasyncdb_path": "",
              "artifacts_bucket_arn": "arn:aws:s3:::aue1d1z1s3boidhoidhbrtest-artifacts",
              "artifacts_bucket_id": "aue1d1z1s3boidhoidhbrtest-artifacts",
              "athena_bucket_id": "aue1d1z1s3boidhoidhbrtest-athena",
              "bucket_arn": "arn:aws:s3:::aue1d1z1s3boidhoidhbrtest-datastorage",
              "bucket_id": "aue1d1z1s3boidhoidhbrtest-datastorage",
              "concurrent_tasks": "18",
              "data_key_arn": "arn:aws:kms:us-east-1:847258583865:key/9b2578ee-e83a-4b9c-9600-dfc8a9a19aca",
              "data_key_id": "9b2578ee-e83a-4b9c-9600-dfc8a9a19aca",
              "dynamo_table_register": "aue1d1z1dytoidhoidhbrtest-gethubids",
              "ecs_cluster": "ecs_cluster",
              "ecs_subnets": "subnet-0112c4c44ce9649c2",
              "individuals": "bdmpindkey",
              "lambda_name": "aue1d1z1lmboidhoidhbrtest-gethubids",
              "organizations": "bdmporgkey",
              "payload_trigger_key": "gethubid",
              "region": "us-east-1",
              "task_definition": "ecs_task"
            }
          },
          "sensitive_attributes": []
        }
      ]
    },
    {
      "module": "module.alayasync.module.lambdas.module.lambda_get_hubids",
      "mode": "managed",
      "type": "aws_cloudwatch_log_group",
      "name": "lambda",
      "provider": "provider[\"registry.terraform.io/hashicorp/aws\"]",
      "instances": [
        {
          "schema_version": 0,
          "attributes": {
            "arn": "arn:aws:logs:us-east-1:847258583865:log-group:/aws/lambda/aue1d1z1lmboidhoidhbrtest-gethubids",
            "id": "/aws/lambda/aue1d1z1lmboidhoidhbrtest-gethubids",
            "kms_key_id": "",
            "name": "/aws/lambda/aue1d1z1lmboidhoidhbrtest-gethubids",
            "name_prefix": "",
            "retention_in_days": 30,
            "skip_destroy": false,
            "tags": {
              "Name": "aue1d1z1cwgoidhoidhbrtest-gethubids",
              "app": "oidh",
              "creation_app": "terraform",
              "env": "d1",
              "ledger": "oidh",
              "purpose": "oidhbrtest-gethubids",
              "site": "aue1",
              "tier": "oidh",
              "zone": "z1"
            },
            "tags_all": {
              "Name": "aue1d1z1cwgoidhoidhbrtest-gethubids",
              "app": "oidh",
              "creation_app": "terraform",
              "env": "d1",
              "ledger": "oidh",
              "purpose": "oidhbrtest-gethubids",
              "site": "aue1",
              "tier": "oidh",
              "zone": "z1"
            }
          },
          "sensitive_attributes": [],
          "private": "bnVsbA=="
        }
      ]
    },
    {
      "module": "module.alayasync.module.lambdas.module.lambda_get_hubids",
      "mode": "managed",
      "type": "aws_iam_policy",
      "name": "policy",
      "provider": "provider[\"registry.terraform.io/hashicorp/aws\"]",
      "instances": [
        {
          "schema_version": 0,
          "attributes": {
            "arn": "arn:aws:iam::847258583865:policy/aue1d1z1iploidhoidhbrtest-gethubids",
            "description": "",
            "id": "arn:aws:iam::847258583865:policy/aue1d1z1iploidhoidhbrtest-gethubids",
            "name": "aue1d1z1iploidhoidhbrtest-gethubids",
            "name_prefix": "",
            "path": "/",
            "policy": "{\"Statement\":[{\"Action\":[\"logs:CreateLogStream\",\"logs:PutLogEvents\"],\"Effect\":\"Allow\",\"Resource\":[\"arn:aws:logs:us-east-1:847258583865:log-group:/aws/lambda/*\"]},{\"Action\":[\"dynamodb:BatchGetItem\",\"dynamodb:DescribeTable\",\"dynamodb:GetItem\",\"dynamodb:GetRecords\",\"dynamodb:Query\",\"dynamodb:Scan\",\"dynamodb:BatchWriteItem\",\"dynamodb:DeleteItem\",\"dynamodb:UpdateItem\",\"dynamodb:PutItem\"],\"Effect\":\"Allow\",\"Resource\":[\"arn:aws:dynamodb:us-east-1:847258583865:table/aue1d1z1dytoidhoidhbrtest-gethubids\",\"arn:aws:dynamodb:us-east-1:847258583865:table/aue1d1z1dytoidhoidhbrtest-gethubids/*\"]},{\"Action\":[\"kms:DescribeKey\",\"kms:Encrypt\",\"kms:Decrypt\",\"kms:ReEncrypt*\",\"kms:GenerateDataKey*\",\"kms:CreateGrant\"],\"Effect\":\"Allow\",\"Resource\":[\"arn:aws:kms:us-east-1:847258583865:key/9b2578ee-e83a-4b9c-9600-dfc8a9a19aca\"]},{\"Action\":[\"ecs:RunTask\"],\"Effect\":\"Allow\",\"Resource\":[\"arn:aws:ecs:us-east-1:847258583865:task-definition/*\"]},{\"Action\":[\"ecs:DescribeTasks\"],\"Effect\":\"Allow\",\"Resource\":[\"arn:aws:ecs:us-east-1:847258583865:task/*\"]},{\"Action\":[\"s3:GetObject*\",\"s3:PutObject*\",\"s3:DeleteObject*\"],\"Effect\":\"Allow\",\"Resource\":[\"arn:aws:s3:::aue1d1z1s3boidhoidhbrtest-datastorage\",\"arn:aws:s3:::aue1d1z1s3boidhoidhbrtest-datastorage/*\"]},{\"Action\":[\"iam:PassRole\"],\"Effect\":\"Allow\",\"Resource\":[\"arn:aws:iam::847258583865:role/*\"]}],\"Version\":\"2012-10-17\"}",
            "policy_id": "ANPA4KREMAM4T26WWJ7MY",
            "tags": {},
            "tags_all": {}
          },
          "sensitive_attributes": [],
          "private": "bnVsbA==",
          "dependencies": [
            "data.aws_caller_identity.current",
            "module.alayasync.module.lambdas.module.lambda_get_hubids.data.aws_caller_identity.current",
            "module.alayasync.module.lambdas.module.lambda_get_hubids.data.aws_region.current",
            "module.alayasync.module.lambdas.module.lambda_get_hubids.data.template_file.policy",
            "module.athena.module.athena_bucket.aws_s3_bucket.main",
            "module.data_key.aws_kms_key.kms_key",
            "module.data_key.data.aws_iam_policy_document.key_policy",
            "module.s3_artifacts_bucket.aws_s3_bucket.s3_bucket",
            "module.s3_data_bucket.aws_s3_bucket.s3_bucket"
          ]
        }
      ]
    },
    {
      "module": "module.alayasync.module.lambdas.module.lambda_get_hubids",
      "mode": "managed",
      "type": "aws_iam_role",
      "name": "lambda",
      "provider": "provider[\"registry.terraform.io/hashicorp/aws\"]",
      "instances": [
        {
          "schema_version": 0,
          "attributes": {
            "arn": "arn:aws:iam::847258583865:role/aue1d1z1irooidhoidhbrtest-gethubids",
            "assume_role_policy": "{\"Statement\":[{\"Action\":\"sts:AssumeRole\",\"Effect\":\"Allow\",\"Principal\":{\"Service\":\"lambda.amazonaws.com\"}}],\"Version\":\"2012-10-17\"}",
            "create_date": "2023-10-23T20:43:58Z",
            "description": "",
            "force_detach_policies": false,
            "id": "aue1d1z1irooidhoidhbrtest-gethubids",
            "inline_policy": [],
            "managed_policy_arns": [
              "arn:aws:iam::847258583865:policy/aue1d1z1iploidhoidhbrtest-gethubids"
            ],
            "max_session_duration": 3600,
            "name": "aue1d1z1irooidhoidhbrtest-gethubids",
            "name_prefix": "",
            "path": "/",
            "permissions_boundary": null,
            "tags": {
              "Name": "aue1d1z1irooidhoidhbrtest-gethubids",
              "app": "oidh",
              "creation_app": "terraform",
              "env": "d1",
              "ledger": "oidh",
              "purpose": "oidhbrtest-gethubids",
              "site": "aue1",
              "tier": "oidh",
              "zone": "z1"
            },
            "tags_all": {
              "Name": "aue1d1z1irooidhoidhbrtest-gethubids",
              "app": "oidh",
              "creation_app": "terraform",
              "env": "d1",
              "ledger": "oidh",
              "purpose": "oidhbrtest-gethubids",
              "site": "aue1",
              "tier": "oidh",
              "zone": "z1"
            },
            "unique_id": "AROA4KREMAM4QPGZNNSI7"
          },
          "sensitive_attributes": [],
          "private": "bnVsbA==",
          "dependencies": [
            "module.alayasync.module.lambdas.module.lambda_get_hubids.data.aws_iam_policy_document.assume"
          ]
        }
      ]
    },
    {
      "module": "module.alayasync.module.lambdas.module.lambda_get_hubids",
      "mode": "managed",
      "type": "aws_iam_role_policy_attachment",
      "name": "lambda",
      "provider": "provider[\"registry.terraform.io/hashicorp/aws\"]",
      "instances": [
        {
          "schema_version": 0,
          "attributes": {
            "id": "aue1d1z1irooidhoidhbrtest-gethubids-20231023204548823500000001",
            "policy_arn": "arn:aws:iam::847258583865:policy/aue1d1z1iploidhoidhbrtest-gethubids",
            "role": "aue1d1z1irooidhoidhbrtest-gethubids"
          },
          "sensitive_attributes": [],
          "private": "bnVsbA==",
          "dependencies": [
            "data.aws_caller_identity.current",
            "module.alayasync.module.lambdas.module.lambda_get_hubids.aws_iam_policy.policy",
            "module.alayasync.module.lambdas.module.lambda_get_hubids.aws_iam_role.lambda",
            "module.alayasync.module.lambdas.module.lambda_get_hubids.data.aws_caller_identity.current",
            "module.alayasync.module.lambdas.module.lambda_get_hubids.data.aws_iam_policy_document.assume",
            "module.alayasync.module.lambdas.module.lambda_get_hubids.data.aws_region.current",
            "module.alayasync.module.lambdas.module.lambda_get_hubids.data.template_file.policy",
            "module.athena.module.athena_bucket.aws_s3_bucket.main",
            "module.data_key.aws_kms_key.kms_key",
            "module.data_key.data.aws_iam_policy_document.key_policy",
            "module.s3_artifacts_bucket.aws_s3_bucket.s3_bucket",
            "module.s3_data_bucket.aws_s3_bucket.s3_bucket"
          ]
        }
      ]
    },
    {
      "module": "module.alayasync.module.lambdas.module.lambda_get_hubids",
      "mode": "managed",
      "type": "aws_lambda_function",
      "name": "executor",
      "provider": "provider[\"registry.terraform.io/hashicorp/aws\"]",
      "instances": [
        {
          "schema_version": 0,
          "attributes": {
            "architectures": [
              "x86_64"
            ],
            "arn": "arn:aws:lambda:us-east-1:847258583865:function:aue1d1z1lmboidhoidhbrtest-gethubids",
            "code_signing_config_arn": "",
            "dead_letter_config": [],
            "description": "gethubids",
            "environment": [
              {
                "variables": {
                  "source_code": "lambda github"
                }
              }
            ],
            "ephemeral_storage": [
              {
                "size": 512
              }
            ],
            "file_system_config": [],
            "filename": "../src/alayasync/lambda/gethubids.zip",
            "function_name": "aue1d1z1lmboidhoidhbrtest-gethubids",
            "handler": "lambda_function.lambda_handler",
            "id": "aue1d1z1lmboidhoidhbrtest-gethubids",
            "image_config": [],
            "image_uri": "",
            "invoke_arn": "arn:aws:apigateway:us-east-1:lambda:path/2015-03-31/functions/arn:aws:lambda:us-east-1:847258583865:function:aue1d1z1lmboidhoidhbrtest-gethubids/invocations",
            "kms_key_arn": "",
            "last_modified": "2023-10-23T20:44:08.439+0000",
            "layers": [],
            "memory_size": 256,
            "package_type": "Zip",
            "publish": false,
            "qualified_arn": "arn:aws:lambda:us-east-1:847258583865:function:aue1d1z1lmboidhoidhbrtest-gethubids:$LATEST",
            "qualified_invoke_arn": "arn:aws:apigateway:us-east-1:lambda:path/2015-03-31/functions/arn:aws:lambda:us-east-1:847258583865:function:aue1d1z1lmboidhoidhbrtest-gethubids:$LATEST/invocations",
            "replace_security_groups_on_destroy": null,
            "replacement_security_group_ids": null,
            "reserved_concurrent_executions": -1,
            "role": "arn:aws:iam::847258583865:role/aue1d1z1irooidhoidhbrtest-gethubids",
            "runtime": "python3.9",
            "s3_bucket": null,
            "s3_key": null,
            "s3_object_version": null,
            "signing_job_arn": "",
            "signing_profile_version_arn": "",
            "skip_destroy": false,
            "snap_start": [],
            "source_code_hash": "w7ft/Y7jAVb0lfLa7NUvucQgmqzvP8++r6CWPlvBYlo=",
            "source_code_size": 298,
            "tags": {
              "Name": "aue1d1z1lmboidhoidhbrtest-gethubids",
              "app": "oidh",
              "creation_app": "terraform",
              "env": "d1",
              "ledger": "oidh",
              "purpose": "oidhbrtest-gethubids",
              "site": "aue1",
              "tier": "oidh",
              "zone": "z1"
            },
            "tags_all": {
              "Name": "aue1d1z1lmboidhoidhbrtest-gethubids",
              "app": "oidh",
              "creation_app": "terraform",
              "env": "d1",
              "ledger": "oidh",
              "purpose": "oidhbrtest-gethubids",
              "site": "aue1",
              "tier": "oidh",
              "zone": "z1"
            },
            "timeout": 60,
            "timeouts": null,
            "tracing_config": [
              {
                "mode": "PassThrough"
              }
            ],
            "version": "$LATEST",
            "vpc_config": []
          },
          "sensitive_attributes": [],
          "private": "eyJlMmJmYjczMC1lY2FhLTExZTYtOGY4OC0zNDM2M2JjN2M0YzAiOnsiY3JlYXRlIjo2MDAwMDAwMDAwMDAsImRlbGV0ZSI6NjAwMDAwMDAwMDAwLCJ1cGRhdGUiOjYwMDAwMDAwMDAwMH19",
          "dependencies": [
            "module.alayasync.module.lambdas.module.lambda_get_hubids.aws_iam_role.lambda",
            "module.alayasync.module.lambdas.module.lambda_get_hubids.data.archive_file.source_code",
            "module.alayasync.module.lambdas.module.lambda_get_hubids.data.aws_iam_policy_document.assume"
          ]
        }
      ]
    },
    {
      "module": "module.alayasync.module.lambdas_execution.module.lambda_alaya_sync_execution",
      "mode": "data",
      "type": "archive_file",
      "name": "source_code",
      "provider": "provider[\"registry.terraform.io/hashicorp/archive\"]",
      "instances": [
        {
          "schema_version": 0,
          "attributes": {
            "exclude_symlink_directories": null,
            "excludes": null,
            "id": "03bed958b97d8fe8d2128abff5046c1c3b6c85bf",
            "output_base64sha256": "zJioLbQvqltqHeVGMISXjm5oxx8vH9pC+ODe56KUdLc=",
            "output_base64sha512": "6Y23jw5sk+0zVlwlUCayGKTlUuyftT8ioDYdRPCEZuscHnqbykYcR9cxAaIftsBnxKtrJhbULQ0iFa0PGCkjog==",
            "output_file_mode": null,
            "output_md5": "8fcc57e1a5defbed6d4fdf0810500b39",
            "output_path": "../src/alayasync/lambda_execution/alayasyncexecution.zip",
            "output_sha": "03bed958b97d8fe8d2128abff5046c1c3b6c85bf",
            "output_sha256": "cc98a82db42faa5b6a1de5463084978e6e68c71f2f1fda42f8e0dee7a29474b7",
            "output_sha512": "e98db78f0e6c93ed33565c255026b218a4e552ec9fb53f22a0361d44f08466eb1c1e7a9bca461c47d73101a21fb6c067c4ab6b2616d42d0d2215ad0f182923a2",
            "output_size": 654,
            "source": [],
            "source_content": null,
            "source_content_filename": null,
            "source_dir": null,
            "source_file": "../src/alayasync/lambda_execution/alayasyncexecution/lambda_function.py",
            "type": "zip"
          },
          "sensitive_attributes": []
        }
      ]
    },
    {
      "module": "module.alayasync.module.lambdas_execution.module.lambda_alaya_sync_execution",
      "mode": "data",
      "type": "aws_caller_identity",
      "name": "current",
      "provider": "provider[\"registry.terraform.io/hashicorp/aws\"]",
      "instances": [
        {
          "schema_version": 0,
          "attributes": {
            "account_id": "847258583865",
            "arn": "arn:aws:iam::847258583865:user/admin2",
            "id": "847258583865",
            "user_id": "AIDA4KREMAM4YVGA4T5YW"
          },
          "sensitive_attributes": []
        }
      ]
    },
    {
      "module": "module.alayasync.module.lambdas_execution.module.lambda_alaya_sync_execution",
      "mode": "data",
      "type": "aws_iam_policy_document",
      "name": "assume",
      "provider": "provider[\"registry.terraform.io/hashicorp/aws\"]",
      "instances": [
        {
          "schema_version": 0,
          "attributes": {
            "id": "2690255455",
            "json": "{\n  \"Version\": \"2012-10-17\",\n  \"Statement\": [\n    {\n      \"Effect\": \"Allow\",\n      \"Action\": \"sts:AssumeRole\",\n      \"Principal\": {\n        \"Service\": \"lambda.amazonaws.com\"\n      }\n    }\n  ]\n}",
            "override_policy_documents": null,
            "policy_id": null,
            "source_policy_documents": null,
            "statement": [
              {
                "actions": [
                  "sts:AssumeRole"
                ],
                "condition": [],
                "effect": "Allow",
                "not_actions": [],
                "not_principals": [],
                "not_resources": [],
                "principals": [
                  {
                    "identifiers": [
                      "lambda.amazonaws.com"
                    ],
                    "type": "Service"
                  }
                ],
                "resources": [],
                "sid": ""
              }
            ],
            "version": "2012-10-17"
          },
          "sensitive_attributes": []
        }
      ]
    },
    {
      "module": "module.alayasync.module.lambdas_execution.module.lambda_alaya_sync_execution",
      "mode": "data",
      "type": "aws_region",
      "name": "current",
      "provider": "provider[\"registry.terraform.io/hashicorp/aws\"]",
      "instances": [
        {
          "schema_version": 0,
          "attributes": {
            "description": "US East (N. Virginia)",
            "endpoint": "ec2.us-east-1.amazonaws.com",
            "id": "us-east-1",
            "name": "us-east-1"
          },
          "sensitive_attributes": []
        }
      ]
    },
    {
      "module": "module.alayasync.module.lambdas_execution.module.lambda_alaya_sync_execution",
      "mode": "data",
      "type": "template_file",
      "name": "policy",
      "provider": "provider[\"registry.terraform.io/hashicorp/template\"]",
      "instances": [
        {
          "schema_version": 0,
          "attributes": {
            "filename": null,
            "id": "5847685d931cfa46093986784efab0fb3db2b7e4f4f4d6c5102aa87b6b62349e",
            "rendered": "{\n  \"Version\": \"2012-10-17\",\n  \"Statement\" : [\n    {\n      \"Effect\": \"Allow\",\n      \"Action\": [\n        \"logs:CreateLogGroup\"\n      ],\n      \"Resource\": [\n        \"arn:aws:logs:us-east-1:847258583865:*\"\n      ]\n    },\n    {\n      \"Effect\": \"Allow\",\n      \"Action\" : [\n        \"logs:CreateLogStream\",\n        \"logs:PutLogEvents\"\n      ],\n      \"Resource\" : [\n        \"arn:aws:logs:us-east-1:847258583865:log-group:/aws/lambda/*\"\n      ]\n    },\n    {\n      \"Effect\" : \"Allow\",\n      \"Action\": [\n        \"kms:DescribeKey\",\n        \"kms:Encrypt\",\n        \"kms:Decrypt\",\n        \"kms:ReEncrypt*\",\n        \"kms:GenerateDataKey*\",\n        \"kms:CreateGrant\"\n      ],\n      \"Resource\" : [\n        \"arn:aws:kms:us-east-1:847258583865:key/9b2578ee-e83a-4b9c-9600-dfc8a9a19aca\"\n      ]\n    },\n    {\n      \"Effect\" : \"Allow\",\n      \"Action\" : [\n        \"states:StartExecution\"\n      ],\n      \"Resource\" : [\n        \"arn:aws:states:us-east-1:847258583865:stateMachine:aue1d1z1stmoidhoidhbrtest-alayasync\"\n      ]\n    },\n    {\n      \"Effect\": \"Allow\",\n      \"Action\": [\n        \"s3:GetObject*\",\n        \"s3:PutObject*\",\n        \"s3:DeleteObject*\"\n      ],\n      \"Resource\" : [\n        \"arn:aws:s3:::aue1d1z1s3boidhoidhbrtest-artifacts\",\n        \"arn:aws:s3:::aue1d1z1s3boidhoidhbrtest-artifacts/*\"\n      ]\n    }\n  ]\n}",
            "template": "{\n  \"Version\": \"2012-10-17\",\n  \"Statement\" : [\n    {\n      \"Effect\": \"Allow\",\n      \"Action\": [\n        \"logs:CreateLogGroup\"\n      ],\n      \"Resource\": [\n        \"arn:aws:logs:${region}:${account_id}:*\"\n      ]\n    },\n    {\n      \"Effect\": \"Allow\",\n      \"Action\" : [\n        \"logs:CreateLogStream\",\n        \"logs:PutLogEvents\"\n      ],\n      \"Resource\" : [\n        \"arn:aws:logs:${region}:${account_id}:log-group:/aws/lambda/*\"\n      ]\n    },\n    {\n      \"Effect\" : \"Allow\",\n      \"Action\": [\n        \"kms:DescribeKey\",\n        \"kms:Encrypt\",\n        \"kms:Decrypt\",\n        \"kms:ReEncrypt*\",\n        \"kms:GenerateDataKey*\",\n        \"kms:CreateGrant\"\n      ],\n      \"Resource\" : [\n        \"${data_key_arn}\"\n      ]\n    },\n    {\n      \"Effect\" : \"Allow\",\n      \"Action\" : [\n        \"states:StartExecution\"\n      ],\n      \"Resource\" : [\n        \"${sfn_alaya_sync}\"\n      ]\n    },\n    {\n      \"Effect\": \"Allow\",\n      \"Action\": [\n        \"s3:GetObject*\",\n        \"s3:PutObject*\",\n        \"s3:DeleteObject*\"\n      ],\n      \"Resource\" : [\n        \"arn:aws:s3:::${artifacts_bucket_id}\",\n        \"arn:aws:s3:::${artifacts_bucket_id}/*\"\n      ]\n    }\n  ]\n}",
            "vars": {
              "account_id": "847258583865",
              "alayasyncdb": "default",
              "alayasyncdb_path": "",
              "artifacts_bucket_arn": "arn:aws:s3:::aue1d1z1s3boidhoidhbrtest-artifacts",
              "artifacts_bucket_id": "aue1d1z1s3boidhoidhbrtest-artifacts",
              "athena_bucket_id": "aue1d1z1s3boidhoidhbrtest-athena",
              "bucket_arn": "arn:aws:s3:::aue1d1z1s3boidhoidhbrtest-datastorage",
              "bucket_id": "aue1d1z1s3boidhoidhbrtest-datastorage",
              "concurrent_tasks": "18",
              "data_key_arn": "arn:aws:kms:us-east-1:847258583865:key/9b2578ee-e83a-4b9c-9600-dfc8a9a19aca",
              "data_key_id": "9b2578ee-e83a-4b9c-9600-dfc8a9a19aca",
              "dynamo_table_register": "aue1d1z1dytoidhoidhbrtest-gethubids",
              "ecs_cluster": "ecs_cluster",
              "ecs_subnets": "subnet-0112c4c44ce9649c2",
              "lambda_name": "aue1d1z1lmboidhoidhbrtest-alayasyncexecution",
              "payload_trigger_key": "gethubid",
              "region": "us-east-1",
              "sfn_alaya_sync": "arn:aws:states:us-east-1:847258583865:stateMachine:aue1d1z1stmoidhoidhbrtest-alayasync",
              "task_definition": "ecs_task"
            }
          },
          "sensitive_attributes": []
        }
      ]
    },
    {
      "module": "module.alayasync.module.lambdas_execution.module.lambda_alaya_sync_execution",
      "mode": "managed",
      "type": "aws_cloudwatch_log_group",
      "name": "lambda",
      "provider": "provider[\"registry.terraform.io/hashicorp/aws\"]",
      "instances": [
        {
          "schema_version": 0,
          "attributes": {
            "arn": "arn:aws:logs:us-east-1:847258583865:log-group:/aws/lambda/aue1d1z1lmboidhoidhbrtest-alayasyncexecution",
            "id": "/aws/lambda/aue1d1z1lmboidhoidhbrtest-alayasyncexecution",
            "kms_key_id": "",
            "name": "/aws/lambda/aue1d1z1lmboidhoidhbrtest-alayasyncexecution",
            "name_prefix": "",
            "retention_in_days": 30,
            "skip_destroy": false,
            "tags": {
              "Name": "aue1d1z1cwgoidhoidhbrtest-alayasyncexecution",
              "app": "oidh",
              "creation_app": "terraform",
              "env": "d1",
              "ledger": "oidh",
              "purpose": "oidhbrtest-alayasyncexecution",
              "site": "aue1",
              "tier": "oidh",
              "zone": "z1"
            },
            "tags_all": {
              "Name": "aue1d1z1cwgoidhoidhbrtest-alayasyncexecution",
              "app": "oidh",
              "creation_app": "terraform",
              "env": "d1",
              "ledger": "oidh",
              "purpose": "oidhbrtest-alayasyncexecution",
              "site": "aue1",
              "tier": "oidh",
              "zone": "z1"
            }
          },
          "sensitive_attributes": [],
          "private": "bnVsbA=="
        }
      ]
    },
    {
      "module": "module.alayasync.module.lambdas_execution.module.lambda_alaya_sync_execution",
      "mode": "managed",
      "type": "aws_iam_policy",
      "name": "policy",
      "provider": "provider[\"registry.terraform.io/hashicorp/aws\"]",
      "instances": [
        {
          "schema_version": 0,
          "attributes": {
            "arn": "arn:aws:iam::847258583865:policy/aue1d1z1iploidhoidhbrtest-alayasyncexecution",
            "description": "",
            "id": "arn:aws:iam::847258583865:policy/aue1d1z1iploidhoidhbrtest-alayasyncexecution",
            "name": "aue1d1z1iploidhoidhbrtest-alayasyncexecution",
            "name_prefix": "",
            "path": "/",
            "policy": "{\"Statement\":[{\"Action\":[\"logs:CreateLogGroup\"],\"Effect\":\"Allow\",\"Resource\":[\"arn:aws:logs:us-east-1:847258583865:*\"]},{\"Action\":[\"logs:CreateLogStream\",\"logs:PutLogEvents\"],\"Effect\":\"Allow\",\"Resource\":[\"arn:aws:logs:us-east-1:847258583865:log-group:/aws/lambda/*\"]},{\"Action\":[\"kms:DescribeKey\",\"kms:Encrypt\",\"kms:Decrypt\",\"kms:ReEncrypt*\",\"kms:GenerateDataKey*\",\"kms:CreateGrant\"],\"Effect\":\"Allow\",\"Resource\":[\"arn:aws:kms:us-east-1:847258583865:key/9b2578ee-e83a-4b9c-9600-dfc8a9a19aca\"]},{\"Action\":[\"states:StartExecution\"],\"Effect\":\"Allow\",\"Resource\":[\"arn:aws:states:us-east-1:847258583865:stateMachine:aue1d1z1stmoidhoidhbrtest-alayasync\"]},{\"Action\":[\"s3:GetObject*\",\"s3:PutObject*\",\"s3:DeleteObject*\"],\"Effect\":\"Allow\",\"Resource\":[\"arn:aws:s3:::aue1d1z1s3boidhoidhbrtest-artifacts\",\"arn:aws:s3:::aue1d1z1s3boidhoidhbrtest-artifacts/*\"]}],\"Version\":\"2012-10-17\"}",
            "policy_id": "ANPA4KREMAM45EKTRCHLV",
            "tags": {},
            "tags_all": {}
          },
          "sensitive_attributes": [],
          "private": "bnVsbA==",
          "dependencies": [
            "data.aws_caller_identity.current",
            "module.alayasync.module.lambdas.data.aws_region.current",
            "module.alayasync.module.lambdas.module.lambda_alaya_sync_ecs_start.aws_iam_role.lambda",
            "module.alayasync.module.lambdas.module.lambda_alaya_sync_ecs_start.aws_lambda_function.executor",
            "module.alayasync.module.lambdas.module.lambda_alaya_sync_ecs_start.data.archive_file.source_code",
            "module.alayasync.module.lambdas.module.lambda_alaya_sync_ecs_start.data.aws_iam_policy_document.assume",
            "module.alayasync.module.lambdas.module.lambda_alaya_sync_ecs_status.aws_iam_role.lambda",
            "module.alayasync.module.lambdas.module.lambda_alaya_sync_ecs_status.aws_lambda_function.executor",
            "module.alayasync.module.lambdas.module.lambda_alaya_sync_ecs_status.data.archive_file.source_code",
            "module.alayasync.module.lambdas.module.lambda_alaya_sync_ecs_status.data.aws_iam_policy_document.assume",
            "module.alayasync.module.lambdas.module.lambda_alaya_sync_reduce.aws_iam_role.lambda",
            "module.alayasync.module.lambdas.module.lambda_alaya_sync_reduce.aws_lambda_function.executor",
            "module.alayasync.module.lambdas.module.lambda_alaya_sync_reduce.data.archive_file.source_code",
            "module.alayasync.module.lambdas.module.lambda_alaya_sync_reduce.data.aws_iam_policy_document.assume",
            "module.alayasync.module.lambdas.module.lambda_alaya_sync_scheduling.aws_iam_role.lambda",
            "module.alayasync.module.lambdas.module.lambda_alaya_sync_scheduling.aws_lambda_function.executor",
            "module.alayasync.module.lambdas.module.lambda_alaya_sync_scheduling.data.archive_file.source_code",
            "module.alayasync.module.lambdas.module.lambda_alaya_sync_scheduling.data.aws_iam_policy_document.assume",
            "module.alayasync.module.lambdas.module.lambda_get_hubids.aws_iam_role.lambda",
            "module.alayasync.module.lambdas.module.lambda_get_hubids.aws_lambda_function.executor",
            "module.alayasync.module.lambdas.module.lambda_get_hubids.data.archive_file.source_code",
            "module.alayasync.module.lambdas.module.lambda_get_hubids.data.aws_iam_policy_document.assume",
            "module.alayasync.module.lambdas_execution.module.lambda_alaya_sync_execution.data.aws_caller_identity.current",
            "module.alayasync.module.lambdas_execution.module.lambda_alaya_sync_execution.data.aws_region.current",
            "module.alayasync.module.lambdas_execution.module.lambda_alaya_sync_execution.data.template_file.policy",
            "module.alayasync.module.step_functions.module.alaya_sync_sfn.aws_iam_role.sfn",
            "module.alayasync.module.step_functions.module.alaya_sync_sfn.aws_sfn_state_machine.sfn",
            "module.alayasync.module.step_functions.module.alaya_sync_sfn.data.aws_caller_identity.current",
            "module.alayasync.module.step_functions.module.alaya_sync_sfn.data.aws_iam_policy_document.assume",
            "module.alayasync.module.step_functions.module.alaya_sync_sfn.data.template_file.sfn_definition",
            "module.athena.module.athena_bucket.aws_s3_bucket.main",
            "module.data_key.aws_kms_key.kms_key",
            "module.data_key.data.aws_iam_policy_document.key_policy",
            "module.s3_artifacts_bucket.aws_s3_bucket.s3_bucket",
            "module.s3_data_bucket.aws_s3_bucket.s3_bucket"
          ]
        }
      ]
    },
    {
      "module": "module.alayasync.module.lambdas_execution.module.lambda_alaya_sync_execution",
      "mode": "managed",
      "type": "aws_iam_role",
      "name": "lambda",
      "provider": "provider[\"registry.terraform.io/hashicorp/aws\"]",
      "instances": [
        {
          "schema_version": 0,
          "attributes": {
            "arn": "arn:aws:iam::847258583865:role/aue1d1z1irooidhoidhbrtest-alayasyncexecution",
            "assume_role_policy": "{\"Statement\":[{\"Action\":\"sts:AssumeRole\",\"Effect\":\"Allow\",\"Principal\":{\"Service\":\"lambda.amazonaws.com\"}}],\"Version\":\"2012-10-17\"}",
            "create_date": "2023-10-11T21:39:28Z",
            "description": "",
            "force_detach_policies": false,
            "id": "aue1d1z1irooidhoidhbrtest-alayasyncexecution",
            "inline_policy": [],
            "managed_policy_arns": [
              "arn:aws:iam::847258583865:policy/aue1d1z1iploidhoidhbrtest-alayasyncexecution"
            ],
            "max_session_duration": 3600,
            "name": "aue1d1z1irooidhoidhbrtest-alayasyncexecution",
            "name_prefix": "",
            "path": "/",
            "permissions_boundary": null,
            "tags": {
              "Name": "aue1d1z1irooidhoidhbrtest-alayasyncexecution",
              "app": "oidh",
              "creation_app": "terraform",
              "env": "d1",
              "ledger": "oidh",
              "purpose": "oidhbrtest-alayasyncexecution",
              "site": "aue1",
              "tier": "oidh",
              "zone": "z1"
            },
            "tags_all": {
              "Name": "aue1d1z1irooidhoidhbrtest-alayasyncexecution",
              "app": "oidh",
              "creation_app": "terraform",
              "env": "d1",
              "ledger": "oidh",
              "purpose": "oidhbrtest-alayasyncexecution",
              "site": "aue1",
              "tier": "oidh",
              "zone": "z1"
            },
            "unique_id": "AROA4KREMAM4TIRSB42UB"
          },
          "sensitive_attributes": [],
          "private": "bnVsbA==",
          "dependencies": [
            "module.alayasync.module.lambdas_execution.module.lambda_alaya_sync_execution.data.aws_iam_policy_document.assume"
          ]
        }
      ]
    },
    {
      "module": "module.alayasync.module.lambdas_execution.module.lambda_alaya_sync_execution",
      "mode": "managed",
      "type": "aws_iam_role_policy_attachment",
      "name": "lambda",
      "provider": "provider[\"registry.terraform.io/hashicorp/aws\"]",
      "instances": [
        {
          "schema_version": 0,
          "attributes": {
            "id": "aue1d1z1irooidhoidhbrtest-alayasyncexecution-20231011214159877600000008",
            "policy_arn": "arn:aws:iam::847258583865:policy/aue1d1z1iploidhoidhbrtest-alayasyncexecution",
            "role": "aue1d1z1irooidhoidhbrtest-alayasyncexecution"
          },
          "sensitive_attributes": [],
          "private": "bnVsbA==",
          "dependencies": [
            "data.aws_caller_identity.current",
            "module.alayasync.module.lambdas.data.aws_region.current",
            "module.alayasync.module.lambdas.module.lambda_alaya_sync_ecs_start.aws_iam_role.lambda",
            "module.alayasync.module.lambdas.module.lambda_alaya_sync_ecs_start.aws_lambda_function.executor",
            "module.alayasync.module.lambdas.module.lambda_alaya_sync_ecs_start.data.archive_file.source_code",
            "module.alayasync.module.lambdas.module.lambda_alaya_sync_ecs_start.data.aws_iam_policy_document.assume",
            "module.alayasync.module.lambdas.module.lambda_alaya_sync_ecs_status.aws_iam_role.lambda",
            "module.alayasync.module.lambdas.module.lambda_alaya_sync_ecs_status.aws_lambda_function.executor",
            "module.alayasync.module.lambdas.module.lambda_alaya_sync_ecs_status.data.archive_file.source_code",
            "module.alayasync.module.lambdas.module.lambda_alaya_sync_ecs_status.data.aws_iam_policy_document.assume",
            "module.alayasync.module.lambdas.module.lambda_alaya_sync_reduce.aws_iam_role.lambda",
            "module.alayasync.module.lambdas.module.lambda_alaya_sync_reduce.aws_lambda_function.executor",
            "module.alayasync.module.lambdas.module.lambda_alaya_sync_reduce.data.archive_file.source_code",
            "module.alayasync.module.lambdas.module.lambda_alaya_sync_reduce.data.aws_iam_policy_document.assume",
            "module.alayasync.module.lambdas.module.lambda_alaya_sync_scheduling.aws_iam_role.lambda",
            "module.alayasync.module.lambdas.module.lambda_alaya_sync_scheduling.aws_lambda_function.executor",
            "module.alayasync.module.lambdas.module.lambda_alaya_sync_scheduling.data.archive_file.source_code",
            "module.alayasync.module.lambdas.module.lambda_alaya_sync_scheduling.data.aws_iam_policy_document.assume",
            "module.alayasync.module.lambdas.module.lambda_get_hubids.aws_iam_role.lambda",
            "module.alayasync.module.lambdas.module.lambda_get_hubids.aws_lambda_function.executor",
            "module.alayasync.module.lambdas.module.lambda_get_hubids.data.archive_file.source_code",
            "module.alayasync.module.lambdas.module.lambda_get_hubids.data.aws_iam_policy_document.assume",
            "module.alayasync.module.lambdas_execution.module.lambda_alaya_sync_execution.aws_iam_policy.policy",
            "module.alayasync.module.lambdas_execution.module.lambda_alaya_sync_execution.aws_iam_role.lambda",
            "module.alayasync.module.lambdas_execution.module.lambda_alaya_sync_execution.data.aws_caller_identity.current",
            "module.alayasync.module.lambdas_execution.module.lambda_alaya_sync_execution.data.aws_iam_policy_document.assume",
            "module.alayasync.module.lambdas_execution.module.lambda_alaya_sync_execution.data.aws_region.current",
            "module.alayasync.module.lambdas_execution.module.lambda_alaya_sync_execution.data.template_file.policy",
            "module.alayasync.module.step_functions.module.alaya_sync_sfn.aws_iam_role.sfn",
            "module.alayasync.module.step_functions.module.alaya_sync_sfn.aws_sfn_state_machine.sfn",
            "module.alayasync.module.step_functions.module.alaya_sync_sfn.data.aws_caller_identity.current",
            "module.alayasync.module.step_functions.module.alaya_sync_sfn.data.aws_iam_policy_document.assume",
            "module.alayasync.module.step_functions.module.alaya_sync_sfn.data.template_file.sfn_definition",
            "module.athena.module.athena_bucket.aws_s3_bucket.main",
            "module.data_key.aws_kms_key.kms_key",
            "module.data_key.data.aws_iam_policy_document.key_policy",
            "module.s3_artifacts_bucket.aws_s3_bucket.s3_bucket",
            "module.s3_data_bucket.aws_s3_bucket.s3_bucket"
          ]
        }
      ]
    },
    {
      "module": "module.alayasync.module.lambdas_execution.module.lambda_alaya_sync_execution",
      "mode": "managed",
      "type": "aws_lambda_function",
      "name": "executor",
      "provider": "provider[\"registry.terraform.io/hashicorp/aws\"]",
      "instances": [
        {
          "schema_version": 0,
          "attributes": {
            "architectures": [
              "x86_64"
            ],
            "arn": "arn:aws:lambda:us-east-1:847258583865:function:aue1d1z1lmboidhoidhbrtest-alayasyncexecution",
            "code_signing_config_arn": "",
            "dead_letter_config": [],
            "description": "alayasyncexecution",
            "environment": [
              {
                "variables": {
                  "SFN": "arn:aws:states:us-east-1:847258583865:stateMachine:aue1d1z1stmoidhoidhbrtest-alayasync"
                }
              }
            ],
            "ephemeral_storage": [
              {
                "size": 512
              }
            ],
            "file_system_config": [],
            "filename": "../src/alayasync/lambda_execution/alayasyncexecution.zip",
            "function_name": "aue1d1z1lmboidhoidhbrtest-alayasyncexecution",
            "handler": "lambda_function.lambda_handler",
            "id": "aue1d1z1lmboidhoidhbrtest-alayasyncexecution",
            "image_config": [],
            "image_uri": "",
            "invoke_arn": "arn:aws:apigateway:us-east-1:lambda:path/2015-03-31/functions/arn:aws:lambda:us-east-1:847258583865:function:aue1d1z1lmboidhoidhbrtest-alayasyncexecution/invocations",
            "kms_key_arn": "",
            "last_modified": "2023-10-23T21:27:26.743+0000",
            "layers": [],
            "memory_size": 256,
            "package_type": "Zip",
            "publish": false,
            "qualified_arn": "arn:aws:lambda:us-east-1:847258583865:function:aue1d1z1lmboidhoidhbrtest-alayasyncexecution:$LATEST",
            "qualified_invoke_arn": "arn:aws:apigateway:us-east-1:lambda:path/2015-03-31/functions/arn:aws:lambda:us-east-1:847258583865:function:aue1d1z1lmboidhoidhbrtest-alayasyncexecution:$LATEST/invocations",
            "replace_security_groups_on_destroy": null,
            "replacement_security_group_ids": null,
            "reserved_concurrent_executions": -1,
            "role": "arn:aws:iam::847258583865:role/aue1d1z1irooidhoidhbrtest-alayasyncexecution",
            "runtime": "python3.9",
            "s3_bucket": null,
            "s3_key": null,
            "s3_object_version": null,
            "signing_job_arn": "",
            "signing_profile_version_arn": "",
            "skip_destroy": false,
            "snap_start": [],
            "source_code_hash": "zJioLbQvqltqHeVGMISXjm5oxx8vH9pC+ODe56KUdLc=",
            "source_code_size": 654,
            "tags": {
              "Name": "aue1d1z1lmboidhoidhbrtest-alayasyncexecution",
              "app": "oidh",
              "creation_app": "terraform",
              "env": "d1",
              "ledger": "oidh",
              "purpose": "oidhbrtest-alayasyncexecution",
              "site": "aue1",
              "tier": "oidh",
              "zone": "z1"
            },
            "tags_all": {
              "Name": "aue1d1z1lmboidhoidhbrtest-alayasyncexecution",
              "app": "oidh",
              "creation_app": "terraform",
              "env": "d1",
              "ledger": "oidh",
              "purpose": "oidhbrtest-alayasyncexecution",
              "site": "aue1",
              "tier": "oidh",
              "zone": "z1"
            },
            "timeout": 60,
            "timeouts": null,
            "tracing_config": [
              {
                "mode": "PassThrough"
              }
            ],
            "version": "$LATEST",
            "vpc_config": []
          },
          "sensitive_attributes": [],
          "private": "eyJlMmJmYjczMC1lY2FhLTExZTYtOGY4OC0zNDM2M2JjN2M0YzAiOnsiY3JlYXRlIjo2MDAwMDAwMDAwMDAsImRlbGV0ZSI6NjAwMDAwMDAwMDAwLCJ1cGRhdGUiOjYwMDAwMDAwMDAwMH19",
          "dependencies": [
            "data.aws_caller_identity.current",
            "module.alayasync.module.lambdas.data.aws_region.current",
            "module.alayasync.module.lambdas.module.lambda_alaya_sync_ecs_start.aws_iam_role.lambda",
            "module.alayasync.module.lambdas.module.lambda_alaya_sync_ecs_start.aws_lambda_function.executor",
            "module.alayasync.module.lambdas.module.lambda_alaya_sync_ecs_start.data.archive_file.source_code",
            "module.alayasync.module.lambdas.module.lambda_alaya_sync_ecs_start.data.aws_iam_policy_document.assume",
            "module.alayasync.module.lambdas.module.lambda_alaya_sync_ecs_status.aws_iam_role.lambda",
            "module.alayasync.module.lambdas.module.lambda_alaya_sync_ecs_status.aws_lambda_function.executor",
            "module.alayasync.module.lambdas.module.lambda_alaya_sync_ecs_status.data.archive_file.source_code",
            "module.alayasync.module.lambdas.module.lambda_alaya_sync_ecs_status.data.aws_iam_policy_document.assume",
            "module.alayasync.module.lambdas.module.lambda_alaya_sync_reduce.aws_iam_role.lambda",
            "module.alayasync.module.lambdas.module.lambda_alaya_sync_reduce.aws_lambda_function.executor",
            "module.alayasync.module.lambdas.module.lambda_alaya_sync_reduce.data.archive_file.source_code",
            "module.alayasync.module.lambdas.module.lambda_alaya_sync_reduce.data.aws_iam_policy_document.assume",
            "module.alayasync.module.lambdas.module.lambda_alaya_sync_scheduling.aws_iam_role.lambda",
            "module.alayasync.module.lambdas.module.lambda_alaya_sync_scheduling.aws_lambda_function.executor",
            "module.alayasync.module.lambdas.module.lambda_alaya_sync_scheduling.data.archive_file.source_code",
            "module.alayasync.module.lambdas.module.lambda_alaya_sync_scheduling.data.aws_iam_policy_document.assume",
            "module.alayasync.module.lambdas.module.lambda_get_hubids.aws_iam_role.lambda",
            "module.alayasync.module.lambdas.module.lambda_get_hubids.aws_lambda_function.executor",
            "module.alayasync.module.lambdas.module.lambda_get_hubids.data.archive_file.source_code",
            "module.alayasync.module.lambdas.module.lambda_get_hubids.data.aws_iam_policy_document.assume",
            "module.alayasync.module.lambdas_execution.module.lambda_alaya_sync_execution.aws_iam_role.lambda",
            "module.alayasync.module.lambdas_execution.module.lambda_alaya_sync_execution.data.archive_file.source_code",
            "module.alayasync.module.lambdas_execution.module.lambda_alaya_sync_execution.data.aws_iam_policy_document.assume",
            "module.alayasync.module.step_functions.module.alaya_sync_sfn.aws_iam_role.sfn",
            "module.alayasync.module.step_functions.module.alaya_sync_sfn.aws_sfn_state_machine.sfn",
            "module.alayasync.module.step_functions.module.alaya_sync_sfn.data.aws_caller_identity.current",
            "module.alayasync.module.step_functions.module.alaya_sync_sfn.data.aws_iam_policy_document.assume",
            "module.alayasync.module.step_functions.module.alaya_sync_sfn.data.template_file.sfn_definition",
            "module.athena.module.athena_bucket.aws_s3_bucket.main",
            "module.data_key.aws_kms_key.kms_key",
            "module.data_key.data.aws_iam_policy_document.key_policy",
            "module.s3_artifacts_bucket.aws_s3_bucket.s3_bucket",
            "module.s3_data_bucket.aws_s3_bucket.s3_bucket"
          ]
        }
      ]
    },
    {
      "module": "module.alayasync.module.step_functions.module.alaya_sync_sfn",
      "mode": "data",
      "type": "aws_caller_identity",
      "name": "current",
      "provider": "provider[\"registry.terraform.io/hashicorp/aws\"]",
      "instances": [
        {
          "schema_version": 0,
          "attributes": {
            "account_id": "847258583865",
            "arn": "arn:aws:iam::847258583865:user/admin2",
            "id": "847258583865",
            "user_id": "AIDA4KREMAM4YVGA4T5YW"
          },
          "sensitive_attributes": []
        }
      ]
    },
    {
      "module": "module.alayasync.module.step_functions.module.alaya_sync_sfn",
      "mode": "data",
      "type": "aws_iam_policy_document",
      "name": "assume",
      "provider": "provider[\"registry.terraform.io/hashicorp/aws\"]",
      "instances": [
        {
          "schema_version": 0,
          "attributes": {
            "id": "2646274459",
            "json": "{\n  \"Version\": \"2012-10-17\",\n  \"Statement\": [\n    {\n      \"Effect\": \"Allow\",\n      \"Action\": \"sts:AssumeRole\",\n      \"Principal\": {\n        \"Service\": \"states.amazonaws.com\"\n      },\n      \"Condition\": {\n        \"StringEquals\": {\n          \"aws:SourceAccount\": \"847258583865\"\n        }\n      }\n    }\n  ]\n}",
            "override_policy_documents": null,
            "policy_id": null,
            "source_policy_documents": null,
            "statement": [
              {
                "actions": [
                  "sts:AssumeRole"
                ],
                "condition": [
                  {
                    "test": "StringEquals",
                    "values": [
                      "847258583865"
                    ],
                    "variable": "aws:SourceAccount"
                  }
                ],
                "effect": "Allow",
                "not_actions": [],
                "not_principals": [],
                "not_resources": [],
                "principals": [
                  {
                    "identifiers": [
                      "states.amazonaws.com"
                    ],
                    "type": "Service"
                  }
                ],
                "resources": [],
                "sid": ""
              }
            ],
            "version": "2012-10-17"
          },
          "sensitive_attributes": []
        }
      ]
    },
    {
      "module": "module.alayasync.module.step_functions.module.alaya_sync_sfn",
      "mode": "data",
      "type": "aws_region",
      "name": "current",
      "provider": "provider[\"registry.terraform.io/hashicorp/aws\"]",
      "instances": [
        {
          "schema_version": 0,
          "attributes": {
            "description": "US East (N. Virginia)",
            "endpoint": "ec2.us-east-1.amazonaws.com",
            "id": "us-east-1",
            "name": "us-east-1"
          },
          "sensitive_attributes": []
        }
      ]
    },
    {
      "module": "module.alayasync.module.step_functions.module.alaya_sync_sfn",
      "mode": "data",
      "type": "template_file",
      "name": "policy",
      "provider": "provider[\"registry.terraform.io/hashicorp/template\"]",
      "instances": [
        {
          "schema_version": 0,
          "attributes": {
            "filename": null,
            "id": "2bbabaaf45abe65e5c27c27d147fb3842a21f344cbb0ad6372215044b68f92ef",
            "rendered": "{\n  \"Version\": \"2012-10-17\",\n  \"Statement\" : [\n    {\n      \"Effect\": \"Allow\",\n      \"Action\": [\n        \"lambda:InvokeFunction\"\n      ],\n      \"Resource\": [\n        \"arn:aws:lambda:us-east-1:847258583865:function:aue1d1z1lmboidhoidhbrtest-alayasyncschedule\",\n        \"arn:aws:lambda:us-east-1:847258583865:function:aue1d1z1lmboidhoidhbrtest-alayasyncreduce\",\n        \"arn:aws:lambda:us-east-1:847258583865:function:aue1d1z1lmboidhoidhbrtest-alayasyncecsstart\",\n        \"arn:aws:lambda:us-east-1:847258583865:function:aue1d1z1lmboidhoidhbrtest-alayasyncecsstatus\"\n      ]\n    },\n    {\n      \"Effect\": \"Allow\",\n      \"Action\" : [\n        \"s3:GetObject\",\n        \"s3:GetBucketAcl\",\n        \"s3:ListBucket\",\n        \"s3:PutObject\",\n        \"s3:PutObjectAcl\",\n        \"s3:DeleteObject\"\n      ],\n      \"Resource\" : [\n        \"arn:aws:s3:::aue1d1z1s3boidhoidhbrtest-artifacts/consume_data/resultData\",\n        \"arn:aws:s3:::aue1d1z1s3boidhoidhbrtest-artifacts/consume_data/resultData/*\"\n      ]\n    },\n    {\n      \"Effect\" : \"Allow\",\n      \"Action\" : [\n        \"states:StartExecution\"\n      ],\n      \"Resource\" : [\n        \"arn:aws:states:us-east-1:847258583865:stateMachine:aue1d1z1stmoidhoidhbrtest-alayasync\"\n      ]\n    },\n    {\n        \"Effect\" : \"Allow\",\n        \"Action\": [\n          \"kms:DescribeKey\",\n          \"kms:Encrypt\",\n          \"kms:Decrypt\",\n          \"kms:ReEncrypt*\",\n          \"kms:GenerateDataKey*\",\n          \"kms:CreateGrant\"\n        ],\n        \"Resource\" : [\n          \"arn:aws:kms:us-east-1:847258583865:key/9b2578ee-e83a-4b9c-9600-dfc8a9a19aca\"\n        ]\n      }\n  ]\n}",
            "template": "{\n  \"Version\": \"2012-10-17\",\n  \"Statement\" : [\n    {\n      \"Effect\": \"Allow\",\n      \"Action\": [\n        \"lambda:InvokeFunction\"\n      ],\n      \"Resource\": [\n        \"${schedule_lambda}\",\n        \"${reduce_lambda}\",\n        \"${ecs_start}\",\n        \"${ecs_status}\"\n      ]\n    },\n    {\n      \"Effect\": \"Allow\",\n      \"Action\" : [\n        \"s3:GetObject\",\n        \"s3:GetBucketAcl\",\n        \"s3:ListBucket\",\n        \"s3:PutObject\",\n        \"s3:PutObjectAcl\",\n        \"s3:DeleteObject\"\n      ],\n      \"Resource\" : [\n        \"arn:aws:s3:::${artifacts_bucket_id}/consume_data/resultData\",\n        \"arn:aws:s3:::${artifacts_bucket_id}/consume_data/resultData/*\"\n      ]\n    },\n    {\n      \"Effect\" : \"Allow\",\n      \"Action\" : [\n        \"states:StartExecution\"\n      ],\n      \"Resource\" : [\n        \"arn:aws:states:${region}:${account_id}:stateMachine:${sfn_name}\"\n      ]\n    },\n    {\n        \"Effect\" : \"Allow\",\n        \"Action\": [\n          \"kms:DescribeKey\",\n          \"kms:Encrypt\",\n          \"kms:Decrypt\",\n          \"kms:ReEncrypt*\",\n          \"kms:GenerateDataKey*\",\n          \"kms:CreateGrant\"\n        ],\n        \"Resource\" : [\n          \"${data_key_arn}\"\n        ]\n      }\n  ]\n}",
            "vars": {
              "account_id": "847258583865",
              "alayasyncdb": "default",
              "alayasyncdb_path": "",
              "artifacts_bucket_arn": "arn:aws:s3:::aue1d1z1s3boidhoidhbrtest-artifacts",
              "artifacts_bucket_id": "aue1d1z1s3boidhoidhbrtest-artifacts",
              "athena_bucket_id": "aue1d1z1s3boidhoidhbrtest-athena",
              "bucket_arn": "arn:aws:s3:::aue1d1z1s3boidhoidhbrtest-datastorage",
              "bucket_id": "aue1d1z1s3boidhoidhbrtest-datastorage",
              "concurrent_tasks": "18",
              "data_key_arn": "arn:aws:kms:us-east-1:847258583865:key/9b2578ee-e83a-4b9c-9600-dfc8a9a19aca",
              "data_key_id": "9b2578ee-e83a-4b9c-9600-dfc8a9a19aca",
              "ecs_cluster": "ecs_cluster",
              "ecs_start": "arn:aws:lambda:us-east-1:847258583865:function:aue1d1z1lmboidhoidhbrtest-alayasyncecsstart",
              "ecs_status": "arn:aws:lambda:us-east-1:847258583865:function:aue1d1z1lmboidhoidhbrtest-alayasyncecsstatus",
              "ecs_subnets": "subnet-0112c4c44ce9649c2",
              "payload_trigger_key": "gethubid",
              "reduce_lambda": "arn:aws:lambda:us-east-1:847258583865:function:aue1d1z1lmboidhoidhbrtest-alayasyncreduce",
              "region": "us-east-1",
              "schedule_lambda": "arn:aws:lambda:us-east-1:847258583865:function:aue1d1z1lmboidhoidhbrtest-alayasyncschedule",
              "sfn_name": "aue1d1z1stmoidhoidhbrtest-alayasync",
              "task_definition": "ecs_task"
            }
          },
          "sensitive_attributes": []
        }
      ]
    },
    {
      "module": "module.alayasync.module.step_functions.module.alaya_sync_sfn",
      "mode": "data",
      "type": "template_file",
      "name": "sfn_definition",
      "provider": "provider[\"registry.terraform.io/hashicorp/template\"]",
      "instances": [
        {
          "schema_version": 0,
          "attributes": {
            "filename": null,
            "id": "c46ce1170372f6f95e0a07a8434274cc0c3e3a85ca2a3aeadc672bad63d5eded",
            "rendered": "{\n  \"Comment\": \"Using Map state in Distributed mode\",\n  \"StartAt\": \"Parallel_Task\",\n  \"States\": {\n    \"Parallel_Task\": {\n      \"Type\": \"Parallel\",\n      \"Branches\": [\n        {\n          \"StartAt\": \"Scheduling\",\n          \"States\": {\n            \"Scheduling\": {\n              \"Type\": \"Task\",\n              \"Resource\": \"arn:aws:states:::lambda:invoke\",\n              \"OutputPath\": \"$.Payload\",\n              \"Parameters\": {\n                \"FunctionName\": \"arn:aws:lambda:us-east-1:847258583865:function:aue1d1z1lmboidhoidhbrtest-alayasyncschedule\",\n                \"Payload.$\": \"$\"\n              },\n              \"Next\": \"Process data\"\n            },\n            \"Process data\": {\n              \"Type\": \"Map\",\n              \"ToleratedFailurePercentage\": 100,\n              \"MaxConcurrency\": 18,\n              \"ItemProcessor\": {\n                \"ProcessorConfig\": {\n                  \"Mode\": \"DISTRIBUTED\",\n                  \"ExecutionType\": \"STANDARD\"\n                },\n                \"StartAt\": \"Main_Block\",\n                \"States\": {\n                  \"Main_Block\": {\n                    \"Type\": \"Parallel\",\n                    \"Branches\": [\n                      {\n                        \"StartAt\": \"Start_Sending_to_Alaya\",\n                        \"States\": {\n                          \"Start_Sending_to_Alaya\": {\n                            \"Type\": \"Task\",\n                            \"Resource\": \"arn:aws:lambda:us-east-1:847258583865:function:aue1d1z1lmboidhoidhbrtest-alayasyncecsstart\",\n                            \"ResultPath\": \"$.run_async_id\",\n                            \"Next\": \"Wait_Send\"\n                          },\n                          \"Wait_Send\": {\n                            \"Type\": \"Wait\",\n                            \"Seconds\": 5,\n                            \"Next\": \"Send_status\"\n                          },\n                          \"Send_status\": {\n                            \"Type\": \"Task\",\n                            \"Resource\": \"arn:aws:lambda:us-east-1:847258583865:function:aue1d1z1lmboidhoidhbrtest-alayasyncecsstatus\",\n                            \"ResultPath\": \"$.run_async_status\",\n                            \"Next\": \"Choice_status\"\n                          },\n                          \"Choice_status\": {\n                            \"Type\": \"Choice\",\n                            \"Choices\": [\n                              {\n                                \"Variable\": \"$.run_async_status.status\",\n                                \"StringEquals\": \"STOPPED\",\n                                \"Next\": \"SuccessBranch\"\n                              },\n                              {\n                                \"Variable\": \"$.run_async_status.status\",\n                                \"StringEquals\": \"FAILED\",\n                                \"Next\": \"FailBranch\"\n                              },\n                              {\n                                \"Variable\": \"$.run_async_status.status\",\n                                \"StringEquals\": \"TIMEOUT\",\n                                \"Next\": \"FailBranch\"\n                              }\n                            ],\n                            \"Default\": \"Wait_Send\"\n                          },\n                          \"SuccessBranch\": {\n                            \"Type\": \"Pass\",\n                            \"End\": true\n                          },\n                          \"FailBranch\": {\n                            \"Type\": \"Fail\",\n                            \"Cause\": \"Wrong_status_for_ECS_task\",\n                            \"Error\": \"ECS_Task_Failed\"\n                          }\n                        }\n                      }\n                    ],\n                    \"Catch\": [\n                      {\n                        \"ErrorEquals\": [\n                          \"States.ALL\"\n                        ],\n                        \"ResultPath\": \"$.error_info\",\n                        \"Next\": \"MapEndFail\"\n                      }\n                    ],\n                    \"Next\": \"MapEndSuccess\"\n                  },\n                  \"MapEndSuccess\": {\n                    \"Type\": \"Pass\",\n                    \"End\": true\n                  },\n                  \"MapEndFail\": {\n                    \"Type\": \"Fail\",\n                    \"ErrorPath\": \"$.error_info.Error\",\n                    \"CausePath\": \"States.Format('Map Error {}', $.error_info.Cause)\"\n                  }\n                }\n              },\n              \"Label\": \"Processdata\",\n              \"Next\": \"Gathering results\",\n              \"ResultWriter\": {\n                \"Resource\": \"arn:aws:states:::s3:putObject\",\n                \"Parameters\": {\n                  \"Bucket\": \"aue1d1z1s3boidhoidhbrtest-datastorage\",\n                  \"Prefix\": \"consume_data/resultData/\"\n                }\n              },\n              \"ItemSelector\": {\n                \"index.$\": \"$$.Map.Item.Index\",\n                \"value.$\": \"$$.Map.Item.Value\"\n              },\n              \"ItemReader\": {\n                \"Resource\": \"arn:aws:states:::s3:getObject\",\n                \"ReaderConfig\": {\n                  \"InputType\": \"JSON\"\n                },\n                \"Parameters\": {\n                  \"Bucket.$\": \"$.payload_bucket\",\n                  \"Key.$\": \"$.payload_key\"\n                }\n              }\n            },\n            \"Gathering results\": {\n              \"Type\": \"Task\",\n              \"Resource\": \"arn:aws:states:::lambda:invoke\",\n              \"OutputPath\": \"$.Payload\",\n              \"Parameters\": {\n                \"FunctionName\": \"arn:aws:lambda:us-east-1:847258583865:function:aue1d1z1lmboidhoidhbrtest-alayasyncreduce\",\n                \"Payload.$\": \"$\"\n              },\n              \"End\": true\n            }\n          }\n        }\n      ],\n      \"ResultPath\": \"$.Payload\",\n      \"Catch\": [\n        {\n          \"ErrorEquals\": [\n            \"States.ALL\"\n          ],\n          \"ResultPath\": \"$.Payload\",\n          \"Next\": \"WorkflowEndFail\"\n        }\n      ],\n      \"Next\": \"WorkflowEnd\"\n    },\n    \"WorkflowEnd\": {\n      \"Type\": \"Pass\",\n      \"End\": true\n    },\n    \"WorkflowEndFail\": {\n      \"Type\": \"Fail\",\n      \"Error\": \"Step Functions Execution Error\"\n    }\n  }\n}",
            "template": "{\n  \"Comment\": \"Using Map state in Distributed mode\",\n  \"StartAt\": \"Parallel_Task\",\n  \"States\": {\n    \"Parallel_Task\": {\n      \"Type\": \"Parallel\",\n      \"Branches\": [\n        {\n          \"StartAt\": \"Scheduling\",\n          \"States\": {\n            \"Scheduling\": {\n              \"Type\": \"Task\",\n              \"Resource\": \"arn:aws:states:::lambda:invoke\",\n              \"OutputPath\": \"$.Payload\",\n              \"Parameters\": {\n                \"FunctionName\": \"${schedule_lambda}\",\n                \"Payload.$\": \"$\"\n              },\n              \"Next\": \"Process data\"\n            },\n            \"Process data\": {\n              \"Type\": \"Map\",\n              \"ToleratedFailurePercentage\": 100,\n              \"MaxConcurrency\": ${concurrent_tasks},\n              \"ItemProcessor\": {\n                \"ProcessorConfig\": {\n                  \"Mode\": \"DISTRIBUTED\",\n                  \"ExecutionType\": \"STANDARD\"\n                },\n                \"StartAt\": \"Main_Block\",\n                \"States\": {\n                  \"Main_Block\": {\n                    \"Type\": \"Parallel\",\n                    \"Branches\": [\n                      {\n                        \"StartAt\": \"Start_Sending_to_Alaya\",\n                        \"States\": {\n                          \"Start_Sending_to_Alaya\": {\n                            \"Type\": \"Task\",\n                            \"Resource\": \"${ecs_start}\",\n                            \"ResultPath\": \"$.run_async_id\",\n                            \"Next\": \"Wait_Send\"\n                          },\n                          \"Wait_Send\": {\n                            \"Type\": \"Wait\",\n                            \"Seconds\": 5,\n                            \"Next\": \"Send_status\"\n                          },\n                          \"Send_status\": {\n                            \"Type\": \"Task\",\n                            \"Resource\": \"${ecs_status}\",\n                            \"ResultPath\": \"$.run_async_status\",\n                            \"Next\": \"Choice_status\"\n                          },\n                          \"Choice_status\": {\n                            \"Type\": \"Choice\",\n                            \"Choices\": [\n                              {\n                                \"Variable\": \"$.run_async_status.status\",\n                                \"StringEquals\": \"STOPPED\",\n                                \"Next\": \"SuccessBranch\"\n                              },\n                              {\n                                \"Variable\": \"$.run_async_status.status\",\n                                \"StringEquals\": \"FAILED\",\n                                \"Next\": \"FailBranch\"\n                              },\n                              {\n                                \"Variable\": \"$.run_async_status.status\",\n                                \"StringEquals\": \"TIMEOUT\",\n                                \"Next\": \"FailBranch\"\n                              }\n                            ],\n                            \"Default\": \"Wait_Send\"\n                          },\n                          \"SuccessBranch\": {\n                            \"Type\": \"Pass\",\n                            \"End\": true\n                          },\n                          \"FailBranch\": {\n                            \"Type\": \"Fail\",\n                            \"Cause\": \"Wrong_status_for_ECS_task\",\n                            \"Error\": \"ECS_Task_Failed\"\n                          }\n                        }\n                      }\n                    ],\n                    \"Catch\": [\n                      {\n                        \"ErrorEquals\": [\n                          \"States.ALL\"\n                        ],\n                        \"ResultPath\": \"$.error_info\",\n                        \"Next\": \"MapEndFail\"\n                      }\n                    ],\n                    \"Next\": \"MapEndSuccess\"\n                  },\n                  \"MapEndSuccess\": {\n                    \"Type\": \"Pass\",\n                    \"End\": true\n                  },\n                  \"MapEndFail\": {\n                    \"Type\": \"Fail\",\n                    \"ErrorPath\": \"$.error_info.Error\",\n                    \"CausePath\": \"States.Format('Map Error {}', $.error_info.Cause)\"\n                  }\n                }\n              },\n              \"Label\": \"Processdata\",\n              \"Next\": \"Gathering results\",\n              \"ResultWriter\": {\n                \"Resource\": \"arn:aws:states:::s3:putObject\",\n                \"Parameters\": {\n                  \"Bucket\": \"${bucket_id}\",\n                  \"Prefix\": \"consume_data/resultData/\"\n                }\n              },\n              \"ItemSelector\": {\n                \"index.$\": \"$$.Map.Item.Index\",\n                \"value.$\": \"$$.Map.Item.Value\"\n              },\n              \"ItemReader\": {\n                \"Resource\": \"arn:aws:states:::s3:getObject\",\n                \"ReaderConfig\": {\n                  \"InputType\": \"JSON\"\n                },\n                \"Parameters\": {\n                  \"Bucket.$\": \"$.payload_bucket\",\n                  \"Key.$\": \"$.payload_key\"\n                }\n              }\n            },\n            \"Gathering results\": {\n              \"Type\": \"Task\",\n              \"Resource\": \"arn:aws:states:::lambda:invoke\",\n              \"OutputPath\": \"$.Payload\",\n              \"Parameters\": {\n                \"FunctionName\": \"${reduce_lambda}\",\n                \"Payload.$\": \"$\"\n              },\n              \"End\": true\n            }\n          }\n        }\n      ],\n      \"ResultPath\": \"$.Payload\",\n      \"Catch\": [\n        {\n          \"ErrorEquals\": [\n            \"States.ALL\"\n          ],\n          \"ResultPath\": \"$.Payload\",\n          \"Next\": \"WorkflowEndFail\"\n        }\n      ],\n      \"Next\": \"WorkflowEnd\"\n    },\n    \"WorkflowEnd\": {\n      \"Type\": \"Pass\",\n      \"End\": true\n    },\n    \"WorkflowEndFail\": {\n      \"Type\": \"Fail\",\n      \"Error\": \"Step Functions Execution Error\"\n    }\n  }\n}",
            "vars": {
              "alayasyncdb": "default",
              "alayasyncdb_path": "",
              "artifacts_bucket_arn": "arn:aws:s3:::aue1d1z1s3boidhoidhbrtest-artifacts",
              "artifacts_bucket_id": "aue1d1z1s3boidhoidhbrtest-artifacts",
              "athena_bucket_id": "aue1d1z1s3boidhoidhbrtest-athena",
              "bucket_arn": "arn:aws:s3:::aue1d1z1s3boidhoidhbrtest-datastorage",
              "bucket_id": "aue1d1z1s3boidhoidhbrtest-datastorage",
              "concurrent_tasks": "18",
              "data_key_arn": "arn:aws:kms:us-east-1:847258583865:key/9b2578ee-e83a-4b9c-9600-dfc8a9a19aca",
              "data_key_id": "9b2578ee-e83a-4b9c-9600-dfc8a9a19aca",
              "ecs_cluster": "ecs_cluster",
              "ecs_start": "arn:aws:lambda:us-east-1:847258583865:function:aue1d1z1lmboidhoidhbrtest-alayasyncecsstart",
              "ecs_status": "arn:aws:lambda:us-east-1:847258583865:function:aue1d1z1lmboidhoidhbrtest-alayasyncecsstatus",
              "ecs_subnets": "subnet-0112c4c44ce9649c2",
              "payload_trigger_key": "gethubid",
              "reduce_lambda": "arn:aws:lambda:us-east-1:847258583865:function:aue1d1z1lmboidhoidhbrtest-alayasyncreduce",
              "schedule_lambda": "arn:aws:lambda:us-east-1:847258583865:function:aue1d1z1lmboidhoidhbrtest-alayasyncschedule",
              "task_definition": "ecs_task"
            }
          },
          "sensitive_attributes": []
        }
      ]
    },
    {
      "module": "module.alayasync.module.step_functions.module.alaya_sync_sfn",
      "mode": "managed",
      "type": "aws_iam_policy",
      "name": "policy",
      "provider": "provider[\"registry.terraform.io/hashicorp/aws\"]",
      "instances": [
        {
          "schema_version": 0,
          "attributes": {
            "arn": "arn:aws:iam::847258583865:policy/aue1d1z1iploidhoidhbrtest-alayasync",
            "description": "",
            "id": "arn:aws:iam::847258583865:policy/aue1d1z1iploidhoidhbrtest-alayasync",
            "name": "aue1d1z1iploidhoidhbrtest-alayasync",
            "name_prefix": "",
            "path": "/",
            "policy": "{\"Statement\":[{\"Action\":[\"lambda:InvokeFunction\"],\"Effect\":\"Allow\",\"Resource\":[\"arn:aws:lambda:us-east-1:847258583865:function:aue1d1z1lmboidhoidhbrtest-alayasyncschedule\",\"arn:aws:lambda:us-east-1:847258583865:function:aue1d1z1lmboidhoidhbrtest-alayasyncreduce\",\"arn:aws:lambda:us-east-1:847258583865:function:aue1d1z1lmboidhoidhbrtest-alayasyncecsstart\",\"arn:aws:lambda:us-east-1:847258583865:function:aue1d1z1lmboidhoidhbrtest-alayasyncecsstatus\"]},{\"Action\":[\"s3:GetObject\",\"s3:GetBucketAcl\",\"s3:ListBucket\",\"s3:PutObject\",\"s3:PutObjectAcl\",\"s3:DeleteObject\"],\"Effect\":\"Allow\",\"Resource\":[\"arn:aws:s3:::aue1d1z1s3boidhoidhbrtest-artifacts/consume_data/resultData\",\"arn:aws:s3:::aue1d1z1s3boidhoidhbrtest-artifacts/consume_data/resultData/*\"]},{\"Action\":[\"states:StartExecution\"],\"Effect\":\"Allow\",\"Resource\":[\"arn:aws:states:us-east-1:847258583865:stateMachine:aue1d1z1stmoidhoidhbrtest-alayasync\"]},{\"Action\":[\"kms:DescribeKey\",\"kms:Encrypt\",\"kms:Decrypt\",\"kms:ReEncrypt*\",\"kms:GenerateDataKey*\",\"kms:CreateGrant\"],\"Effect\":\"Allow\",\"Resource\":[\"arn:aws:kms:us-east-1:847258583865:key/9b2578ee-e83a-4b9c-9600-dfc8a9a19aca\"]}],\"Version\":\"2012-10-17\"}",
            "policy_id": "ANPA4KREMAM46RP7XW5WF",
            "tags": {
              "Name": "aue1d1z1iploidhoidhbrtest-alayasync",
              "app": "oidh",
              "creation_app": "terraform",
              "env": "d1",
              "ledger": "oidh",
              "purpose": "oidhbrtest-alayasync",
              "site": "aue1",
              "tier": "oidh",
              "zone": "z1"
            },
            "tags_all": {
              "Name": "aue1d1z1iploidhoidhbrtest-alayasync",
              "app": "oidh",
              "creation_app": "terraform",
              "env": "d1",
              "ledger": "oidh",
              "purpose": "oidhbrtest-alayasync",
              "site": "aue1",
              "tier": "oidh",
              "zone": "z1"
            }
          },
          "sensitive_attributes": [],
          "private": "bnVsbA==",
          "dependencies": [
            "data.aws_caller_identity.current",
            "module.alayasync.module.lambdas.data.aws_region.current",
            "module.alayasync.module.lambdas.module.lambda_alaya_sync_ecs_start.aws_iam_role.lambda",
            "module.alayasync.module.lambdas.module.lambda_alaya_sync_ecs_start.aws_lambda_function.executor",
            "module.alayasync.module.lambdas.module.lambda_alaya_sync_ecs_start.data.archive_file.source_code",
            "module.alayasync.module.lambdas.module.lambda_alaya_sync_ecs_start.data.aws_iam_policy_document.assume",
            "module.alayasync.module.lambdas.module.lambda_alaya_sync_ecs_status.aws_iam_role.lambda",
            "module.alayasync.module.lambdas.module.lambda_alaya_sync_ecs_status.aws_lambda_function.executor",
            "module.alayasync.module.lambdas.module.lambda_alaya_sync_ecs_status.data.archive_file.source_code",
            "module.alayasync.module.lambdas.module.lambda_alaya_sync_ecs_status.data.aws_iam_policy_document.assume",
            "module.alayasync.module.lambdas.module.lambda_alaya_sync_reduce.aws_iam_role.lambda",
            "module.alayasync.module.lambdas.module.lambda_alaya_sync_reduce.aws_lambda_function.executor",
            "module.alayasync.module.lambdas.module.lambda_alaya_sync_reduce.data.archive_file.source_code",
            "module.alayasync.module.lambdas.module.lambda_alaya_sync_reduce.data.aws_iam_policy_document.assume",
            "module.alayasync.module.lambdas.module.lambda_alaya_sync_scheduling.aws_iam_role.lambda",
            "module.alayasync.module.lambdas.module.lambda_alaya_sync_scheduling.aws_lambda_function.executor",
            "module.alayasync.module.lambdas.module.lambda_alaya_sync_scheduling.data.archive_file.source_code",
            "module.alayasync.module.lambdas.module.lambda_alaya_sync_scheduling.data.aws_iam_policy_document.assume",
            "module.alayasync.module.lambdas.module.lambda_get_hubids.aws_iam_role.lambda",
            "module.alayasync.module.lambdas.module.lambda_get_hubids.aws_lambda_function.executor",
            "module.alayasync.module.lambdas.module.lambda_get_hubids.data.archive_file.source_code",
            "module.alayasync.module.lambdas.module.lambda_get_hubids.data.aws_iam_policy_document.assume",
            "module.alayasync.module.step_functions.module.alaya_sync_sfn.data.aws_caller_identity.current",
            "module.alayasync.module.step_functions.module.alaya_sync_sfn.data.aws_region.current",
            "module.alayasync.module.step_functions.module.alaya_sync_sfn.data.template_file.policy",
            "module.athena.module.athena_bucket.aws_s3_bucket.main",
            "module.data_key.aws_kms_key.kms_key",
            "module.data_key.data.aws_iam_policy_document.key_policy",
            "module.s3_artifacts_bucket.aws_s3_bucket.s3_bucket",
            "module.s3_data_bucket.aws_s3_bucket.s3_bucket"
          ]
        }
      ]
    },
    {
      "module": "module.alayasync.module.step_functions.module.alaya_sync_sfn",
      "mode": "managed",
      "type": "aws_iam_role",
      "name": "sfn",
      "provider": "provider[\"registry.terraform.io/hashicorp/aws\"]",
      "instances": [
        {
          "schema_version": 0,
          "attributes": {
            "arn": "arn:aws:iam::847258583865:role/aue1d1z1irooidhoidhbrtest-alayasync",
            "assume_role_policy": "{\"Statement\":[{\"Action\":\"sts:AssumeRole\",\"Condition\":{\"StringEquals\":{\"aws:SourceAccount\":\"847258583865\"}},\"Effect\":\"Allow\",\"Principal\":{\"Service\":\"states.amazonaws.com\"}}],\"Version\":\"2012-10-17\"}",
            "create_date": "2023-10-11T21:39:29Z",
            "description": "",
            "force_detach_policies": false,
            "id": "aue1d1z1irooidhoidhbrtest-alayasync",
            "inline_policy": [],
            "managed_policy_arns": [
              "arn:aws:iam::847258583865:policy/aue1d1z1iploidhoidhbrtest-alayasync",
              "arn:aws:iam::aws:policy/AmazonS3FullAccess"
            ],
            "max_session_duration": 3600,
            "name": "aue1d1z1irooidhoidhbrtest-alayasync",
            "name_prefix": "",
            "path": "/",
            "permissions_boundary": null,
            "tags": {
              "Name": "aue1d1z1irooidhoidhbrtest-alayasync",
              "app": "oidh",
              "creation_app": "terraform",
              "env": "d1",
              "ledger": "oidh",
              "purpose": "oidhbrtest-alayasync",
              "site": "aue1",
              "tier": "oidh",
              "zone": "z1"
            },
            "tags_all": {
              "Name": "aue1d1z1irooidhoidhbrtest-alayasync",
              "app": "oidh",
              "creation_app": "terraform",
              "env": "d1",
              "ledger": "oidh",
              "purpose": "oidhbrtest-alayasync",
              "site": "aue1",
              "tier": "oidh",
              "zone": "z1"
            },
            "unique_id": "AROA4KREMAM45LOKJXPOT"
          },
          "sensitive_attributes": [],
          "private": "bnVsbA==",
          "dependencies": [
            "module.alayasync.module.step_functions.module.alaya_sync_sfn.data.aws_caller_identity.current",
            "module.alayasync.module.step_functions.module.alaya_sync_sfn.data.aws_iam_policy_document.assume"
          ]
        }
      ]
    },
    {
      "module": "module.alayasync.module.step_functions.module.alaya_sync_sfn",
      "mode": "managed",
      "type": "aws_iam_role_policy_attachment",
      "name": "sfn",
      "provider": "provider[\"registry.terraform.io/hashicorp/aws\"]",
      "instances": [
        {
          "schema_version": 0,
          "attributes": {
            "id": "aue1d1z1irooidhoidhbrtest-alayasync-20231011214159054000000007",
            "policy_arn": "arn:aws:iam::847258583865:policy/aue1d1z1iploidhoidhbrtest-alayasync",
            "role": "aue1d1z1irooidhoidhbrtest-alayasync"
          },
          "sensitive_attributes": [],
          "private": "bnVsbA==",
          "dependencies": [
            "data.aws_caller_identity.current",
            "module.alayasync.module.lambdas.data.aws_region.current",
            "module.alayasync.module.lambdas.module.lambda_alaya_sync_ecs_start.aws_iam_role.lambda",
            "module.alayasync.module.lambdas.module.lambda_alaya_sync_ecs_start.aws_lambda_function.executor",
            "module.alayasync.module.lambdas.module.lambda_alaya_sync_ecs_start.data.archive_file.source_code",
            "module.alayasync.module.lambdas.module.lambda_alaya_sync_ecs_start.data.aws_iam_policy_document.assume",
            "module.alayasync.module.lambdas.module.lambda_alaya_sync_ecs_status.aws_iam_role.lambda",
            "module.alayasync.module.lambdas.module.lambda_alaya_sync_ecs_status.aws_lambda_function.executor",
            "module.alayasync.module.lambdas.module.lambda_alaya_sync_ecs_status.data.archive_file.source_code",
            "module.alayasync.module.lambdas.module.lambda_alaya_sync_ecs_status.data.aws_iam_policy_document.assume",
            "module.alayasync.module.lambdas.module.lambda_alaya_sync_reduce.aws_iam_role.lambda",
            "module.alayasync.module.lambdas.module.lambda_alaya_sync_reduce.aws_lambda_function.executor",
            "module.alayasync.module.lambdas.module.lambda_alaya_sync_reduce.data.archive_file.source_code",
            "module.alayasync.module.lambdas.module.lambda_alaya_sync_reduce.data.aws_iam_policy_document.assume",
            "module.alayasync.module.lambdas.module.lambda_alaya_sync_scheduling.aws_iam_role.lambda",
            "module.alayasync.module.lambdas.module.lambda_alaya_sync_scheduling.aws_lambda_function.executor",
            "module.alayasync.module.lambdas.module.lambda_alaya_sync_scheduling.data.archive_file.source_code",
            "module.alayasync.module.lambdas.module.lambda_alaya_sync_scheduling.data.aws_iam_policy_document.assume",
            "module.alayasync.module.lambdas.module.lambda_get_hubids.aws_iam_role.lambda",
            "module.alayasync.module.lambdas.module.lambda_get_hubids.aws_lambda_function.executor",
            "module.alayasync.module.lambdas.module.lambda_get_hubids.data.archive_file.source_code",
            "module.alayasync.module.lambdas.module.lambda_get_hubids.data.aws_iam_policy_document.assume",
            "module.alayasync.module.step_functions.module.alaya_sync_sfn.aws_iam_policy.policy",
            "module.alayasync.module.step_functions.module.alaya_sync_sfn.aws_iam_role.sfn",
            "module.alayasync.module.step_functions.module.alaya_sync_sfn.data.aws_caller_identity.current",
            "module.alayasync.module.step_functions.module.alaya_sync_sfn.data.aws_iam_policy_document.assume",
            "module.alayasync.module.step_functions.module.alaya_sync_sfn.data.aws_region.current",
            "module.alayasync.module.step_functions.module.alaya_sync_sfn.data.template_file.policy",
            "module.athena.module.athena_bucket.aws_s3_bucket.main",
            "module.data_key.aws_kms_key.kms_key",
            "module.data_key.data.aws_iam_policy_document.key_policy",
            "module.s3_artifacts_bucket.aws_s3_bucket.s3_bucket",
            "module.s3_data_bucket.aws_s3_bucket.s3_bucket"
          ]
        }
      ]
    },
    {
      "module": "module.alayasync.module.step_functions.module.alaya_sync_sfn",
      "mode": "managed",
      "type": "aws_sfn_state_machine",
      "name": "sfn",
      "provider": "provider[\"registry.terraform.io/hashicorp/aws\"]",
      "instances": [
        {
          "schema_version": 0,
          "attributes": {
            "arn": "arn:aws:states:us-east-1:847258583865:stateMachine:aue1d1z1stmoidhoidhbrtest-alayasync",
            "creation_date": "2023-10-11T21:40:25Z",
            "definition": "{\n  \"Comment\": \"Using Map state in Distributed mode\",\n  \"StartAt\": \"Parallel_Task\",\n  \"States\": {\n    \"Parallel_Task\": {\n      \"Type\": \"Parallel\",\n      \"Branches\": [\n        {\n          \"StartAt\": \"Scheduling\",\n          \"States\": {\n            \"Scheduling\": {\n              \"Type\": \"Task\",\n              \"Resource\": \"arn:aws:states:::lambda:invoke\",\n              \"OutputPath\": \"$.Payload\",\n              \"Parameters\": {\n                \"FunctionName\": \"arn:aws:lambda:us-east-1:847258583865:function:aue1d1z1lmboidhoidhbrtest-alayasyncschedule\",\n                \"Payload.$\": \"$\"\n              },\n              \"Next\": \"Process data\"\n            },\n            \"Process data\": {\n              \"Type\": \"Map\",\n              \"ToleratedFailurePercentage\": 100,\n              \"MaxConcurrency\": 18,\n              \"ItemProcessor\": {\n                \"ProcessorConfig\": {\n                  \"Mode\": \"DISTRIBUTED\",\n                  \"ExecutionType\": \"STANDARD\"\n                },\n                \"StartAt\": \"Main_Block\",\n                \"States\": {\n                  \"Main_Block\": {\n                    \"Type\": \"Parallel\",\n                    \"Branches\": [\n                      {\n                        \"StartAt\": \"Start_Sending_to_Alaya\",\n                        \"States\": {\n                          \"Start_Sending_to_Alaya\": {\n                            \"Type\": \"Task\",\n                            \"Resource\": \"arn:aws:lambda:us-east-1:847258583865:function:aue1d1z1lmboidhoidhbrtest-alayasyncecsstart\",\n                            \"ResultPath\": \"$.run_async_id\",\n                            \"Next\": \"Wait_Send\"\n                          },\n                          \"Wait_Send\": {\n                            \"Type\": \"Wait\",\n                            \"Seconds\": 5,\n                            \"Next\": \"Send_status\"\n                          },\n                          \"Send_status\": {\n                            \"Type\": \"Task\",\n                            \"Resource\": \"arn:aws:lambda:us-east-1:847258583865:function:aue1d1z1lmboidhoidhbrtest-alayasyncecsstatus\",\n                            \"ResultPath\": \"$.run_async_status\",\n                            \"Next\": \"Choice_status\"\n                          },\n                          \"Choice_status\": {\n                            \"Type\": \"Choice\",\n                            \"Choices\": [\n                              {\n                                \"Variable\": \"$.run_async_status.status\",\n                                \"StringEquals\": \"STOPPED\",\n                                \"Next\": \"SuccessBranch\"\n                              },\n                              {\n                                \"Variable\": \"$.run_async_status.status\",\n                                \"StringEquals\": \"FAILED\",\n                                \"Next\": \"FailBranch\"\n                              },\n                              {\n                                \"Variable\": \"$.run_async_status.status\",\n                                \"StringEquals\": \"TIMEOUT\",\n                                \"Next\": \"FailBranch\"\n                              }\n                            ],\n                            \"Default\": \"Wait_Send\"\n                          },\n                          \"SuccessBranch\": {\n                            \"Type\": \"Pass\",\n                            \"End\": true\n                          },\n                          \"FailBranch\": {\n                            \"Type\": \"Fail\",\n                            \"Cause\": \"Wrong_status_for_ECS_task\",\n                            \"Error\": \"ECS_Task_Failed\"\n                          }\n                        }\n                      }\n                    ],\n                    \"Catch\": [\n                      {\n                        \"ErrorEquals\": [\n                          \"States.ALL\"\n                        ],\n                        \"ResultPath\": \"$.error_info\",\n                        \"Next\": \"MapEndFail\"\n                      }\n                    ],\n                    \"Next\": \"MapEndSuccess\"\n                  },\n                  \"MapEndSuccess\": {\n                    \"Type\": \"Pass\",\n                    \"End\": true\n                  },\n                  \"MapEndFail\": {\n                    \"Type\": \"Fail\",\n                    \"ErrorPath\": \"$.error_info.Error\",\n                    \"CausePath\": \"States.Format('Map Error {}', $.error_info.Cause)\"\n                  }\n                }\n              },\n              \"Label\": \"Processdata\",\n              \"Next\": \"Gathering results\",\n              \"ResultWriter\": {\n                \"Resource\": \"arn:aws:states:::s3:putObject\",\n                \"Parameters\": {\n                  \"Bucket\": \"aue1d1z1s3boidhoidhbrtest-datastorage\",\n                  \"Prefix\": \"consume_data/resultData/\"\n                }\n              },\n              \"ItemSelector\": {\n                \"index.$\": \"$$.Map.Item.Index\",\n                \"value.$\": \"$$.Map.Item.Value\"\n              },\n              \"ItemReader\": {\n                \"Resource\": \"arn:aws:states:::s3:getObject\",\n                \"ReaderConfig\": {\n                  \"InputType\": \"JSON\"\n                },\n                \"Parameters\": {\n                  \"Bucket.$\": \"$.payload_bucket\",\n                  \"Key.$\": \"$.payload_key\"\n                }\n              }\n            },\n            \"Gathering results\": {\n              \"Type\": \"Task\",\n              \"Resource\": \"arn:aws:states:::lambda:invoke\",\n              \"OutputPath\": \"$.Payload\",\n              \"Parameters\": {\n                \"FunctionName\": \"arn:aws:lambda:us-east-1:847258583865:function:aue1d1z1lmboidhoidhbrtest-alayasyncreduce\",\n                \"Payload.$\": \"$\"\n              },\n              \"End\": true\n            }\n          }\n        }\n      ],\n      \"ResultPath\": \"$.Payload\",\n      \"Catch\": [\n        {\n          \"ErrorEquals\": [\n            \"States.ALL\"\n          ],\n          \"ResultPath\": \"$.Payload\",\n          \"Next\": \"WorkflowEndFail\"\n        }\n      ],\n      \"Next\": \"WorkflowEnd\"\n    },\n    \"WorkflowEnd\": {\n      \"Type\": \"Pass\",\n      \"End\": true\n    },\n    \"WorkflowEndFail\": {\n      \"Type\": \"Fail\",\n      \"Error\": \"Step Functions Execution Error\"\n    }\n  }\n}",
            "description": "",
            "id": "arn:aws:states:us-east-1:847258583865:stateMachine:aue1d1z1stmoidhoidhbrtest-alayasync",
            "logging_configuration": [
              {
                "include_execution_data": false,
                "level": "OFF",
                "log_destination": ""
              }
            ],
            "name": "aue1d1z1stmoidhoidhbrtest-alayasync",
            "name_prefix": "",
            "publish": false,
            "revision_id": "3959f276-1d2c-4a4e-a86e-71942f960bba",
            "role_arn": "arn:aws:iam::847258583865:role/aue1d1z1irooidhoidhbrtest-alayasync",
            "state_machine_version_arn": "",
            "status": "ACTIVE",
            "tags": {
              "Name": "aue1d1z1stmoidhoidhbrtest-alayasync",
              "app": "oidh",
              "creation_app": "terraform",
              "env": "d1",
              "ledger": "oidh",
              "purpose": "oidhbrtest-alayasync",
              "site": "aue1",
              "tier": "oidh",
              "zone": "z1"
            },
            "tags_all": {
              "Name": "aue1d1z1stmoidhoidhbrtest-alayasync",
              "app": "oidh",
              "creation_app": "terraform",
              "env": "d1",
              "ledger": "oidh",
              "purpose": "oidhbrtest-alayasync",
              "site": "aue1",
              "tier": "oidh",
              "zone": "z1"
            },
            "timeouts": null,
            "tracing_configuration": [
              {
                "enabled": false
              }
            ],
            "type": "STANDARD",
            "version_description": null
          },
          "sensitive_attributes": [],
          "private": "eyJlMmJmYjczMC1lY2FhLTExZTYtOGY4OC0zNDM2M2JjN2M0YzAiOnsiY3JlYXRlIjozMDAwMDAwMDAwMDAsImRlbGV0ZSI6MzAwMDAwMDAwMDAwLCJ1cGRhdGUiOjYwMDAwMDAwMDAwfX0=",
          "dependencies": [
            "data.aws_caller_identity.current",
            "module.alayasync.module.lambdas.data.aws_region.current",
            "module.alayasync.module.lambdas.module.lambda_alaya_sync_ecs_start.aws_iam_role.lambda",
            "module.alayasync.module.lambdas.module.lambda_alaya_sync_ecs_start.aws_lambda_function.executor",
            "module.alayasync.module.lambdas.module.lambda_alaya_sync_ecs_start.data.archive_file.source_code",
            "module.alayasync.module.lambdas.module.lambda_alaya_sync_ecs_start.data.aws_iam_policy_document.assume",
            "module.alayasync.module.lambdas.module.lambda_alaya_sync_ecs_status.aws_iam_role.lambda",
            "module.alayasync.module.lambdas.module.lambda_alaya_sync_ecs_status.aws_lambda_function.executor",
            "module.alayasync.module.lambdas.module.lambda_alaya_sync_ecs_status.data.archive_file.source_code",
            "module.alayasync.module.lambdas.module.lambda_alaya_sync_ecs_status.data.aws_iam_policy_document.assume",
            "module.alayasync.module.lambdas.module.lambda_alaya_sync_reduce.aws_iam_role.lambda",
            "module.alayasync.module.lambdas.module.lambda_alaya_sync_reduce.aws_lambda_function.executor",
            "module.alayasync.module.lambdas.module.lambda_alaya_sync_reduce.data.archive_file.source_code",
            "module.alayasync.module.lambdas.module.lambda_alaya_sync_reduce.data.aws_iam_policy_document.assume",
            "module.alayasync.module.lambdas.module.lambda_alaya_sync_scheduling.aws_iam_role.lambda",
            "module.alayasync.module.lambdas.module.lambda_alaya_sync_scheduling.aws_lambda_function.executor",
            "module.alayasync.module.lambdas.module.lambda_alaya_sync_scheduling.data.archive_file.source_code",
            "module.alayasync.module.lambdas.module.lambda_alaya_sync_scheduling.data.aws_iam_policy_document.assume",
            "module.alayasync.module.lambdas.module.lambda_get_hubids.aws_iam_role.lambda",
            "module.alayasync.module.lambdas.module.lambda_get_hubids.aws_lambda_function.executor",
            "module.alayasync.module.lambdas.module.lambda_get_hubids.data.archive_file.source_code",
            "module.alayasync.module.lambdas.module.lambda_get_hubids.data.aws_iam_policy_document.assume",
            "module.alayasync.module.step_functions.module.alaya_sync_sfn.aws_iam_role.sfn",
            "module.alayasync.module.step_functions.module.alaya_sync_sfn.data.aws_caller_identity.current",
            "module.alayasync.module.step_functions.module.alaya_sync_sfn.data.aws_iam_policy_document.assume",
            "module.alayasync.module.step_functions.module.alaya_sync_sfn.data.template_file.sfn_definition",
            "module.athena.module.athena_bucket.aws_s3_bucket.main",
            "module.data_key.aws_kms_key.kms_key",
            "module.data_key.data.aws_iam_policy_document.key_policy",
            "module.s3_artifacts_bucket.aws_s3_bucket.s3_bucket",
            "module.s3_data_bucket.aws_s3_bucket.s3_bucket"
          ]
        }
      ]
    },
    {
      "module": "module.alayasync.module.tables.module.individuals",
      "mode": "managed",
      "type": "aws_glue_catalog_table",
      "name": "table_failed",
      "provider": "provider[\"registry.terraform.io/hashicorp/aws\"]",
      "instances": [
        {
          "schema_version": 0,
          "attributes": {
            "arn": "arn:aws:glue:us-east-1:847258583865:table/default/individuals_failed",
            "catalog_id": "847258583865",
            "database_name": "default",
            "description": "",
            "id": "847258583865:default:individuals_failed",
            "name": "individuals_failed",
            "owner": "",
            "parameters": {
              "EXTERNAL": "TRUE",
              "parquet.compression": "SNAPPY"
            },
            "partition_index": [],
            "partition_keys": [
              {
                "comment": "",
                "name": "dt_utc",
                "type": "string"
              },
              {
                "comment": "",
                "name": "source_file",
                "type": "string"
              }
            ],
            "retention": 0,
            "storage_descriptor": [
              {
                "bucket_columns": [],
                "columns": [
                  {
                    "comment": "",
                    "name": "bdmpindkey",
                    "parameters": {},
                    "type": "string"
                  }
                ],
                "compressed": false,
                "input_format": "org.apache.hadoop.hive.ql.io.parquet.MapredParquetInputFormat",
                "location": "/individuals_failed",
                "number_of_buckets": 0,
                "output_format": "org.apache.hadoop.hive.ql.io.parquet.MapredParquetOutputFormat",
                "parameters": {},
                "schema_reference": [],
                "ser_de_info": [
                  {
                    "name": "base-stream",
                    "parameters": {
                      "serialization.format": "1"
                    },
                    "serialization_library": "org.apache.hadoop.hive.ql.io.parquet.serde.ParquetHiveSerDe"
                  }
                ],
                "skewed_info": [],
                "sort_columns": [],
                "stored_as_sub_directories": false
              }
            ],
            "table_type": "EXTERNAL_TABLE",
            "target_table": [],
            "view_expanded_text": "",
            "view_original_text": ""
          },
          "sensitive_attributes": [],
          "private": "bnVsbA==",
          "dependencies": [
            "data.aws_caller_identity.current",
            "module.athena.module.athena_bucket.aws_s3_bucket.main",
            "module.data_key.aws_kms_key.kms_key",
            "module.data_key.data.aws_iam_policy_document.key_policy",
            "module.s3_artifacts_bucket.aws_s3_bucket.s3_bucket",
            "module.s3_data_bucket.aws_s3_bucket.s3_bucket"
          ]
        }
      ]
    },
    {
      "module": "module.alayasync.module.tables.module.individuals",
      "mode": "managed",
      "type": "aws_glue_catalog_table",
      "name": "table_results",
      "provider": "provider[\"registry.terraform.io/hashicorp/aws\"]",
      "instances": [
        {
          "schema_version": 0,
          "attributes": {
            "arn": "arn:aws:glue:us-east-1:847258583865:table/default/individuals_results",
            "catalog_id": "847258583865",
            "database_name": "default",
            "description": "",
            "id": "847258583865:default:individuals_results",
            "name": "individuals_results",
            "owner": "",
            "parameters": {
              "EXTERNAL": "TRUE",
              "parquet.compression": "SNAPPY"
            },
            "partition_index": [],
            "partition_keys": [],
            "retention": 0,
            "storage_descriptor": [
              {
                "bucket_columns": [],
                "columns": [
                  {
                    "comment": "",
                    "name": "id",
                    "parameters": {},
                    "type": "string"
                  },
                  {
                    "comment": "",
                    "name": "task_id",
                    "parameters": {},
                    "type": "string"
                  },
                  {
                    "comment": "",
                    "name": "succeeded",
                    "parameters": {},
                    "type": "bigint"
                  },
                  {
                    "comment": "",
                    "name": "failed",
                    "parameters": {},
                    "type": "bigint"
                  }
                ],
                "compressed": false,
                "input_format": "org.apache.hadoop.hive.ql.io.parquet.MapredParquetInputFormat",
                "location": "/individuals_results",
                "number_of_buckets": 0,
                "output_format": "org.apache.hadoop.hive.ql.io.parquet.MapredParquetOutputFormat",
                "parameters": {},
                "schema_reference": [],
                "ser_de_info": [
                  {
                    "name": "base-stream",
                    "parameters": {
                      "serialization.format": "1"
                    },
                    "serialization_library": "org.apache.hadoop.hive.ql.io.parquet.serde.ParquetHiveSerDe"
                  }
                ],
                "skewed_info": [],
                "sort_columns": [],
                "stored_as_sub_directories": false
              }
            ],
            "table_type": "EXTERNAL_TABLE",
            "target_table": [],
            "view_expanded_text": "",
            "view_original_text": ""
          },
          "sensitive_attributes": [],
          "private": "bnVsbA==",
          "dependencies": [
            "data.aws_caller_identity.current",
            "module.athena.module.athena_bucket.aws_s3_bucket.main",
            "module.data_key.aws_kms_key.kms_key",
            "module.data_key.data.aws_iam_policy_document.key_policy",
            "module.s3_artifacts_bucket.aws_s3_bucket.s3_bucket",
            "module.s3_data_bucket.aws_s3_bucket.s3_bucket"
          ]
        }
      ]
    },
    {
      "module": "module.alayasync.module.tables.module.individuals",
      "mode": "managed",
      "type": "aws_glue_catalog_table",
      "name": "table_succeeded",
      "provider": "provider[\"registry.terraform.io/hashicorp/aws\"]",
      "instances": [
        {
          "schema_version": 0,
          "attributes": {
            "arn": "arn:aws:glue:us-east-1:847258583865:table/default/individuals_succeeded",
            "catalog_id": "847258583865",
            "database_name": "default",
            "description": "",
            "id": "847258583865:default:individuals_succeeded",
            "name": "individuals_succeeded",
            "owner": "",
            "parameters": {
              "EXTERNAL": "TRUE",
              "parquet.compression": "SNAPPY"
            },
            "partition_index": [],
            "partition_keys": [
              {
                "comment": "",
                "name": "dt_utc",
                "type": "string"
              },
              {
                "comment": "",
                "name": "source_file",
                "type": "string"
              }
            ],
            "retention": 0,
            "storage_descriptor": [
              {
                "bucket_columns": [],
                "columns": [
                  {
                    "comment": "",
                    "name": "bdmpindkey",
                    "parameters": {},
                    "type": "string"
                  }
                ],
                "compressed": false,
                "input_format": "org.apache.hadoop.hive.ql.io.parquet.MapredParquetInputFormat",
                "location": "/individuals_succeeded",
                "number_of_buckets": 0,
                "output_format": "org.apache.hadoop.hive.ql.io.parquet.MapredParquetOutputFormat",
                "parameters": {},
                "schema_reference": [],
                "ser_de_info": [
                  {
                    "name": "base-stream",
                    "parameters": {
                      "serialization.format": "1"
                    },
                    "serialization_library": "org.apache.hadoop.hive.ql.io.parquet.serde.ParquetHiveSerDe"
                  }
                ],
                "skewed_info": [],
                "sort_columns": [],
                "stored_as_sub_directories": false
              }
            ],
            "table_type": "EXTERNAL_TABLE",
            "target_table": [],
            "view_expanded_text": "",
            "view_original_text": ""
          },
          "sensitive_attributes": [],
          "private": "bnVsbA==",
          "dependencies": [
            "data.aws_caller_identity.current",
            "module.athena.module.athena_bucket.aws_s3_bucket.main",
            "module.data_key.aws_kms_key.kms_key",
            "module.data_key.data.aws_iam_policy_document.key_policy",
            "module.s3_artifacts_bucket.aws_s3_bucket.s3_bucket",
            "module.s3_data_bucket.aws_s3_bucket.s3_bucket"
          ]
        }
      ]
    },
    {
      "module": "module.alayasync.module.tables.module.organizations",
      "mode": "managed",
      "type": "aws_glue_catalog_table",
      "name": "table_failed",
      "provider": "provider[\"registry.terraform.io/hashicorp/aws\"]",
      "instances": [
        {
          "schema_version": 0,
          "attributes": {
            "arn": "arn:aws:glue:us-east-1:847258583865:table/default/organizations_failed",
            "catalog_id": "847258583865",
            "database_name": "default",
            "description": "",
            "id": "847258583865:default:organizations_failed",
            "name": "organizations_failed",
            "owner": "",
            "parameters": {
              "EXTERNAL": "TRUE",
              "parquet.compression": "SNAPPY"
            },
            "partition_index": [],
            "partition_keys": [
              {
                "comment": "",
                "name": "dt_utc",
                "type": "string"
              },
              {
                "comment": "",
                "name": "source_file",
                "type": "string"
              }
            ],
            "retention": 0,
            "storage_descriptor": [
              {
                "bucket_columns": [],
                "columns": [
                  {
                    "comment": "",
                    "name": "bdmporgkey",
                    "parameters": {},
                    "type": "string"
                  }
                ],
                "compressed": false,
                "input_format": "org.apache.hadoop.hive.ql.io.parquet.MapredParquetInputFormat",
                "location": "/organizations_failed",
                "number_of_buckets": 0,
                "output_format": "org.apache.hadoop.hive.ql.io.parquet.MapredParquetOutputFormat",
                "parameters": {},
                "schema_reference": [],
                "ser_de_info": [
                  {
                    "name": "base-stream",
                    "parameters": {
                      "serialization.format": "1"
                    },
                    "serialization_library": "org.apache.hadoop.hive.ql.io.parquet.serde.ParquetHiveSerDe"
                  }
                ],
                "skewed_info": [],
                "sort_columns": [],
                "stored_as_sub_directories": false
              }
            ],
            "table_type": "EXTERNAL_TABLE",
            "target_table": [],
            "view_expanded_text": "",
            "view_original_text": ""
          },
          "sensitive_attributes": [],
          "private": "bnVsbA==",
          "dependencies": [
            "data.aws_caller_identity.current",
            "module.athena.module.athena_bucket.aws_s3_bucket.main",
            "module.data_key.aws_kms_key.kms_key",
            "module.data_key.data.aws_iam_policy_document.key_policy",
            "module.s3_artifacts_bucket.aws_s3_bucket.s3_bucket",
            "module.s3_data_bucket.aws_s3_bucket.s3_bucket"
          ]
        }
      ]
    },
    {
      "module": "module.alayasync.module.tables.module.organizations",
      "mode": "managed",
      "type": "aws_glue_catalog_table",
      "name": "table_results",
      "provider": "provider[\"registry.terraform.io/hashicorp/aws\"]",
      "instances": [
        {
          "schema_version": 0,
          "attributes": {
            "arn": "arn:aws:glue:us-east-1:847258583865:table/default/organizations_results",
            "catalog_id": "847258583865",
            "database_name": "default",
            "description": "",
            "id": "847258583865:default:organizations_results",
            "name": "organizations_results",
            "owner": "",
            "parameters": {
              "EXTERNAL": "TRUE",
              "parquet.compression": "SNAPPY"
            },
            "partition_index": [],
            "partition_keys": [],
            "retention": 0,
            "storage_descriptor": [
              {
                "bucket_columns": [],
                "columns": [
                  {
                    "comment": "",
                    "name": "id",
                    "parameters": {},
                    "type": "string"
                  },
                  {
                    "comment": "",
                    "name": "task_id",
                    "parameters": {},
                    "type": "string"
                  },
                  {
                    "comment": "",
                    "name": "succeeded",
                    "parameters": {},
                    "type": "bigint"
                  },
                  {
                    "comment": "",
                    "name": "failed",
                    "parameters": {},
                    "type": "bigint"
                  }
                ],
                "compressed": false,
                "input_format": "org.apache.hadoop.hive.ql.io.parquet.MapredParquetInputFormat",
                "location": "/organizations_results",
                "number_of_buckets": 0,
                "output_format": "org.apache.hadoop.hive.ql.io.parquet.MapredParquetOutputFormat",
                "parameters": {},
                "schema_reference": [],
                "ser_de_info": [
                  {
                    "name": "base-stream",
                    "parameters": {
                      "serialization.format": "1"
                    },
                    "serialization_library": "org.apache.hadoop.hive.ql.io.parquet.serde.ParquetHiveSerDe"
                  }
                ],
                "skewed_info": [],
                "sort_columns": [],
                "stored_as_sub_directories": false
              }
            ],
            "table_type": "EXTERNAL_TABLE",
            "target_table": [],
            "view_expanded_text": "",
            "view_original_text": ""
          },
          "sensitive_attributes": [],
          "private": "bnVsbA==",
          "dependencies": [
            "data.aws_caller_identity.current",
            "module.athena.module.athena_bucket.aws_s3_bucket.main",
            "module.data_key.aws_kms_key.kms_key",
            "module.data_key.data.aws_iam_policy_document.key_policy",
            "module.s3_artifacts_bucket.aws_s3_bucket.s3_bucket",
            "module.s3_data_bucket.aws_s3_bucket.s3_bucket"
          ]
        }
      ]
    },
    {
      "module": "module.alayasync.module.tables.module.organizations",
      "mode": "managed",
      "type": "aws_glue_catalog_table",
      "name": "table_succeeded",
      "provider": "provider[\"registry.terraform.io/hashicorp/aws\"]",
      "instances": [
        {
          "schema_version": 0,
          "attributes": {
            "arn": "arn:aws:glue:us-east-1:847258583865:table/default/organizations_succeeded",
            "catalog_id": "847258583865",
            "database_name": "default",
            "description": "",
            "id": "847258583865:default:organizations_succeeded",
            "name": "organizations_succeeded",
            "owner": "",
            "parameters": {
              "EXTERNAL": "TRUE",
              "parquet.compression": "SNAPPY"
            },
            "partition_index": [],
            "partition_keys": [
              {
                "comment": "",
                "name": "dt_utc",
                "type": "string"
              },
              {
                "comment": "",
                "name": "source_file",
                "type": "string"
              }
            ],
            "retention": 0,
            "storage_descriptor": [
              {
                "bucket_columns": [],
                "columns": [
                  {
                    "comment": "",
                    "name": "bdmporgkey",
                    "parameters": {},
                    "type": "string"
                  }
                ],
                "compressed": false,
                "input_format": "org.apache.hadoop.hive.ql.io.parquet.MapredParquetInputFormat",
                "location": "/organizations_succeeded",
                "number_of_buckets": 0,
                "output_format": "org.apache.hadoop.hive.ql.io.parquet.MapredParquetOutputFormat",
                "parameters": {},
                "schema_reference": [],
                "ser_de_info": [
                  {
                    "name": "base-stream",
                    "parameters": {
                      "serialization.format": "1"
                    },
                    "serialization_library": "org.apache.hadoop.hive.ql.io.parquet.serde.ParquetHiveSerDe"
                  }
                ],
                "skewed_info": [],
                "sort_columns": [],
                "stored_as_sub_directories": false
              }
            ],
            "table_type": "EXTERNAL_TABLE",
            "target_table": [],
            "view_expanded_text": "",
            "view_original_text": ""
          },
          "sensitive_attributes": [],
          "private": "bnVsbA==",
          "dependencies": [
            "data.aws_caller_identity.current",
            "module.athena.module.athena_bucket.aws_s3_bucket.main",
            "module.data_key.aws_kms_key.kms_key",
            "module.data_key.data.aws_iam_policy_document.key_policy",
            "module.s3_artifacts_bucket.aws_s3_bucket.s3_bucket",
            "module.s3_data_bucket.aws_s3_bucket.s3_bucket"
          ]
        }
      ]
    },
    {
      "module": "module.athena",
      "mode": "managed",
      "type": "aws_athena_workgroup",
      "name": "workgroup",
      "provider": "provider[\"registry.terraform.io/hashicorp/aws\"]",
      "instances": [
        {
          "schema_version": 0,
          "attributes": {
            "arn": "arn:aws:athena:us-east-1:847258583865:workgroup/aue1d1z1atwoidhoidhbrtest",
            "configuration": [
              {
                "bytes_scanned_cutoff_per_query": 0,
                "enforce_workgroup_configuration": true,
                "engine_version": [
                  {
                    "effective_engine_version": "Athena engine version 3",
                    "selected_engine_version": "AUTO"
                  }
                ],
                "execution_role": "",
                "publish_cloudwatch_metrics_enabled": true,
                "requester_pays_enabled": false,
                "result_configuration": [
                  {
                    "acl_configuration": [],
                    "encryption_configuration": [
                      {
                        "encryption_option": "SSE_S3",
                        "kms_key_arn": ""
                      }
                    ],
                    "expected_bucket_owner": "",
                    "output_location": "s3://aue1d1z1s3boidhoidhbrtest-athena"
                  }
                ]
              }
            ],
            "description": "",
            "force_destroy": false,
            "id": "aue1d1z1atwoidhoidhbrtest",
            "name": "aue1d1z1atwoidhoidhbrtest",
            "state": "ENABLED",
            "tags": {
              "app": "oidh",
              "creation_app": "terraform",
              "env": "d1",
              "ledger": "oidh",
              "site": "aue1",
              "tier": "oidh",
              "zone": "z1"
            },
            "tags_all": {
              "app": "oidh",
              "creation_app": "terraform",
              "env": "d1",
              "ledger": "oidh",
              "site": "aue1",
              "tier": "oidh",
              "zone": "z1"
            }
          },
          "sensitive_attributes": [],
          "private": "bnVsbA==",
          "dependencies": [
            "module.athena.module.athena_bucket.aws_s3_bucket.main"
          ]
        }
      ]
    },
    {
      "module": "module.athena.module.athena_bucket",
      "mode": "managed",
      "type": "aws_s3_bucket",
      "name": "main",
      "provider": "provider[\"registry.terraform.io/hashicorp/aws\"]",
      "instances": [
        {
          "schema_version": 0,
          "attributes": {
            "acceleration_status": "",
            "acl": null,
            "arn": "arn:aws:s3:::aue1d1z1s3boidhoidhbrtest-athena",
            "bucket": "aue1d1z1s3boidhoidhbrtest-athena",
            "bucket_domain_name": "aue1d1z1s3boidhoidhbrtest-athena.s3.amazonaws.com",
            "bucket_prefix": "",
            "bucket_regional_domain_name": "aue1d1z1s3boidhoidhbrtest-athena.s3.us-east-1.amazonaws.com",
            "cors_rule": [],
            "force_destroy": false,
            "grant": [
              {
                "id": "d4b4aad151945f9540d5f18edbd469724b18dd37a20eea4f54e5b0cb8e776d3c",
                "permissions": [
                  "FULL_CONTROL"
                ],
                "type": "CanonicalUser",
                "uri": ""
              }
            ],
            "hosted_zone_id": "Z3AQBSTGFYJSTF",
            "id": "aue1d1z1s3boidhoidhbrtest-athena",
            "lifecycle_rule": [],
            "logging": [],
            "object_lock_configuration": [],
            "object_lock_enabled": false,
            "policy": "",
            "region": "us-east-1",
            "replication_configuration": [],
            "request_payer": "BucketOwner",
            "server_side_encryption_configuration": [
              {
                "rule": [
                  {
                    "apply_server_side_encryption_by_default": [
                      {
                        "kms_master_key_id": "",
                        "sse_algorithm": "AES256"
                      }
                    ],
                    "bucket_key_enabled": false
                  }
                ]
              }
            ],
            "tags": {
              "Name": "aue1d1z1s3boidhoidhbrtest-athena",
              "app": "oidh",
              "creation_app": "terraform",
              "env": "d1",
              "ledger": "oidh",
              "purpose": "oidhbrtest-athena",
              "site": "aue1",
              "tier": "oidh",
              "zone": "z1"
            },
            "tags_all": {
              "Name": "aue1d1z1s3boidhoidhbrtest-athena",
              "app": "oidh",
              "creation_app": "terraform",
              "env": "d1",
              "ledger": "oidh",
              "purpose": "oidhbrtest-athena",
              "site": "aue1",
              "tier": "oidh",
              "zone": "z1"
            },
            "timeouts": null,
            "versioning": [
              {
                "enabled": false,
                "mfa_delete": false
              }
            ],
            "website": [],
            "website_domain": null,
            "website_endpoint": null
          },
          "sensitive_attributes": [],
          "private": "eyJlMmJmYjczMC1lY2FhLTExZTYtOGY4OC0zNDM2M2JjN2M0YzAiOnsiY3JlYXRlIjoxMjAwMDAwMDAwMDAwLCJkZWxldGUiOjM2MDAwMDAwMDAwMDAsInJlYWQiOjEyMDAwMDAwMDAwMDAsInVwZGF0ZSI6MTIwMDAwMDAwMDAwMH19"
        }
      ]
    },
    {
      "module": "module.athena.module.athena_bucket",
      "mode": "managed",
      "type": "aws_s3_bucket_public_access_block",
      "name": "output",
      "provider": "provider[\"registry.terraform.io/hashicorp/aws\"]",
      "instances": [
        {
          "schema_version": 0,
          "attributes": {
            "block_public_acls": true,
            "block_public_policy": true,
            "bucket": "aue1d1z1s3boidhoidhbrtest-athena",
            "id": "aue1d1z1s3boidhoidhbrtest-athena",
            "ignore_public_acls": true,
            "restrict_public_buckets": true
          },
          "sensitive_attributes": [],
          "private": "bnVsbA==",
          "dependencies": [
            "module.athena.module.athena_bucket.aws_s3_bucket.main"
          ]
        }
      ]
    },
    {
      "module": "module.athena.module.athena_bucket",
      "mode": "managed",
      "type": "aws_s3_bucket_server_side_encryption_configuration",
      "name": "output",
      "provider": "provider[\"registry.terraform.io/hashicorp/aws\"]",
      "instances": [
        {
          "schema_version": 0,
          "attributes": {
            "bucket": "aue1d1z1s3boidhoidhbrtest-athena",
            "expected_bucket_owner": "",
            "id": "aue1d1z1s3boidhoidhbrtest-athena",
            "rule": [
              {
                "apply_server_side_encryption_by_default": [
                  {
                    "kms_master_key_id": "",
                    "sse_algorithm": "AES256"
                  }
                ],
                "bucket_key_enabled": false
              }
            ]
          },
          "sensitive_attributes": [],
          "private": "bnVsbA==",
          "dependencies": [
            "module.athena.module.athena_bucket.aws_s3_bucket.main"
          ]
        }
      ]
    },
    {
      "module": "module.data_key",
      "mode": "data",
      "type": "aws_iam_policy_document",
      "name": "key_policy",
      "provider": "provider[\"registry.terraform.io/hashicorp/aws\"]",
      "instances": [
        {
          "schema_version": 0,
          "attributes": {
            "id": "3421130251",
            "json": "{\n  \"Version\": \"2012-10-17\",\n  \"Statement\": [\n    {\n      \"Sid\": \"admins\",\n      \"Effect\": \"Allow\",\n      \"Action\": \"kms:*\",\n      \"Resource\": \"*\",\n      \"Principal\": {\n        \"AWS\": [\n          \"arn:aws:iam::847258583865:root\",\n          \"arn:aws:iam::497607366324:role/aue1q1z1irodevopsqueryeadmin\"\n        ]\n      }\n    },\n    {\n      \"Sid\": \"users\",\n      \"Effect\": \"Allow\",\n      \"Action\": [\n        \"kms:ReEncrypt*\",\n        \"kms:GenerateDataKey*\",\n        \"kms:Encrypt\",\n        \"kms:Describe*\",\n        \"kms:Decrypt\"\n      ],\n      \"Resource\": \"*\",\n      \"Principal\": {\n        \"AWS\": [\n          \"arn:aws:iam::847258583865:root\",\n          \"arn:aws:iam::497607366324:role/databricks-workspace-stack-access-data-buckets\"\n        ]\n      }\n    },\n    {\n      \"Sid\": \"services\",\n      \"Effect\": \"Allow\",\n      \"Action\": [\n        \"kms:ReEncrypt*\",\n        \"kms:GenerateDataKey*\",\n        \"kms:Encrypt\",\n        \"kms:Describe*\",\n        \"kms:Decrypt\"\n      ],\n      \"Resource\": \"*\",\n      \"Principal\": {\n        \"Service\": [\n          \"logs.amazonaws.com\",\n          \"lambda.amazonaws.com\",\n          \"glue.amazonaws.com\",\n          \"athena.amazonaws.com\"\n        ]\n      }\n    },\n    {\n      \"Sid\": \"s3\",\n      \"Effect\": \"Allow\",\n      \"Action\": [\n        \"kms:ReEncrypt*\",\n        \"kms:GenerateDataKey*\",\n        \"kms:Encrypt\",\n        \"kms:Describe*\",\n        \"kms:Decrypt\"\n      ],\n      \"Resource\": \"*\",\n      \"Principal\": {\n        \"Service\": \"s3.amazonaws.com\"\n      }\n    }\n  ]\n}",
            "override_policy_documents": null,
            "policy_id": null,
            "source_policy_documents": null,
            "statement": [
              {
                "actions": [
                  "kms:*"
                ],
                "condition": [],
                "effect": "Allow",
                "not_actions": [],
                "not_principals": [],
                "not_resources": [],
                "principals": [
                  {
                    "identifiers": [
                      "arn:aws:iam::497607366324:role/aue1q1z1irodevopsqueryeadmin",
                      "arn:aws:iam::847258583865:root"
                    ],
                    "type": "AWS"
                  }
                ],
                "resources": [
                  "*"
                ],
                "sid": "admins"
              },
              {
                "actions": [
                  "kms:Decrypt",
                  "kms:Describe*",
                  "kms:Encrypt",
                  "kms:GenerateDataKey*",
                  "kms:ReEncrypt*"
                ],
                "condition": [],
                "effect": "Allow",
                "not_actions": [],
                "not_principals": [],
                "not_resources": [],
                "principals": [
                  {
                    "identifiers": [
                      "arn:aws:iam::497607366324:role/databricks-workspace-stack-access-data-buckets",
                      "arn:aws:iam::847258583865:root"
                    ],
                    "type": "AWS"
                  }
                ],
                "resources": [
                  "*"
                ],
                "sid": "users"
              },
              {
                "actions": [
                  "kms:Decrypt",
                  "kms:Describe*",
                  "kms:Encrypt",
                  "kms:GenerateDataKey*",
                  "kms:ReEncrypt*"
                ],
                "condition": [],
                "effect": "Allow",
                "not_actions": [],
                "not_principals": [],
                "not_resources": [],
                "principals": [
                  {
                    "identifiers": [
                      "athena.amazonaws.com",
                      "glue.amazonaws.com",
                      "lambda.amazonaws.com",
                      "logs.amazonaws.com"
                    ],
                    "type": "Service"
                  }
                ],
                "resources": [
                  "*"
                ],
                "sid": "services"
              },
              {
                "actions": [
                  "kms:Decrypt",
                  "kms:Describe*",
                  "kms:Encrypt",
                  "kms:GenerateDataKey*",
                  "kms:ReEncrypt*"
                ],
                "condition": [],
                "effect": "Allow",
                "not_actions": [],
                "not_principals": [],
                "not_resources": [],
                "principals": [
                  {
                    "identifiers": [
                      "s3.amazonaws.com"
                    ],
                    "type": "Service"
                  }
                ],
                "resources": [
                  "*"
                ],
                "sid": "s3"
              }
            ],
            "version": "2012-10-17"
          },
          "sensitive_attributes": []
        }
      ]
    },
    {
      "module": "module.data_key",
      "mode": "managed",
      "type": "aws_kms_alias",
      "name": "key_alias",
      "provider": "provider[\"registry.terraform.io/hashicorp/aws\"]",
      "instances": [
        {
          "schema_version": 0,
          "attributes": {
            "arn": "arn:aws:kms:us-east-1:847258583865:alias/aue1d1z1kmaoidhoidhbrtest-datakey",
            "id": "alias/aue1d1z1kmaoidhoidhbrtest-datakey",
            "name": "alias/aue1d1z1kmaoidhoidhbrtest-datakey",
            "name_prefix": "",
            "target_key_arn": "arn:aws:kms:us-east-1:847258583865:key/9b2578ee-e83a-4b9c-9600-dfc8a9a19aca",
            "target_key_id": "9b2578ee-e83a-4b9c-9600-dfc8a9a19aca"
          },
          "sensitive_attributes": [],
          "private": "bnVsbA==",
          "dependencies": [
            "data.aws_caller_identity.current",
            "module.data_key.aws_kms_key.kms_key",
            "module.data_key.data.aws_iam_policy_document.key_policy"
          ]
        }
      ]
    },
    {
      "module": "module.data_key",
      "mode": "managed",
      "type": "aws_kms_key",
      "name": "kms_key",
      "provider": "provider[\"registry.terraform.io/hashicorp/aws\"]",
      "instances": [
        {
          "schema_version": 0,
          "attributes": {
            "arn": "arn:aws:kms:us-east-1:847258583865:key/9b2578ee-e83a-4b9c-9600-dfc8a9a19aca",
            "bypass_policy_lockout_safety_check": false,
            "custom_key_store_id": "",
            "customer_master_key_spec": "SYMMETRIC_DEFAULT",
            "deletion_window_in_days": null,
            "description": "KMS key used for data encryption of all the data in the datahub-dedup process",
            "enable_key_rotation": true,
            "id": "9b2578ee-e83a-4b9c-9600-dfc8a9a19aca",
            "is_enabled": true,
            "key_id": "9b2578ee-e83a-4b9c-9600-dfc8a9a19aca",
            "key_usage": "ENCRYPT_DECRYPT",
            "multi_region": false,
            "policy": "{\"Statement\":[{\"Action\":\"kms:*\",\"Effect\":\"Allow\",\"Principal\":{\"AWS\":[\"arn:aws:iam::847258583865:root\",\"arn:aws:iam::497607366324:role/aue1q1z1irodevopsqueryeadmin\"]},\"Resource\":\"*\",\"Sid\":\"admins\"},{\"Action\":[\"kms:ReEncrypt*\",\"kms:GenerateDataKey*\",\"kms:Encrypt\",\"kms:Describe*\",\"kms:Decrypt\"],\"Effect\":\"Allow\",\"Principal\":{\"AWS\":[\"arn:aws:iam::847258583865:root\",\"arn:aws:iam::497607366324:role/databricks-workspace-stack-access-data-buckets\"]},\"Resource\":\"*\",\"Sid\":\"users\"},{\"Action\":[\"kms:ReEncrypt*\",\"kms:GenerateDataKey*\",\"kms:Encrypt\",\"kms:Describe*\",\"kms:Decrypt\"],\"Effect\":\"Allow\",\"Principal\":{\"Service\":[\"logs.amazonaws.com\",\"lambda.amazonaws.com\",\"glue.amazonaws.com\",\"athena.amazonaws.com\"]},\"Resource\":\"*\",\"Sid\":\"services\"},{\"Action\":[\"kms:ReEncrypt*\",\"kms:GenerateDataKey*\",\"kms:Encrypt\",\"kms:Describe*\",\"kms:Decrypt\"],\"Effect\":\"Allow\",\"Principal\":{\"Service\":\"s3.amazonaws.com\"},\"Resource\":\"*\",\"Sid\":\"s3\"}],\"Version\":\"2012-10-17\"}",
            "tags": {
              "Name": "aue1d1z1kmaoidhoidhbrtest-datakey",
              "app": "oidh",
              "creation_app": "terraform",
              "env": "d1",
              "ledger": "oidh",
              "purpose": "oidhbrtest-datakey",
              "site": "aue1",
              "tier": "oidh",
              "zone": "z1"
            },
            "tags_all": {
              "Name": "aue1d1z1kmaoidhoidhbrtest-datakey",
              "app": "oidh",
              "creation_app": "terraform",
              "env": "d1",
              "ledger": "oidh",
              "purpose": "oidhbrtest-datakey",
              "site": "aue1",
              "tier": "oidh",
              "zone": "z1"
            }
          },
          "sensitive_attributes": [],
          "private": "bnVsbA==",
          "dependencies": [
            "data.aws_caller_identity.current",
            "module.data_key.data.aws_iam_policy_document.key_policy"
          ]
        }
      ]
    },
    {
      "module": "module.glue_enc_key",
      "mode": "data",
      "type": "aws_iam_policy_document",
      "name": "key_policy",
      "provider": "provider[\"registry.terraform.io/hashicorp/aws\"]",
      "instances": [
        {
          "schema_version": 0,
          "attributes": {
            "id": "1497773208",
            "json": "{\n  \"Version\": \"2012-10-17\",\n  \"Statement\": [\n    {\n      \"Sid\": \"admins\",\n      \"Effect\": \"Allow\",\n      \"Action\": \"kms:*\",\n      \"Resource\": \"*\",\n      \"Principal\": {\n        \"AWS\": [\n          \"arn:aws:iam::847258583865:root\",\n          \"arn:aws:iam::497607366324:role/aue1q1z1irodevopsqueryeadmin\"\n        ]\n      }\n    },\n    {\n      \"Sid\": \"users\",\n      \"Effect\": \"Allow\",\n      \"Action\": [\n        \"kms:ReEncrypt*\",\n        \"kms:GenerateDataKey*\",\n        \"kms:Encrypt\",\n        \"kms:Describe*\",\n        \"kms:Decrypt\"\n      ],\n      \"Resource\": \"*\",\n      \"Principal\": {\n        \"AWS\": \"arn:aws:iam::847258583865:root\"\n      }\n    },\n    {\n      \"Sid\": \"services\",\n      \"Effect\": \"Allow\",\n      \"Action\": [\n        \"kms:ReEncrypt*\",\n        \"kms:GenerateDataKey*\",\n        \"kms:Encrypt\",\n        \"kms:Describe*\",\n        \"kms:Decrypt\"\n      ],\n      \"Resource\": \"*\",\n      \"Principal\": {\n        \"Service\": [\n          \"logs.amazonaws.com\",\n          \"lambda.amazonaws.com\",\n          \"glue.amazonaws.com\",\n          \"athena.amazonaws.com\"\n        ]\n      }\n    },\n    {\n      \"Sid\": \"s3\",\n      \"Effect\": \"Allow\",\n      \"Action\": [\n        \"kms:ReEncrypt*\",\n        \"kms:GenerateDataKey*\",\n        \"kms:Encrypt\",\n        \"kms:Describe*\",\n        \"kms:Decrypt\"\n      ],\n      \"Resource\": \"*\",\n      \"Principal\": {\n        \"Service\": \"s3.amazonaws.com\"\n      }\n    }\n  ]\n}",
            "override_policy_documents": null,
            "policy_id": null,
            "source_policy_documents": null,
            "statement": [
              {
                "actions": [
                  "kms:*"
                ],
                "condition": [],
                "effect": "Allow",
                "not_actions": [],
                "not_principals": [],
                "not_resources": [],
                "principals": [
                  {
                    "identifiers": [
                      "arn:aws:iam::497607366324:role/aue1q1z1irodevopsqueryeadmin",
                      "arn:aws:iam::847258583865:root"
                    ],
                    "type": "AWS"
                  }
                ],
                "resources": [
                  "*"
                ],
                "sid": "admins"
              },
              {
                "actions": [
                  "kms:Decrypt",
                  "kms:Describe*",
                  "kms:Encrypt",
                  "kms:GenerateDataKey*",
                  "kms:ReEncrypt*"
                ],
                "condition": [],
                "effect": "Allow",
                "not_actions": [],
                "not_principals": [],
                "not_resources": [],
                "principals": [
                  {
                    "identifiers": [
                      "arn:aws:iam::847258583865:root"
                    ],
                    "type": "AWS"
                  }
                ],
                "resources": [
                  "*"
                ],
                "sid": "users"
              },
              {
                "actions": [
                  "kms:Decrypt",
                  "kms:Describe*",
                  "kms:Encrypt",
                  "kms:GenerateDataKey*",
                  "kms:ReEncrypt*"
                ],
                "condition": [],
                "effect": "Allow",
                "not_actions": [],
                "not_principals": [],
                "not_resources": [],
                "principals": [
                  {
                    "identifiers": [
                      "athena.amazonaws.com",
                      "glue.amazonaws.com",
                      "lambda.amazonaws.com",
                      "logs.amazonaws.com"
                    ],
                    "type": "Service"
                  }
                ],
                "resources": [
                  "*"
                ],
                "sid": "services"
              },
              {
                "actions": [
                  "kms:Decrypt",
                  "kms:Describe*",
                  "kms:Encrypt",
                  "kms:GenerateDataKey*",
                  "kms:ReEncrypt*"
                ],
                "condition": [],
                "effect": "Allow",
                "not_actions": [],
                "not_principals": [],
                "not_resources": [],
                "principals": [
                  {
                    "identifiers": [
                      "s3.amazonaws.com"
                    ],
                    "type": "Service"
                  }
                ],
                "resources": [
                  "*"
                ],
                "sid": "s3"
              }
            ],
            "version": "2012-10-17"
          },
          "sensitive_attributes": []
        }
      ]
    },
    {
      "module": "module.glue_enc_key",
      "mode": "managed",
      "type": "aws_kms_alias",
      "name": "key_alias",
      "provider": "provider[\"registry.terraform.io/hashicorp/aws\"]",
      "instances": [
        {
          "schema_version": 0,
          "attributes": {
            "arn": "arn:aws:kms:us-east-1:847258583865:alias/aue1d1z1kmaoidhoidhbrtest-glueenckey",
            "id": "alias/aue1d1z1kmaoidhoidhbrtest-glueenckey",
            "name": "alias/aue1d1z1kmaoidhoidhbrtest-glueenckey",
            "name_prefix": "",
            "target_key_arn": "arn:aws:kms:us-east-1:847258583865:key/f995857f-d46a-480e-8721-dc5fc53f5b7d",
            "target_key_id": "f995857f-d46a-480e-8721-dc5fc53f5b7d"
          },
          "sensitive_attributes": [],
          "private": "bnVsbA==",
          "dependencies": [
            "data.aws_caller_identity.current",
            "module.glue_enc_key.aws_kms_key.kms_key",
            "module.glue_enc_key.data.aws_iam_policy_document.key_policy"
          ]
        }
      ]
    },
    {
      "module": "module.glue_enc_key",
      "mode": "managed",
      "type": "aws_kms_key",
      "name": "kms_key",
      "provider": "provider[\"registry.terraform.io/hashicorp/aws\"]",
      "instances": [
        {
          "schema_version": 0,
          "attributes": {
            "arn": "arn:aws:kms:us-east-1:847258583865:key/f995857f-d46a-480e-8721-dc5fc53f5b7d",
            "bypass_policy_lockout_safety_check": false,
            "custom_key_store_id": "",
            "customer_master_key_spec": "SYMMETRIC_DEFAULT",
            "deletion_window_in_days": null,
            "description": "KMS key used for data encryption of all the glue resources used in the datahub-dedup process",
            "enable_key_rotation": true,
            "id": "f995857f-d46a-480e-8721-dc5fc53f5b7d",
            "is_enabled": true,
            "key_id": "f995857f-d46a-480e-8721-dc5fc53f5b7d",
            "key_usage": "ENCRYPT_DECRYPT",
            "multi_region": false,
            "policy": "{\"Statement\":[{\"Action\":\"kms:*\",\"Effect\":\"Allow\",\"Principal\":{\"AWS\":[\"arn:aws:iam::847258583865:root\",\"arn:aws:iam::497607366324:role/aue1q1z1irodevopsqueryeadmin\"]},\"Resource\":\"*\",\"Sid\":\"admins\"},{\"Action\":[\"kms:ReEncrypt*\",\"kms:GenerateDataKey*\",\"kms:Encrypt\",\"kms:Describe*\",\"kms:Decrypt\"],\"Effect\":\"Allow\",\"Principal\":{\"AWS\":\"arn:aws:iam::847258583865:root\"},\"Resource\":\"*\",\"Sid\":\"users\"},{\"Action\":[\"kms:ReEncrypt*\",\"kms:GenerateDataKey*\",\"kms:Encrypt\",\"kms:Describe*\",\"kms:Decrypt\"],\"Effect\":\"Allow\",\"Principal\":{\"Service\":[\"logs.amazonaws.com\",\"lambda.amazonaws.com\",\"glue.amazonaws.com\",\"athena.amazonaws.com\"]},\"Resource\":\"*\",\"Sid\":\"services\"},{\"Action\":[\"kms:ReEncrypt*\",\"kms:GenerateDataKey*\",\"kms:Encrypt\",\"kms:Describe*\",\"kms:Decrypt\"],\"Effect\":\"Allow\",\"Principal\":{\"Service\":\"s3.amazonaws.com\"},\"Resource\":\"*\",\"Sid\":\"s3\"}],\"Version\":\"2012-10-17\"}",
            "tags": {
              "Name": "aue1d1z1kmaoidhoidhbrtest-glueenckey",
              "app": "oidh",
              "creation_app": "terraform",
              "env": "d1",
              "ledger": "oidh",
              "purpose": "oidhbrtest-glueenckey",
              "site": "aue1",
              "tier": "oidh",
              "zone": "z1"
            },
            "tags_all": {
              "Name": "aue1d1z1kmaoidhoidhbrtest-glueenckey",
              "app": "oidh",
              "creation_app": "terraform",
              "env": "d1",
              "ledger": "oidh",
              "purpose": "oidhbrtest-glueenckey",
              "site": "aue1",
              "tier": "oidh",
              "zone": "z1"
            }
          },
          "sensitive_attributes": [],
          "private": "bnVsbA==",
          "dependencies": [
            "data.aws_caller_identity.current",
            "module.glue_enc_key.data.aws_iam_policy_document.key_policy"
          ]
        }
      ]
    },
    {
      "module": "module.s3_artifacts_bucket",
      "mode": "data",
      "type": "aws_iam_policy_document",
      "name": "security_policy",
      "provider": "provider[\"registry.terraform.io/hashicorp/aws\"]",
      "instances": [
        {
          "schema_version": 0,
          "attributes": {
            "id": "242259586",
            "json": "{\n  \"Version\": \"2012-10-17\",\n  \"Statement\": [\n    {\n      \"Effect\": \"Deny\",\n      \"Action\": \"s3:PutObject\",\n      \"Resource\": \"arn:aws:s3:::aue1d1z1s3boidhoidhbrtest-artifacts/*\",\n      \"Principal\": \"*\",\n      \"Condition\": {\n        \"ForAnyValue:StringNotEquals\": {\n          \"s3:x-amz-server-side-encryption-aws-kms-key-id\": \"arn:aws:kms:us-east-1:847258583865:key/9b2578ee-e83a-4b9c-9600-dfc8a9a19aca\"\n        }\n      }\n    },\n    {\n      \"Effect\": \"Deny\",\n      \"Action\": \"s3:*\",\n      \"Resource\": [\n        \"arn:aws:s3:::aue1d1z1s3boidhoidhbrtest-artifacts/*\",\n        \"arn:aws:s3:::aue1d1z1s3boidhoidhbrtest-artifacts\"\n      ],\n      \"Principal\": \"*\",\n      \"Condition\": {\n        \"Bool\": {\n          \"aws:SecureTransport\": \"false\"\n        }\n      }\n    }\n  ]\n}",
            "override_policy_documents": null,
            "policy_id": null,
            "source_policy_documents": null,
            "statement": [
              {
                "actions": [
                  "s3:PutObject"
                ],
                "condition": [
                  {
                    "test": "ForAnyValue:StringNotEquals",
                    "values": [
                      "arn:aws:kms:us-east-1:847258583865:key/9b2578ee-e83a-4b9c-9600-dfc8a9a19aca"
                    ],
                    "variable": "s3:x-amz-server-side-encryption-aws-kms-key-id"
                  }
                ],
                "effect": "Deny",
                "not_actions": [],
                "not_principals": [],
                "not_resources": [],
                "principals": [
                  {
                    "identifiers": [
                      "*"
                    ],
                    "type": "*"
                  }
                ],
                "resources": [
                  "arn:aws:s3:::aue1d1z1s3boidhoidhbrtest-artifacts/*"
                ],
                "sid": ""
              },
              {
                "actions": [
                  "s3:*"
                ],
                "condition": [
                  {
                    "test": "Bool",
                    "values": [
                      "false"
                    ],
                    "variable": "aws:SecureTransport"
                  }
                ],
                "effect": "Deny",
                "not_actions": [],
                "not_principals": [],
                "not_resources": [],
                "principals": [
                  {
                    "identifiers": [
                      "*"
                    ],
                    "type": "*"
                  }
                ],
                "resources": [
                  "arn:aws:s3:::aue1d1z1s3boidhoidhbrtest-artifacts",
                  "arn:aws:s3:::aue1d1z1s3boidhoidhbrtest-artifacts/*"
                ],
                "sid": ""
              }
            ],
            "version": "2012-10-17"
          },
          "sensitive_attributes": []
        }
      ]
    },
    {
      "module": "module.s3_artifacts_bucket",
      "mode": "managed",
      "type": "aws_s3_bucket",
      "name": "s3_bucket",
      "provider": "provider[\"registry.terraform.io/hashicorp/aws\"]",
      "instances": [
        {
          "schema_version": 0,
          "attributes": {
            "acceleration_status": "",
            "acl": null,
            "arn": "arn:aws:s3:::aue1d1z1s3boidhoidhbrtest-artifacts",
            "bucket": "aue1d1z1s3boidhoidhbrtest-artifacts",
            "bucket_domain_name": "aue1d1z1s3boidhoidhbrtest-artifacts.s3.amazonaws.com",
            "bucket_prefix": "",
            "bucket_regional_domain_name": "aue1d1z1s3boidhoidhbrtest-artifacts.s3.us-east-1.amazonaws.com",
            "cors_rule": [],
            "force_destroy": false,
            "grant": [
              {
                "id": "d4b4aad151945f9540d5f18edbd469724b18dd37a20eea4f54e5b0cb8e776d3c",
                "permissions": [
                  "FULL_CONTROL"
                ],
                "type": "CanonicalUser",
                "uri": ""
              }
            ],
            "hosted_zone_id": "Z3AQBSTGFYJSTF",
            "id": "aue1d1z1s3boidhoidhbrtest-artifacts",
            "lifecycle_rule": [
              {
                "abort_incomplete_multipart_upload_days": 0,
                "enabled": true,
                "expiration": [
                  {
                    "date": "",
                    "days": 180,
                    "expired_object_delete_marker": false
                  }
                ],
                "id": "bucket_lifecycle",
                "noncurrent_version_expiration": [],
                "noncurrent_version_transition": [],
                "prefix": "",
                "tags": {},
                "transition": [
                  {
                    "date": "",
                    "days": 30,
                    "storage_class": "INTELLIGENT_TIERING"
                  }
                ]
              },
              {
                "abort_incomplete_multipart_upload_days": 0,
                "enabled": true,
                "expiration": [
                  {
                    "date": "",
                    "days": 15,
                    "expired_object_delete_marker": false
                  }
                ],
                "id": "tmp",
                "noncurrent_version_expiration": [],
                "noncurrent_version_transition": [],
                "prefix": "tmp/",
                "tags": {},
                "transition": []
              },
              {
                "abort_incomplete_multipart_upload_days": 0,
                "enabled": true,
                "expiration": [],
                "id": "versions_config",
                "noncurrent_version_expiration": [
                  {
                    "days": 90
                  }
                ],
                "noncurrent_version_transition": [
                  {
                    "days": 30,
                    "storage_class": "STANDARD_IA"
                  },
                  {
                    "days": 60,
                    "storage_class": "GLACIER"
                  }
                ],
                "prefix": "",
                "tags": {},
                "transition": []
              },
              {
                "abort_incomplete_multipart_upload_days": 0,
                "enabled": true,
                "expiration": [],
                "id": "tmp_versions",
                "noncurrent_version_expiration": [
                  {
                    "days": 15
                  }
                ],
                "noncurrent_version_transition": [],
                "prefix": "tmp/",
                "tags": {},
                "transition": []
              }
            ],
            "logging": [],
            "object_lock_configuration": [],
            "object_lock_enabled": false,
            "policy": "{\"Statement\":[{\"Action\":\"s3:PutObject\",\"Condition\":{\"ForAnyValue:StringNotEquals\":{\"s3:x-amz-server-side-encryption-aws-kms-key-id\":\"arn:aws:kms:us-east-1:847258583865:key/9b2578ee-e83a-4b9c-9600-dfc8a9a19aca\"}},\"Effect\":\"Deny\",\"Principal\":\"*\",\"Resource\":\"arn:aws:s3:::aue1d1z1s3boidhoidhbrtest-artifacts/*\"},{\"Action\":\"s3:*\",\"Condition\":{\"Bool\":{\"aws:SecureTransport\":\"false\"}},\"Effect\":\"Deny\",\"Principal\":\"*\",\"Resource\":[\"arn:aws:s3:::aue1d1z1s3boidhoidhbrtest-artifacts/*\",\"arn:aws:s3:::aue1d1z1s3boidhoidhbrtest-artifacts\"]}],\"Version\":\"2012-10-17\"}",
            "region": "us-east-1",
            "replication_configuration": [],
            "request_payer": "BucketOwner",
            "server_side_encryption_configuration": [
              {
                "rule": [
                  {
                    "apply_server_side_encryption_by_default": [
                      {
                        "kms_master_key_id": "9b2578ee-e83a-4b9c-9600-dfc8a9a19aca",
                        "sse_algorithm": "aws:kms"
                      }
                    ],
                    "bucket_key_enabled": true
                  }
                ]
              }
            ],
            "tags": {
              "Name": "aue1d1z1s3boidhoidhbrtest-artifacts",
              "app": "oidh",
              "creation_app": "terraform",
              "env": "d1",
              "ledger": "oidh",
              "purpose": "oidhbrtest-artifacts",
              "site": "aue1",
              "tier": "oidh",
              "zone": "z1"
            },
            "tags_all": {
              "Name": "aue1d1z1s3boidhoidhbrtest-artifacts",
              "app": "oidh",
              "creation_app": "terraform",
              "env": "d1",
              "ledger": "oidh",
              "purpose": "oidhbrtest-artifacts",
              "site": "aue1",
              "tier": "oidh",
              "zone": "z1"
            },
            "timeouts": null,
            "versioning": [
              {
                "enabled": true,
                "mfa_delete": false
              }
            ],
            "website": [],
            "website_domain": null,
            "website_endpoint": null
          },
          "sensitive_attributes": [],
          "private": "eyJlMmJmYjczMC1lY2FhLTExZTYtOGY4OC0zNDM2M2JjN2M0YzAiOnsiY3JlYXRlIjoxMjAwMDAwMDAwMDAwLCJkZWxldGUiOjM2MDAwMDAwMDAwMDAsInJlYWQiOjEyMDAwMDAwMDAwMDAsInVwZGF0ZSI6MTIwMDAwMDAwMDAwMH19"
        }
      ]
    },
    {
      "module": "module.s3_artifacts_bucket",
      "mode": "managed",
      "type": "aws_s3_bucket_lifecycle_configuration",
      "name": "bucket_lifecycle",
      "provider": "provider[\"registry.terraform.io/hashicorp/aws\"]",
      "instances": [
        {
          "schema_version": 0,
          "attributes": {
            "bucket": "aue1d1z1s3boidhoidhbrtest-artifacts",
            "expected_bucket_owner": "",
            "id": "aue1d1z1s3boidhoidhbrtest-artifacts",
            "rule": [
              {
                "abort_incomplete_multipart_upload": [],
                "expiration": [
                  {
                    "date": "",
                    "days": 180,
                    "expired_object_delete_marker": false
                  }
                ],
                "filter": [
                  {
                    "and": [],
                    "object_size_greater_than": null,
                    "object_size_less_than": null,
                    "prefix": null,
                    "tag": []
                  }
                ],
                "id": "bucket_lifecycle",
                "noncurrent_version_expiration": [],
                "noncurrent_version_transition": [],
                "prefix": "",
                "status": "Enabled",
                "transition": [
                  {
                    "date": "",
                    "days": 30,
                    "storage_class": "INTELLIGENT_TIERING"
                  }
                ]
              },
              {
                "abort_incomplete_multipart_upload": [],
                "expiration": [
                  {
                    "date": "",
                    "days": 15,
                    "expired_object_delete_marker": false
                  }
                ],
                "filter": [
                  {
                    "and": [],
                    "object_size_greater_than": "",
                    "object_size_less_than": "",
                    "prefix": "tmp/",
                    "tag": []
                  }
                ],
                "id": "tmp",
                "noncurrent_version_expiration": [],
                "noncurrent_version_transition": [],
                "prefix": "",
                "status": "Enabled",
                "transition": []
              },
              {
                "abort_incomplete_multipart_upload": [],
                "expiration": [],
                "filter": [
                  {
                    "and": [],
                    "object_size_greater_than": null,
                    "object_size_less_than": null,
                    "prefix": null,
                    "tag": []
                  }
                ],
                "id": "versions_config",
                "noncurrent_version_expiration": [
                  {
                    "newer_noncurrent_versions": "",
                    "noncurrent_days": 90
                  }
                ],
                "noncurrent_version_transition": [
                  {
                    "newer_noncurrent_versions": "",
                    "noncurrent_days": 30,
                    "storage_class": "STANDARD_IA"
                  },
                  {
                    "newer_noncurrent_versions": "",
                    "noncurrent_days": 60,
                    "storage_class": "GLACIER"
                  }
                ],
                "prefix": "",
                "status": "Enabled",
                "transition": []
              },
              {
                "abort_incomplete_multipart_upload": [],
                "expiration": [],
                "filter": [
                  {
                    "and": [],
                    "object_size_greater_than": "",
                    "object_size_less_than": "",
                    "prefix": "tmp/",
                    "tag": []
                  }
                ],
                "id": "tmp_versions",
                "noncurrent_version_expiration": [
                  {
                    "newer_noncurrent_versions": "",
                    "noncurrent_days": 15
                  }
                ],
                "noncurrent_version_transition": [],
                "prefix": "",
                "status": "Enabled",
                "transition": []
              }
            ]
          },
          "sensitive_attributes": [],
          "private": "bnVsbA==",
          "dependencies": [
            "module.s3_artifacts_bucket.aws_s3_bucket.s3_bucket",
            "module.s3_artifacts_bucket.aws_s3_bucket_versioning.s3_bucket_versioning"
          ]
        }
      ]
    },
    {
      "module": "module.s3_artifacts_bucket",
      "mode": "managed",
      "type": "aws_s3_bucket_ownership_controls",
      "name": "s3_ownership",
      "provider": "provider[\"registry.terraform.io/hashicorp/aws\"]",
      "instances": [
        {
          "schema_version": 0,
          "attributes": {
            "bucket": "aue1d1z1s3boidhoidhbrtest-artifacts",
            "id": "aue1d1z1s3boidhoidhbrtest-artifacts",
            "rule": [
              {
                "object_ownership": "BucketOwnerEnforced"
              }
            ]
          },
          "sensitive_attributes": [],
          "private": "bnVsbA==",
          "dependencies": [
            "module.s3_artifacts_bucket.aws_s3_bucket.s3_bucket"
          ]
        }
      ]
    },
    {
      "module": "module.s3_artifacts_bucket",
      "mode": "managed",
      "type": "aws_s3_bucket_policy",
      "name": "security_policy",
      "provider": "provider[\"registry.terraform.io/hashicorp/aws\"]",
      "instances": [
        {
          "schema_version": 0,
          "attributes": {
            "bucket": "aue1d1z1s3boidhoidhbrtest-artifacts",
            "id": "aue1d1z1s3boidhoidhbrtest-artifacts",
            "policy": "{\"Statement\":[{\"Action\":\"s3:PutObject\",\"Condition\":{\"ForAnyValue:StringNotEquals\":{\"s3:x-amz-server-side-encryption-aws-kms-key-id\":\"arn:aws:kms:us-east-1:847258583865:key/9b2578ee-e83a-4b9c-9600-dfc8a9a19aca\"}},\"Effect\":\"Deny\",\"Principal\":\"*\",\"Resource\":\"arn:aws:s3:::aue1d1z1s3boidhoidhbrtest-artifacts/*\"},{\"Action\":\"s3:*\",\"Condition\":{\"Bool\":{\"aws:SecureTransport\":\"false\"}},\"Effect\":\"Deny\",\"Principal\":\"*\",\"Resource\":[\"arn:aws:s3:::aue1d1z1s3boidhoidhbrtest-artifacts/*\",\"arn:aws:s3:::aue1d1z1s3boidhoidhbrtest-artifacts\"]}],\"Version\":\"2012-10-17\"}"
          },
          "sensitive_attributes": [],
          "private": "bnVsbA==",
          "dependencies": [
            "data.aws_caller_identity.current",
            "module.data_key.aws_kms_key.kms_key",
            "module.data_key.data.aws_iam_policy_document.key_policy",
            "module.s3_artifacts_bucket.aws_s3_bucket.s3_bucket",
            "module.s3_artifacts_bucket.data.aws_iam_policy_document.security_policy"
          ]
        }
      ]
    },
    {
      "module": "module.s3_artifacts_bucket",
      "mode": "managed",
      "type": "aws_s3_bucket_server_side_encryption_configuration",
      "name": "s3_encryption",
      "provider": "provider[\"registry.terraform.io/hashicorp/aws\"]",
      "instances": [
        {
          "schema_version": 0,
          "attributes": {
            "bucket": "aue1d1z1s3boidhoidhbrtest-artifacts",
            "expected_bucket_owner": "",
            "id": "aue1d1z1s3boidhoidhbrtest-artifacts",
            "rule": [
              {
                "apply_server_side_encryption_by_default": [
                  {
                    "kms_master_key_id": "9b2578ee-e83a-4b9c-9600-dfc8a9a19aca",
                    "sse_algorithm": "aws:kms"
                  }
                ],
                "bucket_key_enabled": true
              }
            ]
          },
          "sensitive_attributes": [],
          "private": "bnVsbA==",
          "dependencies": [
            "data.aws_caller_identity.current",
            "module.data_key.aws_kms_key.kms_key",
            "module.data_key.data.aws_iam_policy_document.key_policy",
            "module.s3_artifacts_bucket.aws_s3_bucket.s3_bucket"
          ]
        }
      ]
    },
    {
      "module": "module.s3_artifacts_bucket",
      "mode": "managed",
      "type": "aws_s3_bucket_versioning",
      "name": "s3_bucket_versioning",
      "provider": "provider[\"registry.terraform.io/hashicorp/aws\"]",
      "instances": [
        {
          "schema_version": 0,
          "attributes": {
            "bucket": "aue1d1z1s3boidhoidhbrtest-artifacts",
            "expected_bucket_owner": "",
            "id": "aue1d1z1s3boidhoidhbrtest-artifacts",
            "mfa": null,
            "versioning_configuration": [
              {
                "mfa_delete": "",
                "status": "Enabled"
              }
            ]
          },
          "sensitive_attributes": [],
          "private": "bnVsbA==",
          "dependencies": [
            "module.s3_artifacts_bucket.aws_s3_bucket.s3_bucket"
          ]
        }
      ]
    },
    {
      "module": "module.s3_data_bucket",
      "mode": "data",
      "type": "aws_iam_policy_document",
      "name": "security_policy",
      "provider": "provider[\"registry.terraform.io/hashicorp/aws\"]",
      "instances": [
        {
          "schema_version": 0,
          "attributes": {
            "id": "2350195554",
            "json": "{\n  \"Version\": \"2012-10-17\",\n  \"Statement\": [\n    {\n      \"Effect\": \"Deny\",\n      \"Action\": \"s3:PutObject\",\n      \"Resource\": \"arn:aws:s3:::aue1d1z1s3boidhoidhbrtest-datastorage/*\",\n      \"Principal\": \"*\",\n      \"Condition\": {\n        \"ForAnyValue:StringNotEquals\": {\n          \"s3:x-amz-server-side-encryption-aws-kms-key-id\": \"arn:aws:kms:us-east-1:847258583865:key/9b2578ee-e83a-4b9c-9600-dfc8a9a19aca\"\n        }\n      }\n    },\n    {\n      \"Effect\": \"Deny\",\n      \"Action\": \"s3:*\",\n      \"Resource\": [\n        \"arn:aws:s3:::aue1d1z1s3boidhoidhbrtest-datastorage/*\",\n        \"arn:aws:s3:::aue1d1z1s3boidhoidhbrtest-datastorage\"\n      ],\n      \"Principal\": \"*\",\n      \"Condition\": {\n        \"Bool\": {\n          \"aws:SecureTransport\": \"false\"\n        }\n      }\n    }\n  ]\n}",
            "override_policy_documents": null,
            "policy_id": null,
            "source_policy_documents": null,
            "statement": [
              {
                "actions": [
                  "s3:PutObject"
                ],
                "condition": [
                  {
                    "test": "ForAnyValue:StringNotEquals",
                    "values": [
                      "arn:aws:kms:us-east-1:847258583865:key/9b2578ee-e83a-4b9c-9600-dfc8a9a19aca"
                    ],
                    "variable": "s3:x-amz-server-side-encryption-aws-kms-key-id"
                  }
                ],
                "effect": "Deny",
                "not_actions": [],
                "not_principals": [],
                "not_resources": [],
                "principals": [
                  {
                    "identifiers": [
                      "*"
                    ],
                    "type": "*"
                  }
                ],
                "resources": [
                  "arn:aws:s3:::aue1d1z1s3boidhoidhbrtest-datastorage/*"
                ],
                "sid": ""
              },
              {
                "actions": [
                  "s3:*"
                ],
                "condition": [
                  {
                    "test": "Bool",
                    "values": [
                      "false"
                    ],
                    "variable": "aws:SecureTransport"
                  }
                ],
                "effect": "Deny",
                "not_actions": [],
                "not_principals": [],
                "not_resources": [],
                "principals": [
                  {
                    "identifiers": [
                      "*"
                    ],
                    "type": "*"
                  }
                ],
                "resources": [
                  "arn:aws:s3:::aue1d1z1s3boidhoidhbrtest-datastorage",
                  "arn:aws:s3:::aue1d1z1s3boidhoidhbrtest-datastorage/*"
                ],
                "sid": ""
              }
            ],
            "version": "2012-10-17"
          },
          "sensitive_attributes": []
        }
      ]
    },
    {
      "module": "module.s3_data_bucket",
      "mode": "managed",
      "type": "aws_s3_bucket",
      "name": "s3_bucket",
      "provider": "provider[\"registry.terraform.io/hashicorp/aws\"]",
      "instances": [
        {
          "schema_version": 0,
          "attributes": {
            "acceleration_status": "",
            "acl": null,
            "arn": "arn:aws:s3:::aue1d1z1s3boidhoidhbrtest-datastorage",
            "bucket": "aue1d1z1s3boidhoidhbrtest-datastorage",
            "bucket_domain_name": "aue1d1z1s3boidhoidhbrtest-datastorage.s3.amazonaws.com",
            "bucket_prefix": "",
            "bucket_regional_domain_name": "aue1d1z1s3boidhoidhbrtest-datastorage.s3.us-east-1.amazonaws.com",
            "cors_rule": [],
            "force_destroy": false,
            "grant": [
              {
                "id": "d4b4aad151945f9540d5f18edbd469724b18dd37a20eea4f54e5b0cb8e776d3c",
                "permissions": [
                  "FULL_CONTROL"
                ],
                "type": "CanonicalUser",
                "uri": ""
              }
            ],
            "hosted_zone_id": "Z3AQBSTGFYJSTF",
            "id": "aue1d1z1s3boidhoidhbrtest-datastorage",
            "lifecycle_rule": [
              {
                "abort_incomplete_multipart_upload_days": 0,
                "enabled": true,
                "expiration": [
                  {
                    "date": "",
                    "days": 180,
                    "expired_object_delete_marker": false
                  }
                ],
                "id": "bucket_lifecycle",
                "noncurrent_version_expiration": [],
                "noncurrent_version_transition": [],
                "prefix": "",
                "tags": {},
                "transition": [
                  {
                    "date": "",
                    "days": 30,
                    "storage_class": "INTELLIGENT_TIERING"
                  }
                ]
              },
              {
                "abort_incomplete_multipart_upload_days": 0,
                "enabled": true,
                "expiration": [
                  {
                    "date": "",
                    "days": 15,
                    "expired_object_delete_marker": false
                  }
                ],
                "id": "tmp",
                "noncurrent_version_expiration": [],
                "noncurrent_version_transition": [],
                "prefix": "tmp/",
                "tags": {},
                "transition": []
              },
              {
                "abort_incomplete_multipart_upload_days": 0,
                "enabled": true,
                "expiration": [],
                "id": "versions_config",
                "noncurrent_version_expiration": [
                  {
                    "days": 90
                  }
                ],
                "noncurrent_version_transition": [
                  {
                    "days": 30,
                    "storage_class": "STANDARD_IA"
                  },
                  {
                    "days": 60,
                    "storage_class": "GLACIER"
                  }
                ],
                "prefix": "",
                "tags": {},
                "transition": []
              },
              {
                "abort_incomplete_multipart_upload_days": 0,
                "enabled": true,
                "expiration": [],
                "id": "tmp_versions",
                "noncurrent_version_expiration": [
                  {
                    "days": 15
                  }
                ],
                "noncurrent_version_transition": [],
                "prefix": "tmp/",
                "tags": {},
                "transition": []
              }
            ],
            "logging": [],
            "object_lock_configuration": [],
            "object_lock_enabled": false,
            "policy": "{\"Statement\":[{\"Action\":\"s3:PutObject\",\"Condition\":{\"ForAnyValue:StringNotEquals\":{\"s3:x-amz-server-side-encryption-aws-kms-key-id\":\"arn:aws:kms:us-east-1:847258583865:key/9b2578ee-e83a-4b9c-9600-dfc8a9a19aca\"}},\"Effect\":\"Deny\",\"Principal\":\"*\",\"Resource\":\"arn:aws:s3:::aue1d1z1s3boidhoidhbrtest-datastorage/*\"},{\"Action\":\"s3:*\",\"Condition\":{\"Bool\":{\"aws:SecureTransport\":\"false\"}},\"Effect\":\"Deny\",\"Principal\":\"*\",\"Resource\":[\"arn:aws:s3:::aue1d1z1s3boidhoidhbrtest-datastorage/*\",\"arn:aws:s3:::aue1d1z1s3boidhoidhbrtest-datastorage\"]}],\"Version\":\"2012-10-17\"}",
            "region": "us-east-1",
            "replication_configuration": [],
            "request_payer": "BucketOwner",
            "server_side_encryption_configuration": [
              {
                "rule": [
                  {
                    "apply_server_side_encryption_by_default": [
                      {
                        "kms_master_key_id": "9b2578ee-e83a-4b9c-9600-dfc8a9a19aca",
                        "sse_algorithm": "aws:kms"
                      }
                    ],
                    "bucket_key_enabled": true
                  }
                ]
              }
            ],
            "tags": {
              "Name": "aue1d1z1s3boidhoidhbrtest-datastorage",
              "app": "oidh",
              "creation_app": "terraform",
              "env": "d1",
              "ledger": "oidh",
              "purpose": "oidhbrtest-datastorage",
              "site": "aue1",
              "tier": "oidh",
              "zone": "z1"
            },
            "tags_all": {
              "Name": "aue1d1z1s3boidhoidhbrtest-datastorage",
              "app": "oidh",
              "creation_app": "terraform",
              "env": "d1",
              "ledger": "oidh",
              "purpose": "oidhbrtest-datastorage",
              "site": "aue1",
              "tier": "oidh",
              "zone": "z1"
            },
            "timeouts": null,
            "versioning": [
              {
                "enabled": true,
                "mfa_delete": false
              }
            ],
            "website": [],
            "website_domain": null,
            "website_endpoint": null
          },
          "sensitive_attributes": [],
          "private": "eyJlMmJmYjczMC1lY2FhLTExZTYtOGY4OC0zNDM2M2JjN2M0YzAiOnsiY3JlYXRlIjoxMjAwMDAwMDAwMDAwLCJkZWxldGUiOjM2MDAwMDAwMDAwMDAsInJlYWQiOjEyMDAwMDAwMDAwMDAsInVwZGF0ZSI6MTIwMDAwMDAwMDAwMH19"
        }
      ]
    },
    {
      "module": "module.s3_data_bucket",
      "mode": "managed",
      "type": "aws_s3_bucket_lifecycle_configuration",
      "name": "bucket_lifecycle",
      "provider": "provider[\"registry.terraform.io/hashicorp/aws\"]",
      "instances": [
        {
          "schema_version": 0,
          "attributes": {
            "bucket": "aue1d1z1s3boidhoidhbrtest-datastorage",
            "expected_bucket_owner": "",
            "id": "aue1d1z1s3boidhoidhbrtest-datastorage",
            "rule": [
              {
                "abort_incomplete_multipart_upload": [],
                "expiration": [
                  {
                    "date": "",
                    "days": 180,
                    "expired_object_delete_marker": false
                  }
                ],
                "filter": [
                  {
                    "and": [],
                    "object_size_greater_than": null,
                    "object_size_less_than": null,
                    "prefix": null,
                    "tag": []
                  }
                ],
                "id": "bucket_lifecycle",
                "noncurrent_version_expiration": [],
                "noncurrent_version_transition": [],
                "prefix": "",
                "status": "Enabled",
                "transition": [
                  {
                    "date": "",
                    "days": 30,
                    "storage_class": "INTELLIGENT_TIERING"
                  }
                ]
              },
              {
                "abort_incomplete_multipart_upload": [],
                "expiration": [
                  {
                    "date": "",
                    "days": 15,
                    "expired_object_delete_marker": false
                  }
                ],
                "filter": [
                  {
                    "and": [],
                    "object_size_greater_than": "",
                    "object_size_less_than": "",
                    "prefix": "tmp/",
                    "tag": []
                  }
                ],
                "id": "tmp",
                "noncurrent_version_expiration": [],
                "noncurrent_version_transition": [],
                "prefix": "",
                "status": "Enabled",
                "transition": []
              },
              {
                "abort_incomplete_multipart_upload": [],
                "expiration": [],
                "filter": [
                  {
                    "and": [],
                    "object_size_greater_than": null,
                    "object_size_less_than": null,
                    "prefix": null,
                    "tag": []
                  }
                ],
                "id": "versions_config",
                "noncurrent_version_expiration": [
                  {
                    "newer_noncurrent_versions": "",
                    "noncurrent_days": 90
                  }
                ],
                "noncurrent_version_transition": [
                  {
                    "newer_noncurrent_versions": "",
                    "noncurrent_days": 30,
                    "storage_class": "STANDARD_IA"
                  },
                  {
                    "newer_noncurrent_versions": "",
                    "noncurrent_days": 60,
                    "storage_class": "GLACIER"
                  }
                ],
                "prefix": "",
                "status": "Enabled",
                "transition": []
              },
              {
                "abort_incomplete_multipart_upload": [],
                "expiration": [],
                "filter": [
                  {
                    "and": [],
                    "object_size_greater_than": "",
                    "object_size_less_than": "",
                    "prefix": "tmp/",
                    "tag": []
                  }
                ],
                "id": "tmp_versions",
                "noncurrent_version_expiration": [
                  {
                    "newer_noncurrent_versions": "",
                    "noncurrent_days": 15
                  }
                ],
                "noncurrent_version_transition": [],
                "prefix": "",
                "status": "Enabled",
                "transition": []
              }
            ]
          },
          "sensitive_attributes": [],
          "private": "bnVsbA==",
          "dependencies": [
            "module.s3_data_bucket.aws_s3_bucket.s3_bucket",
            "module.s3_data_bucket.aws_s3_bucket_versioning.s3_bucket_versioning"
          ]
        }
      ]
    },
    {
      "module": "module.s3_data_bucket",
      "mode": "managed",
      "type": "aws_s3_bucket_ownership_controls",
      "name": "s3_ownership",
      "provider": "provider[\"registry.terraform.io/hashicorp/aws\"]",
      "instances": [
        {
          "schema_version": 0,
          "attributes": {
            "bucket": "aue1d1z1s3boidhoidhbrtest-datastorage",
            "id": "aue1d1z1s3boidhoidhbrtest-datastorage",
            "rule": [
              {
                "object_ownership": "BucketOwnerEnforced"
              }
            ]
          },
          "sensitive_attributes": [],
          "private": "bnVsbA==",
          "dependencies": [
            "module.s3_data_bucket.aws_s3_bucket.s3_bucket"
          ]
        }
      ]
    },
    {
      "module": "module.s3_data_bucket",
      "mode": "managed",
      "type": "aws_s3_bucket_policy",
      "name": "security_policy",
      "provider": "provider[\"registry.terraform.io/hashicorp/aws\"]",
      "instances": [
        {
          "schema_version": 0,
          "attributes": {
            "bucket": "aue1d1z1s3boidhoidhbrtest-datastorage",
            "id": "aue1d1z1s3boidhoidhbrtest-datastorage",
            "policy": "{\"Statement\":[{\"Action\":\"s3:PutObject\",\"Condition\":{\"ForAnyValue:StringNotEquals\":{\"s3:x-amz-server-side-encryption-aws-kms-key-id\":\"arn:aws:kms:us-east-1:847258583865:key/9b2578ee-e83a-4b9c-9600-dfc8a9a19aca\"}},\"Effect\":\"Deny\",\"Principal\":\"*\",\"Resource\":\"arn:aws:s3:::aue1d1z1s3boidhoidhbrtest-datastorage/*\"},{\"Action\":\"s3:*\",\"Condition\":{\"Bool\":{\"aws:SecureTransport\":\"false\"}},\"Effect\":\"Deny\",\"Principal\":\"*\",\"Resource\":[\"arn:aws:s3:::aue1d1z1s3boidhoidhbrtest-datastorage/*\",\"arn:aws:s3:::aue1d1z1s3boidhoidhbrtest-datastorage\"]}],\"Version\":\"2012-10-17\"}"
          },
          "sensitive_attributes": [],
          "private": "bnVsbA==",
          "dependencies": [
            "data.aws_caller_identity.current",
            "module.data_key.aws_kms_key.kms_key",
            "module.data_key.data.aws_iam_policy_document.key_policy",
            "module.s3_data_bucket.aws_s3_bucket.s3_bucket",
            "module.s3_data_bucket.data.aws_iam_policy_document.security_policy"
          ]
        }
      ]
    },
    {
      "module": "module.s3_data_bucket",
      "mode": "managed",
      "type": "aws_s3_bucket_server_side_encryption_configuration",
      "name": "s3_encryption",
      "provider": "provider[\"registry.terraform.io/hashicorp/aws\"]",
      "instances": [
        {
          "schema_version": 0,
          "attributes": {
            "bucket": "aue1d1z1s3boidhoidhbrtest-datastorage",
            "expected_bucket_owner": "",
            "id": "aue1d1z1s3boidhoidhbrtest-datastorage",
            "rule": [
              {
                "apply_server_side_encryption_by_default": [
                  {
                    "kms_master_key_id": "9b2578ee-e83a-4b9c-9600-dfc8a9a19aca",
                    "sse_algorithm": "aws:kms"
                  }
                ],
                "bucket_key_enabled": true
              }
            ]
          },
          "sensitive_attributes": [],
          "private": "bnVsbA==",
          "dependencies": [
            "data.aws_caller_identity.current",
            "module.data_key.aws_kms_key.kms_key",
            "module.data_key.data.aws_iam_policy_document.key_policy",
            "module.s3_data_bucket.aws_s3_bucket.s3_bucket"
          ]
        }
      ]
    },
    {
      "module": "module.s3_data_bucket",
      "mode": "managed",
      "type": "aws_s3_bucket_versioning",
      "name": "s3_bucket_versioning",
      "provider": "provider[\"registry.terraform.io/hashicorp/aws\"]",
      "instances": [
        {
          "schema_version": 0,
          "attributes": {
            "bucket": "aue1d1z1s3boidhoidhbrtest-datastorage",
            "expected_bucket_owner": "",
            "id": "aue1d1z1s3boidhoidhbrtest-datastorage",
            "mfa": null,
            "versioning_configuration": [
              {
                "mfa_delete": "",
                "status": "Enabled"
              }
            ]
          },
          "sensitive_attributes": [],
          "private": "bnVsbA==",
          "dependencies": [
            "module.s3_data_bucket.aws_s3_bucket.s3_bucket"
          ]
        }
      ]
    },
    {
      "module": "module.s3_glue_artifacts_bucket",
      "mode": "data",
      "type": "aws_iam_policy_document",
      "name": "security_policy",
      "provider": "provider[\"registry.terraform.io/hashicorp/aws\"]",
      "instances": [
        {
          "schema_version": 0,
          "attributes": {
            "id": "3406151269",
            "json": "{\n  \"Version\": \"2012-10-17\",\n  \"Statement\": [\n    {\n      \"Effect\": \"Deny\",\n      \"Action\": \"s3:PutObject\",\n      \"Resource\": \"arn:aws:s3:::aue1d1z1s3boidhoidhbrtest-glueartifacts/*\",\n      \"Principal\": \"*\",\n      \"Condition\": {\n        \"ForAnyValue:StringNotEquals\": {\n          \"s3:x-amz-server-side-encryption-aws-kms-key-id\": \"arn:aws:kms:us-east-1:847258583865:key/f995857f-d46a-480e-8721-dc5fc53f5b7d\"\n        }\n      }\n    },\n    {\n      \"Effect\": \"Deny\",\n      \"Action\": \"s3:*\",\n      \"Resource\": [\n        \"arn:aws:s3:::aue1d1z1s3boidhoidhbrtest-glueartifacts/*\",\n        \"arn:aws:s3:::aue1d1z1s3boidhoidhbrtest-glueartifacts\"\n      ],\n      \"Principal\": \"*\",\n      \"Condition\": {\n        \"Bool\": {\n          \"aws:SecureTransport\": \"false\"\n        }\n      }\n    }\n  ]\n}",
            "override_policy_documents": null,
            "policy_id": null,
            "source_policy_documents": null,
            "statement": [
              {
                "actions": [
                  "s3:PutObject"
                ],
                "condition": [
                  {
                    "test": "ForAnyValue:StringNotEquals",
                    "values": [
                      "arn:aws:kms:us-east-1:847258583865:key/f995857f-d46a-480e-8721-dc5fc53f5b7d"
                    ],
                    "variable": "s3:x-amz-server-side-encryption-aws-kms-key-id"
                  }
                ],
                "effect": "Deny",
                "not_actions": [],
                "not_principals": [],
                "not_resources": [],
                "principals": [
                  {
                    "identifiers": [
                      "*"
                    ],
                    "type": "*"
                  }
                ],
                "resources": [
                  "arn:aws:s3:::aue1d1z1s3boidhoidhbrtest-glueartifacts/*"
                ],
                "sid": ""
              },
              {
                "actions": [
                  "s3:*"
                ],
                "condition": [
                  {
                    "test": "Bool",
                    "values": [
                      "false"
                    ],
                    "variable": "aws:SecureTransport"
                  }
                ],
                "effect": "Deny",
                "not_actions": [],
                "not_principals": [],
                "not_resources": [],
                "principals": [
                  {
                    "identifiers": [
                      "*"
                    ],
                    "type": "*"
                  }
                ],
                "resources": [
                  "arn:aws:s3:::aue1d1z1s3boidhoidhbrtest-glueartifacts",
                  "arn:aws:s3:::aue1d1z1s3boidhoidhbrtest-glueartifacts/*"
                ],
                "sid": ""
              }
            ],
            "version": "2012-10-17"
          },
          "sensitive_attributes": []
        }
      ]
    },
    {
      "module": "module.s3_glue_artifacts_bucket",
      "mode": "managed",
      "type": "aws_s3_bucket",
      "name": "s3_bucket",
      "provider": "provider[\"registry.terraform.io/hashicorp/aws\"]",
      "instances": [
        {
          "schema_version": 0,
          "attributes": {
            "acceleration_status": "",
            "acl": null,
            "arn": "arn:aws:s3:::aue1d1z1s3boidhoidhbrtest-glueartifacts",
            "bucket": "aue1d1z1s3boidhoidhbrtest-glueartifacts",
            "bucket_domain_name": "aue1d1z1s3boidhoidhbrtest-glueartifacts.s3.amazonaws.com",
            "bucket_prefix": "",
            "bucket_regional_domain_name": "aue1d1z1s3boidhoidhbrtest-glueartifacts.s3.us-east-1.amazonaws.com",
            "cors_rule": [],
            "force_destroy": false,
            "grant": [
              {
                "id": "d4b4aad151945f9540d5f18edbd469724b18dd37a20eea4f54e5b0cb8e776d3c",
                "permissions": [
                  "FULL_CONTROL"
                ],
                "type": "CanonicalUser",
                "uri": ""
              }
            ],
            "hosted_zone_id": "Z3AQBSTGFYJSTF",
            "id": "aue1d1z1s3boidhoidhbrtest-glueartifacts",
            "lifecycle_rule": [
              {
                "abort_incomplete_multipart_upload_days": 0,
                "enabled": true,
                "expiration": [
                  {
                    "date": "",
                    "days": 180,
                    "expired_object_delete_marker": false
                  }
                ],
                "id": "bucket_lifecycle",
                "noncurrent_version_expiration": [],
                "noncurrent_version_transition": [],
                "prefix": "",
                "tags": {},
                "transition": [
                  {
                    "date": "",
                    "days": 30,
                    "storage_class": "INTELLIGENT_TIERING"
                  }
                ]
              },
              {
                "abort_incomplete_multipart_upload_days": 0,
                "enabled": true,
                "expiration": [
                  {
                    "date": "",
                    "days": 15,
                    "expired_object_delete_marker": false
                  }
                ],
                "id": "tmp",
                "noncurrent_version_expiration": [],
                "noncurrent_version_transition": [],
                "prefix": "tmp/",
                "tags": {},
                "transition": []
              },
              {
                "abort_incomplete_multipart_upload_days": 0,
                "enabled": true,
                "expiration": [],
                "id": "versions_config",
                "noncurrent_version_expiration": [
                  {
                    "days": 90
                  }
                ],
                "noncurrent_version_transition": [
                  {
                    "days": 30,
                    "storage_class": "STANDARD_IA"
                  },
                  {
                    "days": 60,
                    "storage_class": "GLACIER"
                  }
                ],
                "prefix": "",
                "tags": {},
                "transition": []
              },
              {
                "abort_incomplete_multipart_upload_days": 0,
                "enabled": true,
                "expiration": [],
                "id": "tmp_versions",
                "noncurrent_version_expiration": [
                  {
                    "days": 15
                  }
                ],
                "noncurrent_version_transition": [],
                "prefix": "tmp/",
                "tags": {},
                "transition": []
              }
            ],
            "logging": [],
            "object_lock_configuration": [],
            "object_lock_enabled": false,
            "policy": "{\"Statement\":[{\"Action\":\"s3:PutObject\",\"Condition\":{\"ForAnyValue:StringNotEquals\":{\"s3:x-amz-server-side-encryption-aws-kms-key-id\":\"arn:aws:kms:us-east-1:847258583865:key/f995857f-d46a-480e-8721-dc5fc53f5b7d\"}},\"Effect\":\"Deny\",\"Principal\":\"*\",\"Resource\":\"arn:aws:s3:::aue1d1z1s3boidhoidhbrtest-glueartifacts/*\"},{\"Action\":\"s3:*\",\"Condition\":{\"Bool\":{\"aws:SecureTransport\":\"false\"}},\"Effect\":\"Deny\",\"Principal\":\"*\",\"Resource\":[\"arn:aws:s3:::aue1d1z1s3boidhoidhbrtest-glueartifacts/*\",\"arn:aws:s3:::aue1d1z1s3boidhoidhbrtest-glueartifacts\"]}],\"Version\":\"2012-10-17\"}",
            "region": "us-east-1",
            "replication_configuration": [],
            "request_payer": "BucketOwner",
            "server_side_encryption_configuration": [
              {
                "rule": [
                  {
                    "apply_server_side_encryption_by_default": [
                      {
                        "kms_master_key_id": "f995857f-d46a-480e-8721-dc5fc53f5b7d",
                        "sse_algorithm": "aws:kms"
                      }
                    ],
                    "bucket_key_enabled": true
                  }
                ]
              }
            ],
            "tags": {
              "Name": "aue1d1z1s3boidhoidhbrtest-glueartifacts",
              "app": "oidh",
              "creation_app": "terraform",
              "env": "d1",
              "ledger": "oidh",
              "purpose": "oidhbrtest-glueartifacts",
              "site": "aue1",
              "tier": "oidh",
              "zone": "z1"
            },
            "tags_all": {
              "Name": "aue1d1z1s3boidhoidhbrtest-glueartifacts",
              "app": "oidh",
              "creation_app": "terraform",
              "env": "d1",
              "ledger": "oidh",
              "purpose": "oidhbrtest-glueartifacts",
              "site": "aue1",
              "tier": "oidh",
              "zone": "z1"
            },
            "timeouts": null,
            "versioning": [
              {
                "enabled": true,
                "mfa_delete": false
              }
            ],
            "website": [],
            "website_domain": null,
            "website_endpoint": null
          },
          "sensitive_attributes": [],
          "private": "eyJlMmJmYjczMC1lY2FhLTExZTYtOGY4OC0zNDM2M2JjN2M0YzAiOnsiY3JlYXRlIjoxMjAwMDAwMDAwMDAwLCJkZWxldGUiOjM2MDAwMDAwMDAwMDAsInJlYWQiOjEyMDAwMDAwMDAwMDAsInVwZGF0ZSI6MTIwMDAwMDAwMDAwMH19"
        }
      ]
    },
    {
      "module": "module.s3_glue_artifacts_bucket",
      "mode": "managed",
      "type": "aws_s3_bucket_lifecycle_configuration",
      "name": "bucket_lifecycle",
      "provider": "provider[\"registry.terraform.io/hashicorp/aws\"]",
      "instances": [
        {
          "schema_version": 0,
          "attributes": {
            "bucket": "aue1d1z1s3boidhoidhbrtest-glueartifacts",
            "expected_bucket_owner": "",
            "id": "aue1d1z1s3boidhoidhbrtest-glueartifacts",
            "rule": [
              {
                "abort_incomplete_multipart_upload": [],
                "expiration": [
                  {
                    "date": "",
                    "days": 180,
                    "expired_object_delete_marker": false
                  }
                ],
                "filter": [
                  {
                    "and": [],
                    "object_size_greater_than": null,
                    "object_size_less_than": null,
                    "prefix": null,
                    "tag": []
                  }
                ],
                "id": "bucket_lifecycle",
                "noncurrent_version_expiration": [],
                "noncurrent_version_transition": [],
                "prefix": "",
                "status": "Enabled",
                "transition": [
                  {
                    "date": "",
                    "days": 30,
                    "storage_class": "INTELLIGENT_TIERING"
                  }
                ]
              },
              {
                "abort_incomplete_multipart_upload": [],
                "expiration": [
                  {
                    "date": "",
                    "days": 15,
                    "expired_object_delete_marker": false
                  }
                ],
                "filter": [
                  {
                    "and": [],
                    "object_size_greater_than": "",
                    "object_size_less_than": "",
                    "prefix": "tmp/",
                    "tag": []
                  }
                ],
                "id": "tmp",
                "noncurrent_version_expiration": [],
                "noncurrent_version_transition": [],
                "prefix": "",
                "status": "Enabled",
                "transition": []
              },
              {
                "abort_incomplete_multipart_upload": [],
                "expiration": [],
                "filter": [
                  {
                    "and": [],
                    "object_size_greater_than": null,
                    "object_size_less_than": null,
                    "prefix": null,
                    "tag": []
                  }
                ],
                "id": "versions_config",
                "noncurrent_version_expiration": [
                  {
                    "newer_noncurrent_versions": "",
                    "noncurrent_days": 90
                  }
                ],
                "noncurrent_version_transition": [
                  {
                    "newer_noncurrent_versions": "",
                    "noncurrent_days": 30,
                    "storage_class": "STANDARD_IA"
                  },
                  {
                    "newer_noncurrent_versions": "",
                    "noncurrent_days": 60,
                    "storage_class": "GLACIER"
                  }
                ],
                "prefix": "",
                "status": "Enabled",
                "transition": []
              },
              {
                "abort_incomplete_multipart_upload": [],
                "expiration": [],
                "filter": [
                  {
                    "and": [],
                    "object_size_greater_than": "",
                    "object_size_less_than": "",
                    "prefix": "tmp/",
                    "tag": []
                  }
                ],
                "id": "tmp_versions",
                "noncurrent_version_expiration": [
                  {
                    "newer_noncurrent_versions": "",
                    "noncurrent_days": 15
                  }
                ],
                "noncurrent_version_transition": [],
                "prefix": "",
                "status": "Enabled",
                "transition": []
              }
            ]
          },
          "sensitive_attributes": [],
          "private": "bnVsbA==",
          "dependencies": [
            "module.s3_glue_artifacts_bucket.aws_s3_bucket.s3_bucket",
            "module.s3_glue_artifacts_bucket.aws_s3_bucket_versioning.s3_bucket_versioning"
          ]
        }
      ]
    },
    {
      "module": "module.s3_glue_artifacts_bucket",
      "mode": "managed",
      "type": "aws_s3_bucket_ownership_controls",
      "name": "s3_ownership",
      "provider": "provider[\"registry.terraform.io/hashicorp/aws\"]",
      "instances": [
        {
          "schema_version": 0,
          "attributes": {
            "bucket": "aue1d1z1s3boidhoidhbrtest-glueartifacts",
            "id": "aue1d1z1s3boidhoidhbrtest-glueartifacts",
            "rule": [
              {
                "object_ownership": "BucketOwnerEnforced"
              }
            ]
          },
          "sensitive_attributes": [],
          "private": "bnVsbA==",
          "dependencies": [
            "module.s3_glue_artifacts_bucket.aws_s3_bucket.s3_bucket"
          ]
        }
      ]
    },
    {
      "module": "module.s3_glue_artifacts_bucket",
      "mode": "managed",
      "type": "aws_s3_bucket_policy",
      "name": "security_policy",
      "provider": "provider[\"registry.terraform.io/hashicorp/aws\"]",
      "instances": [
        {
          "schema_version": 0,
          "attributes": {
            "bucket": "aue1d1z1s3boidhoidhbrtest-glueartifacts",
            "id": "aue1d1z1s3boidhoidhbrtest-glueartifacts",
            "policy": "{\"Statement\":[{\"Action\":\"s3:PutObject\",\"Condition\":{\"ForAnyValue:StringNotEquals\":{\"s3:x-amz-server-side-encryption-aws-kms-key-id\":\"arn:aws:kms:us-east-1:847258583865:key/f995857f-d46a-480e-8721-dc5fc53f5b7d\"}},\"Effect\":\"Deny\",\"Principal\":\"*\",\"Resource\":\"arn:aws:s3:::aue1d1z1s3boidhoidhbrtest-glueartifacts/*\"},{\"Action\":\"s3:*\",\"Condition\":{\"Bool\":{\"aws:SecureTransport\":\"false\"}},\"Effect\":\"Deny\",\"Principal\":\"*\",\"Resource\":[\"arn:aws:s3:::aue1d1z1s3boidhoidhbrtest-glueartifacts/*\",\"arn:aws:s3:::aue1d1z1s3boidhoidhbrtest-glueartifacts\"]}],\"Version\":\"2012-10-17\"}"
          },
          "sensitive_attributes": [],
          "private": "bnVsbA==",
          "dependencies": [
            "data.aws_caller_identity.current",
            "module.glue_enc_key.aws_kms_key.kms_key",
            "module.glue_enc_key.data.aws_iam_policy_document.key_policy",
            "module.s3_glue_artifacts_bucket.aws_s3_bucket.s3_bucket",
            "module.s3_glue_artifacts_bucket.data.aws_iam_policy_document.security_policy"
          ]
        }
      ]
    },
    {
      "module": "module.s3_glue_artifacts_bucket",
      "mode": "managed",
      "type": "aws_s3_bucket_server_side_encryption_configuration",
      "name": "s3_encryption",
      "provider": "provider[\"registry.terraform.io/hashicorp/aws\"]",
      "instances": [
        {
          "schema_version": 0,
          "attributes": {
            "bucket": "aue1d1z1s3boidhoidhbrtest-glueartifacts",
            "expected_bucket_owner": "",
            "id": "aue1d1z1s3boidhoidhbrtest-glueartifacts",
            "rule": [
              {
                "apply_server_side_encryption_by_default": [
                  {
                    "kms_master_key_id": "f995857f-d46a-480e-8721-dc5fc53f5b7d",
                    "sse_algorithm": "aws:kms"
                  }
                ],
                "bucket_key_enabled": true
              }
            ]
          },
          "sensitive_attributes": [],
          "private": "bnVsbA==",
          "dependencies": [
            "data.aws_caller_identity.current",
            "module.glue_enc_key.aws_kms_key.kms_key",
            "module.glue_enc_key.data.aws_iam_policy_document.key_policy",
            "module.s3_glue_artifacts_bucket.aws_s3_bucket.s3_bucket"
          ]
        }
      ]
    },
    {
      "module": "module.s3_glue_artifacts_bucket",
      "mode": "managed",
      "type": "aws_s3_bucket_versioning",
      "name": "s3_bucket_versioning",
      "provider": "provider[\"registry.terraform.io/hashicorp/aws\"]",
      "instances": [
        {
          "schema_version": 0,
          "attributes": {
            "bucket": "aue1d1z1s3boidhoidhbrtest-glueartifacts",
            "expected_bucket_owner": "",
            "id": "aue1d1z1s3boidhoidhbrtest-glueartifacts",
            "mfa": null,
            "versioning_configuration": [
              {
                "mfa_delete": "",
                "status": "Enabled"
              }
            ]
          },
          "sensitive_attributes": [],
          "private": "bnVsbA==",
          "dependencies": [
            "module.s3_glue_artifacts_bucket.aws_s3_bucket.s3_bucket"
          ]
        }
      ]
    }
  ],
  "check_results": null
}
