{
  "version": 4,
  "terraform_version": "1.1.3",
  "serial": 548,
  "lineage": "7faa72df-e5ec-5226-3e8e-b21e25bf02ee",
  "outputs": {},
  "resources": [
    {
      "module": "module.codepipeline.module.s3_bucket[0]",
      "mode": "managed",
      "type": "aws_s3_bucket",
      "name": "output",
      "provider": "provider[\"registry.terraform.io/hashicorp/aws\"].code",
      "instances": [
        {
          "schema_version": 0,
          "attributes": {
            "acceleration_status": "",
            "acl": "private",
            "arn": "arn:aws:s3:::aue2c1z1s3boidhoidh",
            "bucket": "aue2c1z1s3boidhoidh",
            "bucket_domain_name": "aue2c1z1s3boidhoidh.s3.amazonaws.com",
            "bucket_prefix": null,
            "bucket_regional_domain_name": "aue2c1z1s3boidhoidh.s3.us-east-2.amazonaws.com",
            "cors_rule": [],
            "force_destroy": false,
            "grant": [],
            "hosted_zone_id": "Z2O1EMRO9K5GLX",
            "id": "aue2c1z1s3boidhoidh",
            "lifecycle_rule": [],
            "logging": [],
            "object_lock_configuration": [],
            "object_lock_enabled": false,
            "policy": null,
            "region": "us-east-2",
            "replication_configuration": [],
            "request_payer": "BucketOwner",
            "server_side_encryption_configuration": [
              {
                "rule": [
                  {
                    "apply_server_side_encryption_by_default": [
                      {
                        "kms_master_key_id": "",
                        "sse_algorithm": "AES256"
                      }
                    ],
                    "bucket_key_enabled": false
                  }
                ]
              }
            ],
            "tags": {
              "Name": "aue2c1z1s3boidhoidh",
              "app": "oidh",
              "creation_app": "terraform",
              "env": "c1",
              "purpose": "oidh",
              "site": "aue2",
              "tier": "oidh",
              "zone": "z1"
            },
            "tags_all": {
              "Name": "aue2c1z1s3boidhoidh",
              "app": "oidh",
              "creation_app": "terraform",
              "env": "c1",
              "purpose": "oidh",
              "site": "aue2",
              "tier": "oidh",
              "zone": "z1"
            },
            "versioning": [
              {
                "enabled": false,
                "mfa_delete": false
              }
            ],
            "website": [],
            "website_domain": null,
            "website_endpoint": null
          },
          "sensitive_attributes": [],
          "private": "bnVsbA=="
        }
      ]
    }
  ]
}
